{
    "version": 3,
    "terraform_version": "0.11.14",
    "serial": 84,
    "lineage": "b208c991-29c0-a9ed-d41e-a35d564e8735",
    "modules": [
        {
            "path": [
                "root"
            ],
            "outputs": {
                "Kubenetes-Production-server-ip": {
                    "sensitive": false,
                    "type": "string",
                    "value": "13.235.41.22"
                },
                "Kubenetes-staging-server-ip": {
                    "sensitive": false,
                    "type": "string",
                    "value": "13.126.213.79"
                },
                "Production-cluster-name": {
                    "sensitive": false,
                    "type": "string",
                    "value": "voice-services-production-cluster"
                },
                "Production_config_map_aws_auth": {
                    "sensitive": false,
                    "type": "string",
                    "value": "\n\napiVersion: v1\nkind: ConfigMap\nmetadata:\n  name: aws-auth\n  namespace: kube-system\ndata:\n  mapRoles: |\n    - rolearn: arn:aws:iam::536612919621:role/voice-services-production-worker-nodes\n      username: system:node:{{EC2PrivateDNSName}}\n      groups:\n        - system:bootstrappers\n        - system:nodes\n"
                },
                "Production_kubeconfig": {
                    "sensitive": false,
                    "type": "string",
                    "value": "\n\napiVersion: v1\nclusters:\n- cluster:\n    server: https://AB10F5E5AFE6CCA0C908861A8272C496.yl4.ap-south-1.eks.amazonaws.com\n    certificate-authority-data: LS0tLS1CRUdJTiBDRVJUSUZJQ0FURS0tLS0tCk1JSUN5RENDQWJDZ0F3SUJBZ0lCQURBTkJna3Foa2lHOXcwQkFRc0ZBREFWTVJNd0VRWURWUVFERXdwcmRXSmwKY201bGRHVnpNQjRYRFRFNU1EY3dNekl3TlRBeU9Gb1hEVEk1TURZek1ESXdOVEF5T0Zvd0ZURVRNQkVHQTFVRQpBeE1LYTNWaVpYSnVaWFJsY3pDQ0FTSXdEUVlKS29aSWh2Y05BUUVCQlFBRGdnRVBBRENDQVFvQ2dnRUJBTHZsCk9EaE05UFIrYUh6WTZrU2x1WkFLWXA3WkxYSWFDNzA1aE9rWkYrOU1Zc0owMXlCUFRYRjhybnAxRFBmK3ZoeFkKdHBTTnljZElTaS9MQVdDNUc5T21xejM3MnFKUFZGZ0dZOXpqdER5VFB0TnAxdWFSQ3lzbGgzWmxGK3dudVMvZQpSeW1VeE1aMzBXamZTVFRxUi90YlRWem1nanEzL1FCdGJDMlU2TWIxVjZKcGxaRnRSRjQvZHFBQy8vb3BCQWd2CjllTlVoQVlqUmwxOG02YnZQMGxWWVVuYlFibzdDTTRiWXpQbGx2NjNONVJ5Zkxab1hKeHVsSkxQY0xsajk3YWkKTjB0REVWbUh1ZlVwV2Y4Y1JyT3J5MFBPSjE4RlhrZHRWck4wa3ZFUzhrWk1FcU4wODJzejJocmhuWUNCQWVYbgpoOGU5OGZUMTU0Sk9JdlN1WHNVQ0F3RUFBYU1qTUNFd0RnWURWUjBQQVFIL0JBUURBZ0trTUE4R0ExVWRFd0VCCi93UUZNQU1CQWY4d0RRWUpLb1pJaHZjTkFRRUxCUUFEZ2dFQkFKTitGMFNoRFllWWJGUHBxVFNJQ3IzVmpreksKMXVOaWNVb3NaSStEWUxZdzRCTExPc1RpTnA1c1g5ZXVrSVhuQk9rVFplLzJacHpMczZTcGVvSFZ2eXdDRlY5bgp6ZkMwYmRIclFXenZIM3VyMkt2dmtiMnVpYm9qaVFaVGFlcm5RaDlTOGN1Nmh2TXRJVFN6N1E0YXVxT2I4V0ltCnZha3U5ZlZEcnZ5TUE0R0d2b2g4NzVSTG9rNWFvb1ArN0VCb2hkM0FnTFlwUmVQWlFGaXNjay9WU2wwVkhlWmUKclFsa0RTY2ZRQURibHhmRThWb2lhM3Z3dkFQUjFCcmRPUFZyTk5pY1M1elNPbEFBeFBYSXYxbTF4ZkdtcUtDcApEQ0crS0wyd0xpeHB6ZTFCSldqTnU1NUxFK2ZaOUVJeXBhS2trdVR5TmNoS1FtUWJFQVV6YzFXcUtjVT0KLS0tLS1FTkQgQ0VSVElGSUNBVEUtLS0tLQo=\n  name: kubernetes\ncontexts:\n- context:\n    cluster: kubernetes\n    user: aws\n  name: aws\ncurrent-context: aws\nkind: Config\npreferences: {}\nusers:\n- name: aws\n  user:\n    exec:\n      apiVersion: client.authentication.k8s.io/v1alpha1\n      command: aws-iam-authenticator\n      args:\n        - \"token\"\n        - \"-i\"\n        - \"voice-services-production-cluster\"\n"
                },
                "staging-cluster-name": {
                    "sensitive": false,
                    "type": "string",
                    "value": "voice-services-staging-cluster"
                },
                "staging-config_map_aws_auth": {
                    "sensitive": false,
                    "type": "string",
                    "value": "\n\napiVersion: v1\nkind: ConfigMap\nmetadata:\n  name: aws-auth\n  namespace: kube-system\ndata:\n  mapRoles: |\n    - rolearn: arn:aws:iam::536612919621:role/voice-services-staging-worker-nodes\n      username: system:node:{{EC2PrivateDNSName}}\n      groups:\n        - system:bootstrappers\n        - system:nodes\n"
                },
                "staging-kubeconfig": {
                    "sensitive": false,
                    "type": "string",
                    "value": "\n\napiVersion: v1\nclusters:\n- cluster:\n    server: https://294A3F8C9C8C1B89E1DEA1BD5C64B2A5.yl4.ap-south-1.eks.amazonaws.com\n    certificate-authority-data: LS0tLS1CRUdJTiBDRVJUSUZJQ0FURS0tLS0tCk1JSUN5RENDQWJDZ0F3SUJBZ0lCQURBTkJna3Foa2lHOXcwQkFRc0ZBREFWTVJNd0VRWURWUVFERXdwcmRXSmwKY201bGRHVnpNQjRYRFRFNU1EY3dOREF6TlRVMU5Wb1hEVEk1TURjd01UQXpOVFUxTlZvd0ZURVRNQkVHQTFVRQpBeE1LYTNWaVpYSnVaWFJsY3pDQ0FTSXdEUVlKS29aSWh2Y05BUUVCQlFBRGdnRVBBRENDQVFvQ2dnRUJBTHM0CnA0bEdSc2ZVajRmTEdXYUY5SExqZ0xMMmpORDhHR1B5NS9mcVBhVk9hZWFhN1VWdWh2QStYZHRxK0xmRE5nYUkKWUMxSEtJWmJDYnNWcHFLaTlGN3VTTU5zNSt4R0tHWTJLQUM2ZEpqaE1IaStsU2l1bWVxRkxSM2dZT0JJN1BvUApJZ21nRzhLYjk5RlRBOUNCZ1JjZE9ZUzlJK0MwQjNzbmJmZVIvQzdUeUNISEJDSGlaTUxLdlUyTEViM0ZJRFZzCnFxRHlzV29OdzlMekIwOVd4OS9MMmtuRW9ISjJVUGQ3U05ieU1MK0hwMkV6SzRET0NOZXViYjZIYTY4VDIwR0EKRVN2Y05YazJwdnQxUzhSdGd3OEcySlZrd21MMjhyay9FUTR6TDZhQ0wxd1NnUE40TWRITkR4RjdieElxKzM3YwpDdk1UMENQWXJ4TEFrRWxhQlQ4Q0F3RUFBYU1qTUNFd0RnWURWUjBQQVFIL0JBUURBZ0trTUE4R0ExVWRFd0VCCi93UUZNQU1CQWY4d0RRWUpLb1pJaHZjTkFRRUxCUUFEZ2dFQkFLK3J4M0lTTW9nUmlGa1hJMG51aVNENVdXNmsKYlFwT1hnVFhnbFM5N3NqWWQ2cUNlditDaFBObTgzVExkS0N2MGJ2b0doQ1l1MUJjNEphaXpSTXRNM1FXS25KUgoySlYxYTVCbTBBOHI5a2ZqVS81b3ZhcDdhN3dvbWtRYkQ3ZVlYR2R1SWpzbk4vOUppUG54TUNhQzFlVGhEK3I0Ckhaay9LY2RNakNUeDg3VHJrQkxGVHd6c2FkcnNpSzJYVUhPQ1Vtank2STMzbzFROWphTW00bjdxRzdyckg0OVEKUmVDVVBZYW91dHZNNHhObFhsUG9WNjJYS0RFWWovQnpnZTBEby81NzdrL3BHQnFvT1RrbXlGR2QvNTBwK21sYQpTamNWMjFYNklnNWZUSm9PNDZYdTRmSGJ3b1I5NkEwMDRYYXMrU3FBMEsvcEZVdjR3RTFydkJramo4OD0KLS0tLS1FTkQgQ0VSVElGSUNBVEUtLS0tLQo=\n  name: kubernetes\ncontexts:\n- context:\n    cluster: kubernetes\n    user: aws\n  name: aws\ncurrent-context: aws\nkind: Config\npreferences: {}\nusers:\n- name: aws\n  user:\n    exec:\n      apiVersion: client.authentication.k8s.io/v1alpha1\n      command: aws-iam-authenticator\n      args:\n        - \"token\"\n        - \"-i\"\n        - \"voice-services-staging-cluster\"\n"
                },
                "voice-service-identifier": {
                    "sensitive": false,
                    "type": "string",
                    "value": "voice-services-staging-postgresql-master"
                },
                "voice-services-production-postgresql-master-endpoint": {
                    "sensitive": false,
                    "type": "string",
                    "value": "voice-services-production-postgresql-master"
                },
                "voice-services-staging-endpoint": {
                    "sensitive": false,
                    "type": "string",
                    "value": "voice-services-staging-postgresql-master.cvkiazj7speq.ap-south-1.rds.amazonaws.com:5432"
                },
                "vpc_cidr_block": {
                    "sensitive": false,
                    "type": "list",
                    "value": [
                        "10.0.0.0/16"
                    ]
                }
            },
            "resources": {},
            "depends_on": []
        },
        {
            "path": [
                "root",
                "eks"
            ],
            "outputs": {
                "cluster-name": {
                    "sensitive": false,
                    "type": "string",
                    "value": "voice-services-staging-cluster"
                },
                "config_map_aws_auth": {
                    "sensitive": false,
                    "type": "string",
                    "value": "\n\napiVersion: v1\nkind: ConfigMap\nmetadata:\n  name: aws-auth\n  namespace: kube-system\ndata:\n  mapRoles: |\n    - rolearn: arn:aws:iam::536612919621:role/voice-services-staging-worker-nodes\n      username: system:node:{{EC2PrivateDNSName}}\n      groups:\n        - system:bootstrappers\n        - system:nodes\n"
                },
                "kubeconfig": {
                    "sensitive": false,
                    "type": "string",
                    "value": "\n\napiVersion: v1\nclusters:\n- cluster:\n    server: https://294A3F8C9C8C1B89E1DEA1BD5C64B2A5.yl4.ap-south-1.eks.amazonaws.com\n    certificate-authority-data: LS0tLS1CRUdJTiBDRVJUSUZJQ0FURS0tLS0tCk1JSUN5RENDQWJDZ0F3SUJBZ0lCQURBTkJna3Foa2lHOXcwQkFRc0ZBREFWTVJNd0VRWURWUVFERXdwcmRXSmwKY201bGRHVnpNQjRYRFRFNU1EY3dOREF6TlRVMU5Wb1hEVEk1TURjd01UQXpOVFUxTlZvd0ZURVRNQkVHQTFVRQpBeE1LYTNWaVpYSnVaWFJsY3pDQ0FTSXdEUVlKS29aSWh2Y05BUUVCQlFBRGdnRVBBRENDQVFvQ2dnRUJBTHM0CnA0bEdSc2ZVajRmTEdXYUY5SExqZ0xMMmpORDhHR1B5NS9mcVBhVk9hZWFhN1VWdWh2QStYZHRxK0xmRE5nYUkKWUMxSEtJWmJDYnNWcHFLaTlGN3VTTU5zNSt4R0tHWTJLQUM2ZEpqaE1IaStsU2l1bWVxRkxSM2dZT0JJN1BvUApJZ21nRzhLYjk5RlRBOUNCZ1JjZE9ZUzlJK0MwQjNzbmJmZVIvQzdUeUNISEJDSGlaTUxLdlUyTEViM0ZJRFZzCnFxRHlzV29OdzlMekIwOVd4OS9MMmtuRW9ISjJVUGQ3U05ieU1MK0hwMkV6SzRET0NOZXViYjZIYTY4VDIwR0EKRVN2Y05YazJwdnQxUzhSdGd3OEcySlZrd21MMjhyay9FUTR6TDZhQ0wxd1NnUE40TWRITkR4RjdieElxKzM3YwpDdk1UMENQWXJ4TEFrRWxhQlQ4Q0F3RUFBYU1qTUNFd0RnWURWUjBQQVFIL0JBUURBZ0trTUE4R0ExVWRFd0VCCi93UUZNQU1CQWY4d0RRWUpLb1pJaHZjTkFRRUxCUUFEZ2dFQkFLK3J4M0lTTW9nUmlGa1hJMG51aVNENVdXNmsKYlFwT1hnVFhnbFM5N3NqWWQ2cUNlditDaFBObTgzVExkS0N2MGJ2b0doQ1l1MUJjNEphaXpSTXRNM1FXS25KUgoySlYxYTVCbTBBOHI5a2ZqVS81b3ZhcDdhN3dvbWtRYkQ3ZVlYR2R1SWpzbk4vOUppUG54TUNhQzFlVGhEK3I0Ckhaay9LY2RNakNUeDg3VHJrQkxGVHd6c2FkcnNpSzJYVUhPQ1Vtank2STMzbzFROWphTW00bjdxRzdyckg0OVEKUmVDVVBZYW91dHZNNHhObFhsUG9WNjJYS0RFWWovQnpnZTBEby81NzdrL3BHQnFvT1RrbXlGR2QvNTBwK21sYQpTamNWMjFYNklnNWZUSm9PNDZYdTRmSGJ3b1I5NkEwMDRYYXMrU3FBMEsvcEZVdjR3RTFydkJramo4OD0KLS0tLS1FTkQgQ0VSVElGSUNBVEUtLS0tLQo=\n  name: kubernetes\ncontexts:\n- context:\n    cluster: kubernetes\n    user: aws\n  name: aws\ncurrent-context: aws\nkind: Config\npreferences: {}\nusers:\n- name: aws\n  user:\n    exec:\n      apiVersion: client.authentication.k8s.io/v1alpha1\n      command: aws-iam-authenticator\n      args:\n        - \"token\"\n        - \"-i\"\n        - \"voice-services-staging-cluster\"\n"
                }
            },
            "resources": {
                "aws_autoscaling_group.worker": {
                    "type": "aws_autoscaling_group",
                    "depends_on": [
                        "aws_launch_configuration.worker"
                    ],
                    "primary": {
                        "id": "voice-services-staging-worker-nodes",
                        "attributes": {
                            "arn": "arn:aws:autoscaling:ap-south-1:536612919621:autoScalingGroup:aa1e6147-aadb-4545-85a7-fc4958bdc7fe:autoScalingGroupName/voice-services-staging-worker-nodes",
                            "availability_zones.#": "3",
                            "availability_zones.1163474009": "ap-south-1a",
                            "availability_zones.2874627445": "ap-south-1c",
                            "availability_zones.3696256483": "ap-south-1b",
                            "default_cooldown": "300",
                            "desired_capacity": "2",
                            "enabled_metrics.#": "0",
                            "force_delete": "false",
                            "health_check_grace_period": "300",
                            "health_check_type": "EC2",
                            "id": "voice-services-staging-worker-nodes",
                            "launch_configuration": "voice-services-worker-nodes-20190704035818469300000001",
                            "launch_template.#": "0",
                            "load_balancers.#": "0",
                            "max_size": "3",
                            "metrics_granularity": "1Minute",
                            "min_size": "2",
                            "mixed_instances_policy.#": "0",
                            "name": "voice-services-staging-worker-nodes",
                            "placement_group": "",
                            "protect_from_scale_in": "false",
                            "service_linked_role_arn": "arn:aws:iam::536612919621:role/aws-service-role/autoscaling.amazonaws.com/AWSServiceRoleForAutoScaling",
                            "suspended_processes.#": "0",
                            "tag.#": "2",
                            "tag.1706585167.key": "kubernetes.io/cluster/voice-services-staging-cluster",
                            "tag.1706585167.propagate_at_launch": "true",
                            "tag.1706585167.value": "owned",
                            "tag.3727443469.key": "Name",
                            "tag.3727443469.propagate_at_launch": "true",
                            "tag.3727443469.value": "voice-services-staging-worker-nodes",
                            "target_group_arns.#": "0",
                            "termination_policies.#": "0",
                            "vpc_zone_identifier.#": "3",
                            "vpc_zone_identifier.2846598243": "subnet-0b1af09f80b3226b4",
                            "vpc_zone_identifier.3741519852": "subnet-0c142ecb0f3a5321c",
                            "vpc_zone_identifier.521761931": "subnet-02eeb2e81372497a1",
                            "wait_for_capacity_timeout": "10m"
                        },
                        "meta": {
                            "e2bfb730-ecaa-11e6-8f88-34363bc7c4c0": {
                                "delete": 600000000000
                            }
                        },
                        "tainted": false
                    },
                    "deposed": [],
                    "provider": "provider.aws"
                },
                "aws_eks_cluster.eks-cluster": {
                    "type": "aws_eks_cluster",
                    "depends_on": [
                        "aws_iam_role.cluster-role",
                        "aws_iam_role_policy_attachment.eks-cluster-AmazonEKSClusterPolicy",
                        "aws_iam_role_policy_attachment.eks-cluster-AmazonEKSServicePolicy",
                        "aws_security_group.cluster-sg"
                    ],
                    "primary": {
                        "id": "voice-services-staging-cluster",
                        "attributes": {
                            "arn": "arn:aws:eks:ap-south-1:536612919621:cluster/voice-services-staging-cluster",
                            "certificate_authority.#": "1",
                            "certificate_authority.0.data": "LS0tLS1CRUdJTiBDRVJUSUZJQ0FURS0tLS0tCk1JSUN5RENDQWJDZ0F3SUJBZ0lCQURBTkJna3Foa2lHOXcwQkFRc0ZBREFWTVJNd0VRWURWUVFERXdwcmRXSmwKY201bGRHVnpNQjRYRFRFNU1EY3dOREF6TlRVMU5Wb1hEVEk1TURjd01UQXpOVFUxTlZvd0ZURVRNQkVHQTFVRQpBeE1LYTNWaVpYSnVaWFJsY3pDQ0FTSXdEUVlKS29aSWh2Y05BUUVCQlFBRGdnRVBBRENDQVFvQ2dnRUJBTHM0CnA0bEdSc2ZVajRmTEdXYUY5SExqZ0xMMmpORDhHR1B5NS9mcVBhVk9hZWFhN1VWdWh2QStYZHRxK0xmRE5nYUkKWUMxSEtJWmJDYnNWcHFLaTlGN3VTTU5zNSt4R0tHWTJLQUM2ZEpqaE1IaStsU2l1bWVxRkxSM2dZT0JJN1BvUApJZ21nRzhLYjk5RlRBOUNCZ1JjZE9ZUzlJK0MwQjNzbmJmZVIvQzdUeUNISEJDSGlaTUxLdlUyTEViM0ZJRFZzCnFxRHlzV29OdzlMekIwOVd4OS9MMmtuRW9ISjJVUGQ3U05ieU1MK0hwMkV6SzRET0NOZXViYjZIYTY4VDIwR0EKRVN2Y05YazJwdnQxUzhSdGd3OEcySlZrd21MMjhyay9FUTR6TDZhQ0wxd1NnUE40TWRITkR4RjdieElxKzM3YwpDdk1UMENQWXJ4TEFrRWxhQlQ4Q0F3RUFBYU1qTUNFd0RnWURWUjBQQVFIL0JBUURBZ0trTUE4R0ExVWRFd0VCCi93UUZNQU1CQWY4d0RRWUpLb1pJaHZjTkFRRUxCUUFEZ2dFQkFLK3J4M0lTTW9nUmlGa1hJMG51aVNENVdXNmsKYlFwT1hnVFhnbFM5N3NqWWQ2cUNlditDaFBObTgzVExkS0N2MGJ2b0doQ1l1MUJjNEphaXpSTXRNM1FXS25KUgoySlYxYTVCbTBBOHI5a2ZqVS81b3ZhcDdhN3dvbWtRYkQ3ZVlYR2R1SWpzbk4vOUppUG54TUNhQzFlVGhEK3I0Ckhaay9LY2RNakNUeDg3VHJrQkxGVHd6c2FkcnNpSzJYVUhPQ1Vtank2STMzbzFROWphTW00bjdxRzdyckg0OVEKUmVDVVBZYW91dHZNNHhObFhsUG9WNjJYS0RFWWovQnpnZTBEby81NzdrL3BHQnFvT1RrbXlGR2QvNTBwK21sYQpTamNWMjFYNklnNWZUSm9PNDZYdTRmSGJ3b1I5NkEwMDRYYXMrU3FBMEsvcEZVdjR3RTFydkJramo4OD0KLS0tLS1FTkQgQ0VSVElGSUNBVEUtLS0tLQo=",
                            "created_at": "2019-07-04 03:49:41 +0000 UTC",
                            "enabled_cluster_log_types.#": "0",
                            "endpoint": "https://294A3F8C9C8C1B89E1DEA1BD5C64B2A5.yl4.ap-south-1.eks.amazonaws.com",
                            "id": "voice-services-staging-cluster",
                            "name": "voice-services-staging-cluster",
                            "platform_version": "eks.2",
                            "role_arn": "arn:aws:iam::536612919621:role/voice-services-staging-cluster",
                            "version": "1.12",
                            "vpc_config.#": "1",
                            "vpc_config.0.endpoint_private_access": "false",
                            "vpc_config.0.endpoint_public_access": "true",
                            "vpc_config.0.security_group_ids.#": "1",
                            "vpc_config.0.security_group_ids.3840774592": "sg-0721806135da52f0b",
                            "vpc_config.0.subnet_ids.#": "9",
                            "vpc_config.0.subnet_ids.1388986641": "subnet-0fb91ba52c8a09236",
                            "vpc_config.0.subnet_ids.1400251987": "subnet-033f2bad5d772d0ae",
                            "vpc_config.0.subnet_ids.1898500477": "subnet-069e4d4ba14e32468",
                            "vpc_config.0.subnet_ids.2293501096": "subnet-07d168d003b02053b",
                            "vpc_config.0.subnet_ids.2390468789": "subnet-002eee3d2101191b6",
                            "vpc_config.0.subnet_ids.3072040431": "subnet-0b1af09f80b3226b4",
                            "vpc_config.0.subnet_ids.3395988469": "subnet-0c142ecb0f3a5321c",
                            "vpc_config.0.subnet_ids.427574645": "subnet-02eeb2e81372497a1",
                            "vpc_config.0.subnet_ids.681781432": "subnet-01225f64ac055fd56",
                            "vpc_config.0.vpc_id": "vpc-0b0be5d04b725b931"
                        },
                        "meta": {
                            "e2bfb730-ecaa-11e6-8f88-34363bc7c4c0": {
                                "create": 1800000000000,
                                "delete": 900000000000,
                                "update": 3600000000000
                            }
                        },
                        "tainted": false
                    },
                    "deposed": [],
                    "provider": "provider.aws"
                },
                "aws_iam_instance_profile.worker-node": {
                    "type": "aws_iam_instance_profile",
                    "depends_on": [
                        "aws_iam_role.worker-node-role"
                    ],
                    "primary": {
                        "id": "eks-worker",
                        "attributes": {
                            "arn": "arn:aws:iam::536612919621:instance-profile/eks-worker",
                            "create_date": "2019-07-04T03:11:58Z",
                            "id": "eks-worker",
                            "name": "eks-worker",
                            "path": "/",
                            "role": "voice-services-staging-worker-nodes",
                            "roles.#": "1",
                            "roles.1329837437": "voice-services-staging-worker-nodes",
                            "unique_id": "AIPAXZ4E7LFCXEWAMTUNC"
                        },
                        "meta": {},
                        "tainted": false
                    },
                    "deposed": [],
                    "provider": "provider.aws"
                },
                "aws_iam_role.cluster-role": {
                    "type": "aws_iam_role",
                    "depends_on": [],
                    "primary": {
                        "id": "voice-services-staging-cluster",
                        "attributes": {
                            "arn": "arn:aws:iam::536612919621:role/voice-services-staging-cluster",
                            "assume_role_policy": "{\"Version\":\"2012-10-17\",\"Statement\":[{\"Effect\":\"Allow\",\"Principal\":{\"Service\":\"eks.amazonaws.com\"},\"Action\":\"sts:AssumeRole\"}]}",
                            "create_date": "2019-07-04T03:18:22Z",
                            "description": "",
                            "force_detach_policies": "false",
                            "id": "voice-services-staging-cluster",
                            "max_session_duration": "3600",
                            "name": "voice-services-staging-cluster",
                            "path": "/",
                            "tags.%": "0",
                            "unique_id": "AROAXZ4E7LFCW36CVDRDE"
                        },
                        "meta": {},
                        "tainted": false
                    },
                    "deposed": [],
                    "provider": "provider.aws"
                },
                "aws_iam_role.worker-node-role": {
                    "type": "aws_iam_role",
                    "depends_on": [],
                    "primary": {
                        "id": "voice-services-staging-worker-nodes",
                        "attributes": {
                            "arn": "arn:aws:iam::536612919621:role/voice-services-staging-worker-nodes",
                            "assume_role_policy": "{\"Version\":\"2012-10-17\",\"Statement\":[{\"Effect\":\"Allow\",\"Principal\":{\"Service\":\"ec2.amazonaws.com\"},\"Action\":\"sts:AssumeRole\"}]}",
                            "create_date": "2019-07-04T03:11:56Z",
                            "description": "",
                            "force_detach_policies": "false",
                            "id": "voice-services-staging-worker-nodes",
                            "max_session_duration": "3600",
                            "name": "voice-services-staging-worker-nodes",
                            "path": "/",
                            "tags.%": "0",
                            "unique_id": "AROAXZ4E7LFC5XYOUOI63"
                        },
                        "meta": {},
                        "tainted": false
                    },
                    "deposed": [],
                    "provider": "provider.aws"
                },
                "aws_iam_role_policy_attachment.eks-cluster-AmazonEKSClusterPolicy": {
                    "type": "aws_iam_role_policy_attachment",
                    "depends_on": [
                        "aws_iam_role.cluster-role"
                    ],
                    "primary": {
                        "id": "voice-services-staging-cluster-20190704031825222100000001",
                        "attributes": {
                            "id": "voice-services-staging-cluster-20190704031825222100000001",
                            "policy_arn": "arn:aws:iam::aws:policy/AmazonEKSClusterPolicy",
                            "role": "voice-services-staging-cluster"
                        },
                        "meta": {},
                        "tainted": false
                    },
                    "deposed": [],
                    "provider": "provider.aws"
                },
                "aws_iam_role_policy_attachment.eks-cluster-AmazonEKSServicePolicy": {
                    "type": "aws_iam_role_policy_attachment",
                    "depends_on": [
                        "aws_iam_role.cluster-role"
                    ],
                    "primary": {
                        "id": "voice-services-staging-cluster-20190704031825236700000002",
                        "attributes": {
                            "id": "voice-services-staging-cluster-20190704031825236700000002",
                            "policy_arn": "arn:aws:iam::aws:policy/AmazonEKSServicePolicy",
                            "role": "voice-services-staging-cluster"
                        },
                        "meta": {},
                        "tainted": false
                    },
                    "deposed": [],
                    "provider": "provider.aws"
                },
                "aws_iam_role_policy_attachment.worker-node-AmazonEC2ContainerRegistryReadOnly": {
                    "type": "aws_iam_role_policy_attachment",
                    "depends_on": [
                        "aws_iam_role.worker-node-role"
                    ],
                    "primary": {
                        "id": "voice-services-staging-worker-nodes-20190704031158704200000003",
                        "attributes": {
                            "id": "voice-services-staging-worker-nodes-20190704031158704200000003",
                            "policy_arn": "arn:aws:iam::aws:policy/AmazonEC2ContainerRegistryReadOnly",
                            "role": "voice-services-staging-worker-nodes"
                        },
                        "meta": {},
                        "tainted": false
                    },
                    "deposed": [],
                    "provider": "provider.aws"
                },
                "aws_iam_role_policy_attachment.worker-node-AmazonEKSWorkerNodePolicy": {
                    "type": "aws_iam_role_policy_attachment",
                    "depends_on": [
                        "aws_iam_role.worker-node-role"
                    ],
                    "primary": {
                        "id": "voice-services-staging-worker-nodes-20190704031158627100000001",
                        "attributes": {
                            "id": "voice-services-staging-worker-nodes-20190704031158627100000001",
                            "policy_arn": "arn:aws:iam::aws:policy/AmazonEKSWorkerNodePolicy",
                            "role": "voice-services-staging-worker-nodes"
                        },
                        "meta": {},
                        "tainted": false
                    },
                    "deposed": [],
                    "provider": "provider.aws"
                },
                "aws_iam_role_policy_attachment.worker-node-AmazonEKS_CNI_Policy": {
                    "type": "aws_iam_role_policy_attachment",
                    "depends_on": [
                        "aws_iam_role.worker-node-role"
                    ],
                    "primary": {
                        "id": "voice-services-staging-worker-nodes-20190704031158647500000002",
                        "attributes": {
                            "id": "voice-services-staging-worker-nodes-20190704031158647500000002",
                            "policy_arn": "arn:aws:iam::aws:policy/AmazonEKS_CNI_Policy",
                            "role": "voice-services-staging-worker-nodes"
                        },
                        "meta": {},
                        "tainted": false
                    },
                    "deposed": [],
                    "provider": "provider.aws"
                },
                "aws_launch_configuration.worker": {
                    "type": "aws_launch_configuration",
                    "depends_on": [
                        "aws_iam_instance_profile.worker-node",
                        "aws_security_group.worker-node-sg",
                        "data.aws_ami.eks-worker",
                        "local.worker-node-userdata"
                    ],
                    "primary": {
                        "id": "voice-services-worker-nodes-20190704035818469300000001",
                        "attributes": {
                            "associate_public_ip_address": "false",
                            "ebs_block_device.#": "0",
                            "ebs_optimized": "false",
                            "enable_monitoring": "true",
                            "ephemeral_block_device.#": "0",
                            "iam_instance_profile": "eks-worker",
                            "id": "voice-services-worker-nodes-20190704035818469300000001",
                            "image_id": "ami-01b6a163133c31994",
                            "instance_type": "m5.large",
                            "key_name": "",
                            "name": "voice-services-worker-nodes-20190704035818469300000001",
                            "name_prefix": "voice-services-worker-nodes-",
                            "root_block_device.#": "0",
                            "security_groups.#": "1",
                            "security_groups.2271924329": "sg-0d9703c6dafdcdb89",
                            "spot_price": "",
                            "user_data_base64": "IyEvYmluL2Jhc2gKc2V0IC1vIHh0cmFjZQovZXRjL2Vrcy9ib290c3RyYXAuc2ggLS1hcGlzZXJ2ZXItZW5kcG9pbnQgJ2h0dHBzOi8vMjk0QTNGOEM5QzhDMUI4OUUxREVBMUJENUM2NEIyQTUueWw0LmFwLXNvdXRoLTEuZWtzLmFtYXpvbmF3cy5jb20nIC0tYjY0LWNsdXN0ZXItY2EgJ0xTMHRMUzFDUlVkSlRpQkRSVkpVU1VaSlEwRlVSUzB0TFMwdENrMUpTVU41UkVORFFXSkRaMEYzU1VKQlowbENRVVJCVGtKbmEzRm9hMmxIT1hjd1FrRlJjMFpCUkVGV1RWSk5kMFZSV1VSV1VWRkVSWGR3Y21SWFNtd0tZMjAxYkdSSFZucE5RalJZUkZSRk5VMUVZM2RPUkVGNlRsUlZNVTVXYjFoRVZFazFUVVJqZDAxVVFYcE9WRlV4VGxadmQwWlVSVlJOUWtWSFFURlZSUXBCZUUxTFlUTldhVnBZU25WYVdGSnNZM3BEUTBGVFNYZEVVVmxLUzI5YVNXaDJZMDVCVVVWQ1FsRkJSR2RuUlZCQlJFTkRRVkZ2UTJkblJVSkJUSE0wQ25BMGJFZFNjMlpWYWpSbVRFZFhZVVk1U0V4cVoweE1NbXBPUkRoSFIxQjVOUzltY1ZCaFZrOWhaV0ZoTjFWV2RXaDJRU3RZWkhSeEsweG1SRTVuWVVrS1dVTXhTRXRKV21KRFluTldjSEZMYVRsR04zVlRUVTV6TlN0NFIwdEhXVEpMUVVNMlpFcHFhRTFJYVN0c1UybDFiV1Z4Umt4U00yZFpUMEpKTjFCdlVBcEpaMjFuUnpoTFlqazVSbFJCT1VOQ1oxSmpaRTlaVXpsSkswTXdRak56Ym1KbVpWSXZRemRVZVVOSVNFSkRTR2xhVFV4TGRsVXlURVZpTTBaSlJGWnpDbkZ4UkhselYyOU9kemxNZWtJd09WZDRPUzlNTW10dVJXOUlTakpWVUdRM1UwNWllVTFNSzBod01rVjZTelJFVDBOT1pYVmlZalpJWVRZNFZESXdSMEVLUlZOMlkwNVlhekp3ZG5ReFV6aFNkR2QzT0VjeVNsWnJkMjFNTWpoeWF5OUZVVFI2VERaaFEwd3hkMU5uVUU0MFRXUklUa1I0UmpkaWVFbHhLek0zWXdwRGRrMVVNRU5RV1hKNFRFRnJSV3hoUWxRNFEwRjNSVUZCWVUxcVRVTkZkMFJuV1VSV1VqQlFRVkZJTDBKQlVVUkJaMHRyVFVFNFIwRXhWV1JGZDBWQ0NpOTNVVVpOUVUxQ1FXWTRkMFJSV1VwTGIxcEphSFpqVGtGUlJVeENVVUZFWjJkRlFrRkxLM0o0TTBsVFRXOW5VbWxHYTFoSk1HNTFhVk5FTlZkWE5tc0tZbEZ3VDFoblZGaG5iRk01TjNOcVdXUTJjVU5sZGl0RGFGQk9iVGd6VkV4a1MwTjJNR0oyYjBkb1ExbDFNVUpqTkVwaGFYcFNUWFJOTTFGWFMyNUtVZ295U2xZeFlUVkNiVEJCT0hJNWEyWnFWUzgxYjNaaGNEZGhOM2R2Yld0UllrUTNaVmxZUjJSMVNXcHpiazR2T1VwcFVHNTRUVU5oUXpGbFZHaEVLM0kwQ2toYWF5OUxZMlJOYWtOVWVEZzNWSEpyUWt4R1ZIZDZjMkZrY25OcFN6SllWVWhQUTFWdGFuazJTVE16YnpGUk9XcGhUVzAwYmpkeFJ6ZHlja2cwT1ZFS1VtVkRWVkJaWVc5MWRIWk5OSGhPYkZoc1VHOVdOakpZUzBSRldXb3ZRbnBuWlRCRWJ5ODFOemRyTDNCSFFuRnZUMVJyYlhsR1IyUXZOVEJ3SzIxc1lRcFRhbU5XTWpGWU5rbG5OV1pVU205UE5EWllkVFJtU0dKM2IxSTVOa0V3TURSWVlYTXJVM0ZCTUVzdmNFWlZkalIzUlRGeWRrSnJhbW80T0QwS0xTMHRMUzFGVGtRZ1EwVlNWRWxHU1VOQlZFVXRMUzB0TFFvPScgJ3ZvaWNlLXNlcnZpY2VzLXN0YWdpbmctY2x1c3RlcicK",
                            "vpc_classic_link_id": "",
                            "vpc_classic_link_security_groups.#": "0"
                        },
                        "meta": {},
                        "tainted": false
                    },
                    "deposed": [],
                    "provider": "provider.aws"
                },
                "aws_security_group.cluster-sg": {
                    "type": "aws_security_group",
                    "depends_on": [],
                    "primary": {
                        "id": "sg-0721806135da52f0b",
                        "attributes": {
                            "arn": "arn:aws:ec2:ap-south-1:536612919621:security-group/sg-0721806135da52f0b",
                            "description": "Cluster communication with worker nodes",
                            "egress.#": "1",
                            "egress.482069346.cidr_blocks.#": "1",
                            "egress.482069346.cidr_blocks.0": "0.0.0.0/0",
                            "egress.482069346.description": "",
                            "egress.482069346.from_port": "0",
                            "egress.482069346.ipv6_cidr_blocks.#": "0",
                            "egress.482069346.prefix_list_ids.#": "0",
                            "egress.482069346.protocol": "-1",
                            "egress.482069346.security_groups.#": "0",
                            "egress.482069346.self": "false",
                            "egress.482069346.to_port": "0",
                            "id": "sg-0721806135da52f0b",
                            "ingress.#": "2",
                            "ingress.1047419121.cidr_blocks.#": "0",
                            "ingress.1047419121.description": "Allow pods to communicate with the cluster API Server",
                            "ingress.1047419121.from_port": "443",
                            "ingress.1047419121.ipv6_cidr_blocks.#": "0",
                            "ingress.1047419121.prefix_list_ids.#": "0",
                            "ingress.1047419121.protocol": "tcp",
                            "ingress.1047419121.security_groups.#": "1",
                            "ingress.1047419121.security_groups.2271924329": "sg-0d9703c6dafdcdb89",
                            "ingress.1047419121.self": "false",
                            "ingress.1047419121.to_port": "443",
                            "ingress.4095506760.cidr_blocks.#": "1",
                            "ingress.4095506760.cidr_blocks.0": "0.0.0.0/0",
                            "ingress.4095506760.description": "Allow workstation to communicate with the cluster API Server",
                            "ingress.4095506760.from_port": "443",
                            "ingress.4095506760.ipv6_cidr_blocks.#": "0",
                            "ingress.4095506760.prefix_list_ids.#": "0",
                            "ingress.4095506760.protocol": "tcp",
                            "ingress.4095506760.security_groups.#": "0",
                            "ingress.4095506760.self": "false",
                            "ingress.4095506760.to_port": "443",
                            "name": "voice-services-staging-clusterSG",
                            "owner_id": "536612919621",
                            "revoke_rules_on_delete": "false",
                            "tags.%": "2",
                            "tags.Enviorment": "Stagging",
                            "tags.Name": "Voice-services-staging-cluster",
                            "vpc_id": "vpc-0b0be5d04b725b931"
                        },
                        "meta": {
                            "e2bfb730-ecaa-11e6-8f88-34363bc7c4c0": {
                                "create": 600000000000,
                                "delete": 600000000000
                            },
                            "schema_version": "1"
                        },
                        "tainted": false
                    },
                    "deposed": [],
                    "provider": "provider.aws"
                },
                "aws_security_group.eks_alb_sg": {
                    "type": "aws_security_group",
                    "depends_on": [],
                    "primary": {
                        "id": "sg-06210edfe1d26d360",
                        "attributes": {
                            "arn": "arn:aws:ec2:ap-south-1:536612919621:security-group/sg-06210edfe1d26d360",
                            "description": "Allow worker nodes pods to communicate with outsiders",
                            "egress.#": "1",
                            "egress.482069346.cidr_blocks.#": "1",
                            "egress.482069346.cidr_blocks.0": "0.0.0.0/0",
                            "egress.482069346.description": "",
                            "egress.482069346.from_port": "0",
                            "egress.482069346.ipv6_cidr_blocks.#": "0",
                            "egress.482069346.prefix_list_ids.#": "0",
                            "egress.482069346.protocol": "-1",
                            "egress.482069346.security_groups.#": "0",
                            "egress.482069346.self": "false",
                            "egress.482069346.to_port": "0",
                            "id": "sg-06210edfe1d26d360",
                            "ingress.#": "3",
                            "ingress.2152482271.cidr_blocks.#": "0",
                            "ingress.2152482271.description": "",
                            "ingress.2152482271.from_port": "0",
                            "ingress.2152482271.ipv6_cidr_blocks.#": "0",
                            "ingress.2152482271.prefix_list_ids.#": "0",
                            "ingress.2152482271.protocol": "tcp",
                            "ingress.2152482271.security_groups.#": "1",
                            "ingress.2152482271.security_groups.2271924329": "sg-0d9703c6dafdcdb89",
                            "ingress.2152482271.self": "false",
                            "ingress.2152482271.to_port": "65535",
                            "ingress.2214680975.cidr_blocks.#": "1",
                            "ingress.2214680975.cidr_blocks.0": "0.0.0.0/0",
                            "ingress.2214680975.description": "",
                            "ingress.2214680975.from_port": "80",
                            "ingress.2214680975.ipv6_cidr_blocks.#": "0",
                            "ingress.2214680975.prefix_list_ids.#": "0",
                            "ingress.2214680975.protocol": "tcp",
                            "ingress.2214680975.security_groups.#": "0",
                            "ingress.2214680975.self": "false",
                            "ingress.2214680975.to_port": "80",
                            "ingress.2617001939.cidr_blocks.#": "1",
                            "ingress.2617001939.cidr_blocks.0": "0.0.0.0/0",
                            "ingress.2617001939.description": "",
                            "ingress.2617001939.from_port": "443",
                            "ingress.2617001939.ipv6_cidr_blocks.#": "0",
                            "ingress.2617001939.prefix_list_ids.#": "0",
                            "ingress.2617001939.protocol": "tcp",
                            "ingress.2617001939.security_groups.#": "0",
                            "ingress.2617001939.self": "false",
                            "ingress.2617001939.to_port": "443",
                            "name": "eks-alb-loadbalancer-sg",
                            "owner_id": "536612919621",
                            "revoke_rules_on_delete": "false",
                            "tags.%": "1",
                            "tags.Name": "Eks-alb-sg",
                            "vpc_id": "vpc-0b0be5d04b725b931"
                        },
                        "meta": {
                            "e2bfb730-ecaa-11e6-8f88-34363bc7c4c0": {
                                "create": 600000000000,
                                "delete": 600000000000
                            },
                            "schema_version": "1"
                        },
                        "tainted": false
                    },
                    "deposed": [],
                    "provider": "provider.aws"
                },
                "aws_security_group.worker-node-sg": {
                    "type": "aws_security_group",
                    "depends_on": [],
                    "primary": {
                        "id": "sg-0d9703c6dafdcdb89",
                        "attributes": {
                            "arn": "arn:aws:ec2:ap-south-1:536612919621:security-group/sg-0d9703c6dafdcdb89",
                            "description": "Security group for all nodes in the cluster",
                            "egress.#": "1",
                            "egress.482069346.cidr_blocks.#": "1",
                            "egress.482069346.cidr_blocks.0": "0.0.0.0/0",
                            "egress.482069346.description": "",
                            "egress.482069346.from_port": "0",
                            "egress.482069346.ipv6_cidr_blocks.#": "0",
                            "egress.482069346.prefix_list_ids.#": "0",
                            "egress.482069346.protocol": "-1",
                            "egress.482069346.security_groups.#": "0",
                            "egress.482069346.self": "false",
                            "egress.482069346.to_port": "0",
                            "id": "sg-0d9703c6dafdcdb89",
                            "ingress.#": "3",
                            "ingress.2278689831.cidr_blocks.#": "0",
                            "ingress.2278689831.description": "Allow node to communicate with each other",
                            "ingress.2278689831.from_port": "0",
                            "ingress.2278689831.ipv6_cidr_blocks.#": "0",
                            "ingress.2278689831.prefix_list_ids.#": "0",
                            "ingress.2278689831.protocol": "-1",
                            "ingress.2278689831.security_groups.#": "0",
                            "ingress.2278689831.self": "true",
                            "ingress.2278689831.to_port": "0",
                            "ingress.2784576859.cidr_blocks.#": "0",
                            "ingress.2784576859.description": "Allow worker Kubelets and pods to receive communication from the control server",
                            "ingress.2784576859.from_port": "0",
                            "ingress.2784576859.ipv6_cidr_blocks.#": "0",
                            "ingress.2784576859.prefix_list_ids.#": "0",
                            "ingress.2784576859.protocol": "tcp",
                            "ingress.2784576859.security_groups.#": "1",
                            "ingress.2784576859.security_groups.647937579": "sg-02946ed4fbe4cb805",
                            "ingress.2784576859.self": "false",
                            "ingress.2784576859.to_port": "65535",
                            "ingress.4287396580.cidr_blocks.#": "0",
                            "ingress.4287396580.description": "Allow worker Kubelets and pods to receive communication from the cluster control plane",
                            "ingress.4287396580.from_port": "1025",
                            "ingress.4287396580.ipv6_cidr_blocks.#": "0",
                            "ingress.4287396580.prefix_list_ids.#": "0",
                            "ingress.4287396580.protocol": "tcp",
                            "ingress.4287396580.security_groups.#": "1",
                            "ingress.4287396580.security_groups.3962878865": "sg-0721806135da52f0b",
                            "ingress.4287396580.self": "false",
                            "ingress.4287396580.to_port": "65535",
                            "name": "voice-services-staging-worker-nodesSG",
                            "owner_id": "536612919621",
                            "revoke_rules_on_delete": "false",
                            "tags.%": "2",
                            "tags.Name": "voice-services-staging-worker-nodes",
                            "tags.kubernetes.io/cluster/": "voice-services-staging-cluster",
                            "vpc_id": "vpc-0b0be5d04b725b931"
                        },
                        "meta": {
                            "e2bfb730-ecaa-11e6-8f88-34363bc7c4c0": {
                                "create": 600000000000,
                                "delete": 600000000000
                            },
                            "schema_version": "1"
                        },
                        "tainted": false
                    },
                    "deposed": [],
                    "provider": "provider.aws"
                },
                "aws_security_group_rule.allow_http": {
                    "type": "aws_security_group_rule",
                    "depends_on": [
                        "aws_security_group.eks_alb_sg"
                    ],
                    "primary": {
                        "id": "sgrule-3560692134",
                        "attributes": {
                            "cidr_blocks.#": "1",
                            "cidr_blocks.0": "0.0.0.0/0",
                            "description": "",
                            "from_port": "80",
                            "id": "sgrule-3560692134",
                            "ipv6_cidr_blocks.#": "0",
                            "prefix_list_ids.#": "0",
                            "protocol": "tcp",
                            "security_group_id": "sg-06210edfe1d26d360",
                            "self": "false",
                            "to_port": "80",
                            "type": "ingress"
                        },
                        "meta": {
                            "schema_version": "2"
                        },
                        "tainted": false
                    },
                    "deposed": [],
                    "provider": "provider.aws"
                },
                "aws_security_group_rule.allow_https": {
                    "type": "aws_security_group_rule",
                    "depends_on": [
                        "aws_security_group.eks_alb_sg"
                    ],
                    "primary": {
                        "id": "sgrule-2708588502",
                        "attributes": {
                            "cidr_blocks.#": "1",
                            "cidr_blocks.0": "0.0.0.0/0",
                            "description": "",
                            "from_port": "443",
                            "id": "sgrule-2708588502",
                            "ipv6_cidr_blocks.#": "0",
                            "prefix_list_ids.#": "0",
                            "protocol": "tcp",
                            "security_group_id": "sg-06210edfe1d26d360",
                            "self": "false",
                            "to_port": "443",
                            "type": "ingress"
                        },
                        "meta": {
                            "schema_version": "2"
                        },
                        "tainted": false
                    },
                    "deposed": [],
                    "provider": "provider.aws"
                },
                "aws_security_group_rule.allow_worker_node": {
                    "type": "aws_security_group_rule",
                    "depends_on": [
                        "aws_security_group.eks_alb_sg",
                        "aws_security_group.worker-node-sg"
                    ],
                    "primary": {
                        "id": "sgrule-367005471",
                        "attributes": {
                            "cidr_blocks.#": "0",
                            "description": "",
                            "from_port": "0",
                            "id": "sgrule-367005471",
                            "ipv6_cidr_blocks.#": "0",
                            "prefix_list_ids.#": "0",
                            "protocol": "tcp",
                            "security_group_id": "sg-06210edfe1d26d360",
                            "self": "false",
                            "source_security_group_id": "sg-0d9703c6dafdcdb89",
                            "to_port": "65535",
                            "type": "ingress"
                        },
                        "meta": {
                            "schema_version": "2"
                        },
                        "tainted": false
                    },
                    "deposed": [],
                    "provider": "provider.aws"
                },
                "aws_security_group_rule.cluster-ingress-node-https": {
                    "type": "aws_security_group_rule",
                    "depends_on": [
                        "aws_security_group.cluster-sg",
                        "aws_security_group.worker-node-sg"
                    ],
                    "primary": {
                        "id": "sgrule-1264196693",
                        "attributes": {
                            "cidr_blocks.#": "0",
                            "description": "Allow pods to communicate with the cluster API Server",
                            "from_port": "443",
                            "id": "sgrule-1264196693",
                            "ipv6_cidr_blocks.#": "0",
                            "prefix_list_ids.#": "0",
                            "protocol": "tcp",
                            "security_group_id": "sg-0721806135da52f0b",
                            "self": "false",
                            "source_security_group_id": "sg-0d9703c6dafdcdb89",
                            "to_port": "443",
                            "type": "ingress"
                        },
                        "meta": {
                            "schema_version": "2"
                        },
                        "tainted": false
                    },
                    "deposed": [],
                    "provider": "provider.aws"
                },
                "aws_security_group_rule.cluster-ingress-workstation-https": {
                    "type": "aws_security_group_rule",
                    "depends_on": [
                        "aws_security_group.cluster-sg"
                    ],
                    "primary": {
                        "id": "sgrule-3668476494",
                        "attributes": {
                            "cidr_blocks.#": "1",
                            "cidr_blocks.0": "0.0.0.0/0",
                            "description": "Allow workstation to communicate with the cluster API Server",
                            "from_port": "443",
                            "id": "sgrule-3668476494",
                            "ipv6_cidr_blocks.#": "0",
                            "prefix_list_ids.#": "0",
                            "protocol": "tcp",
                            "security_group_id": "sg-0721806135da52f0b",
                            "self": "false",
                            "to_port": "443",
                            "type": "ingress"
                        },
                        "meta": {
                            "schema_version": "2"
                        },
                        "tainted": false
                    },
                    "deposed": [],
                    "provider": "provider.aws"
                },
                "aws_security_group_rule.worker-node-for-control-server": {
                    "type": "aws_security_group_rule",
                    "depends_on": [
                        "aws_security_group.worker-node-sg"
                    ],
                    "primary": {
                        "id": "sgrule-1780401497",
                        "attributes": {
                            "cidr_blocks.#": "0",
                            "description": "Allow worker Kubelets and pods to receive communication from the control server",
                            "from_port": "0",
                            "id": "sgrule-1780401497",
                            "ipv6_cidr_blocks.#": "0",
                            "prefix_list_ids.#": "0",
                            "protocol": "tcp",
                            "security_group_id": "sg-0d9703c6dafdcdb89",
                            "self": "false",
                            "source_security_group_id": "sg-02946ed4fbe4cb805",
                            "to_port": "65535",
                            "type": "ingress"
                        },
                        "meta": {
                            "schema_version": "2"
                        },
                        "tainted": false
                    },
                    "deposed": [],
                    "provider": "provider.aws"
                },
                "aws_security_group_rule.worker-node-ingress-cluster": {
                    "type": "aws_security_group_rule",
                    "depends_on": [
                        "aws_security_group.cluster-sg",
                        "aws_security_group.worker-node-sg"
                    ],
                    "primary": {
                        "id": "sgrule-1503732303",
                        "attributes": {
                            "cidr_blocks.#": "0",
                            "description": "Allow worker Kubelets and pods to receive communication from the cluster control plane",
                            "from_port": "1025",
                            "id": "sgrule-1503732303",
                            "ipv6_cidr_blocks.#": "0",
                            "prefix_list_ids.#": "0",
                            "protocol": "tcp",
                            "security_group_id": "sg-0d9703c6dafdcdb89",
                            "self": "false",
                            "source_security_group_id": "sg-0721806135da52f0b",
                            "to_port": "65535",
                            "type": "ingress"
                        },
                        "meta": {
                            "schema_version": "2"
                        },
                        "tainted": false
                    },
                    "deposed": [],
                    "provider": "provider.aws"
                },
                "aws_security_group_rule.worker-node-ingress-self": {
                    "type": "aws_security_group_rule",
                    "depends_on": [
                        "aws_security_group.worker-node-sg"
                    ],
                    "primary": {
                        "id": "sgrule-1973382132",
                        "attributes": {
                            "cidr_blocks.#": "0",
                            "description": "Allow node to communicate with each other",
                            "from_port": "0",
                            "id": "sgrule-1973382132",
                            "ipv6_cidr_blocks.#": "0",
                            "prefix_list_ids.#": "0",
                            "protocol": "-1",
                            "security_group_id": "sg-0d9703c6dafdcdb89",
                            "self": "false",
                            "source_security_group_id": "sg-0d9703c6dafdcdb89",
                            "to_port": "0",
                            "type": "ingress"
                        },
                        "meta": {
                            "schema_version": "2"
                        },
                        "tainted": false
                    },
                    "deposed": [],
                    "provider": "provider.aws"
                },
                "data.aws_ami.eks-worker": {
                    "type": "aws_ami",
                    "depends_on": [
                        "aws_eks_cluster.eks-cluster"
                    ],
                    "primary": {
                        "id": "ami-01b6a163133c31994",
                        "attributes": {
                            "architecture": "x86_64",
                            "block_device_mappings.#": "1",
                            "block_device_mappings.3798922657.device_name": "/dev/xvda",
                            "block_device_mappings.3798922657.ebs.%": "6",
                            "block_device_mappings.3798922657.ebs.delete_on_termination": "true",
                            "block_device_mappings.3798922657.ebs.encrypted": "false",
                            "block_device_mappings.3798922657.ebs.iops": "0",
                            "block_device_mappings.3798922657.ebs.snapshot_id": "snap-09d83ed42eb5ff65e",
                            "block_device_mappings.3798922657.ebs.volume_size": "20",
                            "block_device_mappings.3798922657.ebs.volume_type": "gp2",
                            "block_device_mappings.3798922657.no_device": "",
                            "block_device_mappings.3798922657.virtual_name": "",
                            "creation_date": "2019-07-02T01:03:07.000Z",
                            "description": "EKS Kubernetes Worker AMI with AmazonLinux2 image (k8s: 1.12.7, docker:18.06)",
                            "filter.#": "1",
                            "filter.3458727952.name": "name",
                            "filter.3458727952.values.#": "1",
                            "filter.3458727952.values.0": "amazon-eks-node-1.12-v*",
                            "hypervisor": "xen",
                            "id": "ami-01b6a163133c31994",
                            "image_id": "ami-01b6a163133c31994",
                            "image_location": "amazon/amazon-eks-node-1.12-v20190701",
                            "image_owner_alias": "amazon",
                            "image_type": "machine",
                            "most_recent": "true",
                            "name": "amazon-eks-node-1.12-v20190701",
                            "owner_id": "602401143452",
                            "owners.#": "1",
                            "owners.0": "602401143452",
                            "product_codes.#": "0",
                            "public": "true",
                            "root_device_name": "/dev/xvda",
                            "root_device_type": "ebs",
                            "root_snapshot_id": "snap-09d83ed42eb5ff65e",
                            "sriov_net_support": "simple",
                            "state": "available",
                            "state_reason.%": "2",
                            "state_reason.code": "UNSET",
                            "state_reason.message": "UNSET",
                            "tags.%": "0",
                            "virtualization_type": "hvm"
                        },
                        "meta": {},
                        "tainted": false
                    },
                    "deposed": [],
                    "provider": "provider.aws"
                },
                "data.http.workstation-external-ip": {
                    "type": "http",
                    "depends_on": [],
                    "primary": {
                        "id": "2019-07-14 05:22:39.5769 +0000 UTC",
                        "attributes": {
                            "body": "49.205.217.243\n",
                            "id": "2019-07-14 05:22:39.5769 +0000 UTC",
                            "url": "http://ipv4.icanhazip.com"
                        },
                        "meta": {},
                        "tainted": false
                    },
                    "deposed": [],
                    "provider": "provider.http"
                }
            },
            "depends_on": []
        },
        {
            "path": [
                "root",
                "k8"
            ],
            "outputs": {
                "elastic_ip": {
                    "sensitive": false,
                    "type": "string",
                    "value": "13.126.213.79"
                },
                "kubectl_instance_sg": {
                    "sensitive": false,
                    "type": "string",
                    "value": "sg-02946ed4fbe4cb805"
                }
            },
            "resources": {
                "aws_eip.ip": {
                    "type": "aws_eip",
                    "depends_on": [
                        "aws_instance.k8s-server"
                    ],
                    "primary": {
                        "id": "eipalloc-075b6b0e924966816",
                        "attributes": {
                            "association_id": "eipassoc-0f2c39a1032f31751",
                            "domain": "vpc",
                            "id": "eipalloc-075b6b0e924966816",
                            "instance": "i-0277e1ab410be1b0d",
                            "network_interface": "eni-042f520c070ad6b57",
                            "private_dns": "ip-10-0-192-13.ap-south-1.compute.internal",
                            "private_ip": "10.0.192.13",
                            "public_dns": "ec2-13-126-213-79.ap-south-1.compute.amazonaws.com",
                            "public_ip": "13.126.213.79",
                            "public_ipv4_pool": "amazon",
                            "tags.%": "1",
                            "tags.Name": "server_eip",
                            "vpc": "true"
                        },
                        "meta": {
                            "e2bfb730-ecaa-11e6-8f88-34363bc7c4c0": {
                                "delete": 180000000000,
                                "read": 900000000000,
                                "update": 300000000000
                            }
                        },
                        "tainted": false
                    },
                    "deposed": [],
                    "provider": "provider.aws"
                },
                "aws_instance.k8s-server": {
                    "type": "aws_instance",
                    "depends_on": [
                        "aws_security_group.kubectl_instance_sg"
                    ],
                    "primary": {
                        "id": "i-0277e1ab410be1b0d",
                        "attributes": {
                            "ami": "ami-04ff3a50ebc2b42bb",
                            "arn": "arn:aws:ec2:ap-south-1:536612919621:instance/i-0277e1ab410be1b0d",
                            "associate_public_ip_address": "true",
                            "availability_zone": "ap-south-1a",
                            "cpu_core_count": "1",
                            "cpu_threads_per_core": "2",
                            "credit_specification.#": "1",
                            "credit_specification.0.cpu_credits": "unlimited",
                            "disable_api_termination": "false",
                            "ebs_block_device.#": "0",
                            "ebs_optimized": "false",
                            "ephemeral_block_device.#": "0",
                            "get_password_data": "false",
                            "iam_instance_profile": "",
                            "id": "i-0277e1ab410be1b0d",
                            "instance_state": "running",
                            "instance_type": "t3.medium",
                            "ipv6_address_count": "0",
                            "ipv6_addresses.#": "0",
                            "key_name": "tensult-vernacular",
                            "monitoring": "false",
                            "network_interface.#": "0",
                            "password_data": "",
                            "placement_group": "",
                            "primary_network_interface_id": "eni-042f520c070ad6b57",
                            "private_dns": "ip-10-0-192-13.ap-south-1.compute.internal",
                            "private_ip": "10.0.192.13",
                            "public_dns": "ec2-13-126-213-79.ap-south-1.compute.amazonaws.com",
                            "public_ip": "13.126.213.79",
                            "root_block_device.#": "1",
                            "root_block_device.0.delete_on_termination": "true",
                            "root_block_device.0.iops": "100",
                            "root_block_device.0.volume_id": "vol-0fcbeed59e6125769",
                            "root_block_device.0.volume_size": "8",
                            "root_block_device.0.volume_type": "gp2",
                            "security_groups.#": "0",
                            "source_dest_check": "true",
                            "subnet_id": "subnet-071fecd72ef001042",
                            "tags.%": "1",
                            "tags.Name": "Automation Server - Staging",
                            "tenancy": "default",
                            "volume_tags.%": "0",
                            "vpc_security_group_ids.#": "1",
                            "vpc_security_group_ids.647937579": "sg-02946ed4fbe4cb805"
                        },
                        "meta": {
                            "e2bfb730-ecaa-11e6-8f88-34363bc7c4c0": {
                                "create": 600000000000,
                                "delete": 1200000000000,
                                "update": 600000000000
                            },
                            "schema_version": "1"
                        },
                        "tainted": false
                    },
                    "deposed": [],
                    "provider": "provider.aws"
                },
                "aws_security_group.kubectl_instance_sg": {
                    "type": "aws_security_group",
                    "depends_on": [],
                    "primary": {
                        "id": "sg-02946ed4fbe4cb805",
                        "attributes": {
                            "arn": "arn:aws:ec2:ap-south-1:536612919621:security-group/sg-02946ed4fbe4cb805",
                            "description": "kubectl_instance_sg",
                            "egress.#": "1",
                            "egress.482069346.cidr_blocks.#": "1",
                            "egress.482069346.cidr_blocks.0": "0.0.0.0/0",
                            "egress.482069346.description": "",
                            "egress.482069346.from_port": "0",
                            "egress.482069346.ipv6_cidr_blocks.#": "0",
                            "egress.482069346.prefix_list_ids.#": "0",
                            "egress.482069346.protocol": "-1",
                            "egress.482069346.security_groups.#": "0",
                            "egress.482069346.self": "false",
                            "egress.482069346.to_port": "0",
                            "id": "sg-02946ed4fbe4cb805",
                            "ingress.#": "1",
                            "ingress.2541437006.cidr_blocks.#": "1",
                            "ingress.2541437006.cidr_blocks.0": "0.0.0.0/0",
                            "ingress.2541437006.description": "",
                            "ingress.2541437006.from_port": "22",
                            "ingress.2541437006.ipv6_cidr_blocks.#": "0",
                            "ingress.2541437006.prefix_list_ids.#": "0",
                            "ingress.2541437006.protocol": "tcp",
                            "ingress.2541437006.security_groups.#": "0",
                            "ingress.2541437006.self": "false",
                            "ingress.2541437006.to_port": "22",
                            "name": "kubectl_instance_sg",
                            "owner_id": "536612919621",
                            "revoke_rules_on_delete": "false",
                            "tags.%": "1",
                            "tags.Name": "kubectl_server-SG",
                            "vpc_id": "vpc-0b0be5d04b725b931"
                        },
                        "meta": {
                            "e2bfb730-ecaa-11e6-8f88-34363bc7c4c0": {
                                "create": 600000000000,
                                "delete": 600000000000
                            },
                            "schema_version": "1"
                        },
                        "tainted": false
                    },
                    "deposed": [],
                    "provider": "provider.aws"
                }
            },
            "depends_on": []
        },
        {
            "path": [
                "root",
                "prod-automation-server"
            ],
            "outputs": {
                "elastic_ip": {
                    "sensitive": false,
                    "type": "string",
                    "value": "13.235.41.22"
                },
                "prod-automation-server-instance-sg": {
                    "sensitive": false,
                    "type": "string",
                    "value": "sg-04e5d110053f1c6a3"
                }
            },
            "resources": {
                "aws_eip.ip": {
                    "type": "aws_eip",
                    "depends_on": [
                        "aws_instance.prod-automation-server"
                    ],
                    "primary": {
                        "id": "eipalloc-09f94df96b478973f",
                        "attributes": {
                            "association_id": "eipassoc-04e63eae2496278ca",
                            "domain": "vpc",
                            "id": "eipalloc-09f94df96b478973f",
                            "instance": "i-0a8475d66483b0a8f",
                            "network_interface": "eni-08dc71ca46491669b",
                            "private_dns": "ip-10-0-218-131.ap-south-1.compute.internal",
                            "private_ip": "10.0.218.131",
                            "public_dns": "ec2-13-235-41-22.ap-south-1.compute.amazonaws.com",
                            "public_ip": "13.235.41.22",
                            "public_ipv4_pool": "amazon",
                            "tags.%": "1",
                            "tags.Name": "prod_server_eip",
                            "vpc": "true"
                        },
                        "meta": {
                            "e2bfb730-ecaa-11e6-8f88-34363bc7c4c0": {
                                "delete": 180000000000,
                                "read": 900000000000,
                                "update": 300000000000
                            }
                        },
                        "tainted": false
                    },
                    "deposed": [],
                    "provider": "provider.aws"
                },
                "aws_instance.prod-automation-server": {
                    "type": "aws_instance",
                    "depends_on": [
                        "aws_security_group.prod-automation-server-instance-sg"
                    ],
                    "primary": {
                        "id": "i-0a8475d66483b0a8f",
                        "attributes": {
                            "ami": "ami-04ff3a50ebc2b42bb",
                            "arn": "arn:aws:ec2:ap-south-1:536612919621:instance/i-0a8475d66483b0a8f",
                            "associate_public_ip_address": "true",
                            "availability_zone": "ap-south-1a",
                            "cpu_core_count": "1",
                            "cpu_threads_per_core": "2",
                            "credit_specification.#": "1",
                            "credit_specification.0.cpu_credits": "unlimited",
                            "disable_api_termination": "false",
                            "ebs_block_device.#": "0",
                            "ebs_optimized": "false",
                            "ephemeral_block_device.#": "0",
                            "get_password_data": "false",
                            "iam_instance_profile": "",
                            "id": "i-0a8475d66483b0a8f",
                            "instance_state": "running",
                            "instance_type": "t3.medium",
                            "ipv6_address_count": "0",
                            "ipv6_addresses.#": "0",
                            "key_name": "tensult-vernacular",
                            "monitoring": "false",
                            "network_interface.#": "0",
                            "password_data": "",
                            "placement_group": "",
                            "primary_network_interface_id": "eni-08dc71ca46491669b",
                            "private_dns": "ip-10-0-218-131.ap-south-1.compute.internal",
                            "private_ip": "10.0.218.131",
                            "public_dns": "ec2-13-235-41-22.ap-south-1.compute.amazonaws.com",
                            "public_ip": "13.235.41.22",
                            "root_block_device.#": "1",
                            "root_block_device.0.delete_on_termination": "true",
                            "root_block_device.0.iops": "150",
                            "root_block_device.0.volume_id": "vol-06618406a957fd1d7",
                            "root_block_device.0.volume_size": "50",
                            "root_block_device.0.volume_type": "gp2",
                            "security_groups.#": "0",
                            "source_dest_check": "true",
                            "subnet_id": "subnet-06054187024deb9e3",
                            "tags.%": "1",
                            "tags.Name": "Automation Server - Production",
                            "tenancy": "default",
                            "volume_tags.%": "0",
                            "vpc_security_group_ids.#": "1",
                            "vpc_security_group_ids.2418008460": "sg-04e5d110053f1c6a3"
                        },
                        "meta": {
                            "e2bfb730-ecaa-11e6-8f88-34363bc7c4c0": {
                                "create": 600000000000,
                                "delete": 1200000000000,
                                "update": 600000000000
                            },
                            "schema_version": "1"
                        },
                        "tainted": false
                    },
                    "deposed": [],
                    "provider": "provider.aws"
                },
                "aws_security_group.prod-automation-server-instance-sg": {
                    "type": "aws_security_group",
                    "depends_on": [],
                    "primary": {
                        "id": "sg-04e5d110053f1c6a3",
                        "attributes": {
                            "arn": "arn:aws:ec2:ap-south-1:536612919621:security-group/sg-04e5d110053f1c6a3",
                            "description": "Production_kubectl_instance_sg",
                            "egress.#": "1",
                            "egress.482069346.cidr_blocks.#": "1",
                            "egress.482069346.cidr_blocks.0": "0.0.0.0/0",
                            "egress.482069346.description": "",
                            "egress.482069346.from_port": "0",
                            "egress.482069346.ipv6_cidr_blocks.#": "0",
                            "egress.482069346.prefix_list_ids.#": "0",
                            "egress.482069346.protocol": "-1",
                            "egress.482069346.security_groups.#": "0",
                            "egress.482069346.self": "false",
                            "egress.482069346.to_port": "0",
                            "id": "sg-04e5d110053f1c6a3",
                            "ingress.#": "1",
                            "ingress.2541437006.cidr_blocks.#": "1",
                            "ingress.2541437006.cidr_blocks.0": "0.0.0.0/0",
                            "ingress.2541437006.description": "",
                            "ingress.2541437006.from_port": "22",
                            "ingress.2541437006.ipv6_cidr_blocks.#": "0",
                            "ingress.2541437006.prefix_list_ids.#": "0",
                            "ingress.2541437006.protocol": "tcp",
                            "ingress.2541437006.security_groups.#": "0",
                            "ingress.2541437006.self": "false",
                            "ingress.2541437006.to_port": "22",
                            "name": "prod-automation-server-instance-sg",
                            "owner_id": "536612919621",
                            "revoke_rules_on_delete": "false",
                            "tags.%": "1",
                            "tags.Name": "prod_kubectl_server-SG",
                            "vpc_id": "vpc-0b0be5d04b725b931"
                        },
                        "meta": {
                            "e2bfb730-ecaa-11e6-8f88-34363bc7c4c0": {
                                "create": 600000000000,
                                "delete": 600000000000
                            },
                            "schema_version": "1"
                        },
                        "tainted": false
                    },
                    "deposed": [],
                    "provider": "provider.aws"
                }
            },
            "depends_on": []
        },
        {
            "path": [
                "root",
                "prod-eks"
            ],
            "outputs": {
                "cluster-name": {
                    "sensitive": false,
                    "type": "string",
                    "value": "voice-services-production-cluster"
                },
                "config_map_aws_auth": {
                    "sensitive": false,
                    "type": "string",
                    "value": "\n\napiVersion: v1\nkind: ConfigMap\nmetadata:\n  name: aws-auth\n  namespace: kube-system\ndata:\n  mapRoles: |\n    - rolearn: arn:aws:iam::536612919621:role/voice-services-production-worker-nodes\n      username: system:node:{{EC2PrivateDNSName}}\n      groups:\n        - system:bootstrappers\n        - system:nodes\n"
                },
                "kubeconfig": {
                    "sensitive": false,
                    "type": "string",
                    "value": "\n\napiVersion: v1\nclusters:\n- cluster:\n    server: https://AB10F5E5AFE6CCA0C908861A8272C496.yl4.ap-south-1.eks.amazonaws.com\n    certificate-authority-data: LS0tLS1CRUdJTiBDRVJUSUZJQ0FURS0tLS0tCk1JSUN5RENDQWJDZ0F3SUJBZ0lCQURBTkJna3Foa2lHOXcwQkFRc0ZBREFWTVJNd0VRWURWUVFERXdwcmRXSmwKY201bGRHVnpNQjRYRFRFNU1EY3dNekl3TlRBeU9Gb1hEVEk1TURZek1ESXdOVEF5T0Zvd0ZURVRNQkVHQTFVRQpBeE1LYTNWaVpYSnVaWFJsY3pDQ0FTSXdEUVlKS29aSWh2Y05BUUVCQlFBRGdnRVBBRENDQVFvQ2dnRUJBTHZsCk9EaE05UFIrYUh6WTZrU2x1WkFLWXA3WkxYSWFDNzA1aE9rWkYrOU1Zc0owMXlCUFRYRjhybnAxRFBmK3ZoeFkKdHBTTnljZElTaS9MQVdDNUc5T21xejM3MnFKUFZGZ0dZOXpqdER5VFB0TnAxdWFSQ3lzbGgzWmxGK3dudVMvZQpSeW1VeE1aMzBXamZTVFRxUi90YlRWem1nanEzL1FCdGJDMlU2TWIxVjZKcGxaRnRSRjQvZHFBQy8vb3BCQWd2CjllTlVoQVlqUmwxOG02YnZQMGxWWVVuYlFibzdDTTRiWXpQbGx2NjNONVJ5Zkxab1hKeHVsSkxQY0xsajk3YWkKTjB0REVWbUh1ZlVwV2Y4Y1JyT3J5MFBPSjE4RlhrZHRWck4wa3ZFUzhrWk1FcU4wODJzejJocmhuWUNCQWVYbgpoOGU5OGZUMTU0Sk9JdlN1WHNVQ0F3RUFBYU1qTUNFd0RnWURWUjBQQVFIL0JBUURBZ0trTUE4R0ExVWRFd0VCCi93UUZNQU1CQWY4d0RRWUpLb1pJaHZjTkFRRUxCUUFEZ2dFQkFKTitGMFNoRFllWWJGUHBxVFNJQ3IzVmpreksKMXVOaWNVb3NaSStEWUxZdzRCTExPc1RpTnA1c1g5ZXVrSVhuQk9rVFplLzJacHpMczZTcGVvSFZ2eXdDRlY5bgp6ZkMwYmRIclFXenZIM3VyMkt2dmtiMnVpYm9qaVFaVGFlcm5RaDlTOGN1Nmh2TXRJVFN6N1E0YXVxT2I4V0ltCnZha3U5ZlZEcnZ5TUE0R0d2b2g4NzVSTG9rNWFvb1ArN0VCb2hkM0FnTFlwUmVQWlFGaXNjay9WU2wwVkhlWmUKclFsa0RTY2ZRQURibHhmRThWb2lhM3Z3dkFQUjFCcmRPUFZyTk5pY1M1elNPbEFBeFBYSXYxbTF4ZkdtcUtDcApEQ0crS0wyd0xpeHB6ZTFCSldqTnU1NUxFK2ZaOUVJeXBhS2trdVR5TmNoS1FtUWJFQVV6YzFXcUtjVT0KLS0tLS1FTkQgQ0VSVElGSUNBVEUtLS0tLQo=\n  name: kubernetes\ncontexts:\n- context:\n    cluster: kubernetes\n    user: aws\n  name: aws\ncurrent-context: aws\nkind: Config\npreferences: {}\nusers:\n- name: aws\n  user:\n    exec:\n      apiVersion: client.authentication.k8s.io/v1alpha1\n      command: aws-iam-authenticator\n      args:\n        - \"token\"\n        - \"-i\"\n        - \"voice-services-production-cluster\"\n"
                }
            },
            "resources": {
                "aws_autoscaling_group.production-worker": {
                    "type": "aws_autoscaling_group",
                    "depends_on": [
                        "aws_launch_configuration.worker"
                    ],
                    "primary": {
                        "id": "production-worker-nodes",
                        "attributes": {
                            "arn": "arn:aws:autoscaling:ap-south-1:536612919621:autoScalingGroup:bcba4725-78d2-4b05-80c9-acdbc8d0fcf5:autoScalingGroupName/production-worker-nodes",
                            "availability_zones.#": "3",
                            "availability_zones.1163474009": "ap-south-1a",
                            "availability_zones.2874627445": "ap-south-1c",
                            "availability_zones.3696256483": "ap-south-1b",
                            "default_cooldown": "300",
                            "desired_capacity": "3",
                            "enabled_metrics.#": "0",
                            "force_delete": "false",
                            "health_check_grace_period": "300",
                            "health_check_type": "EC2",
                            "id": "production-worker-nodes",
                            "launch_configuration": "production-worker-node20190703205246167500000001",
                            "launch_template.#": "0",
                            "load_balancers.#": "0",
                            "max_size": "3",
                            "metrics_granularity": "1Minute",
                            "min_size": "2",
                            "mixed_instances_policy.#": "0",
                            "name": "production-worker-nodes",
                            "placement_group": "",
                            "protect_from_scale_in": "false",
                            "service_linked_role_arn": "arn:aws:iam::536612919621:role/aws-service-role/autoscaling.amazonaws.com/AWSServiceRoleForAutoScaling",
                            "suspended_processes.#": "0",
                            "tag.#": "2",
                            "tag.238097349.key": "Name",
                            "tag.238097349.propagate_at_launch": "true",
                            "tag.238097349.value": "production-worker-nodes",
                            "tag.2502763986.key": "kubernetes.io/cluster/voice-services-production-cluster",
                            "tag.2502763986.propagate_at_launch": "true",
                            "tag.2502763986.value": "owned",
                            "target_group_arns.#": "0",
                            "termination_policies.#": "0",
                            "vpc_zone_identifier.#": "3",
                            "vpc_zone_identifier.2915653550": "subnet-0fb91ba52c8a09236",
                            "vpc_zone_identifier.3391962240": "subnet-002eee3d2101191b6",
                            "vpc_zone_identifier.3403617263": "subnet-033f2bad5d772d0ae",
                            "wait_for_capacity_timeout": "10m"
                        },
                        "meta": {
                            "e2bfb730-ecaa-11e6-8f88-34363bc7c4c0": {
                                "delete": 600000000000
                            }
                        },
                        "tainted": false
                    },
                    "deposed": [],
                    "provider": "provider.aws"
                },
                "aws_eks_cluster.eks-prod-cluster": {
                    "type": "aws_eks_cluster",
                    "depends_on": [
                        "aws_iam_role.prod-cluster-role",
                        "aws_iam_role_policy_attachment.prod-eks-cluster-AmazonEKSClusterPolicy",
                        "aws_iam_role_policy_attachment.prod-eks-cluster-AmazonEKSServicePolicy",
                        "aws_security_group.prod-cluster-sg"
                    ],
                    "primary": {
                        "id": "voice-services-production-cluster",
                        "attributes": {
                            "arn": "arn:aws:eks:ap-south-1:536612919621:cluster/voice-services-production-cluster",
                            "certificate_authority.#": "1",
                            "certificate_authority.0.data": "LS0tLS1CRUdJTiBDRVJUSUZJQ0FURS0tLS0tCk1JSUN5RENDQWJDZ0F3SUJBZ0lCQURBTkJna3Foa2lHOXcwQkFRc0ZBREFWTVJNd0VRWURWUVFERXdwcmRXSmwKY201bGRHVnpNQjRYRFRFNU1EY3dNekl3TlRBeU9Gb1hEVEk1TURZek1ESXdOVEF5T0Zvd0ZURVRNQkVHQTFVRQpBeE1LYTNWaVpYSnVaWFJsY3pDQ0FTSXdEUVlKS29aSWh2Y05BUUVCQlFBRGdnRVBBRENDQVFvQ2dnRUJBTHZsCk9EaE05UFIrYUh6WTZrU2x1WkFLWXA3WkxYSWFDNzA1aE9rWkYrOU1Zc0owMXlCUFRYRjhybnAxRFBmK3ZoeFkKdHBTTnljZElTaS9MQVdDNUc5T21xejM3MnFKUFZGZ0dZOXpqdER5VFB0TnAxdWFSQ3lzbGgzWmxGK3dudVMvZQpSeW1VeE1aMzBXamZTVFRxUi90YlRWem1nanEzL1FCdGJDMlU2TWIxVjZKcGxaRnRSRjQvZHFBQy8vb3BCQWd2CjllTlVoQVlqUmwxOG02YnZQMGxWWVVuYlFibzdDTTRiWXpQbGx2NjNONVJ5Zkxab1hKeHVsSkxQY0xsajk3YWkKTjB0REVWbUh1ZlVwV2Y4Y1JyT3J5MFBPSjE4RlhrZHRWck4wa3ZFUzhrWk1FcU4wODJzejJocmhuWUNCQWVYbgpoOGU5OGZUMTU0Sk9JdlN1WHNVQ0F3RUFBYU1qTUNFd0RnWURWUjBQQVFIL0JBUURBZ0trTUE4R0ExVWRFd0VCCi93UUZNQU1CQWY4d0RRWUpLb1pJaHZjTkFRRUxCUUFEZ2dFQkFKTitGMFNoRFllWWJGUHBxVFNJQ3IzVmpreksKMXVOaWNVb3NaSStEWUxZdzRCTExPc1RpTnA1c1g5ZXVrSVhuQk9rVFplLzJacHpMczZTcGVvSFZ2eXdDRlY5bgp6ZkMwYmRIclFXenZIM3VyMkt2dmtiMnVpYm9qaVFaVGFlcm5RaDlTOGN1Nmh2TXRJVFN6N1E0YXVxT2I4V0ltCnZha3U5ZlZEcnZ5TUE0R0d2b2g4NzVSTG9rNWFvb1ArN0VCb2hkM0FnTFlwUmVQWlFGaXNjay9WU2wwVkhlWmUKclFsa0RTY2ZRQURibHhmRThWb2lhM3Z3dkFQUjFCcmRPUFZyTk5pY1M1elNPbEFBeFBYSXYxbTF4ZkdtcUtDcApEQ0crS0wyd0xpeHB6ZTFCSldqTnU1NUxFK2ZaOUVJeXBhS2trdVR5TmNoS1FtUWJFQVV6YzFXcUtjVT0KLS0tLS1FTkQgQ0VSVElGSUNBVEUtLS0tLQo=",
                            "created_at": "2019-07-03 20:44:17 +0000 UTC",
                            "enabled_cluster_log_types.#": "0",
                            "endpoint": "https://AB10F5E5AFE6CCA0C908861A8272C496.yl4.ap-south-1.eks.amazonaws.com",
                            "id": "voice-services-production-cluster",
                            "name": "voice-services-production-cluster",
                            "platform_version": "eks.2",
                            "role_arn": "arn:aws:iam::536612919621:role/voice-services-production-cluster",
                            "version": "1.12",
                            "vpc_config.#": "1",
                            "vpc_config.0.endpoint_private_access": "false",
                            "vpc_config.0.endpoint_public_access": "true",
                            "vpc_config.0.security_group_ids.#": "1",
                            "vpc_config.0.security_group_ids.1723982782": "sg-06e2e6f220878ef1f",
                            "vpc_config.0.subnet_ids.#": "6",
                            "vpc_config.0.subnet_ids.1388986641": "subnet-0fb91ba52c8a09236",
                            "vpc_config.0.subnet_ids.1400251987": "subnet-033f2bad5d772d0ae",
                            "vpc_config.0.subnet_ids.1898500477": "subnet-069e4d4ba14e32468",
                            "vpc_config.0.subnet_ids.2293501096": "subnet-07d168d003b02053b",
                            "vpc_config.0.subnet_ids.2390468789": "subnet-002eee3d2101191b6",
                            "vpc_config.0.subnet_ids.681781432": "subnet-01225f64ac055fd56",
                            "vpc_config.0.vpc_id": "vpc-0b0be5d04b725b931"
                        },
                        "meta": {
                            "e2bfb730-ecaa-11e6-8f88-34363bc7c4c0": {
                                "create": 1800000000000,
                                "delete": 900000000000,
                                "update": 3600000000000
                            }
                        },
                        "tainted": false
                    },
                    "deposed": [],
                    "provider": "provider.aws"
                },
                "aws_iam_instance_profile.prod-worker-node": {
                    "type": "aws_iam_instance_profile",
                    "depends_on": [
                        "aws_iam_role.prod-worker-node-role"
                    ],
                    "primary": {
                        "id": "eks-prod-worker",
                        "attributes": {
                            "arn": "arn:aws:iam::536612919621:instance-profile/eks-prod-worker",
                            "create_date": "2019-07-03T20:21:05Z",
                            "id": "eks-prod-worker",
                            "name": "eks-prod-worker",
                            "path": "/",
                            "role": "voice-services-production-worker-nodes",
                            "roles.#": "1",
                            "roles.3984702352": "voice-services-production-worker-nodes",
                            "unique_id": "AIPAXZ4E7LFCVIQPAD2D2"
                        },
                        "meta": {},
                        "tainted": false
                    },
                    "deposed": [],
                    "provider": "provider.aws"
                },
                "aws_iam_role.prod-cluster-role": {
                    "type": "aws_iam_role",
                    "depends_on": [],
                    "primary": {
                        "id": "voice-services-production-cluster",
                        "attributes": {
                            "arn": "arn:aws:iam::536612919621:role/voice-services-production-cluster",
                            "assume_role_policy": "{\"Version\":\"2012-10-17\",\"Statement\":[{\"Effect\":\"Allow\",\"Principal\":{\"Service\":\"eks.amazonaws.com\"},\"Action\":\"sts:AssumeRole\"}]}",
                            "create_date": "2019-07-03T20:37:57Z",
                            "description": "",
                            "force_detach_policies": "false",
                            "id": "voice-services-production-cluster",
                            "max_session_duration": "3600",
                            "name": "voice-services-production-cluster",
                            "path": "/",
                            "tags.%": "0",
                            "unique_id": "AROAXZ4E7LFCYBHKUTG3L"
                        },
                        "meta": {},
                        "tainted": false
                    },
                    "deposed": [],
                    "provider": "provider.aws"
                },
                "aws_iam_role.prod-worker-node-role": {
                    "type": "aws_iam_role",
                    "depends_on": [],
                    "primary": {
                        "id": "voice-services-production-worker-nodes",
                        "attributes": {
                            "arn": "arn:aws:iam::536612919621:role/voice-services-production-worker-nodes",
                            "assume_role_policy": "{\"Version\":\"2012-10-17\",\"Statement\":[{\"Effect\":\"Allow\",\"Principal\":{\"Service\":\"ec2.amazonaws.com\"},\"Action\":\"sts:AssumeRole\"}]}",
                            "create_date": "2019-07-03T20:21:03Z",
                            "description": "",
                            "force_detach_policies": "false",
                            "id": "voice-services-production-worker-nodes",
                            "max_session_duration": "3600",
                            "name": "voice-services-production-worker-nodes",
                            "path": "/",
                            "tags.%": "0",
                            "unique_id": "AROAXZ4E7LFCSRPQAMO7B"
                        },
                        "meta": {},
                        "tainted": false
                    },
                    "deposed": [],
                    "provider": "provider.aws"
                },
                "aws_iam_role_policy_attachment.prod-eks-cluster-AmazonEKSClusterPolicy": {
                    "type": "aws_iam_role_policy_attachment",
                    "depends_on": [
                        "aws_iam_role.prod-cluster-role"
                    ],
                    "primary": {
                        "id": "voice-services-production-cluster-20190703203759868700000001",
                        "attributes": {
                            "id": "voice-services-production-cluster-20190703203759868700000001",
                            "policy_arn": "arn:aws:iam::aws:policy/AmazonEKSClusterPolicy",
                            "role": "voice-services-production-cluster"
                        },
                        "meta": {},
                        "tainted": false
                    },
                    "deposed": [],
                    "provider": "provider.aws"
                },
                "aws_iam_role_policy_attachment.prod-eks-cluster-AmazonEKSServicePolicy": {
                    "type": "aws_iam_role_policy_attachment",
                    "depends_on": [
                        "aws_iam_role.prod-cluster-role"
                    ],
                    "primary": {
                        "id": "voice-services-production-cluster-20190703203759889000000002",
                        "attributes": {
                            "id": "voice-services-production-cluster-20190703203759889000000002",
                            "policy_arn": "arn:aws:iam::aws:policy/AmazonEKSServicePolicy",
                            "role": "voice-services-production-cluster"
                        },
                        "meta": {},
                        "tainted": false
                    },
                    "deposed": [],
                    "provider": "provider.aws"
                },
                "aws_iam_role_policy_attachment.prod-worker-node-AmazonEC2ContainerRegistryReadOnly": {
                    "type": "aws_iam_role_policy_attachment",
                    "depends_on": [
                        "aws_iam_role.prod-worker-node-role"
                    ],
                    "primary": {
                        "id": "voice-services-production-worker-nodes-20190703202105760600000001",
                        "attributes": {
                            "id": "voice-services-production-worker-nodes-20190703202105760600000001",
                            "policy_arn": "arn:aws:iam::aws:policy/AmazonEC2ContainerRegistryReadOnly",
                            "role": "voice-services-production-worker-nodes"
                        },
                        "meta": {},
                        "tainted": false
                    },
                    "deposed": [],
                    "provider": "provider.aws"
                },
                "aws_iam_role_policy_attachment.prod-worker-node-AmazonEC2FullAccess": {
                    "type": "aws_iam_role_policy_attachment",
                    "depends_on": [
                        "aws_iam_role.prod-worker-node-role"
                    ],
                    "primary": {
                        "id": "voice-services-production-worker-nodes-20190705060042944000000002",
                        "attributes": {
                            "id": "voice-services-production-worker-nodes-20190705060042944000000002",
                            "policy_arn": "arn:aws:iam::aws:policy/AmazonEC2FullAccess",
                            "role": "voice-services-production-worker-nodes"
                        },
                        "meta": {},
                        "tainted": false
                    },
                    "deposed": [],
                    "provider": "provider.aws"
                },
                "aws_iam_role_policy_attachment.prod-worker-node-AmazonEKSWorkerNodePolicy": {
                    "type": "aws_iam_role_policy_attachment",
                    "depends_on": [
                        "aws_iam_role.prod-worker-node-role"
                    ],
                    "primary": {
                        "id": "voice-services-production-worker-nodes-20190703202105803700000002",
                        "attributes": {
                            "id": "voice-services-production-worker-nodes-20190703202105803700000002",
                            "policy_arn": "arn:aws:iam::aws:policy/AmazonEKSWorkerNodePolicy",
                            "role": "voice-services-production-worker-nodes"
                        },
                        "meta": {},
                        "tainted": false
                    },
                    "deposed": [],
                    "provider": "provider.aws"
                },
                "aws_iam_role_policy_attachment.prod-worker-node-AmazonEKS_CNI_Policy": {
                    "type": "aws_iam_role_policy_attachment",
                    "depends_on": [
                        "aws_iam_role.prod-worker-node-role"
                    ],
                    "primary": {
                        "id": "voice-services-production-worker-nodes-20190703202105826800000003",
                        "attributes": {
                            "id": "voice-services-production-worker-nodes-20190703202105826800000003",
                            "policy_arn": "arn:aws:iam::aws:policy/AmazonEKS_CNI_Policy",
                            "role": "voice-services-production-worker-nodes"
                        },
                        "meta": {},
                        "tainted": false
                    },
                    "deposed": [],
                    "provider": "provider.aws"
                },
                "aws_iam_role_policy_attachment.prod-worker-node-AmazonS3FullAccess": {
                    "type": "aws_iam_role_policy_attachment",
                    "depends_on": [
                        "aws_iam_role.prod-worker-node-role"
                    ],
                    "primary": {
                        "id": "voice-services-production-worker-nodes-20190714052304889500000001",
                        "attributes": {
                            "id": "voice-services-production-worker-nodes-20190714052304889500000001",
                            "policy_arn": "arn:aws:iam::aws:policy/AmazonS3FullAccess",
                            "role": "voice-services-production-worker-nodes"
                        },
                        "meta": {},
                        "tainted": false
                    },
                    "deposed": [],
                    "provider": "provider.aws"
                },
                "aws_iam_role_policy_attachment.prod-worker-node-resource_tagging_for_eks": {
                    "type": "aws_iam_role_policy_attachment",
                    "depends_on": [
                        "aws_iam_role.prod-worker-node-role"
                    ],
                    "primary": {
                        "id": "voice-services-production-worker-nodes-20190705060042934200000001",
                        "attributes": {
                            "id": "voice-services-production-worker-nodes-20190705060042934200000001",
                            "policy_arn": "arn:aws:iam::536612919621:policy/resource_tagging_for_eks",
                            "role": "voice-services-production-worker-nodes"
                        },
                        "meta": {},
                        "tainted": false
                    },
                    "deposed": [],
                    "provider": "provider.aws"
                },
                "aws_launch_configuration.worker": {
                    "type": "aws_launch_configuration",
                    "depends_on": [
                        "aws_iam_instance_profile.prod-worker-node",
                        "aws_security_group.prod-worker-node-sg",
                        "data.aws_ami.eks-prod-worker",
                        "local.worker-node-userdata"
                    ],
                    "primary": {
                        "id": "production-worker-node20190703205246167500000001",
                        "attributes": {
                            "associate_public_ip_address": "false",
                            "ebs_block_device.#": "0",
                            "ebs_optimized": "false",
                            "enable_monitoring": "true",
                            "ephemeral_block_device.#": "0",
                            "iam_instance_profile": "eks-prod-worker",
                            "id": "production-worker-node20190703205246167500000001",
                            "image_id": "ami-01b6a163133c31994",
                            "instance_type": "m5.2xlarge",
                            "key_name": "",
                            "name": "production-worker-node20190703205246167500000001",
                            "name_prefix": "production-worker-node",
                            "root_block_device.#": "0",
                            "security_groups.#": "1",
                            "security_groups.1016647280": "sg-0624f363afded0b29",
                            "spot_price": "",
                            "user_data_base64": "IyEvYmluL2Jhc2gKc2V0IC1vIHh0cmFjZQovZXRjL2Vrcy9ib290c3RyYXAuc2ggLS1hcGlzZXJ2ZXItZW5kcG9pbnQgJ2h0dHBzOi8vQUIxMEY1RTVBRkU2Q0NBMEM5MDg4NjFBODI3MkM0OTYueWw0LmFwLXNvdXRoLTEuZWtzLmFtYXpvbmF3cy5jb20nIC0tYjY0LWNsdXN0ZXItY2EgJ0xTMHRMUzFDUlVkSlRpQkRSVkpVU1VaSlEwRlVSUzB0TFMwdENrMUpTVU41UkVORFFXSkRaMEYzU1VKQlowbENRVVJCVGtKbmEzRm9hMmxIT1hjd1FrRlJjMFpCUkVGV1RWSk5kMFZSV1VSV1VWRkVSWGR3Y21SWFNtd0tZMjAxYkdSSFZucE5RalJZUkZSRk5VMUVZM2ROZWtsM1RsUkJlVTlHYjFoRVZFazFUVVJaZWsxRVNYZE9WRUY1VDBadmQwWlVSVlJOUWtWSFFURlZSUXBCZUUxTFlUTldhVnBZU25WYVdGSnNZM3BEUTBGVFNYZEVVVmxLUzI5YVNXaDJZMDVCVVVWQ1FsRkJSR2RuUlZCQlJFTkRRVkZ2UTJkblJVSkJUSFpzQ2s5RWFFMDVVRklyWVVoNldUWnJVMngxV2tGTFdYQTNXa3hZU1dGRE56QTFhRTlyV2tZck9VMVpjMG93TVhsQ1VGUllSamh5Ym5BeFJGQm1LM1pvZUZrS2RIQlRUbmxqWkVsVGFTOU1RVmRETlVjNVQyMXhlak0zTW5GS1VGWkdaMGRaT1hwcWRFUjVWRkIwVG5BeGRXRlNRM2x6YkdneldteEdLM2R1ZFZNdlpRcFNlVzFWZUUxYU16QlhhbVpUVkZSeFVpOTBZbFJXZW0xbmFuRXpMMUZDZEdKRE1sVTJUV0l4VmpaS2NHeGFSblJTUmpRdlpIRkJReTh2YjNCQ1FXZDJDamxsVGxWb1FWbHFVbXd4T0cwMlluWlFNR3hXV1ZWdVlsRmliemREVFRSaVdYcFFiR3gyTmpOT05WSjVaa3hhYjFoS2VIVnNTa3hRWTB4c2FqazNZV2tLVGpCMFJFVldiVWgxWmxWd1YyWTRZMUp5VDNKNU1GQlBTakU0UmxoclpIUldjazR3YTNaRlV6aHJXazFGY1U0d09ESnplakpvY21odVdVTkNRV1ZZYmdwb09HVTVPR1pVTVRVMFNrOUpkbE4xV0hOVlEwRjNSVUZCWVUxcVRVTkZkMFJuV1VSV1VqQlFRVkZJTDBKQlVVUkJaMHRyVFVFNFIwRXhWV1JGZDBWQ0NpOTNVVVpOUVUxQ1FXWTRkMFJSV1VwTGIxcEphSFpqVGtGUlJVeENVVUZFWjJkRlFrRktUaXRHTUZOb1JGbGxXV0pHVUhCeFZGTkpRM0l6Vm1wcmVrc0tNWFZPYVdOVmIzTmFTU3RFV1V4WmR6UkNURXhQYzFScFRuQTFjMWc1WlhWclNWaHVRazlyVkZwbEx6SmFjSHBNY3paVGNHVnZTRloyZVhkRFJsWTViZ3A2WmtNd1ltUkljbEZYZW5aSU0zVnlNa3QyZG10aU1uVnBZbTlxYVZGYVZHRmxjbTVSYURsVE9HTjFObWgyVFhSSlZGTjZOMUUwWVhWeFQySTRWMGx0Q25aaGEzVTVabFpFY25aNVRVRTBSMGQyYjJnNE56VlNURzlyTldGdmIxQXJOMFZDYjJoa00wRm5URmx3VW1WUVdsRkdhWE5qYXk5V1Uyd3dWa2hsV21VS2NsRnNhMFJUWTJaUlFVUmliSGhtUlRoV2IybGhNM1ozZGtGUVVqRkNjbVJQVUZaeVRrNXBZMU0xZWxOUGJFRkJlRkJZU1hZeGJURjRaa2R0Y1V0RGNBcEVRMGNyUzB3eWQweHBlSEI2WlRGQ1NsZHFUblUxTlV4RksyWmFPVVZKZVhCaFMydHJkVlI1VG1Ob1MxRnRVV0pGUVZWNll6RlhjVXRqVlQwS0xTMHRMUzFGVGtRZ1EwVlNWRWxHU1VOQlZFVXRMUzB0TFFvPScgJ3ZvaWNlLXNlcnZpY2VzLXByb2R1Y3Rpb24tY2x1c3RlcicK",
                            "vpc_classic_link_id": "",
                            "vpc_classic_link_security_groups.#": "0"
                        },
                        "meta": {},
                        "tainted": false
                    },
                    "deposed": [],
                    "provider": "provider.aws"
                },
                "aws_security_group.prod-cluster-sg": {
                    "type": "aws_security_group",
                    "depends_on": [],
                    "primary": {
                        "id": "sg-06e2e6f220878ef1f",
                        "attributes": {
                            "arn": "arn:aws:ec2:ap-south-1:536612919621:security-group/sg-06e2e6f220878ef1f",
                            "description": "Cluster communication with production worker nodes",
                            "egress.#": "1",
                            "egress.482069346.cidr_blocks.#": "1",
                            "egress.482069346.cidr_blocks.0": "0.0.0.0/0",
                            "egress.482069346.description": "",
                            "egress.482069346.from_port": "0",
                            "egress.482069346.ipv6_cidr_blocks.#": "0",
                            "egress.482069346.prefix_list_ids.#": "0",
                            "egress.482069346.protocol": "-1",
                            "egress.482069346.security_groups.#": "0",
                            "egress.482069346.self": "false",
                            "egress.482069346.to_port": "0",
                            "id": "sg-06e2e6f220878ef1f",
                            "ingress.#": "3",
                            "ingress.1103325536.cidr_blocks.#": "1",
                            "ingress.1103325536.cidr_blocks.0": "0.0.0.0/0",
                            "ingress.1103325536.description": "Allow workstation to communicate with the production cluster API Server",
                            "ingress.1103325536.from_port": "443",
                            "ingress.1103325536.ipv6_cidr_blocks.#": "0",
                            "ingress.1103325536.prefix_list_ids.#": "0",
                            "ingress.1103325536.protocol": "tcp",
                            "ingress.1103325536.security_groups.#": "0",
                            "ingress.1103325536.self": "false",
                            "ingress.1103325536.to_port": "443",
                            "ingress.176971929.cidr_blocks.#": "0",
                            "ingress.176971929.description": "Allow pods to communicate with the production cluster API Server",
                            "ingress.176971929.from_port": "443",
                            "ingress.176971929.ipv6_cidr_blocks.#": "0",
                            "ingress.176971929.prefix_list_ids.#": "0",
                            "ingress.176971929.protocol": "tcp",
                            "ingress.176971929.security_groups.#": "1",
                            "ingress.176971929.security_groups.1016647280": "sg-0624f363afded0b29",
                            "ingress.176971929.self": "false",
                            "ingress.176971929.to_port": "443",
                            "ingress.2537551694.cidr_blocks.#": "1",
                            "ingress.2537551694.cidr_blocks.0": "106.51.143.181/32",
                            "ingress.2537551694.description": "Tensult Office",
                            "ingress.2537551694.from_port": "443",
                            "ingress.2537551694.ipv6_cidr_blocks.#": "0",
                            "ingress.2537551694.prefix_list_ids.#": "0",
                            "ingress.2537551694.protocol": "tcp",
                            "ingress.2537551694.security_groups.#": "0",
                            "ingress.2537551694.self": "false",
                            "ingress.2537551694.to_port": "443",
                            "name": "voice-services-production-clusterSG",
                            "owner_id": "536612919621",
                            "revoke_rules_on_delete": "false",
                            "tags.%": "2",
                            "tags.Enviorment": "Production",
                            "tags.Name": "Voice-services-production-cluster",
                            "vpc_id": "vpc-0b0be5d04b725b931"
                        },
                        "meta": {
                            "e2bfb730-ecaa-11e6-8f88-34363bc7c4c0": {
                                "create": 600000000000,
                                "delete": 600000000000
                            },
                            "schema_version": "1"
                        },
                        "tainted": false
                    },
                    "deposed": [],
                    "provider": "provider.aws"
                },
                "aws_security_group.prod-worker-node-sg": {
                    "type": "aws_security_group",
                    "depends_on": [],
                    "primary": {
                        "id": "sg-0624f363afded0b29",
                        "attributes": {
                            "arn": "arn:aws:ec2:ap-south-1:536612919621:security-group/sg-0624f363afded0b29",
                            "description": "Security group for all nodes in the production cluster",
                            "egress.#": "1",
                            "egress.482069346.cidr_blocks.#": "1",
                            "egress.482069346.cidr_blocks.0": "0.0.0.0/0",
                            "egress.482069346.description": "",
                            "egress.482069346.from_port": "0",
                            "egress.482069346.ipv6_cidr_blocks.#": "0",
                            "egress.482069346.prefix_list_ids.#": "0",
                            "egress.482069346.protocol": "-1",
                            "egress.482069346.security_groups.#": "0",
                            "egress.482069346.self": "false",
                            "egress.482069346.to_port": "0",
                            "id": "sg-0624f363afded0b29",
                            "ingress.#": "4",
                            "ingress.1752387277.cidr_blocks.#": "0",
                            "ingress.1752387277.description": "Allow worker Kubelets and pods to receive communication from the cluster control plane",
                            "ingress.1752387277.from_port": "1025",
                            "ingress.1752387277.ipv6_cidr_blocks.#": "0",
                            "ingress.1752387277.prefix_list_ids.#": "0",
                            "ingress.1752387277.protocol": "tcp",
                            "ingress.1752387277.security_groups.#": "1",
                            "ingress.1752387277.security_groups.3367109831": "sg-06e2e6f220878ef1f",
                            "ingress.1752387277.self": "false",
                            "ingress.1752387277.to_port": "65535",
                            "ingress.2278689831.cidr_blocks.#": "0",
                            "ingress.2278689831.description": "Allow node to communicate with each other",
                            "ingress.2278689831.from_port": "0",
                            "ingress.2278689831.ipv6_cidr_blocks.#": "0",
                            "ingress.2278689831.prefix_list_ids.#": "0",
                            "ingress.2278689831.protocol": "-1",
                            "ingress.2278689831.security_groups.#": "0",
                            "ingress.2278689831.self": "true",
                            "ingress.2278689831.to_port": "0",
                            "ingress.3422199149.cidr_blocks.#": "0",
                            "ingress.3422199149.description": "Allow worker Kubelets and pods to receive communication from alb",
                            "ingress.3422199149.from_port": "0",
                            "ingress.3422199149.ipv6_cidr_blocks.#": "0",
                            "ingress.3422199149.prefix_list_ids.#": "0",
                            "ingress.3422199149.protocol": "tcp",
                            "ingress.3422199149.security_groups.#": "1",
                            "ingress.3422199149.security_groups.3052221536": "sg-026e71f6737d7a486",
                            "ingress.3422199149.self": "false",
                            "ingress.3422199149.to_port": "65535",
                            "ingress.3989034380.cidr_blocks.#": "0",
                            "ingress.3989034380.description": "Allow worker Kubelets and pods to receive communication from the control server",
                            "ingress.3989034380.from_port": "0",
                            "ingress.3989034380.ipv6_cidr_blocks.#": "0",
                            "ingress.3989034380.prefix_list_ids.#": "0",
                            "ingress.3989034380.protocol": "tcp",
                            "ingress.3989034380.security_groups.#": "1",
                            "ingress.3989034380.security_groups.2418008460": "sg-04e5d110053f1c6a3",
                            "ingress.3989034380.self": "false",
                            "ingress.3989034380.to_port": "65535",
                            "name": "prod-worker-nodeSG",
                            "owner_id": "536612919621",
                            "revoke_rules_on_delete": "false",
                            "tags.%": "2",
                            "tags.Name": "prod-worker-node-sg",
                            "tags.kubernetes.io/cluster/": "voice-services-production-cluster",
                            "vpc_id": "vpc-0b0be5d04b725b931"
                        },
                        "meta": {
                            "e2bfb730-ecaa-11e6-8f88-34363bc7c4c0": {
                                "create": 600000000000,
                                "delete": 600000000000
                            },
                            "schema_version": "1"
                        },
                        "tainted": false
                    },
                    "deposed": [],
                    "provider": "provider.aws"
                },
                "aws_security_group.prod_eks_alb_sg": {
                    "type": "aws_security_group",
                    "depends_on": [],
                    "primary": {
                        "id": "sg-026e71f6737d7a486",
                        "attributes": {
                            "arn": "arn:aws:ec2:ap-south-1:536612919621:security-group/sg-026e71f6737d7a486",
                            "description": "Allow worker nodes pods to communicate with outsiders",
                            "egress.#": "1",
                            "egress.482069346.cidr_blocks.#": "1",
                            "egress.482069346.cidr_blocks.0": "0.0.0.0/0",
                            "egress.482069346.description": "",
                            "egress.482069346.from_port": "0",
                            "egress.482069346.ipv6_cidr_blocks.#": "0",
                            "egress.482069346.prefix_list_ids.#": "0",
                            "egress.482069346.protocol": "-1",
                            "egress.482069346.security_groups.#": "0",
                            "egress.482069346.self": "false",
                            "egress.482069346.to_port": "0",
                            "id": "sg-026e71f6737d7a486",
                            "ingress.#": "4",
                            "ingress.1945015119.cidr_blocks.#": "0",
                            "ingress.1945015119.description": "",
                            "ingress.1945015119.from_port": "443",
                            "ingress.1945015119.ipv6_cidr_blocks.#": "0",
                            "ingress.1945015119.prefix_list_ids.#": "0",
                            "ingress.1945015119.protocol": "tcp",
                            "ingress.1945015119.security_groups.#": "1",
                            "ingress.1945015119.security_groups.1016647280": "sg-0624f363afded0b29",
                            "ingress.1945015119.self": "false",
                            "ingress.1945015119.to_port": "443",
                            "ingress.2411239985.cidr_blocks.#": "1",
                            "ingress.2411239985.cidr_blocks.0": "0.0.0.0/0",
                            "ingress.2411239985.description": "",
                            "ingress.2411239985.from_port": "0",
                            "ingress.2411239985.ipv6_cidr_blocks.#": "1",
                            "ingress.2411239985.ipv6_cidr_blocks.0": "::/0",
                            "ingress.2411239985.prefix_list_ids.#": "0",
                            "ingress.2411239985.protocol": "tcp",
                            "ingress.2411239985.security_groups.#": "0",
                            "ingress.2411239985.self": "false",
                            "ingress.2411239985.to_port": "65535",
                            "ingress.3835436801.cidr_blocks.#": "0",
                            "ingress.3835436801.description": "",
                            "ingress.3835436801.from_port": "0",
                            "ingress.3835436801.ipv6_cidr_blocks.#": "0",
                            "ingress.3835436801.prefix_list_ids.#": "0",
                            "ingress.3835436801.protocol": "tcp",
                            "ingress.3835436801.security_groups.#": "1",
                            "ingress.3835436801.security_groups.1016647280": "sg-0624f363afded0b29",
                            "ingress.3835436801.self": "false",
                            "ingress.3835436801.to_port": "65535",
                            "ingress.4195314365.cidr_blocks.#": "0",
                            "ingress.4195314365.description": "",
                            "ingress.4195314365.from_port": "80",
                            "ingress.4195314365.ipv6_cidr_blocks.#": "0",
                            "ingress.4195314365.prefix_list_ids.#": "0",
                            "ingress.4195314365.protocol": "tcp",
                            "ingress.4195314365.security_groups.#": "1",
                            "ingress.4195314365.security_groups.1016647280": "sg-0624f363afded0b29",
                            "ingress.4195314365.self": "false",
                            "ingress.4195314365.to_port": "80",
                            "name": "prod-eks-alb-loadbalancer-sg",
                            "owner_id": "536612919621",
                            "revoke_rules_on_delete": "false",
                            "tags.%": "1",
                            "tags.Name": "Production-eks-alb-sg",
                            "vpc_id": "vpc-0b0be5d04b725b931"
                        },
                        "meta": {
                            "e2bfb730-ecaa-11e6-8f88-34363bc7c4c0": {
                                "create": 600000000000,
                                "delete": 600000000000
                            },
                            "schema_version": "1"
                        },
                        "tainted": false
                    },
                    "deposed": [],
                    "provider": "provider.aws"
                },
                "aws_security_group_rule.allow_http": {
                    "type": "aws_security_group_rule",
                    "depends_on": [
                        "aws_security_group.prod-worker-node-sg",
                        "aws_security_group.prod_eks_alb_sg"
                    ],
                    "primary": {
                        "id": "sgrule-4087943525",
                        "attributes": {
                            "cidr_blocks.#": "0",
                            "description": "",
                            "from_port": "80",
                            "id": "sgrule-4087943525",
                            "ipv6_cidr_blocks.#": "0",
                            "prefix_list_ids.#": "0",
                            "protocol": "tcp",
                            "security_group_id": "sg-026e71f6737d7a486",
                            "self": "false",
                            "source_security_group_id": "sg-0624f363afded0b29",
                            "to_port": "80",
                            "type": "ingress"
                        },
                        "meta": {
                            "schema_version": "2"
                        },
                        "tainted": false
                    },
                    "deposed": [],
                    "provider": "provider.aws"
                },
                "aws_security_group_rule.allow_https": {
                    "type": "aws_security_group_rule",
                    "depends_on": [
                        "aws_security_group.prod-worker-node-sg",
                        "aws_security_group.prod_eks_alb_sg"
                    ],
                    "primary": {
                        "id": "sgrule-1301252916",
                        "attributes": {
                            "cidr_blocks.#": "0",
                            "description": "",
                            "from_port": "443",
                            "id": "sgrule-1301252916",
                            "ipv6_cidr_blocks.#": "0",
                            "prefix_list_ids.#": "0",
                            "protocol": "tcp",
                            "security_group_id": "sg-026e71f6737d7a486",
                            "self": "false",
                            "source_security_group_id": "sg-0624f363afded0b29",
                            "to_port": "443",
                            "type": "ingress"
                        },
                        "meta": {
                            "schema_version": "2"
                        },
                        "tainted": false
                    },
                    "deposed": [],
                    "provider": "provider.aws"
                },
                "aws_security_group_rule.allow_worker_node": {
                    "type": "aws_security_group_rule",
                    "depends_on": [
                        "aws_security_group.prod-worker-node-sg",
                        "aws_security_group.prod_eks_alb_sg"
                    ],
                    "primary": {
                        "id": "sgrule-1514915105",
                        "attributes": {
                            "cidr_blocks.#": "0",
                            "description": "",
                            "from_port": "0",
                            "id": "sgrule-1514915105",
                            "ipv6_cidr_blocks.#": "0",
                            "prefix_list_ids.#": "0",
                            "protocol": "tcp",
                            "security_group_id": "sg-026e71f6737d7a486",
                            "self": "false",
                            "source_security_group_id": "sg-0624f363afded0b29",
                            "to_port": "65535",
                            "type": "ingress"
                        },
                        "meta": {
                            "schema_version": "2"
                        },
                        "tainted": false
                    },
                    "deposed": [],
                    "provider": "provider.aws"
                },
                "aws_security_group_rule.prod-cluster-ingress-node-https": {
                    "type": "aws_security_group_rule",
                    "depends_on": [
                        "aws_security_group.prod-cluster-sg",
                        "aws_security_group.prod-worker-node-sg"
                    ],
                    "primary": {
                        "id": "sgrule-1029254323",
                        "attributes": {
                            "cidr_blocks.#": "0",
                            "description": "Allow pods to communicate with the production cluster API Server",
                            "from_port": "443",
                            "id": "sgrule-1029254323",
                            "ipv6_cidr_blocks.#": "0",
                            "prefix_list_ids.#": "0",
                            "protocol": "tcp",
                            "security_group_id": "sg-06e2e6f220878ef1f",
                            "self": "false",
                            "source_security_group_id": "sg-0624f363afded0b29",
                            "to_port": "443",
                            "type": "ingress"
                        },
                        "meta": {
                            "schema_version": "2"
                        },
                        "tainted": false
                    },
                    "deposed": [],
                    "provider": "provider.aws"
                },
                "aws_security_group_rule.prod-cluster-ingress-workstation-https": {
                    "type": "aws_security_group_rule",
                    "depends_on": [
                        "aws_security_group.prod-cluster-sg"
                    ],
                    "primary": {
                        "id": "sgrule-2081857588",
                        "attributes": {
                            "cidr_blocks.#": "1",
                            "cidr_blocks.0": "0.0.0.0/0",
                            "description": "Allow workstation to communicate with the production cluster API Server",
                            "from_port": "443",
                            "id": "sgrule-2081857588",
                            "ipv6_cidr_blocks.#": "0",
                            "prefix_list_ids.#": "0",
                            "protocol": "tcp",
                            "security_group_id": "sg-06e2e6f220878ef1f",
                            "self": "false",
                            "to_port": "443",
                            "type": "ingress"
                        },
                        "meta": {
                            "schema_version": "2"
                        },
                        "tainted": false
                    },
                    "deposed": [],
                    "provider": "provider.aws"
                },
                "aws_security_group_rule.prod-worker-node-for-alb": {
                    "type": "aws_security_group_rule",
                    "depends_on": [
                        "aws_security_group.prod-worker-node-sg",
                        "aws_security_group.prod_eks_alb_sg"
                    ],
                    "primary": {
                        "id": "sgrule-599078935",
                        "attributes": {
                            "cidr_blocks.#": "0",
                            "description": "Allow worker Kubelets and pods to receive communication from alb",
                            "from_port": "0",
                            "id": "sgrule-599078935",
                            "ipv6_cidr_blocks.#": "0",
                            "prefix_list_ids.#": "0",
                            "protocol": "tcp",
                            "security_group_id": "sg-0624f363afded0b29",
                            "self": "false",
                            "source_security_group_id": "sg-026e71f6737d7a486",
                            "to_port": "65535",
                            "type": "ingress"
                        },
                        "meta": {
                            "schema_version": "2"
                        },
                        "tainted": false
                    },
                    "deposed": [],
                    "provider": "provider.aws"
                },
                "aws_security_group_rule.prod-worker-node-for-control-server": {
                    "type": "aws_security_group_rule",
                    "depends_on": [
                        "aws_security_group.prod-worker-node-sg"
                    ],
                    "primary": {
                        "id": "sgrule-667387742",
                        "attributes": {
                            "cidr_blocks.#": "0",
                            "description": "Allow worker Kubelets and pods to receive communication from the control server",
                            "from_port": "0",
                            "id": "sgrule-667387742",
                            "ipv6_cidr_blocks.#": "0",
                            "prefix_list_ids.#": "0",
                            "protocol": "tcp",
                            "security_group_id": "sg-0624f363afded0b29",
                            "self": "false",
                            "source_security_group_id": "sg-04e5d110053f1c6a3",
                            "to_port": "65535",
                            "type": "ingress"
                        },
                        "meta": {
                            "schema_version": "2"
                        },
                        "tainted": false
                    },
                    "deposed": [],
                    "provider": "provider.aws"
                },
                "aws_security_group_rule.prod-worker-node-ingress-cluster": {
                    "type": "aws_security_group_rule",
                    "depends_on": [
                        "aws_security_group.prod-cluster-sg",
                        "aws_security_group.prod-worker-node-sg"
                    ],
                    "primary": {
                        "id": "sgrule-1634205425",
                        "attributes": {
                            "cidr_blocks.#": "0",
                            "description": "Allow worker Kubelets and pods to receive communication from the cluster control plane",
                            "from_port": "1025",
                            "id": "sgrule-1634205425",
                            "ipv6_cidr_blocks.#": "0",
                            "prefix_list_ids.#": "0",
                            "protocol": "tcp",
                            "security_group_id": "sg-0624f363afded0b29",
                            "self": "false",
                            "source_security_group_id": "sg-06e2e6f220878ef1f",
                            "to_port": "65535",
                            "type": "ingress"
                        },
                        "meta": {
                            "schema_version": "2"
                        },
                        "tainted": false
                    },
                    "deposed": [],
                    "provider": "provider.aws"
                },
                "aws_security_group_rule.prod-worker-node-ingress-self": {
                    "type": "aws_security_group_rule",
                    "depends_on": [
                        "aws_security_group.prod-worker-node-sg"
                    ],
                    "primary": {
                        "id": "sgrule-4203974292",
                        "attributes": {
                            "cidr_blocks.#": "0",
                            "description": "Allow node to communicate with each other",
                            "from_port": "0",
                            "id": "sgrule-4203974292",
                            "ipv6_cidr_blocks.#": "0",
                            "prefix_list_ids.#": "0",
                            "protocol": "-1",
                            "security_group_id": "sg-0624f363afded0b29",
                            "self": "false",
                            "source_security_group_id": "sg-0624f363afded0b29",
                            "to_port": "0",
                            "type": "ingress"
                        },
                        "meta": {
                            "schema_version": "2"
                        },
                        "tainted": false
                    },
                    "deposed": [],
                    "provider": "provider.aws"
                },
                "data.aws_ami.eks-prod-worker": {
                    "type": "aws_ami",
                    "depends_on": [
                        "aws_eks_cluster.eks-prod-cluster"
                    ],
                    "primary": {
                        "id": "ami-01b6a163133c31994",
                        "attributes": {
                            "architecture": "x86_64",
                            "block_device_mappings.#": "1",
                            "block_device_mappings.3798922657.device_name": "/dev/xvda",
                            "block_device_mappings.3798922657.ebs.%": "6",
                            "block_device_mappings.3798922657.ebs.delete_on_termination": "true",
                            "block_device_mappings.3798922657.ebs.encrypted": "false",
                            "block_device_mappings.3798922657.ebs.iops": "0",
                            "block_device_mappings.3798922657.ebs.snapshot_id": "snap-09d83ed42eb5ff65e",
                            "block_device_mappings.3798922657.ebs.volume_size": "20",
                            "block_device_mappings.3798922657.ebs.volume_type": "gp2",
                            "block_device_mappings.3798922657.no_device": "",
                            "block_device_mappings.3798922657.virtual_name": "",
                            "creation_date": "2019-07-02T01:03:07.000Z",
                            "description": "EKS Kubernetes Worker AMI with AmazonLinux2 image (k8s: 1.12.7, docker:18.06)",
                            "filter.#": "1",
                            "filter.3458727952.name": "name",
                            "filter.3458727952.values.#": "1",
                            "filter.3458727952.values.0": "amazon-eks-node-1.12-v*",
                            "hypervisor": "xen",
                            "id": "ami-01b6a163133c31994",
                            "image_id": "ami-01b6a163133c31994",
                            "image_location": "amazon/amazon-eks-node-1.12-v20190701",
                            "image_owner_alias": "amazon",
                            "image_type": "machine",
                            "most_recent": "true",
                            "name": "amazon-eks-node-1.12-v20190701",
                            "owner_id": "602401143452",
                            "owners.#": "1",
                            "owners.0": "602401143452",
                            "product_codes.#": "0",
                            "public": "true",
                            "root_device_name": "/dev/xvda",
                            "root_device_type": "ebs",
                            "root_snapshot_id": "snap-09d83ed42eb5ff65e",
                            "sriov_net_support": "simple",
                            "state": "available",
                            "state_reason.%": "2",
                            "state_reason.code": "UNSET",
                            "state_reason.message": "UNSET",
                            "tags.%": "0",
                            "virtualization_type": "hvm"
                        },
                        "meta": {},
                        "tainted": false
                    },
                    "deposed": [],
                    "provider": "provider.aws"
                },
                "data.http.workstation-external-ip": {
                    "type": "http",
                    "depends_on": [],
                    "primary": {
                        "id": "2019-07-14 05:22:39.57681 +0000 UTC",
                        "attributes": {
                            "body": "49.205.217.243\n",
                            "id": "2019-07-14 05:22:39.57681 +0000 UTC",
                            "url": "http://ipv4.icanhazip.com"
                        },
                        "meta": {},
                        "tainted": false
                    },
                    "deposed": [],
                    "provider": "provider.http"
                }
            },
            "depends_on": []
        },
        {
            "path": [
                "root",
                "prod-rds"
            ],
            "outputs": {
                "rds-id": {
                    "sensitive": false,
                    "type": "string",
                    "value": "voice-services-production-postgresql-master"
                },
                "rds-sg-id": {
                    "sensitive": false,
                    "type": "list",
                    "value": [
                        "sg-06de15bce17691109"
                    ]
                },
                "rds-sub-group": {
                    "sensitive": false,
                    "type": "string",
                    "value": "prod-rds-subnet-group"
                },
                "voice-services-production-postgresql-master-endpoint": {
                    "sensitive": false,
                    "type": "string",
                    "value": "voice-services-production-postgresql-master.cvkiazj7speq.ap-south-1.rds.amazonaws.com:5432"
                },
                "voice-services-production-postgresql-master-identifier": {
                    "sensitive": false,
                    "type": "string",
                    "value": "voice-services-production-postgresql-master"
                }
            },
            "resources": {
                "aws_db_instance.voice-services-production-postgresql-master": {
                    "type": "aws_db_instance",
                    "depends_on": [
                        "aws_db_subnet_group.db-rds-prd",
                        "aws_security_group.rds-production-sg"
                    ],
                    "primary": {
                        "id": "voice-services-production-postgresql-master",
                        "attributes": {
                            "address": "voice-services-production-postgresql-master.cvkiazj7speq.ap-south-1.rds.amazonaws.com",
                            "allocated_storage": "92",
                            "arn": "arn:aws:rds:ap-south-1:536612919621:db:voice-services-production-postgresql-master",
                            "auto_minor_version_upgrade": "true",
                            "availability_zone": "ap-south-1b",
                            "backup_retention_period": "1",
                            "backup_window": "10:30-11:30",
                            "ca_cert_identifier": "rds-ca-2015",
                            "copy_tags_to_snapshot": "false",
                            "db_subnet_group_name": "prod-rds-subnet-group",
                            "deletion_protection": "false",
                            "domain": "",
                            "domain_iam_role_name": "",
                            "enabled_cloudwatch_logs_exports.#": "0",
                            "endpoint": "voice-services-production-postgresql-master.cvkiazj7speq.ap-south-1.rds.amazonaws.com:5432",
                            "engine": "postgres",
                            "engine_version": "9.6.11",
                            "final_snapshot_identifier": "voice-services-production-postgresql-master-snapshots",
                            "hosted_zone_id": "Z2VFMSZA74J7XZ",
                            "iam_database_authentication_enabled": "false",
                            "id": "voice-services-production-postgresql-master",
                            "identifier": "voice-services-production-postgresql-master",
                            "instance_class": "db.m5.2xlarge",
                            "iops": "0",
                            "kms_key_id": "",
                            "license_model": "postgresql-license",
                            "maintenance_window": "sun:00:00-sun:02:00",
                            "max_allocated_storage": "0",
                            "monitoring_interval": "0",
                            "multi_az": "true",
                            "name": "postgres",
                            "option_group_name": "default:postgres-9-6",
                            "parameter_group_name": "default.postgres9.6",
                            "password": "2Ldppd7z4mAdk1P6",
                            "performance_insights_enabled": "false",
                            "performance_insights_kms_key_id": "",
                            "performance_insights_retention_period": "0",
                            "port": "5432",
                            "publicly_accessible": "false",
                            "replicas.#": "1",
                            "replicas.0": "voice-services-production-postgresql-slave",
                            "replicate_source_db": "",
                            "resource_id": "db-K4IOCWVA266QYOS74W5O5BDPHA",
                            "security_group_names.#": "0",
                            "skip_final_snapshot": "false",
                            "status": "available",
                            "storage_encrypted": "false",
                            "storage_type": "gp2",
                            "tags.%": "2",
                            "tags.Enviornment": "Production",
                            "tags.Name": "voice-services-production-postgresql-master",
                            "timezone": "",
                            "username": "postgres",
                            "vpc_security_group_ids.#": "1",
                            "vpc_security_group_ids.2123617448": "sg-06de15bce17691109"
                        },
                        "meta": {
                            "e2bfb730-ecaa-11e6-8f88-34363bc7c4c0": {
                                "create": 2400000000000,
                                "delete": 2400000000000,
                                "update": 4800000000000
                            }
                        },
                        "tainted": false
                    },
                    "deposed": [],
                    "provider": "provider.aws"
                },
                "aws_db_subnet_group.db-rds-prd": {
                    "type": "aws_db_subnet_group",
                    "depends_on": [],
                    "primary": {
                        "id": "prod-rds-subnet-group",
                        "attributes": {
                            "arn": "arn:aws:rds:ap-south-1:536612919621:subgrp:prod-rds-subnet-group",
                            "description": "Subnet group for Production RDS ",
                            "id": "prod-rds-subnet-group",
                            "name": "prod-rds-subnet-group",
                            "subnet_ids.#": "3",
                            "subnet_ids.2375111094": "subnet-0ee9111cba26d849c",
                            "subnet_ids.3238882176": "subnet-0304ef6f0ee47b60e",
                            "subnet_ids.4174804088": "subnet-030fa5b52e41be8fb",
                            "tags.%": "1",
                            "tags.Name": "Production-rds-subnet-group"
                        },
                        "meta": {},
                        "tainted": false
                    },
                    "deposed": [],
                    "provider": "provider.aws"
                },
                "aws_security_group.rds-production-sg": {
                    "type": "aws_security_group",
                    "depends_on": [],
                    "primary": {
                        "id": "sg-06de15bce17691109",
                        "attributes": {
                            "arn": "arn:aws:ec2:ap-south-1:536612919621:security-group/sg-06de15bce17691109",
                            "description": "Security group for RDS Instance",
                            "egress.#": "1",
                            "egress.482069346.cidr_blocks.#": "1",
                            "egress.482069346.cidr_blocks.0": "0.0.0.0/0",
                            "egress.482069346.description": "",
                            "egress.482069346.from_port": "0",
                            "egress.482069346.ipv6_cidr_blocks.#": "0",
                            "egress.482069346.prefix_list_ids.#": "0",
                            "egress.482069346.protocol": "-1",
                            "egress.482069346.security_groups.#": "0",
                            "egress.482069346.self": "false",
                            "egress.482069346.to_port": "0",
                            "id": "sg-06de15bce17691109",
                            "ingress.#": "2",
                            "ingress.2522023594.cidr_blocks.#": "1",
                            "ingress.2522023594.cidr_blocks.0": "122.166.167.233/32",
                            "ingress.2522023594.description": "",
                            "ingress.2522023594.from_port": "5432",
                            "ingress.2522023594.ipv6_cidr_blocks.#": "0",
                            "ingress.2522023594.prefix_list_ids.#": "0",
                            "ingress.2522023594.protocol": "tcp",
                            "ingress.2522023594.security_groups.#": "0",
                            "ingress.2522023594.self": "false",
                            "ingress.2522023594.to_port": "5432",
                            "ingress.761371496.cidr_blocks.#": "1",
                            "ingress.761371496.cidr_blocks.0": "0.0.0.0/0",
                            "ingress.761371496.description": "",
                            "ingress.761371496.from_port": "5432",
                            "ingress.761371496.ipv6_cidr_blocks.#": "0",
                            "ingress.761371496.prefix_list_ids.#": "0",
                            "ingress.761371496.protocol": "tcp",
                            "ingress.761371496.security_groups.#": "0",
                            "ingress.761371496.self": "false",
                            "ingress.761371496.to_port": "5432",
                            "name": "Production RDS Security Group",
                            "owner_id": "536612919621",
                            "revoke_rules_on_delete": "false",
                            "tags.%": "2",
                            "tags.Enviornment": "Production",
                            "tags.Name": "Production-rds-sg",
                            "vpc_id": "vpc-0b0be5d04b725b931"
                        },
                        "meta": {
                            "e2bfb730-ecaa-11e6-8f88-34363bc7c4c0": {
                                "create": 600000000000,
                                "delete": 600000000000
                            },
                            "schema_version": "1"
                        },
                        "tainted": false
                    },
                    "deposed": [],
                    "provider": "provider.aws"
                }
            },
            "depends_on": []
        },
        {
            "path": [
                "root",
                "prod-replica-rds"
            ],
            "outputs": {},
            "resources": {
                "aws_db_instance.voice-services-production-postgresql-slave": {
                    "type": "aws_db_instance",
                    "depends_on": [],
                    "primary": {
                        "id": "voice-services-production-postgresql-slave",
                        "attributes": {
                            "address": "voice-services-production-postgresql-slave.cvkiazj7speq.ap-south-1.rds.amazonaws.com",
                            "allocated_storage": "92",
                            "arn": "arn:aws:rds:ap-south-1:536612919621:db:voice-services-production-postgresql-slave",
                            "auto_minor_version_upgrade": "true",
                            "availability_zone": "ap-south-1b",
                            "backup_retention_period": "0",
                            "backup_window": "10:30-11:30",
                            "ca_cert_identifier": "rds-ca-2015",
                            "copy_tags_to_snapshot": "false",
                            "db_subnet_group_name": "prod-rds-subnet-group",
                            "deletion_protection": "false",
                            "domain": "",
                            "domain_iam_role_name": "",
                            "enabled_cloudwatch_logs_exports.#": "0",
                            "endpoint": "voice-services-production-postgresql-slave.cvkiazj7speq.ap-south-1.rds.amazonaws.com:5432",
                            "engine": "postgres",
                            "engine_version": "9.6.11",
                            "hosted_zone_id": "Z2VFMSZA74J7XZ",
                            "iam_database_authentication_enabled": "false",
                            "id": "voice-services-production-postgresql-slave",
                            "identifier": "voice-services-production-postgresql-slave",
                            "instance_class": "db.m5.2xlarge",
                            "iops": "0",
                            "kms_key_id": "",
                            "license_model": "postgresql-license",
                            "maintenance_window": "sun:00:00-sun:02:00",
                            "max_allocated_storage": "0",
                            "monitoring_interval": "0",
                            "multi_az": "false",
                            "name": "postgres",
                            "option_group_name": "default:postgres-9-6",
                            "parameter_group_name": "default.postgres9.6",
                            "performance_insights_enabled": "false",
                            "performance_insights_kms_key_id": "",
                            "performance_insights_retention_period": "0",
                            "port": "5432",
                            "publicly_accessible": "false",
                            "replicas.#": "0",
                            "replicate_source_db": "voice-services-production-postgresql-master",
                            "resource_id": "db-XCOJND5WAMWHA5DPZQME32AHMY",
                            "security_group_names.#": "0",
                            "skip_final_snapshot": "false",
                            "status": "available",
                            "storage_encrypted": "false",
                            "storage_type": "gp2",
                            "tags.%": "1",
                            "tags.Name": "voice-services-production-postgresql-slave",
                            "timezone": "",
                            "username": "postgres",
                            "vpc_security_group_ids.#": "1",
                            "vpc_security_group_ids.2123617448": "sg-06de15bce17691109"
                        },
                        "meta": {
                            "e2bfb730-ecaa-11e6-8f88-34363bc7c4c0": {
                                "create": 2400000000000,
                                "delete": 2400000000000,
                                "update": 4800000000000
                            }
                        },
                        "tainted": false
                    },
                    "deposed": [],
                    "provider": "provider.aws"
                }
            },
            "depends_on": []
        },
        {
            "path": [
                "root",
                "rds"
            ],
            "outputs": {
                "voice-service-identifier": {
                    "sensitive": false,
                    "type": "string",
                    "value": "voice-services-staging-postgresql-master"
                },
                "voice-services-staging-endpoint": {
                    "sensitive": false,
                    "type": "string",
                    "value": "voice-services-staging-postgresql-master.cvkiazj7speq.ap-south-1.rds.amazonaws.com:5432"
                }
            },
            "resources": {
                "aws_db_instance.voice-services-staging-postgresql-master": {
                    "type": "aws_db_instance",
                    "depends_on": [
                        "aws_db_subnet_group.db-rds-staging",
                        "aws_security_group.rds-staging-sg"
                    ],
                    "primary": {
                        "id": "voice-services-staging-postgresql-master",
                        "attributes": {
                            "address": "voice-services-staging-postgresql-master.cvkiazj7speq.ap-south-1.rds.amazonaws.com",
                            "allocated_storage": "10",
                            "arn": "arn:aws:rds:ap-south-1:536612919621:db:voice-services-staging-postgresql-master",
                            "auto_minor_version_upgrade": "true",
                            "availability_zone": "ap-south-1b",
                            "backup_retention_period": "0",
                            "backup_window": "22:37-23:07",
                            "ca_cert_identifier": "rds-ca-2015",
                            "copy_tags_to_snapshot": "false",
                            "db_subnet_group_name": "staging subnet group",
                            "deletion_protection": "false",
                            "domain": "",
                            "domain_iam_role_name": "",
                            "enabled_cloudwatch_logs_exports.#": "0",
                            "endpoint": "voice-services-staging-postgresql-master.cvkiazj7speq.ap-south-1.rds.amazonaws.com:5432",
                            "engine": "postgres",
                            "engine_version": "9.6.11",
                            "hosted_zone_id": "Z2VFMSZA74J7XZ",
                            "iam_database_authentication_enabled": "false",
                            "id": "voice-services-staging-postgresql-master",
                            "identifier": "voice-services-staging-postgresql-master",
                            "instance_class": "db.t2.micro",
                            "iops": "0",
                            "kms_key_id": "",
                            "license_model": "postgresql-license",
                            "maintenance_window": "thu:06:05-thu:06:35",
                            "max_allocated_storage": "0",
                            "monitoring_interval": "0",
                            "multi_az": "true",
                            "name": "postgres",
                            "option_group_name": "default:postgres-9-6",
                            "parameter_group_name": "default.postgres9.6",
                            "password": "2Ldppd7z4mAdk1P6",
                            "performance_insights_enabled": "false",
                            "performance_insights_kms_key_id": "",
                            "performance_insights_retention_period": "0",
                            "port": "5432",
                            "publicly_accessible": "true",
                            "replicas.#": "0",
                            "replicate_source_db": "",
                            "resource_id": "db-BPZT42USQYURIK6JWUJFOEZT4Q",
                            "security_group_names.#": "0",
                            "skip_final_snapshot": "false",
                            "status": "available",
                            "storage_encrypted": "false",
                            "storage_type": "gp2",
                            "tags.%": "1",
                            "tags.Name": "voice-services-staging-postgresql-master",
                            "timezone": "",
                            "username": "postgres",
                            "vpc_security_group_ids.#": "1",
                            "vpc_security_group_ids.2350469809": "sg-0531edae12eb56876"
                        },
                        "meta": {
                            "e2bfb730-ecaa-11e6-8f88-34363bc7c4c0": {
                                "create": 2400000000000,
                                "delete": 2400000000000,
                                "update": 4800000000000
                            }
                        },
                        "tainted": false
                    },
                    "deposed": [],
                    "provider": "provider.aws"
                },
                "aws_db_subnet_group.db-rds-staging": {
                    "type": "aws_db_subnet_group",
                    "depends_on": [],
                    "primary": {
                        "id": "staging subnet group",
                        "attributes": {
                            "arn": "arn:aws:rds:ap-south-1:536612919621:subgrp:staging subnet group",
                            "description": "Subnet group for Stagging RDS",
                            "id": "staging subnet group",
                            "name": "staging subnet group",
                            "subnet_ids.#": "3",
                            "subnet_ids.2656027139": "subnet-0d53db4eeb03ba9cd",
                            "subnet_ids.2732857557": "subnet-0e8acd732dcf026bd",
                            "subnet_ids.3562748819": "subnet-0ffcd9a13615f0260",
                            "tags.%": "1",
                            "tags.Name": "Stagging-rds-subnet-group"
                        },
                        "meta": {},
                        "tainted": false
                    },
                    "deposed": [],
                    "provider": "provider.aws"
                },
                "aws_security_group.rds-staging-sg": {
                    "type": "aws_security_group",
                    "depends_on": [],
                    "primary": {
                        "id": "sg-0531edae12eb56876",
                        "attributes": {
                            "arn": "arn:aws:ec2:ap-south-1:536612919621:security-group/sg-0531edae12eb56876",
                            "description": "Security group for RDS Instance",
                            "egress.#": "1",
                            "egress.482069346.cidr_blocks.#": "1",
                            "egress.482069346.cidr_blocks.0": "0.0.0.0/0",
                            "egress.482069346.description": "",
                            "egress.482069346.from_port": "0",
                            "egress.482069346.ipv6_cidr_blocks.#": "0",
                            "egress.482069346.prefix_list_ids.#": "0",
                            "egress.482069346.protocol": "-1",
                            "egress.482069346.security_groups.#": "0",
                            "egress.482069346.self": "false",
                            "egress.482069346.to_port": "0",
                            "id": "sg-0531edae12eb56876",
                            "ingress.#": "2",
                            "ingress.2522023594.cidr_blocks.#": "1",
                            "ingress.2522023594.cidr_blocks.0": "122.166.167.233/32",
                            "ingress.2522023594.description": "",
                            "ingress.2522023594.from_port": "5432",
                            "ingress.2522023594.ipv6_cidr_blocks.#": "0",
                            "ingress.2522023594.prefix_list_ids.#": "0",
                            "ingress.2522023594.protocol": "tcp",
                            "ingress.2522023594.security_groups.#": "0",
                            "ingress.2522023594.self": "false",
                            "ingress.2522023594.to_port": "5432",
                            "ingress.761371496.cidr_blocks.#": "1",
                            "ingress.761371496.cidr_blocks.0": "0.0.0.0/0",
                            "ingress.761371496.description": "",
                            "ingress.761371496.from_port": "5432",
                            "ingress.761371496.ipv6_cidr_blocks.#": "0",
                            "ingress.761371496.prefix_list_ids.#": "0",
                            "ingress.761371496.protocol": "tcp",
                            "ingress.761371496.security_groups.#": "0",
                            "ingress.761371496.self": "false",
                            "ingress.761371496.to_port": "5432",
                            "name": "RDS Security Group",
                            "owner_id": "536612919621",
                            "revoke_rules_on_delete": "false",
                            "tags.%": "2",
                            "tags.Enviornment": "Stagging",
                            "tags.Name": "Stagging-rds-sg",
                            "vpc_id": "vpc-0b0be5d04b725b931"
                        },
                        "meta": {
                            "e2bfb730-ecaa-11e6-8f88-34363bc7c4c0": {
                                "create": 600000000000,
                                "delete": 600000000000
                            },
                            "schema_version": "1"
                        },
                        "tainted": false
                    },
                    "deposed": [],
                    "provider": "provider.aws"
                }
            },
            "depends_on": []
        },
        {
            "path": [
                "root",
                "vpc"
            ],
            "outputs": {
                "master_subnet": {
                    "sensitive": false,
                    "type": "list",
                    "value": [
                        "subnet-07d168d003b02053b",
                        "subnet-069e4d4ba14e32468",
                        "subnet-01225f64ac055fd56"
                    ]
                },
                "private_subnet": {
                    "sensitive": false,
                    "type": "list",
                    "value": [
                        "subnet-017266b68ac232607",
                        "subnet-0b9501a2304510524",
                        "subnet-0997e0b56878ea476"
                    ]
                },
                "prod_private_subnet": {
                    "sensitive": false,
                    "type": "list",
                    "value": [
                        "subnet-040064e677d9d09fb",
                        "subnet-06bafe55e0d20c1a5",
                        "subnet-0e85bb839f5738e45"
                    ]
                },
                "prod_public_subnet": {
                    "sensitive": false,
                    "type": "list",
                    "value": [
                        "subnet-06054187024deb9e3",
                        "subnet-0d3e6eaaa65827b99",
                        "subnet-00c7b40aa26338765"
                    ]
                },
                "prod_rds_db_subnet": {
                    "sensitive": false,
                    "type": "list",
                    "value": [
                        "subnet-0ee9111cba26d849c",
                        "subnet-030fa5b52e41be8fb",
                        "subnet-0304ef6f0ee47b60e"
                    ]
                },
                "prod_worker_node_subnet": {
                    "sensitive": false,
                    "type": "list",
                    "value": [
                        "subnet-0fb91ba52c8a09236",
                        "subnet-002eee3d2101191b6",
                        "subnet-033f2bad5d772d0ae"
                    ]
                },
                "public_subnet": {
                    "sensitive": false,
                    "type": "list",
                    "value": [
                        "subnet-071fecd72ef001042",
                        "subnet-0d748cbbd7c09216e",
                        "subnet-00c98c0633e7310a7"
                    ]
                },
                "stagging_rds_db_subnet": {
                    "sensitive": false,
                    "type": "list",
                    "value": [
                        "subnet-0ffcd9a13615f0260",
                        "subnet-0e8acd732dcf026bd",
                        "subnet-0d53db4eeb03ba9cd"
                    ]
                },
                "stagging_worker_node_subnet": {
                    "sensitive": false,
                    "type": "list",
                    "value": [
                        "subnet-0b1af09f80b3226b4",
                        "subnet-02eeb2e81372497a1",
                        "subnet-0c142ecb0f3a5321c"
                    ]
                },
                "vpc_cidr_block": {
                    "sensitive": false,
                    "type": "string",
                    "value": "10.0.0.0/16"
                },
                "vpc_id": {
                    "sensitive": false,
                    "type": "string",
                    "value": "vpc-0b0be5d04b725b931"
                }
            },
            "resources": {
                "aws_eip.nat": {
                    "type": "aws_eip",
                    "depends_on": [],
                    "primary": {
                        "id": "eipalloc-01de5a6f3b9f7ac1d",
                        "attributes": {
                            "association_id": "eipassoc-e6c4431a",
                            "domain": "vpc",
                            "id": "eipalloc-01de5a6f3b9f7ac1d",
                            "instance": "",
                            "network_interface": "eni-03c41a51439c060d4",
                            "private_dns": "ip-10-0-10-209.ap-south-1.compute.internal",
                            "private_ip": "10.0.10.209",
                            "public_dns": "ec2-13-234-157-127.ap-south-1.compute.amazonaws.com",
                            "public_ip": "13.234.157.127",
                            "public_ipv4_pool": "amazon",
                            "tags.%": "1",
                            "tags.Name": "vernacular_eip",
                            "vpc": "true"
                        },
                        "meta": {
                            "e2bfb730-ecaa-11e6-8f88-34363bc7c4c0": {
                                "delete": 180000000000,
                                "read": 900000000000,
                                "update": 300000000000
                            }
                        },
                        "tainted": false
                    },
                    "deposed": [],
                    "provider": "provider.aws"
                },
                "aws_internet_gateway.igw": {
                    "type": "aws_internet_gateway",
                    "depends_on": [
                        "aws_vpc.this"
                    ],
                    "primary": {
                        "id": "igw-0ef93897d41095738",
                        "attributes": {
                            "id": "igw-0ef93897d41095738",
                            "owner_id": "536612919621",
                            "tags.%": "1",
                            "tags.Name": "Internet-Gateway",
                            "vpc_id": "vpc-0b0be5d04b725b931"
                        },
                        "meta": {},
                        "tainted": false
                    },
                    "deposed": [],
                    "provider": "provider.aws"
                },
                "aws_nat_gateway.nat-gw": {
                    "type": "aws_nat_gateway",
                    "depends_on": [
                        "aws_eip.nat",
                        "aws_subnet.master_subnet.*"
                    ],
                    "primary": {
                        "id": "nat-0714f642c76cc7947",
                        "attributes": {
                            "allocation_id": "eipalloc-01de5a6f3b9f7ac1d",
                            "id": "nat-0714f642c76cc7947",
                            "network_interface_id": "eni-03c41a51439c060d4",
                            "private_ip": "10.0.10.209",
                            "public_ip": "13.234.157.127",
                            "subnet_id": "subnet-07d168d003b02053b",
                            "tags.%": "1",
                            "tags.Name": "vernacular_nat"
                        },
                        "meta": {},
                        "tainted": false
                    },
                    "deposed": [],
                    "provider": "provider.aws"
                },
                "aws_route_table.rt_private": {
                    "type": "aws_route_table",
                    "depends_on": [
                        "aws_nat_gateway.nat-gw",
                        "aws_vpc.this"
                    ],
                    "primary": {
                        "id": "rtb-006e2ff3ec3be2a69",
                        "attributes": {
                            "id": "rtb-006e2ff3ec3be2a69",
                            "owner_id": "536612919621",
                            "propagating_vgws.#": "0",
                            "route.#": "1",
                            "route.1706928639.cidr_block": "0.0.0.0/0",
                            "route.1706928639.egress_only_gateway_id": "",
                            "route.1706928639.gateway_id": "",
                            "route.1706928639.instance_id": "",
                            "route.1706928639.ipv6_cidr_block": "",
                            "route.1706928639.nat_gateway_id": "nat-0714f642c76cc7947",
                            "route.1706928639.network_interface_id": "",
                            "route.1706928639.transit_gateway_id": "",
                            "route.1706928639.vpc_peering_connection_id": "",
                            "tags.%": "1",
                            "tags.Name": "rt_private",
                            "vpc_id": "vpc-0b0be5d04b725b931"
                        },
                        "meta": {},
                        "tainted": false
                    },
                    "deposed": [],
                    "provider": "provider.aws"
                },
                "aws_route_table.rt_public": {
                    "type": "aws_route_table",
                    "depends_on": [
                        "aws_internet_gateway.igw",
                        "aws_vpc.this"
                    ],
                    "primary": {
                        "id": "rtb-0fa75ba6dc90c974c",
                        "attributes": {
                            "id": "rtb-0fa75ba6dc90c974c",
                            "owner_id": "536612919621",
                            "propagating_vgws.#": "0",
                            "route.#": "1",
                            "route.2643508553.cidr_block": "0.0.0.0/0",
                            "route.2643508553.egress_only_gateway_id": "",
                            "route.2643508553.gateway_id": "igw-0ef93897d41095738",
                            "route.2643508553.instance_id": "",
                            "route.2643508553.ipv6_cidr_block": "",
                            "route.2643508553.nat_gateway_id": "",
                            "route.2643508553.network_interface_id": "",
                            "route.2643508553.transit_gateway_id": "",
                            "route.2643508553.vpc_peering_connection_id": "",
                            "tags.%": "1",
                            "tags.Name": "rt_public",
                            "vpc_id": "vpc-0b0be5d04b725b931"
                        },
                        "meta": {},
                        "tainted": false
                    },
                    "deposed": [],
                    "provider": "provider.aws"
                },
                "aws_route_table_association.master.0": {
                    "type": "aws_route_table_association",
                    "depends_on": [
                        "aws_route_table.rt_public",
                        "aws_subnet.master_subnet.*"
                    ],
                    "primary": {
                        "id": "rtbassoc-081b96ca72a65a704",
                        "attributes": {
                            "id": "rtbassoc-081b96ca72a65a704",
                            "route_table_id": "rtb-0fa75ba6dc90c974c",
                            "subnet_id": "subnet-07d168d003b02053b"
                        },
                        "meta": {},
                        "tainted": false
                    },
                    "deposed": [],
                    "provider": "provider.aws"
                },
                "aws_route_table_association.master.1": {
                    "type": "aws_route_table_association",
                    "depends_on": [
                        "aws_route_table.rt_public",
                        "aws_subnet.master_subnet.*"
                    ],
                    "primary": {
                        "id": "rtbassoc-0d630db683478e11c",
                        "attributes": {
                            "id": "rtbassoc-0d630db683478e11c",
                            "route_table_id": "rtb-0fa75ba6dc90c974c",
                            "subnet_id": "subnet-069e4d4ba14e32468"
                        },
                        "meta": {},
                        "tainted": false
                    },
                    "deposed": [],
                    "provider": "provider.aws"
                },
                "aws_route_table_association.master.2": {
                    "type": "aws_route_table_association",
                    "depends_on": [
                        "aws_route_table.rt_public",
                        "aws_subnet.master_subnet.*"
                    ],
                    "primary": {
                        "id": "rtbassoc-0b08a039034532d5a",
                        "attributes": {
                            "id": "rtbassoc-0b08a039034532d5a",
                            "route_table_id": "rtb-0fa75ba6dc90c974c",
                            "subnet_id": "subnet-01225f64ac055fd56"
                        },
                        "meta": {},
                        "tainted": false
                    },
                    "deposed": [],
                    "provider": "provider.aws"
                },
                "aws_route_table_association.private_sub.0": {
                    "type": "aws_route_table_association",
                    "depends_on": [
                        "aws_route_table.rt_private",
                        "aws_subnet.private_subnet.*"
                    ],
                    "primary": {
                        "id": "rtbassoc-0fbfab45912bcc678",
                        "attributes": {
                            "id": "rtbassoc-0fbfab45912bcc678",
                            "route_table_id": "rtb-006e2ff3ec3be2a69",
                            "subnet_id": "subnet-017266b68ac232607"
                        },
                        "meta": {},
                        "tainted": false
                    },
                    "deposed": [],
                    "provider": "provider.aws"
                },
                "aws_route_table_association.private_sub.1": {
                    "type": "aws_route_table_association",
                    "depends_on": [
                        "aws_route_table.rt_private",
                        "aws_subnet.private_subnet.*"
                    ],
                    "primary": {
                        "id": "rtbassoc-04c487f4514a595e7",
                        "attributes": {
                            "id": "rtbassoc-04c487f4514a595e7",
                            "route_table_id": "rtb-006e2ff3ec3be2a69",
                            "subnet_id": "subnet-0b9501a2304510524"
                        },
                        "meta": {},
                        "tainted": false
                    },
                    "deposed": [],
                    "provider": "provider.aws"
                },
                "aws_route_table_association.private_sub.2": {
                    "type": "aws_route_table_association",
                    "depends_on": [
                        "aws_route_table.rt_private",
                        "aws_subnet.private_subnet.*"
                    ],
                    "primary": {
                        "id": "rtbassoc-04431463dea3576c5",
                        "attributes": {
                            "id": "rtbassoc-04431463dea3576c5",
                            "route_table_id": "rtb-006e2ff3ec3be2a69",
                            "subnet_id": "subnet-0997e0b56878ea476"
                        },
                        "meta": {},
                        "tainted": false
                    },
                    "deposed": [],
                    "provider": "provider.aws"
                },
                "aws_route_table_association.prod_private_sub.0": {
                    "type": "aws_route_table_association",
                    "depends_on": [
                        "aws_route_table.rt_private",
                        "aws_subnet.prod_private_subnet.*"
                    ],
                    "primary": {
                        "id": "rtbassoc-0566561ee6f633ad5",
                        "attributes": {
                            "id": "rtbassoc-0566561ee6f633ad5",
                            "route_table_id": "rtb-006e2ff3ec3be2a69",
                            "subnet_id": "subnet-040064e677d9d09fb"
                        },
                        "meta": {},
                        "tainted": false
                    },
                    "deposed": [],
                    "provider": "provider.aws"
                },
                "aws_route_table_association.prod_private_sub.1": {
                    "type": "aws_route_table_association",
                    "depends_on": [
                        "aws_route_table.rt_private",
                        "aws_subnet.prod_private_subnet.*"
                    ],
                    "primary": {
                        "id": "rtbassoc-0068cd1c5aa4e3cb5",
                        "attributes": {
                            "id": "rtbassoc-0068cd1c5aa4e3cb5",
                            "route_table_id": "rtb-006e2ff3ec3be2a69",
                            "subnet_id": "subnet-06bafe55e0d20c1a5"
                        },
                        "meta": {},
                        "tainted": false
                    },
                    "deposed": [],
                    "provider": "provider.aws"
                },
                "aws_route_table_association.prod_private_sub.2": {
                    "type": "aws_route_table_association",
                    "depends_on": [
                        "aws_route_table.rt_private",
                        "aws_subnet.prod_private_subnet.*"
                    ],
                    "primary": {
                        "id": "rtbassoc-0b7a77ae3755b0961",
                        "attributes": {
                            "id": "rtbassoc-0b7a77ae3755b0961",
                            "route_table_id": "rtb-006e2ff3ec3be2a69",
                            "subnet_id": "subnet-0e85bb839f5738e45"
                        },
                        "meta": {},
                        "tainted": false
                    },
                    "deposed": [],
                    "provider": "provider.aws"
                },
                "aws_route_table_association.prod_public.0": {
                    "type": "aws_route_table_association",
                    "depends_on": [
                        "aws_route_table.rt_public",
                        "aws_subnet.prod_public_subnet.*"
                    ],
                    "primary": {
                        "id": "rtbassoc-04a1dae74e482e1a6",
                        "attributes": {
                            "id": "rtbassoc-04a1dae74e482e1a6",
                            "route_table_id": "rtb-0fa75ba6dc90c974c",
                            "subnet_id": "subnet-06054187024deb9e3"
                        },
                        "meta": {},
                        "tainted": false
                    },
                    "deposed": [],
                    "provider": "provider.aws"
                },
                "aws_route_table_association.prod_public.1": {
                    "type": "aws_route_table_association",
                    "depends_on": [
                        "aws_route_table.rt_public",
                        "aws_subnet.prod_public_subnet.*"
                    ],
                    "primary": {
                        "id": "rtbassoc-0ed42c45c7e35cb87",
                        "attributes": {
                            "id": "rtbassoc-0ed42c45c7e35cb87",
                            "route_table_id": "rtb-0fa75ba6dc90c974c",
                            "subnet_id": "subnet-0d3e6eaaa65827b99"
                        },
                        "meta": {},
                        "tainted": false
                    },
                    "deposed": [],
                    "provider": "provider.aws"
                },
                "aws_route_table_association.prod_public.2": {
                    "type": "aws_route_table_association",
                    "depends_on": [
                        "aws_route_table.rt_public",
                        "aws_subnet.prod_public_subnet.*"
                    ],
                    "primary": {
                        "id": "rtbassoc-07af171e60fbb5fa4",
                        "attributes": {
                            "id": "rtbassoc-07af171e60fbb5fa4",
                            "route_table_id": "rtb-0fa75ba6dc90c974c",
                            "subnet_id": "subnet-00c7b40aa26338765"
                        },
                        "meta": {},
                        "tainted": false
                    },
                    "deposed": [],
                    "provider": "provider.aws"
                },
                "aws_route_table_association.prod_worker.0": {
                    "type": "aws_route_table_association",
                    "depends_on": [
                        "aws_route_table.rt_private",
                        "aws_subnet.prod_worker_subnet.*"
                    ],
                    "primary": {
                        "id": "rtbassoc-062d9d8ea5a3b89c3",
                        "attributes": {
                            "id": "rtbassoc-062d9d8ea5a3b89c3",
                            "route_table_id": "rtb-006e2ff3ec3be2a69",
                            "subnet_id": "subnet-0fb91ba52c8a09236"
                        },
                        "meta": {},
                        "tainted": false
                    },
                    "deposed": [],
                    "provider": "provider.aws"
                },
                "aws_route_table_association.prod_worker.1": {
                    "type": "aws_route_table_association",
                    "depends_on": [
                        "aws_route_table.rt_private",
                        "aws_subnet.prod_worker_subnet.*"
                    ],
                    "primary": {
                        "id": "rtbassoc-086c44b6782c0d902",
                        "attributes": {
                            "id": "rtbassoc-086c44b6782c0d902",
                            "route_table_id": "rtb-006e2ff3ec3be2a69",
                            "subnet_id": "subnet-002eee3d2101191b6"
                        },
                        "meta": {},
                        "tainted": false
                    },
                    "deposed": [],
                    "provider": "provider.aws"
                },
                "aws_route_table_association.prod_worker.2": {
                    "type": "aws_route_table_association",
                    "depends_on": [
                        "aws_route_table.rt_private",
                        "aws_subnet.prod_worker_subnet.*"
                    ],
                    "primary": {
                        "id": "rtbassoc-0f5a4ff45c3438ea6",
                        "attributes": {
                            "id": "rtbassoc-0f5a4ff45c3438ea6",
                            "route_table_id": "rtb-006e2ff3ec3be2a69",
                            "subnet_id": "subnet-033f2bad5d772d0ae"
                        },
                        "meta": {},
                        "tainted": false
                    },
                    "deposed": [],
                    "provider": "provider.aws"
                },
                "aws_route_table_association.proddb.0": {
                    "type": "aws_route_table_association",
                    "depends_on": [
                        "aws_route_table.rt_private",
                        "aws_subnet.prod_rds_subnet.*"
                    ],
                    "primary": {
                        "id": "rtbassoc-08026c3711cf4450e",
                        "attributes": {
                            "id": "rtbassoc-08026c3711cf4450e",
                            "route_table_id": "rtb-006e2ff3ec3be2a69",
                            "subnet_id": "subnet-0ee9111cba26d849c"
                        },
                        "meta": {},
                        "tainted": false
                    },
                    "deposed": [],
                    "provider": "provider.aws"
                },
                "aws_route_table_association.proddb.1": {
                    "type": "aws_route_table_association",
                    "depends_on": [
                        "aws_route_table.rt_private",
                        "aws_subnet.prod_rds_subnet.*"
                    ],
                    "primary": {
                        "id": "rtbassoc-021580040739ab2b4",
                        "attributes": {
                            "id": "rtbassoc-021580040739ab2b4",
                            "route_table_id": "rtb-006e2ff3ec3be2a69",
                            "subnet_id": "subnet-030fa5b52e41be8fb"
                        },
                        "meta": {},
                        "tainted": false
                    },
                    "deposed": [],
                    "provider": "provider.aws"
                },
                "aws_route_table_association.proddb.2": {
                    "type": "aws_route_table_association",
                    "depends_on": [
                        "aws_route_table.rt_private",
                        "aws_subnet.prod_rds_subnet.*"
                    ],
                    "primary": {
                        "id": "rtbassoc-0b90e2682fb350fea",
                        "attributes": {
                            "id": "rtbassoc-0b90e2682fb350fea",
                            "route_table_id": "rtb-006e2ff3ec3be2a69",
                            "subnet_id": "subnet-0304ef6f0ee47b60e"
                        },
                        "meta": {},
                        "tainted": false
                    },
                    "deposed": [],
                    "provider": "provider.aws"
                },
                "aws_route_table_association.public.0": {
                    "type": "aws_route_table_association",
                    "depends_on": [
                        "aws_route_table.rt_public",
                        "aws_subnet.public_subnet.*"
                    ],
                    "primary": {
                        "id": "rtbassoc-018045401eeae9cde",
                        "attributes": {
                            "id": "rtbassoc-018045401eeae9cde",
                            "route_table_id": "rtb-0fa75ba6dc90c974c",
                            "subnet_id": "subnet-071fecd72ef001042"
                        },
                        "meta": {},
                        "tainted": false
                    },
                    "deposed": [],
                    "provider": "provider.aws"
                },
                "aws_route_table_association.public.1": {
                    "type": "aws_route_table_association",
                    "depends_on": [
                        "aws_route_table.rt_public",
                        "aws_subnet.public_subnet.*"
                    ],
                    "primary": {
                        "id": "rtbassoc-0352ebd659b0493a5",
                        "attributes": {
                            "id": "rtbassoc-0352ebd659b0493a5",
                            "route_table_id": "rtb-0fa75ba6dc90c974c",
                            "subnet_id": "subnet-0d748cbbd7c09216e"
                        },
                        "meta": {},
                        "tainted": false
                    },
                    "deposed": [],
                    "provider": "provider.aws"
                },
                "aws_route_table_association.public.2": {
                    "type": "aws_route_table_association",
                    "depends_on": [
                        "aws_route_table.rt_public",
                        "aws_subnet.public_subnet.*"
                    ],
                    "primary": {
                        "id": "rtbassoc-0cbd079df266e1a13",
                        "attributes": {
                            "id": "rtbassoc-0cbd079df266e1a13",
                            "route_table_id": "rtb-0fa75ba6dc90c974c",
                            "subnet_id": "subnet-00c98c0633e7310a7"
                        },
                        "meta": {},
                        "tainted": false
                    },
                    "deposed": [],
                    "provider": "provider.aws"
                },
                "aws_route_table_association.stagging_worker.0": {
                    "type": "aws_route_table_association",
                    "depends_on": [
                        "aws_route_table.rt_private",
                        "aws_subnet.stagging_worker_subnet.*"
                    ],
                    "primary": {
                        "id": "rtbassoc-0cbe1313dc14d4f0c",
                        "attributes": {
                            "id": "rtbassoc-0cbe1313dc14d4f0c",
                            "route_table_id": "rtb-006e2ff3ec3be2a69",
                            "subnet_id": "subnet-0b1af09f80b3226b4"
                        },
                        "meta": {},
                        "tainted": false
                    },
                    "deposed": [],
                    "provider": "provider.aws"
                },
                "aws_route_table_association.stagging_worker.1": {
                    "type": "aws_route_table_association",
                    "depends_on": [
                        "aws_route_table.rt_private",
                        "aws_subnet.stagging_worker_subnet.*"
                    ],
                    "primary": {
                        "id": "rtbassoc-0cb0515c6ccca4c8a",
                        "attributes": {
                            "id": "rtbassoc-0cb0515c6ccca4c8a",
                            "route_table_id": "rtb-006e2ff3ec3be2a69",
                            "subnet_id": "subnet-02eeb2e81372497a1"
                        },
                        "meta": {},
                        "tainted": false
                    },
                    "deposed": [],
                    "provider": "provider.aws"
                },
                "aws_route_table_association.stagging_worker.2": {
                    "type": "aws_route_table_association",
                    "depends_on": [
                        "aws_route_table.rt_private",
                        "aws_subnet.stagging_worker_subnet.*"
                    ],
                    "primary": {
                        "id": "rtbassoc-0ba2db87a041528bf",
                        "attributes": {
                            "id": "rtbassoc-0ba2db87a041528bf",
                            "route_table_id": "rtb-006e2ff3ec3be2a69",
                            "subnet_id": "subnet-0c142ecb0f3a5321c"
                        },
                        "meta": {},
                        "tainted": false
                    },
                    "deposed": [],
                    "provider": "provider.aws"
                },
                "aws_route_table_association.staggingdb.0": {
                    "type": "aws_route_table_association",
                    "depends_on": [
                        "aws_route_table.rt_private",
                        "aws_subnet.stagging_rds_subnet.*"
                    ],
                    "primary": {
                        "id": "rtbassoc-07ebddb26a0600ce2",
                        "attributes": {
                            "id": "rtbassoc-07ebddb26a0600ce2",
                            "route_table_id": "rtb-006e2ff3ec3be2a69",
                            "subnet_id": "subnet-0ffcd9a13615f0260"
                        },
                        "meta": {},
                        "tainted": false
                    },
                    "deposed": [],
                    "provider": "provider.aws"
                },
                "aws_route_table_association.staggingdb.1": {
                    "type": "aws_route_table_association",
                    "depends_on": [
                        "aws_route_table.rt_private",
                        "aws_subnet.stagging_rds_subnet.*"
                    ],
                    "primary": {
                        "id": "rtbassoc-0d76cdd1644c71f06",
                        "attributes": {
                            "id": "rtbassoc-0d76cdd1644c71f06",
                            "route_table_id": "rtb-006e2ff3ec3be2a69",
                            "subnet_id": "subnet-0e8acd732dcf026bd"
                        },
                        "meta": {},
                        "tainted": false
                    },
                    "deposed": [],
                    "provider": "provider.aws"
                },
                "aws_route_table_association.staggingdb.2": {
                    "type": "aws_route_table_association",
                    "depends_on": [
                        "aws_route_table.rt_private",
                        "aws_subnet.stagging_rds_subnet.*"
                    ],
                    "primary": {
                        "id": "rtbassoc-0deab95df1eccd35b",
                        "attributes": {
                            "id": "rtbassoc-0deab95df1eccd35b",
                            "route_table_id": "rtb-006e2ff3ec3be2a69",
                            "subnet_id": "subnet-0d53db4eeb03ba9cd"
                        },
                        "meta": {},
                        "tainted": false
                    },
                    "deposed": [],
                    "provider": "provider.aws"
                },
                "aws_subnet.master_subnet.0": {
                    "type": "aws_subnet",
                    "depends_on": [
                        "aws_vpc.this",
                        "data.aws_availability_zones.available"
                    ],
                    "primary": {
                        "id": "subnet-07d168d003b02053b",
                        "attributes": {
                            "arn": "arn:aws:ec2:ap-south-1:536612919621:subnet/subnet-07d168d003b02053b",
                            "assign_ipv6_address_on_creation": "false",
                            "availability_zone": "ap-south-1a",
                            "availability_zone_id": "aps1-az1",
                            "cidr_block": "10.0.0.0/20",
                            "id": "subnet-07d168d003b02053b",
                            "ipv6_cidr_block": "",
                            "ipv6_cidr_block_association_id": "",
                            "map_public_ip_on_launch": "false",
                            "owner_id": "536612919621",
                            "tags.%": "1",
                            "tags.Name": "Master_ap-south-1a",
                            "vpc_id": "vpc-0b0be5d04b725b931"
                        },
                        "meta": {
                            "e2bfb730-ecaa-11e6-8f88-34363bc7c4c0": {
                                "create": 600000000000,
                                "delete": 1200000000000
                            },
                            "schema_version": "1"
                        },
                        "tainted": false
                    },
                    "deposed": [],
                    "provider": "provider.aws"
                },
                "aws_subnet.master_subnet.1": {
                    "type": "aws_subnet",
                    "depends_on": [
                        "aws_vpc.this",
                        "data.aws_availability_zones.available"
                    ],
                    "primary": {
                        "id": "subnet-069e4d4ba14e32468",
                        "attributes": {
                            "arn": "arn:aws:ec2:ap-south-1:536612919621:subnet/subnet-069e4d4ba14e32468",
                            "assign_ipv6_address_on_creation": "false",
                            "availability_zone": "ap-south-1b",
                            "availability_zone_id": "aps1-az3",
                            "cidr_block": "10.0.16.0/20",
                            "id": "subnet-069e4d4ba14e32468",
                            "ipv6_cidr_block": "",
                            "ipv6_cidr_block_association_id": "",
                            "map_public_ip_on_launch": "false",
                            "owner_id": "536612919621",
                            "tags.%": "1",
                            "tags.Name": "Master_ap-south-1b",
                            "vpc_id": "vpc-0b0be5d04b725b931"
                        },
                        "meta": {
                            "e2bfb730-ecaa-11e6-8f88-34363bc7c4c0": {
                                "create": 600000000000,
                                "delete": 1200000000000
                            },
                            "schema_version": "1"
                        },
                        "tainted": false
                    },
                    "deposed": [],
                    "provider": "provider.aws"
                },
                "aws_subnet.master_subnet.2": {
                    "type": "aws_subnet",
                    "depends_on": [
                        "aws_vpc.this",
                        "data.aws_availability_zones.available"
                    ],
                    "primary": {
                        "id": "subnet-01225f64ac055fd56",
                        "attributes": {
                            "arn": "arn:aws:ec2:ap-south-1:536612919621:subnet/subnet-01225f64ac055fd56",
                            "assign_ipv6_address_on_creation": "false",
                            "availability_zone": "ap-south-1c",
                            "availability_zone_id": "aps1-az2",
                            "cidr_block": "10.0.32.0/20",
                            "id": "subnet-01225f64ac055fd56",
                            "ipv6_cidr_block": "",
                            "ipv6_cidr_block_association_id": "",
                            "map_public_ip_on_launch": "false",
                            "owner_id": "536612919621",
                            "tags.%": "1",
                            "tags.Name": "Master_ap-south-1c",
                            "vpc_id": "vpc-0b0be5d04b725b931"
                        },
                        "meta": {
                            "e2bfb730-ecaa-11e6-8f88-34363bc7c4c0": {
                                "create": 600000000000,
                                "delete": 1200000000000
                            },
                            "schema_version": "1"
                        },
                        "tainted": false
                    },
                    "deposed": [],
                    "provider": "provider.aws"
                },
                "aws_subnet.private_subnet.0": {
                    "type": "aws_subnet",
                    "depends_on": [
                        "aws_vpc.this",
                        "data.aws_availability_zones.available"
                    ],
                    "primary": {
                        "id": "subnet-017266b68ac232607",
                        "attributes": {
                            "arn": "arn:aws:ec2:ap-south-1:536612919621:subnet/subnet-017266b68ac232607",
                            "assign_ipv6_address_on_creation": "false",
                            "availability_zone": "ap-south-1a",
                            "availability_zone_id": "aps1-az1",
                            "cidr_block": "10.0.204.0/22",
                            "id": "subnet-017266b68ac232607",
                            "ipv6_cidr_block": "",
                            "ipv6_cidr_block_association_id": "",
                            "map_public_ip_on_launch": "false",
                            "owner_id": "536612919621",
                            "tags.%": "3",
                            "tags.Name": "Private_subnet_ap-south-1a",
                            "tags.kubernetes.io/cluster/voice-services-staging-cluster": "owned",
                            "tags.kubernetes.io/role/internal-elb": "1",
                            "vpc_id": "vpc-0b0be5d04b725b931"
                        },
                        "meta": {
                            "e2bfb730-ecaa-11e6-8f88-34363bc7c4c0": {
                                "create": 600000000000,
                                "delete": 1200000000000
                            },
                            "schema_version": "1"
                        },
                        "tainted": false
                    },
                    "deposed": [],
                    "provider": "provider.aws"
                },
                "aws_subnet.private_subnet.1": {
                    "type": "aws_subnet",
                    "depends_on": [
                        "aws_vpc.this",
                        "data.aws_availability_zones.available"
                    ],
                    "primary": {
                        "id": "subnet-0b9501a2304510524",
                        "attributes": {
                            "arn": "arn:aws:ec2:ap-south-1:536612919621:subnet/subnet-0b9501a2304510524",
                            "assign_ipv6_address_on_creation": "false",
                            "availability_zone": "ap-south-1b",
                            "availability_zone_id": "aps1-az3",
                            "cidr_block": "10.0.208.0/22",
                            "id": "subnet-0b9501a2304510524",
                            "ipv6_cidr_block": "",
                            "ipv6_cidr_block_association_id": "",
                            "map_public_ip_on_launch": "false",
                            "owner_id": "536612919621",
                            "tags.%": "3",
                            "tags.Name": "Private_subnet_ap-south-1b",
                            "tags.kubernetes.io/cluster/voice-services-staging-cluster": "owned",
                            "tags.kubernetes.io/role/internal-elb": "1",
                            "vpc_id": "vpc-0b0be5d04b725b931"
                        },
                        "meta": {
                            "e2bfb730-ecaa-11e6-8f88-34363bc7c4c0": {
                                "create": 600000000000,
                                "delete": 1200000000000
                            },
                            "schema_version": "1"
                        },
                        "tainted": false
                    },
                    "deposed": [],
                    "provider": "provider.aws"
                },
                "aws_subnet.private_subnet.2": {
                    "type": "aws_subnet",
                    "depends_on": [
                        "aws_vpc.this",
                        "data.aws_availability_zones.available"
                    ],
                    "primary": {
                        "id": "subnet-0997e0b56878ea476",
                        "attributes": {
                            "arn": "arn:aws:ec2:ap-south-1:536612919621:subnet/subnet-0997e0b56878ea476",
                            "assign_ipv6_address_on_creation": "false",
                            "availability_zone": "ap-south-1c",
                            "availability_zone_id": "aps1-az2",
                            "cidr_block": "10.0.212.0/22",
                            "id": "subnet-0997e0b56878ea476",
                            "ipv6_cidr_block": "",
                            "ipv6_cidr_block_association_id": "",
                            "map_public_ip_on_launch": "false",
                            "owner_id": "536612919621",
                            "tags.%": "3",
                            "tags.Name": "Private_subnet_ap-south-1c",
                            "tags.kubernetes.io/cluster/voice-services-staging-cluster": "owned",
                            "tags.kubernetes.io/role/internal-elb": "1",
                            "vpc_id": "vpc-0b0be5d04b725b931"
                        },
                        "meta": {
                            "e2bfb730-ecaa-11e6-8f88-34363bc7c4c0": {
                                "create": 600000000000,
                                "delete": 1200000000000
                            },
                            "schema_version": "1"
                        },
                        "tainted": false
                    },
                    "deposed": [],
                    "provider": "provider.aws"
                },
                "aws_subnet.prod_private_subnet.0": {
                    "type": "aws_subnet",
                    "depends_on": [
                        "aws_vpc.this",
                        "data.aws_availability_zones.available"
                    ],
                    "primary": {
                        "id": "subnet-040064e677d9d09fb",
                        "attributes": {
                            "arn": "arn:aws:ec2:ap-south-1:536612919621:subnet/subnet-040064e677d9d09fb",
                            "assign_ipv6_address_on_creation": "false",
                            "availability_zone": "ap-south-1a",
                            "availability_zone_id": "aps1-az1",
                            "cidr_block": "10.0.228.0/22",
                            "id": "subnet-040064e677d9d09fb",
                            "ipv6_cidr_block": "",
                            "ipv6_cidr_block_association_id": "",
                            "map_public_ip_on_launch": "false",
                            "owner_id": "536612919621",
                            "tags.%": "3",
                            "tags.Name": "Prod_Private_subnet_ap-south-1a",
                            "tags.kubernetes.io/cluster/voice-services-production-cluster": "owned",
                            "tags.kubernetes.io/role/internal-elb": "1",
                            "vpc_id": "vpc-0b0be5d04b725b931"
                        },
                        "meta": {
                            "e2bfb730-ecaa-11e6-8f88-34363bc7c4c0": {
                                "create": 600000000000,
                                "delete": 1200000000000
                            },
                            "schema_version": "1"
                        },
                        "tainted": false
                    },
                    "deposed": [],
                    "provider": "provider.aws"
                },
                "aws_subnet.prod_private_subnet.1": {
                    "type": "aws_subnet",
                    "depends_on": [
                        "aws_vpc.this",
                        "data.aws_availability_zones.available"
                    ],
                    "primary": {
                        "id": "subnet-06bafe55e0d20c1a5",
                        "attributes": {
                            "arn": "arn:aws:ec2:ap-south-1:536612919621:subnet/subnet-06bafe55e0d20c1a5",
                            "assign_ipv6_address_on_creation": "false",
                            "availability_zone": "ap-south-1b",
                            "availability_zone_id": "aps1-az3",
                            "cidr_block": "10.0.232.0/22",
                            "id": "subnet-06bafe55e0d20c1a5",
                            "ipv6_cidr_block": "",
                            "ipv6_cidr_block_association_id": "",
                            "map_public_ip_on_launch": "false",
                            "owner_id": "536612919621",
                            "tags.%": "3",
                            "tags.Name": "Prod_Private_subnet_ap-south-1b",
                            "tags.kubernetes.io/cluster/voice-services-production-cluster": "owned",
                            "tags.kubernetes.io/role/internal-elb": "1",
                            "vpc_id": "vpc-0b0be5d04b725b931"
                        },
                        "meta": {
                            "e2bfb730-ecaa-11e6-8f88-34363bc7c4c0": {
                                "create": 600000000000,
                                "delete": 1200000000000
                            },
                            "schema_version": "1"
                        },
                        "tainted": false
                    },
                    "deposed": [],
                    "provider": "provider.aws"
                },
                "aws_subnet.prod_private_subnet.2": {
                    "type": "aws_subnet",
                    "depends_on": [
                        "aws_vpc.this",
                        "data.aws_availability_zones.available"
                    ],
                    "primary": {
                        "id": "subnet-0e85bb839f5738e45",
                        "attributes": {
                            "arn": "arn:aws:ec2:ap-south-1:536612919621:subnet/subnet-0e85bb839f5738e45",
                            "assign_ipv6_address_on_creation": "false",
                            "availability_zone": "ap-south-1c",
                            "availability_zone_id": "aps1-az2",
                            "cidr_block": "10.0.236.0/22",
                            "id": "subnet-0e85bb839f5738e45",
                            "ipv6_cidr_block": "",
                            "ipv6_cidr_block_association_id": "",
                            "map_public_ip_on_launch": "false",
                            "owner_id": "536612919621",
                            "tags.%": "3",
                            "tags.Name": "Prod_Private_subnet_ap-south-1c",
                            "tags.kubernetes.io/cluster/voice-services-production-cluster": "owned",
                            "tags.kubernetes.io/role/internal-elb": "1",
                            "vpc_id": "vpc-0b0be5d04b725b931"
                        },
                        "meta": {
                            "e2bfb730-ecaa-11e6-8f88-34363bc7c4c0": {
                                "create": 600000000000,
                                "delete": 1200000000000
                            },
                            "schema_version": "1"
                        },
                        "tainted": false
                    },
                    "deposed": [],
                    "provider": "provider.aws"
                },
                "aws_subnet.prod_public_subnet.0": {
                    "type": "aws_subnet",
                    "depends_on": [
                        "aws_vpc.this",
                        "data.aws_availability_zones.available"
                    ],
                    "primary": {
                        "id": "subnet-06054187024deb9e3",
                        "attributes": {
                            "arn": "arn:aws:ec2:ap-south-1:536612919621:subnet/subnet-06054187024deb9e3",
                            "assign_ipv6_address_on_creation": "false",
                            "availability_zone": "ap-south-1a",
                            "availability_zone_id": "aps1-az1",
                            "cidr_block": "10.0.216.0/22",
                            "id": "subnet-06054187024deb9e3",
                            "ipv6_cidr_block": "",
                            "ipv6_cidr_block_association_id": "",
                            "map_public_ip_on_launch": "false",
                            "owner_id": "536612919621",
                            "tags.%": "3",
                            "tags.Name": "Prod_Public_subnet_ap-south-1a",
                            "tags.kubernetes.io/cluster/voice-services-production-cluster": "owned",
                            "tags.kubernetes.io/role/elb": "1",
                            "vpc_id": "vpc-0b0be5d04b725b931"
                        },
                        "meta": {
                            "e2bfb730-ecaa-11e6-8f88-34363bc7c4c0": {
                                "create": 600000000000,
                                "delete": 1200000000000
                            },
                            "schema_version": "1"
                        },
                        "tainted": false
                    },
                    "deposed": [],
                    "provider": "provider.aws"
                },
                "aws_subnet.prod_public_subnet.1": {
                    "type": "aws_subnet",
                    "depends_on": [
                        "aws_vpc.this",
                        "data.aws_availability_zones.available"
                    ],
                    "primary": {
                        "id": "subnet-0d3e6eaaa65827b99",
                        "attributes": {
                            "arn": "arn:aws:ec2:ap-south-1:536612919621:subnet/subnet-0d3e6eaaa65827b99",
                            "assign_ipv6_address_on_creation": "false",
                            "availability_zone": "ap-south-1b",
                            "availability_zone_id": "aps1-az3",
                            "cidr_block": "10.0.220.0/22",
                            "id": "subnet-0d3e6eaaa65827b99",
                            "ipv6_cidr_block": "",
                            "ipv6_cidr_block_association_id": "",
                            "map_public_ip_on_launch": "false",
                            "owner_id": "536612919621",
                            "tags.%": "3",
                            "tags.Name": "Prod_Public_subnet_ap-south-1b",
                            "tags.kubernetes.io/cluster/voice-services-production-cluster": "owned",
                            "tags.kubernetes.io/role/elb": "1",
                            "vpc_id": "vpc-0b0be5d04b725b931"
                        },
                        "meta": {
                            "e2bfb730-ecaa-11e6-8f88-34363bc7c4c0": {
                                "create": 600000000000,
                                "delete": 1200000000000
                            },
                            "schema_version": "1"
                        },
                        "tainted": false
                    },
                    "deposed": [],
                    "provider": "provider.aws"
                },
                "aws_subnet.prod_public_subnet.2": {
                    "type": "aws_subnet",
                    "depends_on": [
                        "aws_vpc.this",
                        "data.aws_availability_zones.available"
                    ],
                    "primary": {
                        "id": "subnet-00c7b40aa26338765",
                        "attributes": {
                            "arn": "arn:aws:ec2:ap-south-1:536612919621:subnet/subnet-00c7b40aa26338765",
                            "assign_ipv6_address_on_creation": "false",
                            "availability_zone": "ap-south-1c",
                            "availability_zone_id": "aps1-az2",
                            "cidr_block": "10.0.224.0/22",
                            "id": "subnet-00c7b40aa26338765",
                            "ipv6_cidr_block": "",
                            "ipv6_cidr_block_association_id": "",
                            "map_public_ip_on_launch": "false",
                            "owner_id": "536612919621",
                            "tags.%": "3",
                            "tags.Name": "Prod_Public_subnet_ap-south-1c",
                            "tags.kubernetes.io/cluster/voice-services-production-cluster": "owned",
                            "tags.kubernetes.io/role/elb": "1",
                            "vpc_id": "vpc-0b0be5d04b725b931"
                        },
                        "meta": {
                            "e2bfb730-ecaa-11e6-8f88-34363bc7c4c0": {
                                "create": 600000000000,
                                "delete": 1200000000000
                            },
                            "schema_version": "1"
                        },
                        "tainted": false
                    },
                    "deposed": [],
                    "provider": "provider.aws"
                },
                "aws_subnet.prod_rds_subnet.0": {
                    "type": "aws_subnet",
                    "depends_on": [
                        "aws_vpc.this",
                        "data.aws_availability_zones.available"
                    ],
                    "primary": {
                        "id": "subnet-0ee9111cba26d849c",
                        "attributes": {
                            "arn": "arn:aws:ec2:ap-south-1:536612919621:subnet/subnet-0ee9111cba26d849c",
                            "assign_ipv6_address_on_creation": "false",
                            "availability_zone": "ap-south-1a",
                            "availability_zone_id": "aps1-az1",
                            "cidr_block": "10.0.168.0/21",
                            "id": "subnet-0ee9111cba26d849c",
                            "ipv6_cidr_block": "",
                            "ipv6_cidr_block_association_id": "",
                            "map_public_ip_on_launch": "false",
                            "owner_id": "536612919621",
                            "tags.%": "1",
                            "tags.Name": "Prod-rds_ap-south-1a",
                            "vpc_id": "vpc-0b0be5d04b725b931"
                        },
                        "meta": {
                            "e2bfb730-ecaa-11e6-8f88-34363bc7c4c0": {
                                "create": 600000000000,
                                "delete": 1200000000000
                            },
                            "schema_version": "1"
                        },
                        "tainted": false
                    },
                    "deposed": [],
                    "provider": "provider.aws"
                },
                "aws_subnet.prod_rds_subnet.1": {
                    "type": "aws_subnet",
                    "depends_on": [
                        "aws_vpc.this",
                        "data.aws_availability_zones.available"
                    ],
                    "primary": {
                        "id": "subnet-030fa5b52e41be8fb",
                        "attributes": {
                            "arn": "arn:aws:ec2:ap-south-1:536612919621:subnet/subnet-030fa5b52e41be8fb",
                            "assign_ipv6_address_on_creation": "false",
                            "availability_zone": "ap-south-1b",
                            "availability_zone_id": "aps1-az3",
                            "cidr_block": "10.0.176.0/21",
                            "id": "subnet-030fa5b52e41be8fb",
                            "ipv6_cidr_block": "",
                            "ipv6_cidr_block_association_id": "",
                            "map_public_ip_on_launch": "false",
                            "owner_id": "536612919621",
                            "tags.%": "1",
                            "tags.Name": "Prod-rds_ap-south-1b",
                            "vpc_id": "vpc-0b0be5d04b725b931"
                        },
                        "meta": {
                            "e2bfb730-ecaa-11e6-8f88-34363bc7c4c0": {
                                "create": 600000000000,
                                "delete": 1200000000000
                            },
                            "schema_version": "1"
                        },
                        "tainted": false
                    },
                    "deposed": [],
                    "provider": "provider.aws"
                },
                "aws_subnet.prod_rds_subnet.2": {
                    "type": "aws_subnet",
                    "depends_on": [
                        "aws_vpc.this",
                        "data.aws_availability_zones.available"
                    ],
                    "primary": {
                        "id": "subnet-0304ef6f0ee47b60e",
                        "attributes": {
                            "arn": "arn:aws:ec2:ap-south-1:536612919621:subnet/subnet-0304ef6f0ee47b60e",
                            "assign_ipv6_address_on_creation": "false",
                            "availability_zone": "ap-south-1c",
                            "availability_zone_id": "aps1-az2",
                            "cidr_block": "10.0.184.0/21",
                            "id": "subnet-0304ef6f0ee47b60e",
                            "ipv6_cidr_block": "",
                            "ipv6_cidr_block_association_id": "",
                            "map_public_ip_on_launch": "false",
                            "owner_id": "536612919621",
                            "tags.%": "1",
                            "tags.Name": "Prod-rds_ap-south-1c",
                            "vpc_id": "vpc-0b0be5d04b725b931"
                        },
                        "meta": {
                            "e2bfb730-ecaa-11e6-8f88-34363bc7c4c0": {
                                "create": 600000000000,
                                "delete": 1200000000000
                            },
                            "schema_version": "1"
                        },
                        "tainted": false
                    },
                    "deposed": [],
                    "provider": "provider.aws"
                },
                "aws_subnet.prod_worker_subnet.0": {
                    "type": "aws_subnet",
                    "depends_on": [
                        "aws_vpc.this",
                        "data.aws_availability_zones.available"
                    ],
                    "primary": {
                        "id": "subnet-0fb91ba52c8a09236",
                        "attributes": {
                            "arn": "arn:aws:ec2:ap-south-1:536612919621:subnet/subnet-0fb91ba52c8a09236",
                            "assign_ipv6_address_on_creation": "false",
                            "availability_zone": "ap-south-1a",
                            "availability_zone_id": "aps1-az1",
                            "cidr_block": "10.0.96.0/20",
                            "id": "subnet-0fb91ba52c8a09236",
                            "ipv6_cidr_block": "",
                            "ipv6_cidr_block_association_id": "",
                            "map_public_ip_on_launch": "false",
                            "owner_id": "536612919621",
                            "tags.%": "1",
                            "tags.Name": "Prod-Worker_ap-south-1a",
                            "vpc_id": "vpc-0b0be5d04b725b931"
                        },
                        "meta": {
                            "e2bfb730-ecaa-11e6-8f88-34363bc7c4c0": {
                                "create": 600000000000,
                                "delete": 1200000000000
                            },
                            "schema_version": "1"
                        },
                        "tainted": false
                    },
                    "deposed": [],
                    "provider": "provider.aws"
                },
                "aws_subnet.prod_worker_subnet.1": {
                    "type": "aws_subnet",
                    "depends_on": [
                        "aws_vpc.this",
                        "data.aws_availability_zones.available"
                    ],
                    "primary": {
                        "id": "subnet-002eee3d2101191b6",
                        "attributes": {
                            "arn": "arn:aws:ec2:ap-south-1:536612919621:subnet/subnet-002eee3d2101191b6",
                            "assign_ipv6_address_on_creation": "false",
                            "availability_zone": "ap-south-1b",
                            "availability_zone_id": "aps1-az3",
                            "cidr_block": "10.0.112.0/20",
                            "id": "subnet-002eee3d2101191b6",
                            "ipv6_cidr_block": "",
                            "ipv6_cidr_block_association_id": "",
                            "map_public_ip_on_launch": "false",
                            "owner_id": "536612919621",
                            "tags.%": "1",
                            "tags.Name": "Prod-Worker_ap-south-1b",
                            "vpc_id": "vpc-0b0be5d04b725b931"
                        },
                        "meta": {
                            "e2bfb730-ecaa-11e6-8f88-34363bc7c4c0": {
                                "create": 600000000000,
                                "delete": 1200000000000
                            },
                            "schema_version": "1"
                        },
                        "tainted": false
                    },
                    "deposed": [],
                    "provider": "provider.aws"
                },
                "aws_subnet.prod_worker_subnet.2": {
                    "type": "aws_subnet",
                    "depends_on": [
                        "aws_vpc.this",
                        "data.aws_availability_zones.available"
                    ],
                    "primary": {
                        "id": "subnet-033f2bad5d772d0ae",
                        "attributes": {
                            "arn": "arn:aws:ec2:ap-south-1:536612919621:subnet/subnet-033f2bad5d772d0ae",
                            "assign_ipv6_address_on_creation": "false",
                            "availability_zone": "ap-south-1c",
                            "availability_zone_id": "aps1-az2",
                            "cidr_block": "10.0.128.0/20",
                            "id": "subnet-033f2bad5d772d0ae",
                            "ipv6_cidr_block": "",
                            "ipv6_cidr_block_association_id": "",
                            "map_public_ip_on_launch": "false",
                            "owner_id": "536612919621",
                            "tags.%": "1",
                            "tags.Name": "Prod-Worker_ap-south-1c",
                            "vpc_id": "vpc-0b0be5d04b725b931"
                        },
                        "meta": {
                            "e2bfb730-ecaa-11e6-8f88-34363bc7c4c0": {
                                "create": 600000000000,
                                "delete": 1200000000000
                            },
                            "schema_version": "1"
                        },
                        "tainted": false
                    },
                    "deposed": [],
                    "provider": "provider.aws"
                },
                "aws_subnet.public_subnet.0": {
                    "type": "aws_subnet",
                    "depends_on": [
                        "aws_vpc.this",
                        "data.aws_availability_zones.available"
                    ],
                    "primary": {
                        "id": "subnet-071fecd72ef001042",
                        "attributes": {
                            "arn": "arn:aws:ec2:ap-south-1:536612919621:subnet/subnet-071fecd72ef001042",
                            "assign_ipv6_address_on_creation": "false",
                            "availability_zone": "ap-south-1a",
                            "availability_zone_id": "aps1-az1",
                            "cidr_block": "10.0.192.0/22",
                            "id": "subnet-071fecd72ef001042",
                            "ipv6_cidr_block": "",
                            "ipv6_cidr_block_association_id": "",
                            "map_public_ip_on_launch": "false",
                            "owner_id": "536612919621",
                            "tags.%": "3",
                            "tags.Name": "Public_subnet_ap-south-1a",
                            "tags.kubernetes.io/cluster/voice-services-staging-cluster": "owned",
                            "tags.kubernetes.io/role/elb": "1",
                            "vpc_id": "vpc-0b0be5d04b725b931"
                        },
                        "meta": {
                            "e2bfb730-ecaa-11e6-8f88-34363bc7c4c0": {
                                "create": 600000000000,
                                "delete": 1200000000000
                            },
                            "schema_version": "1"
                        },
                        "tainted": false
                    },
                    "deposed": [],
                    "provider": "provider.aws"
                },
                "aws_subnet.public_subnet.1": {
                    "type": "aws_subnet",
                    "depends_on": [
                        "aws_vpc.this",
                        "data.aws_availability_zones.available"
                    ],
                    "primary": {
                        "id": "subnet-0d748cbbd7c09216e",
                        "attributes": {
                            "arn": "arn:aws:ec2:ap-south-1:536612919621:subnet/subnet-0d748cbbd7c09216e",
                            "assign_ipv6_address_on_creation": "false",
                            "availability_zone": "ap-south-1b",
                            "availability_zone_id": "aps1-az3",
                            "cidr_block": "10.0.196.0/22",
                            "id": "subnet-0d748cbbd7c09216e",
                            "ipv6_cidr_block": "",
                            "ipv6_cidr_block_association_id": "",
                            "map_public_ip_on_launch": "false",
                            "owner_id": "536612919621",
                            "tags.%": "3",
                            "tags.Name": "Public_subnet_ap-south-1b",
                            "tags.kubernetes.io/cluster/voice-services-staging-cluster": "owned",
                            "tags.kubernetes.io/role/elb": "1",
                            "vpc_id": "vpc-0b0be5d04b725b931"
                        },
                        "meta": {
                            "e2bfb730-ecaa-11e6-8f88-34363bc7c4c0": {
                                "create": 600000000000,
                                "delete": 1200000000000
                            },
                            "schema_version": "1"
                        },
                        "tainted": false
                    },
                    "deposed": [],
                    "provider": "provider.aws"
                },
                "aws_subnet.public_subnet.2": {
                    "type": "aws_subnet",
                    "depends_on": [
                        "aws_vpc.this",
                        "data.aws_availability_zones.available"
                    ],
                    "primary": {
                        "id": "subnet-00c98c0633e7310a7",
                        "attributes": {
                            "arn": "arn:aws:ec2:ap-south-1:536612919621:subnet/subnet-00c98c0633e7310a7",
                            "assign_ipv6_address_on_creation": "false",
                            "availability_zone": "ap-south-1c",
                            "availability_zone_id": "aps1-az2",
                            "cidr_block": "10.0.200.0/22",
                            "id": "subnet-00c98c0633e7310a7",
                            "ipv6_cidr_block": "",
                            "ipv6_cidr_block_association_id": "",
                            "map_public_ip_on_launch": "false",
                            "owner_id": "536612919621",
                            "tags.%": "3",
                            "tags.Name": "Public_subnet_ap-south-1c",
                            "tags.kubernetes.io/cluster/voice-services-staging-cluster": "owned",
                            "tags.kubernetes.io/role/elb": "1",
                            "vpc_id": "vpc-0b0be5d04b725b931"
                        },
                        "meta": {
                            "e2bfb730-ecaa-11e6-8f88-34363bc7c4c0": {
                                "create": 600000000000,
                                "delete": 1200000000000
                            },
                            "schema_version": "1"
                        },
                        "tainted": false
                    },
                    "deposed": [],
                    "provider": "provider.aws"
                },
                "aws_subnet.stagging_rds_subnet.0": {
                    "type": "aws_subnet",
                    "depends_on": [
                        "aws_vpc.this",
                        "data.aws_availability_zones.available"
                    ],
                    "primary": {
                        "id": "subnet-0ffcd9a13615f0260",
                        "attributes": {
                            "arn": "arn:aws:ec2:ap-south-1:536612919621:subnet/subnet-0ffcd9a13615f0260",
                            "assign_ipv6_address_on_creation": "false",
                            "availability_zone": "ap-south-1a",
                            "availability_zone_id": "aps1-az1",
                            "cidr_block": "10.0.144.0/21",
                            "id": "subnet-0ffcd9a13615f0260",
                            "ipv6_cidr_block": "",
                            "ipv6_cidr_block_association_id": "",
                            "map_public_ip_on_launch": "false",
                            "owner_id": "536612919621",
                            "tags.%": "1",
                            "tags.Name": "Stagging-rds_ap-south-1a",
                            "vpc_id": "vpc-0b0be5d04b725b931"
                        },
                        "meta": {
                            "e2bfb730-ecaa-11e6-8f88-34363bc7c4c0": {
                                "create": 600000000000,
                                "delete": 1200000000000
                            },
                            "schema_version": "1"
                        },
                        "tainted": false
                    },
                    "deposed": [],
                    "provider": "provider.aws"
                },
                "aws_subnet.stagging_rds_subnet.1": {
                    "type": "aws_subnet",
                    "depends_on": [
                        "aws_vpc.this",
                        "data.aws_availability_zones.available"
                    ],
                    "primary": {
                        "id": "subnet-0e8acd732dcf026bd",
                        "attributes": {
                            "arn": "arn:aws:ec2:ap-south-1:536612919621:subnet/subnet-0e8acd732dcf026bd",
                            "assign_ipv6_address_on_creation": "false",
                            "availability_zone": "ap-south-1b",
                            "availability_zone_id": "aps1-az3",
                            "cidr_block": "10.0.152.0/21",
                            "id": "subnet-0e8acd732dcf026bd",
                            "ipv6_cidr_block": "",
                            "ipv6_cidr_block_association_id": "",
                            "map_public_ip_on_launch": "false",
                            "owner_id": "536612919621",
                            "tags.%": "1",
                            "tags.Name": "Stagging-rds_ap-south-1b",
                            "vpc_id": "vpc-0b0be5d04b725b931"
                        },
                        "meta": {
                            "e2bfb730-ecaa-11e6-8f88-34363bc7c4c0": {
                                "create": 600000000000,
                                "delete": 1200000000000
                            },
                            "schema_version": "1"
                        },
                        "tainted": false
                    },
                    "deposed": [],
                    "provider": "provider.aws"
                },
                "aws_subnet.stagging_rds_subnet.2": {
                    "type": "aws_subnet",
                    "depends_on": [
                        "aws_vpc.this",
                        "data.aws_availability_zones.available"
                    ],
                    "primary": {
                        "id": "subnet-0d53db4eeb03ba9cd",
                        "attributes": {
                            "arn": "arn:aws:ec2:ap-south-1:536612919621:subnet/subnet-0d53db4eeb03ba9cd",
                            "assign_ipv6_address_on_creation": "false",
                            "availability_zone": "ap-south-1c",
                            "availability_zone_id": "aps1-az2",
                            "cidr_block": "10.0.160.0/21",
                            "id": "subnet-0d53db4eeb03ba9cd",
                            "ipv6_cidr_block": "",
                            "ipv6_cidr_block_association_id": "",
                            "map_public_ip_on_launch": "false",
                            "owner_id": "536612919621",
                            "tags.%": "1",
                            "tags.Name": "Stagging-rds_ap-south-1c",
                            "vpc_id": "vpc-0b0be5d04b725b931"
                        },
                        "meta": {
                            "e2bfb730-ecaa-11e6-8f88-34363bc7c4c0": {
                                "create": 600000000000,
                                "delete": 1200000000000
                            },
                            "schema_version": "1"
                        },
                        "tainted": false
                    },
                    "deposed": [],
                    "provider": "provider.aws"
                },
                "aws_subnet.stagging_worker_subnet.0": {
                    "type": "aws_subnet",
                    "depends_on": [
                        "aws_vpc.this",
                        "data.aws_availability_zones.available"
                    ],
                    "primary": {
                        "id": "subnet-0b1af09f80b3226b4",
                        "attributes": {
                            "arn": "arn:aws:ec2:ap-south-1:536612919621:subnet/subnet-0b1af09f80b3226b4",
                            "assign_ipv6_address_on_creation": "false",
                            "availability_zone": "ap-south-1a",
                            "availability_zone_id": "aps1-az1",
                            "cidr_block": "10.0.48.0/20",
                            "id": "subnet-0b1af09f80b3226b4",
                            "ipv6_cidr_block": "",
                            "ipv6_cidr_block_association_id": "",
                            "map_public_ip_on_launch": "false",
                            "owner_id": "536612919621",
                            "tags.%": "1",
                            "tags.Name": "Stagging-Worker_ap-south-1a",
                            "vpc_id": "vpc-0b0be5d04b725b931"
                        },
                        "meta": {
                            "e2bfb730-ecaa-11e6-8f88-34363bc7c4c0": {
                                "create": 600000000000,
                                "delete": 1200000000000
                            },
                            "schema_version": "1"
                        },
                        "tainted": false
                    },
                    "deposed": [],
                    "provider": "provider.aws"
                },
                "aws_subnet.stagging_worker_subnet.1": {
                    "type": "aws_subnet",
                    "depends_on": [
                        "aws_vpc.this",
                        "data.aws_availability_zones.available"
                    ],
                    "primary": {
                        "id": "subnet-02eeb2e81372497a1",
                        "attributes": {
                            "arn": "arn:aws:ec2:ap-south-1:536612919621:subnet/subnet-02eeb2e81372497a1",
                            "assign_ipv6_address_on_creation": "false",
                            "availability_zone": "ap-south-1b",
                            "availability_zone_id": "aps1-az3",
                            "cidr_block": "10.0.64.0/20",
                            "id": "subnet-02eeb2e81372497a1",
                            "ipv6_cidr_block": "",
                            "ipv6_cidr_block_association_id": "",
                            "map_public_ip_on_launch": "false",
                            "owner_id": "536612919621",
                            "tags.%": "1",
                            "tags.Name": "Stagging-Worker_ap-south-1b",
                            "vpc_id": "vpc-0b0be5d04b725b931"
                        },
                        "meta": {
                            "e2bfb730-ecaa-11e6-8f88-34363bc7c4c0": {
                                "create": 600000000000,
                                "delete": 1200000000000
                            },
                            "schema_version": "1"
                        },
                        "tainted": false
                    },
                    "deposed": [],
                    "provider": "provider.aws"
                },
                "aws_subnet.stagging_worker_subnet.2": {
                    "type": "aws_subnet",
                    "depends_on": [
                        "aws_vpc.this",
                        "data.aws_availability_zones.available"
                    ],
                    "primary": {
                        "id": "subnet-0c142ecb0f3a5321c",
                        "attributes": {
                            "arn": "arn:aws:ec2:ap-south-1:536612919621:subnet/subnet-0c142ecb0f3a5321c",
                            "assign_ipv6_address_on_creation": "false",
                            "availability_zone": "ap-south-1c",
                            "availability_zone_id": "aps1-az2",
                            "cidr_block": "10.0.80.0/20",
                            "id": "subnet-0c142ecb0f3a5321c",
                            "ipv6_cidr_block": "",
                            "ipv6_cidr_block_association_id": "",
                            "map_public_ip_on_launch": "false",
                            "owner_id": "536612919621",
                            "tags.%": "1",
                            "tags.Name": "Stagging-Worker_ap-south-1c",
                            "vpc_id": "vpc-0b0be5d04b725b931"
                        },
                        "meta": {
                            "e2bfb730-ecaa-11e6-8f88-34363bc7c4c0": {
                                "create": 600000000000,
                                "delete": 1200000000000
                            },
                            "schema_version": "1"
                        },
                        "tainted": false
                    },
                    "deposed": [],
                    "provider": "provider.aws"
                },
                "aws_vpc.this": {
                    "type": "aws_vpc",
                    "depends_on": [],
                    "primary": {
                        "id": "vpc-0b0be5d04b725b931",
                        "attributes": {
                            "arn": "arn:aws:ec2:ap-south-1:536612919621:vpc/vpc-0b0be5d04b725b931",
                            "assign_generated_ipv6_cidr_block": "false",
                            "cidr_block": "10.0.0.0/16",
                            "default_network_acl_id": "acl-0194ab3fa9b724345",
                            "default_route_table_id": "rtb-0f4c130b6ccd9ef85",
                            "default_security_group_id": "sg-0ef5bec7b0f834cf7",
                            "dhcp_options_id": "dopt-2911a740",
                            "enable_dns_hostnames": "true",
                            "enable_dns_support": "true",
                            "id": "vpc-0b0be5d04b725b931",
                            "instance_tenancy": "default",
                            "ipv6_association_id": "",
                            "ipv6_cidr_block": "",
                            "main_route_table_id": "rtb-0f4c130b6ccd9ef85",
                            "owner_id": "536612919621",
                            "tags.%": "1",
                            "tags.Name": "vernacular-vpc"
                        },
                        "meta": {
                            "schema_version": "1"
                        },
                        "tainted": false
                    },
                    "deposed": [],
                    "provider": "provider.aws"
                },
                "data.aws_availability_zones.available": {
                    "type": "aws_availability_zones",
                    "depends_on": [],
                    "primary": {
                        "id": "2019-07-14 05:22:44.008402 +0000 UTC",
                        "attributes": {
                            "id": "2019-07-14 05:22:44.008402 +0000 UTC",
                            "names.#": "3",
                            "names.0": "ap-south-1a",
                            "names.1": "ap-south-1b",
                            "names.2": "ap-south-1c",
                            "zone_ids.#": "3",
                            "zone_ids.0": "aps1-az1",
                            "zone_ids.1": "aps1-az3",
                            "zone_ids.2": "aps1-az2"
                        },
                        "meta": {},
                        "tainted": false
                    },
                    "deposed": [],
                    "provider": "provider.aws"
                }
            },
            "depends_on": []
        }
    ]
}
