{
    "version": 3,
    "terraform_version": "0.11.14",
    "serial": 5,
    "lineage": "1140a813-58c7-24bf-b558-215c08e2add4",
    "modules": [
        {
            "path": [
                "root"
            ],
            "outputs": {
                "staging-config_map_aws_auth": {
                    "sensitive": false,
                    "type": "string",
                    "value": "\n\napiVersion: v1\nkind: ConfigMap\nmetadata:\n  name: aws-auth\n  namespace: kube-system\ndata:\n  mapRoles: |\n    - rolearn: arn:aws:iam::536612919621:role/voice-services-staging-worker-nodes\n      username: system:node:{{EC2PrivateDNSName}}\n      groups:\n        - system:bootstrappers\n        - system:nodes\n"
                },
                "staging-kubeconfig": {
                    "sensitive": false,
                    "type": "string",
                    "value": "\n\napiVersion: v1\nclusters:\n- cluster:\n    server: https://825700365658DE9D00F6024C9CC631CE.yl4.ap-south-1.eks.amazonaws.com\n    certificate-authority-data: LS0tLS1CRUdJTiBDRVJUSUZJQ0FURS0tLS0tCk1JSUN5RENDQWJDZ0F3SUJBZ0lCQURBTkJna3Foa2lHOXcwQkFRc0ZBREFWTVJNd0VRWURWUVFERXdwcmRXSmwKY201bGRHVnpNQjRYRFRFNU1Ea3dNakEzTXpjeE1Gb1hEVEk1TURnek1EQTNNemN4TUZvd0ZURVRNQkVHQTFVRQpBeE1LYTNWaVpYSnVaWFJsY3pDQ0FTSXdEUVlKS29aSWh2Y05BUUVCQlFBRGdnRVBBRENDQVFvQ2dnRUJBTTQ0CktuK21FSWRYNEprb0Y1WFJZcmc4LzBSUUY0Yll6eU1SYlMzVlhyNWlqamQyR0IwT2tlTzhBNWpjenI2N05ZKzYKWVdYaHhGVSsyUWFIWGhkbU56alpjS3lTUVdhQ2xMSnpLWTV2L2lvZEN6akJ4ZWQ2cWVOMittcjJIMDJHMEZlYgpKMkNILys1UnJic05kd3d6czFlTnVIZ3hQa3ZYNGpndVJTTHBsNElIb3lNSWxFMUJybDhLZmdiVVdPSVFqU0hZCmpnSU56R3JMSytZcUVjTHFoOUwxbW1kTnF1aEJJbTN6YlRFdHNxWStXclpvKzJ6Q2tBaEQ0UFQ4RjE4ZSt2TVIKaUI2OFh5NnZpZFdsMXR3VlBHUTJBbDczNnlhQUFFYW5PbU03N01xY0laalFXYjlRRU03OFNxSVJDQ0NCWGhMQgpwdDQ1cXN3M2RqY0F0V0FRYVdFQ0F3RUFBYU1qTUNFd0RnWURWUjBQQVFIL0JBUURBZ0trTUE4R0ExVWRFd0VCCi93UUZNQU1CQWY4d0RRWUpLb1pJaHZjTkFRRUxCUUFEZ2dFQkFHclhnVHl5NjNILzFGeTN5SUVaUlI3Zm9BeEwKa2trR1Frb01KcjcrUDFiV0lsaFNTTnh3NW1CZXYwN3pwMERKTW8wTjgyLzh3N1FHMlJhRG9aa2R3Q2tDdVZoWApxeVFaTURqMlZkLzRxbjk4dCtIYXNRVGtBdzNjOFNrNHMrRlNmaFlYWHJqUUJKT2FDcDBQenlIQVBTVmtXMGRDClZpYVlwT3dLaXp2MXpqZU1lQ0I4SEJpL0puN3ZyWjI4RnpZRU9MUUYrSm5ueE00USt1M0ttR3Jua3hsSjF1anEKaG81YlIwaWJvNnNKcWNjeDBoNHQ3S09wSkNsM2M0eklYaDVIL3JOSGVNZHNoazgxZHUxSTdlK2VUWW1za1Z1awpxSlhoenk1ZTduYWN0VEZqYndnZlFMVzdWL0FzNlk4VFZRc3JUbi9heCtQRUJsYkd5MG1vMUx2c0ExVT0KLS0tLS1FTkQgQ0VSVElGSUNBVEUtLS0tLQo=\n  name: kubernetes\ncontexts:\n- context:\n    cluster: kubernetes\n    user: aws\n  name: staging\ncurrent-context: staging\nkind: Config\npreferences: {}\nusers:\n- name: aws\n  user:\n    exec:\n      apiVersion: client.authentication.k8s.io/v1alpha1\n      command: aws-iam-authenticator\n      args:\n        - \"token\"\n        - \"-i\"\n        - \"voice-services-staging-cluster\"\n"
                }
            },
            "resources": {},
            "depends_on": []
        },
        {
            "path": [
                "root",
                "eks"
            ],
            "outputs": {
                "cluster-name": {
                    "sensitive": false,
                    "type": "string",
                    "value": "voice-services-staging-cluster"
                },
                "config_map_aws_auth": {
                    "sensitive": false,
                    "type": "string",
                    "value": "\n\napiVersion: v1\nkind: ConfigMap\nmetadata:\n  name: aws-auth\n  namespace: kube-system\ndata:\n  mapRoles: |\n    - rolearn: arn:aws:iam::536612919621:role/voice-services-staging-worker-nodes\n      username: system:node:{{EC2PrivateDNSName}}\n      groups:\n        - system:bootstrappers\n        - system:nodes\n"
                },
                "kubeconfig": {
                    "sensitive": false,
                    "type": "string",
                    "value": "\n\napiVersion: v1\nclusters:\n- cluster:\n    server: https://825700365658DE9D00F6024C9CC631CE.yl4.ap-south-1.eks.amazonaws.com\n    certificate-authority-data: LS0tLS1CRUdJTiBDRVJUSUZJQ0FURS0tLS0tCk1JSUN5RENDQWJDZ0F3SUJBZ0lCQURBTkJna3Foa2lHOXcwQkFRc0ZBREFWTVJNd0VRWURWUVFERXdwcmRXSmwKY201bGRHVnpNQjRYRFRFNU1Ea3dNakEzTXpjeE1Gb1hEVEk1TURnek1EQTNNemN4TUZvd0ZURVRNQkVHQTFVRQpBeE1LYTNWaVpYSnVaWFJsY3pDQ0FTSXdEUVlKS29aSWh2Y05BUUVCQlFBRGdnRVBBRENDQVFvQ2dnRUJBTTQ0CktuK21FSWRYNEprb0Y1WFJZcmc4LzBSUUY0Yll6eU1SYlMzVlhyNWlqamQyR0IwT2tlTzhBNWpjenI2N05ZKzYKWVdYaHhGVSsyUWFIWGhkbU56alpjS3lTUVdhQ2xMSnpLWTV2L2lvZEN6akJ4ZWQ2cWVOMittcjJIMDJHMEZlYgpKMkNILys1UnJic05kd3d6czFlTnVIZ3hQa3ZYNGpndVJTTHBsNElIb3lNSWxFMUJybDhLZmdiVVdPSVFqU0hZCmpnSU56R3JMSytZcUVjTHFoOUwxbW1kTnF1aEJJbTN6YlRFdHNxWStXclpvKzJ6Q2tBaEQ0UFQ4RjE4ZSt2TVIKaUI2OFh5NnZpZFdsMXR3VlBHUTJBbDczNnlhQUFFYW5PbU03N01xY0laalFXYjlRRU03OFNxSVJDQ0NCWGhMQgpwdDQ1cXN3M2RqY0F0V0FRYVdFQ0F3RUFBYU1qTUNFd0RnWURWUjBQQVFIL0JBUURBZ0trTUE4R0ExVWRFd0VCCi93UUZNQU1CQWY4d0RRWUpLb1pJaHZjTkFRRUxCUUFEZ2dFQkFHclhnVHl5NjNILzFGeTN5SUVaUlI3Zm9BeEwKa2trR1Frb01KcjcrUDFiV0lsaFNTTnh3NW1CZXYwN3pwMERKTW8wTjgyLzh3N1FHMlJhRG9aa2R3Q2tDdVZoWApxeVFaTURqMlZkLzRxbjk4dCtIYXNRVGtBdzNjOFNrNHMrRlNmaFlYWHJqUUJKT2FDcDBQenlIQVBTVmtXMGRDClZpYVlwT3dLaXp2MXpqZU1lQ0I4SEJpL0puN3ZyWjI4RnpZRU9MUUYrSm5ueE00USt1M0ttR3Jua3hsSjF1anEKaG81YlIwaWJvNnNKcWNjeDBoNHQ3S09wSkNsM2M0eklYaDVIL3JOSGVNZHNoazgxZHUxSTdlK2VUWW1za1Z1awpxSlhoenk1ZTduYWN0VEZqYndnZlFMVzdWL0FzNlk4VFZRc3JUbi9heCtQRUJsYkd5MG1vMUx2c0ExVT0KLS0tLS1FTkQgQ0VSVElGSUNBVEUtLS0tLQo=\n  name: kubernetes\ncontexts:\n- context:\n    cluster: kubernetes\n    user: aws\n  name: staging\ncurrent-context: staging\nkind: Config\npreferences: {}\nusers:\n- name: aws\n  user:\n    exec:\n      apiVersion: client.authentication.k8s.io/v1alpha1\n      command: aws-iam-authenticator\n      args:\n        - \"token\"\n        - \"-i\"\n        - \"voice-services-staging-cluster\"\n"
                }
            },
            "resources": {
                "aws_autoscaling_group.workers_launch_template_mixed": {
                    "type": "aws_autoscaling_group",
                    "depends_on": [
                        "aws_launch_template.workers_launch_template_mixed"
                    ],
                    "primary": {
                        "id": "voice-services-staging-cluster-template2019090207392657450000000d",
                        "attributes": {
                            "arn": "arn:aws:autoscaling:ap-south-1:536612919621:autoScalingGroup:cfb31868-80e1-417e-adaf-c1144fd35a00:autoScalingGroupName/voice-services-staging-cluster-template2019090207392657450000000d",
                            "availability_zones.#": "3",
                            "availability_zones.1163474009": "ap-south-1a",
                            "availability_zones.2874627445": "ap-south-1c",
                            "availability_zones.3696256483": "ap-south-1b",
                            "default_cooldown": "300",
                            "desired_capacity": "2",
                            "enabled_metrics.#": "0",
                            "force_delete": "true",
                            "health_check_grace_period": "300",
                            "health_check_type": "EC2",
                            "id": "voice-services-staging-cluster-template2019090207392657450000000d",
                            "launch_configuration": "",
                            "launch_template.#": "0",
                            "load_balancers.#": "0",
                            "max_size": "3",
                            "metrics_granularity": "1Minute",
                            "min_size": "2",
                            "mixed_instances_policy.#": "1",
                            "mixed_instances_policy.0.instances_distribution.#": "1",
                            "mixed_instances_policy.0.instances_distribution.0.on_demand_allocation_strategy": "prioritized",
                            "mixed_instances_policy.0.instances_distribution.0.on_demand_base_capacity": "1",
                            "mixed_instances_policy.0.instances_distribution.0.on_demand_percentage_above_base_capacity": "80",
                            "mixed_instances_policy.0.instances_distribution.0.spot_allocation_strategy": "lowest-price",
                            "mixed_instances_policy.0.instances_distribution.0.spot_instance_pools": "3",
                            "mixed_instances_policy.0.instances_distribution.0.spot_max_price": "0.11",
                            "mixed_instances_policy.0.launch_template.#": "1",
                            "mixed_instances_policy.0.launch_template.0.launch_template_specification.#": "1",
                            "mixed_instances_policy.0.launch_template.0.launch_template_specification.0.launch_template_id": "lt-00da3c8d0fc83c1ae",
                            "mixed_instances_policy.0.launch_template.0.launch_template_specification.0.launch_template_name": "staging-worker-node2019090207392391550000000b",
                            "mixed_instances_policy.0.launch_template.0.launch_template_specification.0.version": "$Default",
                            "mixed_instances_policy.0.launch_template.0.override.#": "2",
                            "mixed_instances_policy.0.launch_template.0.override.0.instance_type": "t2.micro",
                            "mixed_instances_policy.0.launch_template.0.override.1.instance_type": "t2.medium",
                            "name": "voice-services-staging-cluster-template2019090207392657450000000d",
                            "name_prefix": "voice-services-staging-cluster-template",
                            "placement_group": "",
                            "protect_from_scale_in": "false",
                            "service_linked_role_arn": "arn:aws:iam::536612919621:role/aws-service-role/autoscaling.amazonaws.com/AWSServiceRoleForAutoScaling",
                            "suspended_processes.#": "0",
                            "tag.#": "4",
                            "tag.1706585167.key": "kubernetes.io/cluster/voice-services-staging-cluster",
                            "tag.1706585167.propagate_at_launch": "true",
                            "tag.1706585167.value": "owned",
                            "tag.3152073210.key": "k8s.io/cluster-autoscaler/enabled",
                            "tag.3152073210.propagate_at_launch": "true",
                            "tag.3152073210.value": "",
                            "tag.3881362520.key": "Name",
                            "tag.3881362520.propagate_at_launch": "true",
                            "tag.3881362520.value": "staging-worker-nodes",
                            "tag.4097103666.key": "k8s.io/cluster-autoscaler/voice-services-staging-cluster",
                            "tag.4097103666.propagate_at_launch": "true",
                            "tag.4097103666.value": "",
                            "target_group_arns.#": "0",
                            "termination_policies.#": "0",
                            "vpc_zone_identifier.#": "3",
                            "vpc_zone_identifier.1249607084": "subnet-01c7eef96dd977406",
                            "vpc_zone_identifier.2884831778": "subnet-0b963de6dbb0bf8be",
                            "vpc_zone_identifier.3508824420": "subnet-08734867c9a78bd2a",
                            "wait_for_capacity_timeout": "10m"
                        },
                        "meta": {
                            "e2bfb730-ecaa-11e6-8f88-34363bc7c4c0": {
                                "delete": 600000000000
                            }
                        },
                        "tainted": false
                    },
                    "deposed": [],
                    "provider": "provider.aws"
                },
                "aws_eks_cluster.eks-staging-cluster": {
                    "type": "aws_eks_cluster",
                    "depends_on": [
                        "aws_iam_role.staging-cluster-role",
                        "aws_iam_role_policy_attachment.staging-eks-cluster-AmazonEKSClusterPolicy",
                        "aws_iam_role_policy_attachment.staging-eks-cluster-AmazonEKSServicePolicy",
                        "aws_security_group.staging-cluster-sg"
                    ],
                    "primary": {
                        "id": "voice-services-staging-cluster",
                        "attributes": {
                            "arn": "arn:aws:eks:ap-south-1:536612919621:cluster/voice-services-staging-cluster",
                            "certificate_authority.#": "1",
                            "certificate_authority.0.data": "LS0tLS1CRUdJTiBDRVJUSUZJQ0FURS0tLS0tCk1JSUN5RENDQWJDZ0F3SUJBZ0lCQURBTkJna3Foa2lHOXcwQkFRc0ZBREFWTVJNd0VRWURWUVFERXdwcmRXSmwKY201bGRHVnpNQjRYRFRFNU1Ea3dNakEzTXpjeE1Gb1hEVEk1TURnek1EQTNNemN4TUZvd0ZURVRNQkVHQTFVRQpBeE1LYTNWaVpYSnVaWFJsY3pDQ0FTSXdEUVlKS29aSWh2Y05BUUVCQlFBRGdnRVBBRENDQVFvQ2dnRUJBTTQ0CktuK21FSWRYNEprb0Y1WFJZcmc4LzBSUUY0Yll6eU1SYlMzVlhyNWlqamQyR0IwT2tlTzhBNWpjenI2N05ZKzYKWVdYaHhGVSsyUWFIWGhkbU56alpjS3lTUVdhQ2xMSnpLWTV2L2lvZEN6akJ4ZWQ2cWVOMittcjJIMDJHMEZlYgpKMkNILys1UnJic05kd3d6czFlTnVIZ3hQa3ZYNGpndVJTTHBsNElIb3lNSWxFMUJybDhLZmdiVVdPSVFqU0hZCmpnSU56R3JMSytZcUVjTHFoOUwxbW1kTnF1aEJJbTN6YlRFdHNxWStXclpvKzJ6Q2tBaEQ0UFQ4RjE4ZSt2TVIKaUI2OFh5NnZpZFdsMXR3VlBHUTJBbDczNnlhQUFFYW5PbU03N01xY0laalFXYjlRRU03OFNxSVJDQ0NCWGhMQgpwdDQ1cXN3M2RqY0F0V0FRYVdFQ0F3RUFBYU1qTUNFd0RnWURWUjBQQVFIL0JBUURBZ0trTUE4R0ExVWRFd0VCCi93UUZNQU1CQWY4d0RRWUpLb1pJaHZjTkFRRUxCUUFEZ2dFQkFHclhnVHl5NjNILzFGeTN5SUVaUlI3Zm9BeEwKa2trR1Frb01KcjcrUDFiV0lsaFNTTnh3NW1CZXYwN3pwMERKTW8wTjgyLzh3N1FHMlJhRG9aa2R3Q2tDdVZoWApxeVFaTURqMlZkLzRxbjk4dCtIYXNRVGtBdzNjOFNrNHMrRlNmaFlYWHJqUUJKT2FDcDBQenlIQVBTVmtXMGRDClZpYVlwT3dLaXp2MXpqZU1lQ0I4SEJpL0puN3ZyWjI4RnpZRU9MUUYrSm5ueE00USt1M0ttR3Jua3hsSjF1anEKaG81YlIwaWJvNnNKcWNjeDBoNHQ3S09wSkNsM2M0eklYaDVIL3JOSGVNZHNoazgxZHUxSTdlK2VUWW1za1Z1awpxSlhoenk1ZTduYWN0VEZqYndnZlFMVzdWL0FzNlk4VFZRc3JUbi9heCtQRUJsYkd5MG1vMUx2c0ExVT0KLS0tLS1FTkQgQ0VSVElGSUNBVEUtLS0tLQo=",
                            "created_at": "2019-09-02 07:30:37 +0000 UTC",
                            "enabled_cluster_log_types.#": "0",
                            "endpoint": "https://825700365658DE9D00F6024C9CC631CE.yl4.ap-south-1.eks.amazonaws.com",
                            "id": "voice-services-staging-cluster",
                            "name": "voice-services-staging-cluster",
                            "platform_version": "eks.4",
                            "role_arn": "arn:aws:iam::536612919621:role/voice-services-staging-cluster",
                            "status": "ACTIVE",
                            "version": "1.13",
                            "vpc_config.#": "1",
                            "vpc_config.0.endpoint_private_access": "false",
                            "vpc_config.0.endpoint_public_access": "true",
                            "vpc_config.0.security_group_ids.#": "1",
                            "vpc_config.0.security_group_ids.3682212843": "sg-06a4f307b22fb1637",
                            "vpc_config.0.subnet_ids.#": "6",
                            "vpc_config.0.subnet_ids.3066213447": "subnet-0b963de6dbb0bf8be",
                            "vpc_config.0.subnet_ids.3156447767": "subnet-01c7eef96dd977406",
                            "vpc_config.0.subnet_ids.3534436905": "subnet-0315c598ffd2f9a04",
                            "vpc_config.0.subnet_ids.4047486455": "subnet-04b1871c804f92e75",
                            "vpc_config.0.subnet_ids.4061985102": "subnet-00d867d4b91b86e3c",
                            "vpc_config.0.subnet_ids.688359297": "subnet-08734867c9a78bd2a",
                            "vpc_config.0.vpc_id": "vpc-01acaea0727420328"
                        },
                        "meta": {
                            "e2bfb730-ecaa-11e6-8f88-34363bc7c4c0": {
                                "create": 1800000000000,
                                "delete": 900000000000,
                                "update": 3600000000000
                            }
                        },
                        "tainted": false
                    },
                    "deposed": [],
                    "provider": "provider.aws"
                },
                "aws_iam_instance_profile.staging-worker-node": {
                    "type": "aws_iam_instance_profile",
                    "depends_on": [
                        "aws_iam_role.staging-worker-node-role"
                    ],
                    "primary": {
                        "id": "eks-staging-worker",
                        "attributes": {
                            "arn": "arn:aws:iam::536612919621:instance-profile/eks-staging-worker",
                            "create_date": "2019-09-02T07:30:24Z",
                            "id": "eks-staging-worker",
                            "name": "eks-staging-worker",
                            "path": "/",
                            "role": "voice-services-staging-worker-nodes",
                            "roles.#": "1",
                            "roles.1329837437": "voice-services-staging-worker-nodes",
                            "unique_id": "AIPAXZ4E7LFC3KLGOL4HG"
                        },
                        "meta": {},
                        "tainted": false
                    },
                    "deposed": [],
                    "provider": "provider.aws"
                },
                "aws_iam_policy.ClusterAutoScaler": {
                    "type": "aws_iam_policy",
                    "depends_on": [],
                    "primary": {
                        "id": "arn:aws:iam::536612919621:policy/ClusterAutoScaler-staging",
                        "attributes": {
                            "arn": "arn:aws:iam::536612919621:policy/ClusterAutoScaler-staging",
                            "description": "Policy for cluster autoscaler",
                            "id": "arn:aws:iam::536612919621:policy/ClusterAutoScaler-staging",
                            "name": "ClusterAutoScaler-staging",
                            "path": "/",
                            "policy": "{\n    \"Version\": \"2012-10-17\",\n    \"Statement\": [\n        {\n            \"Effect\": \"Allow\",\n            \"Action\": [\n                \"autoscaling:DescribeAutoScalingGroups\",\n                \"autoscaling:DescribeAutoScalingInstances\",\n                \"autoscaling:DescribeLaunchConfigurations\",\n                \"autoscaling:DescribeTags\",\n                \"autoscaling:SetDesiredCapacity\",\n                \"autoscaling:TerminateInstanceInAutoScalingGroup\"\n            ],\n            \"Resource\": \"*\"\n        }\n    ]\n}\n  "
                        },
                        "meta": {},
                        "tainted": false
                    },
                    "deposed": [],
                    "provider": "provider.aws"
                },
                "aws_iam_policy.staging-eks-tagging": {
                    "type": "aws_iam_policy",
                    "depends_on": [],
                    "primary": {
                        "id": "arn:aws:iam::536612919621:policy/staging_resource_tagging_for_eks",
                        "attributes": {
                            "arn": "arn:aws:iam::536612919621:policy/staging_resource_tagging_for_eks",
                            "description": "resource_tagging_for_eks",
                            "id": "arn:aws:iam::536612919621:policy/staging_resource_tagging_for_eks",
                            "name": "staging_resource_tagging_for_eks",
                            "path": "/",
                            "policy": "{\n    \"Version\": \"2012-10-17\",\n    \"Statement\": [\n        {\n            \"Sid\": \"VisualEditor0\",\n            \"Effect\": \"Allow\",\n            \"Action\": [\n                \"tag:GetResources\",\n                \"tag:UntagResources\",\n                \"tag:GetTagValues\",\n                \"tag:GetTagKeys\",\n                \"tag:TagResources\"\n            ],\n            \"Resource\": \"*\"\n        }\n    ]\n}\n"
                        },
                        "meta": {},
                        "tainted": false
                    },
                    "deposed": [],
                    "provider": "provider.aws"
                },
                "aws_iam_role.staging-cluster-role": {
                    "type": "aws_iam_role",
                    "depends_on": [],
                    "primary": {
                        "id": "voice-services-staging-cluster",
                        "attributes": {
                            "arn": "arn:aws:iam::536612919621:role/voice-services-staging-cluster",
                            "assume_role_policy": "{\"Version\":\"2012-10-17\",\"Statement\":[{\"Effect\":\"Allow\",\"Principal\":{\"Service\":\"eks.amazonaws.com\"},\"Action\":\"sts:AssumeRole\"}]}",
                            "create_date": "2019-09-02T07:30:18Z",
                            "description": "",
                            "force_detach_policies": "false",
                            "id": "voice-services-staging-cluster",
                            "max_session_duration": "3600",
                            "name": "voice-services-staging-cluster",
                            "path": "/",
                            "tags.%": "0",
                            "unique_id": "AROAXZ4E7LFCYCDF2UJWK"
                        },
                        "meta": {},
                        "tainted": false
                    },
                    "deposed": [],
                    "provider": "provider.aws"
                },
                "aws_iam_role.staging-worker-node-role": {
                    "type": "aws_iam_role",
                    "depends_on": [],
                    "primary": {
                        "id": "voice-services-staging-worker-nodes",
                        "attributes": {
                            "arn": "arn:aws:iam::536612919621:role/voice-services-staging-worker-nodes",
                            "assume_role_policy": "{\"Version\":\"2012-10-17\",\"Statement\":[{\"Effect\":\"Allow\",\"Principal\":{\"Service\":\"ec2.amazonaws.com\"},\"Action\":\"sts:AssumeRole\"}]}",
                            "create_date": "2019-09-02T07:30:18Z",
                            "description": "",
                            "force_detach_policies": "false",
                            "id": "voice-services-staging-worker-nodes",
                            "max_session_duration": "3600",
                            "name": "voice-services-staging-worker-nodes",
                            "path": "/",
                            "tags.%": "0",
                            "unique_id": "AROAXZ4E7LFCRYRD2Z3HQ"
                        },
                        "meta": {},
                        "tainted": false
                    },
                    "deposed": [],
                    "provider": "provider.aws"
                },
                "aws_iam_role_policy_attachment.clusterautoscaler": {
                    "type": "aws_iam_role_policy_attachment",
                    "depends_on": [
                        "aws_iam_policy.ClusterAutoScaler",
                        "aws_iam_role.staging-worker-node-role"
                    ],
                    "primary": {
                        "id": "voice-services-staging-worker-nodes-2019090207302567720000000a",
                        "attributes": {
                            "id": "voice-services-staging-worker-nodes-2019090207302567720000000a",
                            "policy_arn": "arn:aws:iam::536612919621:policy/ClusterAutoScaler-staging",
                            "role": "voice-services-staging-worker-nodes"
                        },
                        "meta": {},
                        "tainted": false
                    },
                    "deposed": [],
                    "provider": "provider.aws"
                },
                "aws_iam_role_policy_attachment.staging-eks-cluster-AmazonEC2FullAccess": {
                    "type": "aws_iam_role_policy_attachment",
                    "depends_on": [
                        "aws_iam_role.staging-cluster-role"
                    ],
                    "primary": {
                        "id": "voice-services-staging-cluster-20190902073023425200000003",
                        "attributes": {
                            "id": "voice-services-staging-cluster-20190902073023425200000003",
                            "policy_arn": "arn:aws:iam::aws:policy/AmazonEC2FullAccess",
                            "role": "voice-services-staging-cluster"
                        },
                        "meta": {},
                        "tainted": false
                    },
                    "deposed": [],
                    "provider": "provider.aws"
                },
                "aws_iam_role_policy_attachment.staging-eks-cluster-AmazonEKSClusterPolicy": {
                    "type": "aws_iam_role_policy_attachment",
                    "depends_on": [
                        "aws_iam_role.staging-cluster-role"
                    ],
                    "primary": {
                        "id": "voice-services-staging-cluster-20190902073023387200000002",
                        "attributes": {
                            "id": "voice-services-staging-cluster-20190902073023387200000002",
                            "policy_arn": "arn:aws:iam::aws:policy/AmazonEKSClusterPolicy",
                            "role": "voice-services-staging-cluster"
                        },
                        "meta": {},
                        "tainted": false
                    },
                    "deposed": [],
                    "provider": "provider.aws"
                },
                "aws_iam_role_policy_attachment.staging-eks-cluster-AmazonEKSServicePolicy": {
                    "type": "aws_iam_role_policy_attachment",
                    "depends_on": [
                        "aws_iam_role.staging-cluster-role"
                    ],
                    "primary": {
                        "id": "voice-services-staging-cluster-20190902073023617200000005",
                        "attributes": {
                            "id": "voice-services-staging-cluster-20190902073023617200000005",
                            "policy_arn": "arn:aws:iam::aws:policy/AmazonEKSServicePolicy",
                            "role": "voice-services-staging-cluster"
                        },
                        "meta": {},
                        "tainted": false
                    },
                    "deposed": [],
                    "provider": "provider.aws"
                },
                "aws_iam_role_policy_attachment.staging-worker-node-AmazonEC2ContainerRegistryReadOnly": {
                    "type": "aws_iam_role_policy_attachment",
                    "depends_on": [
                        "aws_iam_role.staging-worker-node-role"
                    ],
                    "primary": {
                        "id": "voice-services-staging-worker-nodes-20190902073023374200000001",
                        "attributes": {
                            "id": "voice-services-staging-worker-nodes-20190902073023374200000001",
                            "policy_arn": "arn:aws:iam::aws:policy/AmazonEC2ContainerRegistryReadOnly",
                            "role": "voice-services-staging-worker-nodes"
                        },
                        "meta": {},
                        "tainted": false
                    },
                    "deposed": [],
                    "provider": "provider.aws"
                },
                "aws_iam_role_policy_attachment.staging-worker-node-AmazonEC2FullAccess": {
                    "type": "aws_iam_role_policy_attachment",
                    "depends_on": [
                        "aws_iam_role.staging-worker-node-role"
                    ],
                    "primary": {
                        "id": "voice-services-staging-worker-nodes-20190902073024584200000007",
                        "attributes": {
                            "id": "voice-services-staging-worker-nodes-20190902073024584200000007",
                            "policy_arn": "arn:aws:iam::aws:policy/AmazonEC2FullAccess",
                            "role": "voice-services-staging-worker-nodes"
                        },
                        "meta": {},
                        "tainted": false
                    },
                    "deposed": [],
                    "provider": "provider.aws"
                },
                "aws_iam_role_policy_attachment.staging-worker-node-AmazonEKSWorkerNodePolicy": {
                    "type": "aws_iam_role_policy_attachment",
                    "depends_on": [
                        "aws_iam_role.staging-worker-node-role"
                    ],
                    "primary": {
                        "id": "voice-services-staging-worker-nodes-20190902073024768200000008",
                        "attributes": {
                            "id": "voice-services-staging-worker-nodes-20190902073024768200000008",
                            "policy_arn": "arn:aws:iam::aws:policy/AmazonEKSWorkerNodePolicy",
                            "role": "voice-services-staging-worker-nodes"
                        },
                        "meta": {},
                        "tainted": false
                    },
                    "deposed": [],
                    "provider": "provider.aws"
                },
                "aws_iam_role_policy_attachment.staging-worker-node-AmazonEKS_CNI_Policy": {
                    "type": "aws_iam_role_policy_attachment",
                    "depends_on": [
                        "aws_iam_role.staging-worker-node-role"
                    ],
                    "primary": {
                        "id": "voice-services-staging-worker-nodes-20190902073023510200000004",
                        "attributes": {
                            "id": "voice-services-staging-worker-nodes-20190902073023510200000004",
                            "policy_arn": "arn:aws:iam::aws:policy/AmazonEKS_CNI_Policy",
                            "role": "voice-services-staging-worker-nodes"
                        },
                        "meta": {},
                        "tainted": false
                    },
                    "deposed": [],
                    "provider": "provider.aws"
                },
                "aws_iam_role_policy_attachment.staging-worker-node-AmazonS3FullAccess": {
                    "type": "aws_iam_role_policy_attachment",
                    "depends_on": [
                        "aws_iam_role.staging-worker-node-role"
                    ],
                    "primary": {
                        "id": "voice-services-staging-worker-nodes-20190902073024557200000006",
                        "attributes": {
                            "id": "voice-services-staging-worker-nodes-20190902073024557200000006",
                            "policy_arn": "arn:aws:iam::aws:policy/AmazonS3FullAccess",
                            "role": "voice-services-staging-worker-nodes"
                        },
                        "meta": {},
                        "tainted": false
                    },
                    "deposed": [],
                    "provider": "provider.aws"
                },
                "aws_iam_role_policy_attachment.staging-worker-node-resource_tagging_for_eks": {
                    "type": "aws_iam_role_policy_attachment",
                    "depends_on": [
                        "aws_iam_policy.staging-eks-tagging",
                        "aws_iam_role.staging-worker-node-role"
                    ],
                    "primary": {
                        "id": "voice-services-staging-worker-nodes-20190902073025536200000009",
                        "attributes": {
                            "id": "voice-services-staging-worker-nodes-20190902073025536200000009",
                            "policy_arn": "arn:aws:iam::536612919621:policy/staging_resource_tagging_for_eks",
                            "role": "voice-services-staging-worker-nodes"
                        },
                        "meta": {},
                        "tainted": false
                    },
                    "deposed": [],
                    "provider": "provider.aws"
                },
                "aws_launch_template.workers_launch_template_mixed": {
                    "type": "aws_launch_template",
                    "depends_on": [
                        "aws_iam_instance_profile.staging-worker-node",
                        "aws_security_group.staging-worker-node-sg",
                        "data.aws_ami.eks-staging-worker",
                        "local.worker-node-userdata"
                    ],
                    "primary": {
                        "id": "lt-00da3c8d0fc83c1ae",
                        "attributes": {
                            "arn": "arn:aws:ec2:ap-south-1:536612919621:launch-template/lt-00da3c8d0fc83c1ae",
                            "block_device_mappings.#": "0",
                            "capacity_reservation_specification.#": "0",
                            "default_version": "1",
                            "description": "",
                            "disable_api_termination": "false",
                            "ebs_optimized": "",
                            "elastic_gpu_specifications.#": "0",
                            "elastic_inference_accelerator.#": "0",
                            "iam_instance_profile.#": "1",
                            "iam_instance_profile.0.arn": "",
                            "iam_instance_profile.0.name": "eks-staging-worker",
                            "id": "lt-00da3c8d0fc83c1ae",
                            "image_id": "ami-0062e5b0411e77c1a",
                            "instance_initiated_shutdown_behavior": "",
                            "instance_market_options.#": "0",
                            "instance_type": "m5.2xlarge",
                            "kernel_id": "",
                            "key_name": "",
                            "latest_version": "1",
                            "license_specification.#": "0",
                            "monitoring.#": "0",
                            "name": "staging-worker-node2019090207392391550000000b",
                            "name_prefix": "staging-worker-node",
                            "network_interfaces.#": "0",
                            "placement.#": "0",
                            "ram_disk_id": "",
                            "security_group_names.#": "0",
                            "tag_specifications.#": "0",
                            "tags.%": "0",
                            "user_data": "IyEvYmluL2Jhc2gKc2V0IC1vIHh0cmFjZQovZXRjL2Vrcy9ib290c3RyYXAuc2ggLS1hcGlzZXJ2ZXItZW5kcG9pbnQgJ2h0dHBzOi8vODI1NzAwMzY1NjU4REU5RDAwRjYwMjRDOUNDNjMxQ0UueWw0LmFwLXNvdXRoLTEuZWtzLmFtYXpvbmF3cy5jb20nIC0tYjY0LWNsdXN0ZXItY2EgJ0xTMHRMUzFDUlVkSlRpQkRSVkpVU1VaSlEwRlVSUzB0TFMwdENrMUpTVU41UkVORFFXSkRaMEYzU1VKQlowbENRVVJCVGtKbmEzRm9hMmxIT1hjd1FrRlJjMFpCUkVGV1RWSk5kMFZSV1VSV1VWRkVSWGR3Y21SWFNtd0tZMjAxYkdSSFZucE5RalJZUkZSRk5VMUVhM2ROYWtFelRYcGplRTFHYjFoRVZFazFUVVJuZWsxRVFUTk5lbU40VFVadmQwWlVSVlJOUWtWSFFURlZSUXBCZUUxTFlUTldhVnBZU25WYVdGSnNZM3BEUTBGVFNYZEVVVmxLUzI5YVNXaDJZMDVCVVVWQ1FsRkJSR2RuUlZCQlJFTkRRVkZ2UTJkblJVSkJUVFEwQ2t0dUsyMUZTV1JZTkVwcmIwWTFXRkpaY21jNEx6QlNVVVkwWWxsNmVVMVNZbE16VmxoeU5XbHFhbVF5UjBJd1QydGxUemhCTldwamVuSTJOMDVaS3pZS1dWZFlhSGhHVlNzeVVXRklXR2hrYlU1NmFscGpTM2xUVVZkaFEyeE1TbnBMV1RWMkwybHZaRU42YWtKNFpXUTJjV1ZPTWl0dGNqSklNREpITUVabFlncEtNa05JTHlzMVVuSmljMDVrZDNkNmN6RmxUblZJWjNoUWEzWllOR3BuZFZKVFRIQnNORWxJYjNsTlNXeEZNVUp5YkRoTFptZGlWVmRQU1ZGcVUwaFpDbXBuU1U1NlIzSk1TeXRaY1VWalRIRm9PVXd4Ylcxa1RuRjFhRUpKYlRONllsUkZkSE54V1N0WGNscHZLeko2UTJ0QmFFUTBVRlE0UmpFNFpTdDJUVklLYVVJMk9GaDVOblpwWkZkc01YUjNWbEJIVVRKQmJEY3pObmxoUVVGRllXNVBiVTAzTjAxeFkwbGFhbEZYWWpsUlJVMDNPRk54U1ZKRFEwTkNXR2hNUWdwd2REUTFjWE4zTTJScVkwRjBWMEZSWVZkRlEwRjNSVUZCWVUxcVRVTkZkMFJuV1VSV1VqQlFRVkZJTDBKQlVVUkJaMHRyVFVFNFIwRXhWV1JGZDBWQ0NpOTNVVVpOUVUxQ1FXWTRkMFJSV1VwTGIxcEphSFpqVGtGUlJVeENVVUZFWjJkRlFrRkhjbGhuVkhsNU5qTklMekZHZVRONVNVVmFVbEkzWm05QmVFd0thMnRyUjFGcmIwMUtjamNyVURGaVYwbHNhRk5UVG5oM05XMUNaWFl3TjNwd01FUktUVzh3VGpneUx6aDNOMUZITWxKaFJHOWFhMlIzUTJ0RGRWWm9XQXB4ZVZGYVRVUnFNbFprTHpSeGJqazRkQ3RJWVhOUlZHdEJkek5qT0ZOck5ITXJSbE5tYUZsWVdISnFVVUpLVDJGRGNEQlFlbmxJUVZCVFZtdFhNR1JEQ2xacFlWbHdUM2RMYVhwMk1YcHFaVTFsUTBJNFNFSnBMMHB1TjNaeVdqSTRSbnBaUlU5TVVVWXJTbTV1ZUUwMFVTdDFNMHR0UjNKdWEzaHNTakYxYW5FS2FHODFZbEl3YVdKdk5uTktjV05qZURCb05IUTNTMDl3U2tOc00yTTBla2xZYURWSUwzSk9TR1ZOWkhOb2F6Z3haSFV4U1RkbEsyVlVXVzF6YTFaMWF3cHhTbGhvZW5rMVpUZHVZV04wVkVacVluZG5abEZNVnpkV0wwRnpObGs0VkZaUmMzSlViaTloZUN0UVJVSnNZa2Q1TUcxdk1VeDJjMEV4VlQwS0xTMHRMUzFGVGtRZ1EwVlNWRWxHU1VOQlZFVXRMUzB0TFFvPScgJ3ZvaWNlLXNlcnZpY2VzLXN0YWdpbmctY2x1c3RlcicK",
                            "vpc_security_group_ids.#": "1",
                            "vpc_security_group_ids.2644187795": "sg-0e1f50a1e9a148e50"
                        },
                        "meta": {},
                        "tainted": false
                    },
                    "deposed": [],
                    "provider": "provider.aws"
                },
                "aws_security_group.staging-cluster-sg": {
                    "type": "aws_security_group",
                    "depends_on": [],
                    "primary": {
                        "id": "sg-06a4f307b22fb1637",
                        "attributes": {
                            "arn": "arn:aws:ec2:ap-south-1:536612919621:security-group/sg-06a4f307b22fb1637",
                            "description": "Cluster communication with staging worker nodes",
                            "egress.#": "1",
                            "egress.482069346.cidr_blocks.#": "1",
                            "egress.482069346.cidr_blocks.0": "0.0.0.0/0",
                            "egress.482069346.description": "",
                            "egress.482069346.from_port": "0",
                            "egress.482069346.ipv6_cidr_blocks.#": "0",
                            "egress.482069346.prefix_list_ids.#": "0",
                            "egress.482069346.protocol": "-1",
                            "egress.482069346.security_groups.#": "0",
                            "egress.482069346.self": "false",
                            "egress.482069346.to_port": "0",
                            "id": "sg-06a4f307b22fb1637",
                            "ingress.#": "2",
                            "ingress.1133709369.cidr_blocks.#": "1",
                            "ingress.1133709369.cidr_blocks.0": "0.0.0.0/0",
                            "ingress.1133709369.description": "Allow workstation to communicate with the staging cluster API Server",
                            "ingress.1133709369.from_port": "443",
                            "ingress.1133709369.ipv6_cidr_blocks.#": "0",
                            "ingress.1133709369.prefix_list_ids.#": "0",
                            "ingress.1133709369.protocol": "tcp",
                            "ingress.1133709369.security_groups.#": "0",
                            "ingress.1133709369.self": "false",
                            "ingress.1133709369.to_port": "443",
                            "ingress.935162897.cidr_blocks.#": "0",
                            "ingress.935162897.description": "Allow pods to communicate with the staging cluster API Server",
                            "ingress.935162897.from_port": "443",
                            "ingress.935162897.ipv6_cidr_blocks.#": "0",
                            "ingress.935162897.prefix_list_ids.#": "0",
                            "ingress.935162897.protocol": "tcp",
                            "ingress.935162897.security_groups.#": "1",
                            "ingress.935162897.security_groups.1174883480": "sg-0e1f50a1e9a148e50",
                            "ingress.935162897.self": "false",
                            "ingress.935162897.to_port": "443",
                            "name": "voice-services-staging-clusterSG",
                            "owner_id": "536612919621",
                            "revoke_rules_on_delete": "false",
                            "tags.%": "2",
                            "tags.Enviorment": "Staging",
                            "tags.Name": "Voice-services-staging-cluster",
                            "vpc_id": "vpc-01acaea0727420328"
                        },
                        "meta": {
                            "e2bfb730-ecaa-11e6-8f88-34363bc7c4c0": {
                                "create": 600000000000,
                                "delete": 600000000000
                            },
                            "schema_version": "1"
                        },
                        "tainted": false
                    },
                    "deposed": [],
                    "provider": "provider.aws"
                },
                "aws_security_group.staging-worker-node-sg": {
                    "type": "aws_security_group",
                    "depends_on": [],
                    "primary": {
                        "id": "sg-0e1f50a1e9a148e50",
                        "attributes": {
                            "arn": "arn:aws:ec2:ap-south-1:536612919621:security-group/sg-0e1f50a1e9a148e50",
                            "description": "Security group for all nodes in the staging cluster",
                            "egress.#": "1",
                            "egress.482069346.cidr_blocks.#": "1",
                            "egress.482069346.cidr_blocks.0": "0.0.0.0/0",
                            "egress.482069346.description": "",
                            "egress.482069346.from_port": "0",
                            "egress.482069346.ipv6_cidr_blocks.#": "0",
                            "egress.482069346.prefix_list_ids.#": "0",
                            "egress.482069346.protocol": "-1",
                            "egress.482069346.security_groups.#": "0",
                            "egress.482069346.self": "false",
                            "egress.482069346.to_port": "0",
                            "id": "sg-0e1f50a1e9a148e50",
                            "ingress.#": "3",
                            "ingress.1094338047.cidr_blocks.#": "0",
                            "ingress.1094338047.description": "Allow worker Kubelets and pods to receive communication from the cluster control plane",
                            "ingress.1094338047.from_port": "1025",
                            "ingress.1094338047.ipv6_cidr_blocks.#": "0",
                            "ingress.1094338047.prefix_list_ids.#": "0",
                            "ingress.1094338047.protocol": "tcp",
                            "ingress.1094338047.security_groups.#": "1",
                            "ingress.1094338047.security_groups.3468184887": "sg-06a4f307b22fb1637",
                            "ingress.1094338047.self": "false",
                            "ingress.1094338047.to_port": "65535",
                            "ingress.2278689831.cidr_blocks.#": "0",
                            "ingress.2278689831.description": "Allow node to communicate with each other",
                            "ingress.2278689831.from_port": "0",
                            "ingress.2278689831.ipv6_cidr_blocks.#": "0",
                            "ingress.2278689831.prefix_list_ids.#": "0",
                            "ingress.2278689831.protocol": "-1",
                            "ingress.2278689831.security_groups.#": "0",
                            "ingress.2278689831.self": "true",
                            "ingress.2278689831.to_port": "0",
                            "ingress.3968827624.cidr_blocks.#": "0",
                            "ingress.3968827624.description": "Allow worker Kubelets and pods to receive communication from the control server",
                            "ingress.3968827624.from_port": "0",
                            "ingress.3968827624.ipv6_cidr_blocks.#": "0",
                            "ingress.3968827624.prefix_list_ids.#": "0",
                            "ingress.3968827624.protocol": "tcp",
                            "ingress.3968827624.security_groups.#": "1",
                            "ingress.3968827624.security_groups.1505834298": "sg-0e5ba8ff1cb548abf",
                            "ingress.3968827624.self": "false",
                            "ingress.3968827624.to_port": "65535",
                            "name": "staging-worker-nodeSG",
                            "owner_id": "536612919621",
                            "revoke_rules_on_delete": "false",
                            "tags.%": "2",
                            "tags.Name": "staging-worker-node-sg",
                            "tags.kubernetes.io/cluster/": "voice-services-staging-cluster",
                            "vpc_id": "vpc-01acaea0727420328"
                        },
                        "meta": {
                            "e2bfb730-ecaa-11e6-8f88-34363bc7c4c0": {
                                "create": 600000000000,
                                "delete": 600000000000
                            },
                            "schema_version": "1"
                        },
                        "tainted": false
                    },
                    "deposed": [],
                    "provider": "provider.aws"
                },
                "aws_security_group.staging_eks_alb_sg": {
                    "type": "aws_security_group",
                    "depends_on": [],
                    "primary": {
                        "id": "sg-08b39278314c9478b",
                        "attributes": {
                            "arn": "arn:aws:ec2:ap-south-1:536612919621:security-group/sg-08b39278314c9478b",
                            "description": "Allow worker nodes pods to communicate with outsiders",
                            "egress.#": "1",
                            "egress.482069346.cidr_blocks.#": "1",
                            "egress.482069346.cidr_blocks.0": "0.0.0.0/0",
                            "egress.482069346.description": "",
                            "egress.482069346.from_port": "0",
                            "egress.482069346.ipv6_cidr_blocks.#": "0",
                            "egress.482069346.prefix_list_ids.#": "0",
                            "egress.482069346.protocol": "-1",
                            "egress.482069346.security_groups.#": "0",
                            "egress.482069346.self": "false",
                            "egress.482069346.to_port": "0",
                            "id": "sg-08b39278314c9478b",
                            "ingress.#": "3",
                            "ingress.1245178569.cidr_blocks.#": "0",
                            "ingress.1245178569.description": "",
                            "ingress.1245178569.from_port": "0",
                            "ingress.1245178569.ipv6_cidr_blocks.#": "0",
                            "ingress.1245178569.prefix_list_ids.#": "0",
                            "ingress.1245178569.protocol": "tcp",
                            "ingress.1245178569.security_groups.#": "1",
                            "ingress.1245178569.security_groups.1174883480": "sg-0e1f50a1e9a148e50",
                            "ingress.1245178569.self": "false",
                            "ingress.1245178569.to_port": "65535",
                            "ingress.1420074869.cidr_blocks.#": "0",
                            "ingress.1420074869.description": "",
                            "ingress.1420074869.from_port": "80",
                            "ingress.1420074869.ipv6_cidr_blocks.#": "0",
                            "ingress.1420074869.prefix_list_ids.#": "0",
                            "ingress.1420074869.protocol": "tcp",
                            "ingress.1420074869.security_groups.#": "1",
                            "ingress.1420074869.security_groups.1174883480": "sg-0e1f50a1e9a148e50",
                            "ingress.1420074869.self": "false",
                            "ingress.1420074869.to_port": "80",
                            "ingress.3712312967.cidr_blocks.#": "0",
                            "ingress.3712312967.description": "",
                            "ingress.3712312967.from_port": "443",
                            "ingress.3712312967.ipv6_cidr_blocks.#": "0",
                            "ingress.3712312967.prefix_list_ids.#": "0",
                            "ingress.3712312967.protocol": "tcp",
                            "ingress.3712312967.security_groups.#": "1",
                            "ingress.3712312967.security_groups.1174883480": "sg-0e1f50a1e9a148e50",
                            "ingress.3712312967.self": "false",
                            "ingress.3712312967.to_port": "443",
                            "name": "staging-eks-alb-loadbalancer-sg",
                            "owner_id": "536612919621",
                            "revoke_rules_on_delete": "false",
                            "tags.%": "1",
                            "tags.Name": "staging-eks-alb-sg",
                            "vpc_id": "vpc-01acaea0727420328"
                        },
                        "meta": {
                            "e2bfb730-ecaa-11e6-8f88-34363bc7c4c0": {
                                "create": 600000000000,
                                "delete": 600000000000
                            },
                            "schema_version": "1"
                        },
                        "tainted": false
                    },
                    "deposed": [],
                    "provider": "provider.aws"
                },
                "aws_security_group_rule.allow_http": {
                    "type": "aws_security_group_rule",
                    "depends_on": [
                        "aws_security_group.staging-worker-node-sg",
                        "aws_security_group.staging_eks_alb_sg"
                    ],
                    "primary": {
                        "id": "sgrule-735918927",
                        "attributes": {
                            "cidr_blocks.#": "0",
                            "description": "",
                            "from_port": "80",
                            "id": "sgrule-735918927",
                            "ipv6_cidr_blocks.#": "0",
                            "prefix_list_ids.#": "0",
                            "protocol": "tcp",
                            "security_group_id": "sg-08b39278314c9478b",
                            "self": "false",
                            "source_security_group_id": "sg-0e1f50a1e9a148e50",
                            "to_port": "80",
                            "type": "ingress"
                        },
                        "meta": {
                            "schema_version": "2"
                        },
                        "tainted": false
                    },
                    "deposed": [],
                    "provider": "provider.aws"
                },
                "aws_security_group_rule.allow_https": {
                    "type": "aws_security_group_rule",
                    "depends_on": [
                        "aws_security_group.staging-worker-node-sg",
                        "aws_security_group.staging_eks_alb_sg"
                    ],
                    "primary": {
                        "id": "sgrule-3678215943",
                        "attributes": {
                            "cidr_blocks.#": "0",
                            "description": "",
                            "from_port": "443",
                            "id": "sgrule-3678215943",
                            "ipv6_cidr_blocks.#": "0",
                            "prefix_list_ids.#": "0",
                            "protocol": "tcp",
                            "security_group_id": "sg-08b39278314c9478b",
                            "self": "false",
                            "source_security_group_id": "sg-0e1f50a1e9a148e50",
                            "to_port": "443",
                            "type": "ingress"
                        },
                        "meta": {
                            "schema_version": "2"
                        },
                        "tainted": false
                    },
                    "deposed": [],
                    "provider": "provider.aws"
                },
                "aws_security_group_rule.allow_worker_node": {
                    "type": "aws_security_group_rule",
                    "depends_on": [
                        "aws_security_group.staging-worker-node-sg",
                        "aws_security_group.staging_eks_alb_sg"
                    ],
                    "primary": {
                        "id": "sgrule-2185228043",
                        "attributes": {
                            "cidr_blocks.#": "0",
                            "description": "",
                            "from_port": "0",
                            "id": "sgrule-2185228043",
                            "ipv6_cidr_blocks.#": "0",
                            "prefix_list_ids.#": "0",
                            "protocol": "tcp",
                            "security_group_id": "sg-08b39278314c9478b",
                            "self": "false",
                            "source_security_group_id": "sg-0e1f50a1e9a148e50",
                            "to_port": "65535",
                            "type": "ingress"
                        },
                        "meta": {
                            "schema_version": "2"
                        },
                        "tainted": false
                    },
                    "deposed": [],
                    "provider": "provider.aws"
                },
                "aws_security_group_rule.staging-cluster-ingress-node-https": {
                    "type": "aws_security_group_rule",
                    "depends_on": [
                        "aws_security_group.staging-cluster-sg",
                        "aws_security_group.staging-worker-node-sg"
                    ],
                    "primary": {
                        "id": "sgrule-2405214797",
                        "attributes": {
                            "cidr_blocks.#": "0",
                            "description": "Allow pods to communicate with the staging cluster API Server",
                            "from_port": "443",
                            "id": "sgrule-2405214797",
                            "ipv6_cidr_blocks.#": "0",
                            "prefix_list_ids.#": "0",
                            "protocol": "tcp",
                            "security_group_id": "sg-06a4f307b22fb1637",
                            "self": "false",
                            "source_security_group_id": "sg-0e1f50a1e9a148e50",
                            "to_port": "443",
                            "type": "ingress"
                        },
                        "meta": {
                            "schema_version": "2"
                        },
                        "tainted": false
                    },
                    "deposed": [],
                    "provider": "provider.aws"
                },
                "aws_security_group_rule.staging-cluster-ingress-workstation-https": {
                    "type": "aws_security_group_rule",
                    "depends_on": [
                        "aws_security_group.staging-cluster-sg"
                    ],
                    "primary": {
                        "id": "sgrule-4118022887",
                        "attributes": {
                            "cidr_blocks.#": "1",
                            "cidr_blocks.0": "0.0.0.0/0",
                            "description": "Allow workstation to communicate with the staging cluster API Server",
                            "from_port": "443",
                            "id": "sgrule-4118022887",
                            "ipv6_cidr_blocks.#": "0",
                            "prefix_list_ids.#": "0",
                            "protocol": "tcp",
                            "security_group_id": "sg-06a4f307b22fb1637",
                            "self": "false",
                            "to_port": "443",
                            "type": "ingress"
                        },
                        "meta": {
                            "schema_version": "2"
                        },
                        "tainted": false
                    },
                    "deposed": [],
                    "provider": "provider.aws"
                },
                "aws_security_group_rule.staging-worker-node-for-control-server": {
                    "type": "aws_security_group_rule",
                    "depends_on": [
                        "aws_security_group.staging-worker-node-sg"
                    ],
                    "primary": {
                        "id": "sgrule-1582290102",
                        "attributes": {
                            "cidr_blocks.#": "0",
                            "description": "Allow worker Kubelets and pods to receive communication from the control server",
                            "from_port": "0",
                            "id": "sgrule-1582290102",
                            "ipv6_cidr_blocks.#": "0",
                            "prefix_list_ids.#": "0",
                            "protocol": "tcp",
                            "security_group_id": "sg-0e1f50a1e9a148e50",
                            "self": "false",
                            "source_security_group_id": "sg-0e5ba8ff1cb548abf",
                            "to_port": "65535",
                            "type": "ingress"
                        },
                        "meta": {
                            "schema_version": "2"
                        },
                        "tainted": false
                    },
                    "deposed": [],
                    "provider": "provider.aws"
                },
                "aws_security_group_rule.staging-worker-node-ingress-cluster": {
                    "type": "aws_security_group_rule",
                    "depends_on": [
                        "aws_security_group.staging-cluster-sg",
                        "aws_security_group.staging-worker-node-sg"
                    ],
                    "primary": {
                        "id": "sgrule-1570111664",
                        "attributes": {
                            "cidr_blocks.#": "0",
                            "description": "Allow worker Kubelets and pods to receive communication from the cluster control plane",
                            "from_port": "1025",
                            "id": "sgrule-1570111664",
                            "ipv6_cidr_blocks.#": "0",
                            "prefix_list_ids.#": "0",
                            "protocol": "tcp",
                            "security_group_id": "sg-0e1f50a1e9a148e50",
                            "self": "false",
                            "source_security_group_id": "sg-06a4f307b22fb1637",
                            "to_port": "65535",
                            "type": "ingress"
                        },
                        "meta": {
                            "schema_version": "2"
                        },
                        "tainted": false
                    },
                    "deposed": [],
                    "provider": "provider.aws"
                },
                "aws_security_group_rule.staging-worker-node-ingress-self": {
                    "type": "aws_security_group_rule",
                    "depends_on": [
                        "aws_security_group.staging-worker-node-sg"
                    ],
                    "primary": {
                        "id": "sgrule-2392153163",
                        "attributes": {
                            "cidr_blocks.#": "0",
                            "description": "Allow node to communicate with each other",
                            "from_port": "0",
                            "id": "sgrule-2392153163",
                            "ipv6_cidr_blocks.#": "0",
                            "prefix_list_ids.#": "0",
                            "protocol": "-1",
                            "security_group_id": "sg-0e1f50a1e9a148e50",
                            "self": "false",
                            "source_security_group_id": "sg-0e1f50a1e9a148e50",
                            "to_port": "0",
                            "type": "ingress"
                        },
                        "meta": {
                            "schema_version": "2"
                        },
                        "tainted": false
                    },
                    "deposed": [],
                    "provider": "provider.aws"
                },
                "data.aws_ami.eks-staging-worker": {
                    "type": "aws_ami",
                    "depends_on": [
                        "aws_eks_cluster.eks-staging-cluster"
                    ],
                    "primary": {
                        "id": "ami-0062e5b0411e77c1a",
                        "attributes": {
                            "architecture": "x86_64",
                            "block_device_mappings.#": "1",
                            "block_device_mappings.3798922657.device_name": "/dev/xvda",
                            "block_device_mappings.3798922657.ebs.%": "6",
                            "block_device_mappings.3798922657.ebs.delete_on_termination": "true",
                            "block_device_mappings.3798922657.ebs.encrypted": "false",
                            "block_device_mappings.3798922657.ebs.iops": "0",
                            "block_device_mappings.3798922657.ebs.snapshot_id": "snap-0648e4b74a4e893fb",
                            "block_device_mappings.3798922657.ebs.volume_size": "20",
                            "block_device_mappings.3798922657.ebs.volume_type": "gp2",
                            "block_device_mappings.3798922657.no_device": "",
                            "block_device_mappings.3798922657.virtual_name": "",
                            "creation_date": "2019-08-14T11:38:09.000Z",
                            "description": "EKS Kubernetes Worker AMI with AmazonLinux2 image, (k8s: 1.13.8, docker:18.06)",
                            "filter.#": "1",
                            "filter.1751059364.name": "name",
                            "filter.1751059364.values.#": "1",
                            "filter.1751059364.values.0": "amazon-eks-node-1.13-v*",
                            "hypervisor": "xen",
                            "id": "ami-0062e5b0411e77c1a",
                            "image_id": "ami-0062e5b0411e77c1a",
                            "image_location": "amazon/amazon-eks-node-1.13-v20190814",
                            "image_owner_alias": "amazon",
                            "image_type": "machine",
                            "most_recent": "true",
                            "name": "amazon-eks-node-1.13-v20190814",
                            "owner_id": "602401143452",
                            "owners.#": "1",
                            "owners.0": "602401143452",
                            "product_codes.#": "0",
                            "public": "true",
                            "root_device_name": "/dev/xvda",
                            "root_device_type": "ebs",
                            "root_snapshot_id": "snap-0648e4b74a4e893fb",
                            "sriov_net_support": "simple",
                            "state": "available",
                            "state_reason.%": "2",
                            "state_reason.code": "UNSET",
                            "state_reason.message": "UNSET",
                            "tags.%": "0",
                            "virtualization_type": "hvm"
                        },
                        "meta": {},
                        "tainted": false
                    },
                    "deposed": [],
                    "provider": "provider.aws"
                },
                "data.http.workstation-external-ip": {
                    "type": "http",
                    "depends_on": [],
                    "primary": {
                        "id": "2019-09-02 09:10:12.1174001 +0000 UTC",
                        "attributes": {
                            "body": "106.51.143.181\n",
                            "id": "2019-09-02 09:10:12.1174001 +0000 UTC",
                            "url": "http://ipv4.icanhazip.com"
                        },
                        "meta": {},
                        "tainted": false
                    },
                    "deposed": [],
                    "provider": "provider.http"
                }
            },
            "depends_on": []
        },
        {
            "path": [
                "root",
                "k8"
            ],
            "outputs": {
                "elastic_ip": {
                    "sensitive": false,
                    "type": "string",
                    "value": "13.232.142.184"
                },
                "staging-automation-server-instance-sg": {
                    "sensitive": false,
                    "type": "string",
                    "value": "sg-0e5ba8ff1cb548abf"
                }
            },
            "resources": {
                "aws_eip.ip": {
                    "type": "aws_eip",
                    "depends_on": [
                        "aws_instance.staging-automation-server"
                    ],
                    "primary": {
                        "id": "eipalloc-012749f47f6387b96",
                        "attributes": {
                            "association_id": "eipassoc-09c4c0f71e1d2e3b9",
                            "domain": "vpc",
                            "id": "eipalloc-012749f47f6387b96",
                            "instance": "i-01b60975e5cc9b79d",
                            "network_interface": "eni-067b180ef37d9b387",
                            "private_dns": "ip-10-0-193-218.ap-south-1.compute.internal",
                            "private_ip": "10.0.193.218",
                            "public_dns": "ec2-13-232-142-184.ap-south-1.compute.amazonaws.com",
                            "public_ip": "13.232.142.184",
                            "public_ipv4_pool": "amazon",
                            "tags.%": "1",
                            "tags.Name": "test_staging_server_eip",
                            "vpc": "true"
                        },
                        "meta": {
                            "e2bfb730-ecaa-11e6-8f88-34363bc7c4c0": {
                                "delete": 180000000000,
                                "read": 900000000000,
                                "update": 300000000000
                            }
                        },
                        "tainted": false
                    },
                    "deposed": [],
                    "provider": "provider.aws"
                },
                "aws_instance.staging-automation-server": {
                    "type": "aws_instance",
                    "depends_on": [
                        "aws_security_group.staging-automation-server-instance-sg"
                    ],
                    "primary": {
                        "id": "i-01b60975e5cc9b79d",
                        "attributes": {
                            "ami": "ami-0b99c7725b9484f9e",
                            "arn": "arn:aws:ec2:ap-south-1:536612919621:instance/i-01b60975e5cc9b79d",
                            "associate_public_ip_address": "false",
                            "availability_zone": "ap-south-1a",
                            "cpu_core_count": "1",
                            "cpu_threads_per_core": "2",
                            "credit_specification.#": "1",
                            "credit_specification.0.cpu_credits": "unlimited",
                            "disable_api_termination": "false",
                            "ebs_block_device.#": "0",
                            "ebs_optimized": "false",
                            "ephemeral_block_device.#": "0",
                            "get_password_data": "false",
                            "iam_instance_profile": "",
                            "id": "i-01b60975e5cc9b79d",
                            "instance_state": "running",
                            "instance_type": "t3.medium",
                            "ipv6_address_count": "0",
                            "ipv6_addresses.#": "0",
                            "key_name": "test-tensult-key",
                            "monitoring": "false",
                            "network_interface.#": "0",
                            "password_data": "",
                            "placement_group": "",
                            "primary_network_interface_id": "eni-067b180ef37d9b387",
                            "private_dns": "ip-10-0-193-218.ap-south-1.compute.internal",
                            "private_ip": "10.0.193.218",
                            "public_dns": "",
                            "public_ip": "",
                            "root_block_device.#": "1",
                            "root_block_device.0.delete_on_termination": "true",
                            "root_block_device.0.encrypted": "false",
                            "root_block_device.0.iops": "150",
                            "root_block_device.0.kms_key_id": "",
                            "root_block_device.0.volume_id": "vol-0047bd79f4e443ae1",
                            "root_block_device.0.volume_size": "50",
                            "root_block_device.0.volume_type": "gp2",
                            "security_groups.#": "0",
                            "source_dest_check": "true",
                            "subnet_id": "subnet-0c01b35b182a234a1",
                            "tags.%": "1",
                            "tags.Name": "Test Automation Server - Staging",
                            "tenancy": "default",
                            "user_data": "180a5d4103dc74c64908cb14de9640ee7af31a0f",
                            "volume_tags.%": "0",
                            "vpc_security_group_ids.#": "1",
                            "vpc_security_group_ids.1505834298": "sg-0e5ba8ff1cb548abf"
                        },
                        "meta": {
                            "e2bfb730-ecaa-11e6-8f88-34363bc7c4c0": {
                                "create": 600000000000,
                                "delete": 1200000000000,
                                "update": 600000000000
                            },
                            "schema_version": "1"
                        },
                        "tainted": false
                    },
                    "deposed": [],
                    "provider": "provider.aws"
                },
                "aws_security_group.staging-automation-server-instance-sg": {
                    "type": "aws_security_group",
                    "depends_on": [],
                    "primary": {
                        "id": "sg-0e5ba8ff1cb548abf",
                        "attributes": {
                            "arn": "arn:aws:ec2:ap-south-1:536612919621:security-group/sg-0e5ba8ff1cb548abf",
                            "description": "staging_kubectl_instance_sg",
                            "egress.#": "1",
                            "egress.482069346.cidr_blocks.#": "1",
                            "egress.482069346.cidr_blocks.0": "0.0.0.0/0",
                            "egress.482069346.description": "",
                            "egress.482069346.from_port": "0",
                            "egress.482069346.ipv6_cidr_blocks.#": "0",
                            "egress.482069346.prefix_list_ids.#": "0",
                            "egress.482069346.protocol": "-1",
                            "egress.482069346.security_groups.#": "0",
                            "egress.482069346.self": "false",
                            "egress.482069346.to_port": "0",
                            "id": "sg-0e5ba8ff1cb548abf",
                            "ingress.#": "1",
                            "ingress.2541437006.cidr_blocks.#": "1",
                            "ingress.2541437006.cidr_blocks.0": "0.0.0.0/0",
                            "ingress.2541437006.description": "",
                            "ingress.2541437006.from_port": "22",
                            "ingress.2541437006.ipv6_cidr_blocks.#": "0",
                            "ingress.2541437006.prefix_list_ids.#": "0",
                            "ingress.2541437006.protocol": "tcp",
                            "ingress.2541437006.security_groups.#": "0",
                            "ingress.2541437006.self": "false",
                            "ingress.2541437006.to_port": "22",
                            "name": "staging-automation-server-instance-sg",
                            "owner_id": "536612919621",
                            "revoke_rules_on_delete": "false",
                            "tags.%": "1",
                            "tags.Name": "test_staging_kubectl_server-SG",
                            "vpc_id": "vpc-01acaea0727420328"
                        },
                        "meta": {
                            "e2bfb730-ecaa-11e6-8f88-34363bc7c4c0": {
                                "create": 600000000000,
                                "delete": 600000000000
                            },
                            "schema_version": "1"
                        },
                        "tainted": false
                    },
                    "deposed": [],
                    "provider": "provider.aws"
                }
            },
            "depends_on": []
        },
        {
            "path": [
                "root",
                "vpc"
            ],
            "outputs": {
                "staging_master_subnet": {
                    "sensitive": false,
                    "type": "list",
                    "value": [
                        "subnet-0315c598ffd2f9a04",
                        "subnet-00d867d4b91b86e3c",
                        "subnet-04b1871c804f92e75"
                    ]
                },
                "staging_public_subnet": {
                    "sensitive": false,
                    "type": "list",
                    "value": [
                        "subnet-0c01b35b182a234a1",
                        "subnet-063adc0fd404b5cc8",
                        "subnet-002acaf951952249a"
                    ]
                },
                "staging_rds_db_subnet": {
                    "sensitive": false,
                    "type": "list",
                    "value": [
                        "subnet-0ec50a1b9a58a120c",
                        "subnet-037572b2e05aa0afa",
                        "subnet-0d4327826f1415674"
                    ]
                },
                "staging_worker_subnet": {
                    "sensitive": false,
                    "type": "list",
                    "value": [
                        "subnet-0b963de6dbb0bf8be",
                        "subnet-01c7eef96dd977406",
                        "subnet-08734867c9a78bd2a"
                    ]
                }
            },
            "resources": {
                "aws_eip.eip": {
                    "type": "aws_eip",
                    "depends_on": [],
                    "primary": {
                        "id": "eipalloc-0e5788963e8ccece4",
                        "attributes": {
                            "association_id": "eipassoc-bbf57647",
                            "domain": "vpc",
                            "id": "eipalloc-0e5788963e8ccece4",
                            "instance": "",
                            "network_interface": "eni-0d9ec2dabc1aa0e2b",
                            "private_dns": "ip-10-0-12-211.ap-south-1.compute.internal",
                            "private_ip": "10.0.12.211",
                            "public_dns": "ec2-15-206-3-48.ap-south-1.compute.amazonaws.com",
                            "public_ip": "15.206.3.48",
                            "public_ipv4_pool": "amazon",
                            "tags.%": "1",
                            "tags.Name": "staging_vernacular_eip",
                            "vpc": "true"
                        },
                        "meta": {
                            "e2bfb730-ecaa-11e6-8f88-34363bc7c4c0": {
                                "delete": 180000000000,
                                "read": 900000000000,
                                "update": 300000000000
                            }
                        },
                        "tainted": false
                    },
                    "deposed": [],
                    "provider": "provider.aws"
                },
                "aws_nat_gateway.nat-gw": {
                    "type": "aws_nat_gateway",
                    "depends_on": [
                        "aws_eip.eip",
                        "aws_subnet.staging_master_subnet.*"
                    ],
                    "primary": {
                        "id": "nat-03a1a381e8ef418c9",
                        "attributes": {
                            "allocation_id": "eipalloc-0e5788963e8ccece4",
                            "id": "nat-03a1a381e8ef418c9",
                            "network_interface_id": "eni-0d9ec2dabc1aa0e2b",
                            "private_ip": "10.0.12.211",
                            "public_ip": "15.206.3.48",
                            "subnet_id": "subnet-0315c598ffd2f9a04",
                            "tags.%": "1",
                            "tags.Name": "staging_vernacular_nat"
                        },
                        "meta": {},
                        "tainted": false
                    },
                    "deposed": [],
                    "provider": "provider.aws"
                },
                "aws_route_table.rt_private": {
                    "type": "aws_route_table",
                    "depends_on": [
                        "aws_nat_gateway.nat-gw"
                    ],
                    "primary": {
                        "id": "rtb-0cf97346b056f0165",
                        "attributes": {
                            "id": "rtb-0cf97346b056f0165",
                            "owner_id": "536612919621",
                            "propagating_vgws.#": "0",
                            "route.#": "1",
                            "route.4281024878.cidr_block": "0.0.0.0/0",
                            "route.4281024878.egress_only_gateway_id": "",
                            "route.4281024878.gateway_id": "",
                            "route.4281024878.instance_id": "",
                            "route.4281024878.ipv6_cidr_block": "",
                            "route.4281024878.nat_gateway_id": "nat-03a1a381e8ef418c9",
                            "route.4281024878.network_interface_id": "",
                            "route.4281024878.transit_gateway_id": "",
                            "route.4281024878.vpc_peering_connection_id": "",
                            "tags.%": "1",
                            "tags.Name": "rt_private",
                            "vpc_id": "vpc-01acaea0727420328"
                        },
                        "meta": {},
                        "tainted": false
                    },
                    "deposed": [],
                    "provider": "provider.aws"
                },
                "aws_route_table.rt_public": {
                    "type": "aws_route_table",
                    "depends_on": [],
                    "primary": {
                        "id": "rtb-0a3f404d20e103cdf",
                        "attributes": {
                            "id": "rtb-0a3f404d20e103cdf",
                            "owner_id": "536612919621",
                            "propagating_vgws.#": "0",
                            "route.#": "1",
                            "route.1477990092.cidr_block": "0.0.0.0/0",
                            "route.1477990092.egress_only_gateway_id": "",
                            "route.1477990092.gateway_id": "igw-02223690a3b971817",
                            "route.1477990092.instance_id": "",
                            "route.1477990092.ipv6_cidr_block": "",
                            "route.1477990092.nat_gateway_id": "",
                            "route.1477990092.network_interface_id": "",
                            "route.1477990092.transit_gateway_id": "",
                            "route.1477990092.vpc_peering_connection_id": "",
                            "tags.%": "1",
                            "tags.Name": "rt_public",
                            "vpc_id": "vpc-01acaea0727420328"
                        },
                        "meta": {},
                        "tainted": false
                    },
                    "deposed": [],
                    "provider": "provider.aws"
                },
                "aws_route_table_association.private_subnet.0": {
                    "type": "aws_route_table_association",
                    "depends_on": [
                        "aws_route_table.rt_private",
                        "aws_subnet.staging_private_subnet.*"
                    ],
                    "primary": {
                        "id": "rtbassoc-093b429dda8fb68a4",
                        "attributes": {
                            "id": "rtbassoc-093b429dda8fb68a4",
                            "route_table_id": "rtb-0cf97346b056f0165",
                            "subnet_id": "subnet-0ecc7d95e98b04619"
                        },
                        "meta": {},
                        "tainted": false
                    },
                    "deposed": [],
                    "provider": "provider.aws"
                },
                "aws_route_table_association.private_subnet.1": {
                    "type": "aws_route_table_association",
                    "depends_on": [
                        "aws_route_table.rt_private",
                        "aws_subnet.staging_private_subnet.*"
                    ],
                    "primary": {
                        "id": "rtbassoc-0f1ad0c32acf8b27f",
                        "attributes": {
                            "id": "rtbassoc-0f1ad0c32acf8b27f",
                            "route_table_id": "rtb-0cf97346b056f0165",
                            "subnet_id": "subnet-07dae2ab2b1a3c32b"
                        },
                        "meta": {},
                        "tainted": false
                    },
                    "deposed": [],
                    "provider": "provider.aws"
                },
                "aws_route_table_association.private_subnet.2": {
                    "type": "aws_route_table_association",
                    "depends_on": [
                        "aws_route_table.rt_private",
                        "aws_subnet.staging_private_subnet.*"
                    ],
                    "primary": {
                        "id": "rtbassoc-023112c1c6b809833",
                        "attributes": {
                            "id": "rtbassoc-023112c1c6b809833",
                            "route_table_id": "rtb-0cf97346b056f0165",
                            "subnet_id": "subnet-00083f4b5ee625fed"
                        },
                        "meta": {},
                        "tainted": false
                    },
                    "deposed": [],
                    "provider": "provider.aws"
                },
                "aws_route_table_association.staging_master.0": {
                    "type": "aws_route_table_association",
                    "depends_on": [
                        "aws_route_table.rt_public",
                        "aws_subnet.staging_master_subnet.*"
                    ],
                    "primary": {
                        "id": "rtbassoc-0e897061ff9c5e97a",
                        "attributes": {
                            "id": "rtbassoc-0e897061ff9c5e97a",
                            "route_table_id": "rtb-0a3f404d20e103cdf",
                            "subnet_id": "subnet-0315c598ffd2f9a04"
                        },
                        "meta": {},
                        "tainted": false
                    },
                    "deposed": [],
                    "provider": "provider.aws"
                },
                "aws_route_table_association.staging_master.1": {
                    "type": "aws_route_table_association",
                    "depends_on": [
                        "aws_route_table.rt_public",
                        "aws_subnet.staging_master_subnet.*"
                    ],
                    "primary": {
                        "id": "rtbassoc-01b4701f9520f6607",
                        "attributes": {
                            "id": "rtbassoc-01b4701f9520f6607",
                            "route_table_id": "rtb-0a3f404d20e103cdf",
                            "subnet_id": "subnet-00d867d4b91b86e3c"
                        },
                        "meta": {},
                        "tainted": false
                    },
                    "deposed": [],
                    "provider": "provider.aws"
                },
                "aws_route_table_association.staging_master.2": {
                    "type": "aws_route_table_association",
                    "depends_on": [
                        "aws_route_table.rt_public",
                        "aws_subnet.staging_master_subnet.*"
                    ],
                    "primary": {
                        "id": "rtbassoc-09a5548add94f3e40",
                        "attributes": {
                            "id": "rtbassoc-09a5548add94f3e40",
                            "route_table_id": "rtb-0a3f404d20e103cdf",
                            "subnet_id": "subnet-04b1871c804f92e75"
                        },
                        "meta": {},
                        "tainted": false
                    },
                    "deposed": [],
                    "provider": "provider.aws"
                },
                "aws_route_table_association.staging_public.0": {
                    "type": "aws_route_table_association",
                    "depends_on": [
                        "aws_route_table.rt_public",
                        "aws_subnet.staging_public_subnet.*"
                    ],
                    "primary": {
                        "id": "rtbassoc-0822cb36213b2936e",
                        "attributes": {
                            "id": "rtbassoc-0822cb36213b2936e",
                            "route_table_id": "rtb-0a3f404d20e103cdf",
                            "subnet_id": "subnet-0c01b35b182a234a1"
                        },
                        "meta": {},
                        "tainted": false
                    },
                    "deposed": [],
                    "provider": "provider.aws"
                },
                "aws_route_table_association.staging_public.1": {
                    "type": "aws_route_table_association",
                    "depends_on": [
                        "aws_route_table.rt_public",
                        "aws_subnet.staging_public_subnet.*"
                    ],
                    "primary": {
                        "id": "rtbassoc-09259946e50bab307",
                        "attributes": {
                            "id": "rtbassoc-09259946e50bab307",
                            "route_table_id": "rtb-0a3f404d20e103cdf",
                            "subnet_id": "subnet-063adc0fd404b5cc8"
                        },
                        "meta": {},
                        "tainted": false
                    },
                    "deposed": [],
                    "provider": "provider.aws"
                },
                "aws_route_table_association.staging_public.2": {
                    "type": "aws_route_table_association",
                    "depends_on": [
                        "aws_route_table.rt_public",
                        "aws_subnet.staging_public_subnet.*"
                    ],
                    "primary": {
                        "id": "rtbassoc-06a9d742810d24719",
                        "attributes": {
                            "id": "rtbassoc-06a9d742810d24719",
                            "route_table_id": "rtb-0a3f404d20e103cdf",
                            "subnet_id": "subnet-002acaf951952249a"
                        },
                        "meta": {},
                        "tainted": false
                    },
                    "deposed": [],
                    "provider": "provider.aws"
                },
                "aws_route_table_association.staging_worker.0": {
                    "type": "aws_route_table_association",
                    "depends_on": [
                        "aws_route_table.rt_private",
                        "aws_subnet.staging_worker_subnet.*"
                    ],
                    "primary": {
                        "id": "rtbassoc-0f43dd29366cbb58b",
                        "attributes": {
                            "id": "rtbassoc-0f43dd29366cbb58b",
                            "route_table_id": "rtb-0cf97346b056f0165",
                            "subnet_id": "subnet-0b963de6dbb0bf8be"
                        },
                        "meta": {},
                        "tainted": false
                    },
                    "deposed": [],
                    "provider": "provider.aws"
                },
                "aws_route_table_association.staging_worker.1": {
                    "type": "aws_route_table_association",
                    "depends_on": [
                        "aws_route_table.rt_private",
                        "aws_subnet.staging_worker_subnet.*"
                    ],
                    "primary": {
                        "id": "rtbassoc-036a6389951ac11fa",
                        "attributes": {
                            "id": "rtbassoc-036a6389951ac11fa",
                            "route_table_id": "rtb-0cf97346b056f0165",
                            "subnet_id": "subnet-01c7eef96dd977406"
                        },
                        "meta": {},
                        "tainted": false
                    },
                    "deposed": [],
                    "provider": "provider.aws"
                },
                "aws_route_table_association.staging_worker.2": {
                    "type": "aws_route_table_association",
                    "depends_on": [
                        "aws_route_table.rt_private",
                        "aws_subnet.staging_worker_subnet.*"
                    ],
                    "primary": {
                        "id": "rtbassoc-03a789dae8711da05",
                        "attributes": {
                            "id": "rtbassoc-03a789dae8711da05",
                            "route_table_id": "rtb-0cf97346b056f0165",
                            "subnet_id": "subnet-08734867c9a78bd2a"
                        },
                        "meta": {},
                        "tainted": false
                    },
                    "deposed": [],
                    "provider": "provider.aws"
                },
                "aws_route_table_association.stagingdb.0": {
                    "type": "aws_route_table_association",
                    "depends_on": [
                        "aws_route_table.rt_private",
                        "aws_subnet.staging_rds_subnet.*"
                    ],
                    "primary": {
                        "id": "rtbassoc-0d0ae2b84c2d57c40",
                        "attributes": {
                            "id": "rtbassoc-0d0ae2b84c2d57c40",
                            "route_table_id": "rtb-0cf97346b056f0165",
                            "subnet_id": "subnet-0ec50a1b9a58a120c"
                        },
                        "meta": {},
                        "tainted": false
                    },
                    "deposed": [],
                    "provider": "provider.aws"
                },
                "aws_route_table_association.stagingdb.1": {
                    "type": "aws_route_table_association",
                    "depends_on": [
                        "aws_route_table.rt_private",
                        "aws_subnet.staging_rds_subnet.*"
                    ],
                    "primary": {
                        "id": "rtbassoc-03233f20cbd0e53b2",
                        "attributes": {
                            "id": "rtbassoc-03233f20cbd0e53b2",
                            "route_table_id": "rtb-0cf97346b056f0165",
                            "subnet_id": "subnet-037572b2e05aa0afa"
                        },
                        "meta": {},
                        "tainted": false
                    },
                    "deposed": [],
                    "provider": "provider.aws"
                },
                "aws_route_table_association.stagingdb.2": {
                    "type": "aws_route_table_association",
                    "depends_on": [
                        "aws_route_table.rt_private",
                        "aws_subnet.staging_rds_subnet.*"
                    ],
                    "primary": {
                        "id": "rtbassoc-0a83da4ab04c94d5e",
                        "attributes": {
                            "id": "rtbassoc-0a83da4ab04c94d5e",
                            "route_table_id": "rtb-0cf97346b056f0165",
                            "subnet_id": "subnet-0d4327826f1415674"
                        },
                        "meta": {},
                        "tainted": false
                    },
                    "deposed": [],
                    "provider": "provider.aws"
                },
                "aws_subnet.staging_master_subnet.0": {
                    "type": "aws_subnet",
                    "depends_on": [
                        "data.aws_availability_zones.available"
                    ],
                    "primary": {
                        "id": "subnet-0315c598ffd2f9a04",
                        "attributes": {
                            "arn": "arn:aws:ec2:ap-south-1:536612919621:subnet/subnet-0315c598ffd2f9a04",
                            "assign_ipv6_address_on_creation": "false",
                            "availability_zone": "ap-south-1a",
                            "availability_zone_id": "aps1-az1",
                            "cidr_block": "10.0.0.0/20",
                            "id": "subnet-0315c598ffd2f9a04",
                            "ipv6_cidr_block": "",
                            "ipv6_cidr_block_association_id": "",
                            "map_public_ip_on_launch": "false",
                            "owner_id": "536612919621",
                            "tags.%": "1",
                            "tags.Name": "Staging_Master_ap-south-1a",
                            "vpc_id": "vpc-01acaea0727420328"
                        },
                        "meta": {
                            "e2bfb730-ecaa-11e6-8f88-34363bc7c4c0": {
                                "create": 600000000000,
                                "delete": 1200000000000
                            },
                            "schema_version": "1"
                        },
                        "tainted": false
                    },
                    "deposed": [],
                    "provider": "provider.aws"
                },
                "aws_subnet.staging_master_subnet.1": {
                    "type": "aws_subnet",
                    "depends_on": [
                        "data.aws_availability_zones.available"
                    ],
                    "primary": {
                        "id": "subnet-00d867d4b91b86e3c",
                        "attributes": {
                            "arn": "arn:aws:ec2:ap-south-1:536612919621:subnet/subnet-00d867d4b91b86e3c",
                            "assign_ipv6_address_on_creation": "false",
                            "availability_zone": "ap-south-1b",
                            "availability_zone_id": "aps1-az3",
                            "cidr_block": "10.0.16.0/20",
                            "id": "subnet-00d867d4b91b86e3c",
                            "ipv6_cidr_block": "",
                            "ipv6_cidr_block_association_id": "",
                            "map_public_ip_on_launch": "false",
                            "owner_id": "536612919621",
                            "tags.%": "1",
                            "tags.Name": "Staging_Master_ap-south-1b",
                            "vpc_id": "vpc-01acaea0727420328"
                        },
                        "meta": {
                            "e2bfb730-ecaa-11e6-8f88-34363bc7c4c0": {
                                "create": 600000000000,
                                "delete": 1200000000000
                            },
                            "schema_version": "1"
                        },
                        "tainted": false
                    },
                    "deposed": [],
                    "provider": "provider.aws"
                },
                "aws_subnet.staging_master_subnet.2": {
                    "type": "aws_subnet",
                    "depends_on": [
                        "data.aws_availability_zones.available"
                    ],
                    "primary": {
                        "id": "subnet-04b1871c804f92e75",
                        "attributes": {
                            "arn": "arn:aws:ec2:ap-south-1:536612919621:subnet/subnet-04b1871c804f92e75",
                            "assign_ipv6_address_on_creation": "false",
                            "availability_zone": "ap-south-1c",
                            "availability_zone_id": "aps1-az2",
                            "cidr_block": "10.0.32.0/20",
                            "id": "subnet-04b1871c804f92e75",
                            "ipv6_cidr_block": "",
                            "ipv6_cidr_block_association_id": "",
                            "map_public_ip_on_launch": "false",
                            "owner_id": "536612919621",
                            "tags.%": "1",
                            "tags.Name": "Staging_Master_ap-south-1c",
                            "vpc_id": "vpc-01acaea0727420328"
                        },
                        "meta": {
                            "e2bfb730-ecaa-11e6-8f88-34363bc7c4c0": {
                                "create": 600000000000,
                                "delete": 1200000000000
                            },
                            "schema_version": "1"
                        },
                        "tainted": false
                    },
                    "deposed": [],
                    "provider": "provider.aws"
                },
                "aws_subnet.staging_private_subnet.0": {
                    "type": "aws_subnet",
                    "depends_on": [
                        "data.aws_availability_zones.available"
                    ],
                    "primary": {
                        "id": "subnet-0ecc7d95e98b04619",
                        "attributes": {
                            "arn": "arn:aws:ec2:ap-south-1:536612919621:subnet/subnet-0ecc7d95e98b04619",
                            "assign_ipv6_address_on_creation": "false",
                            "availability_zone": "ap-south-1a",
                            "availability_zone_id": "aps1-az1",
                            "cidr_block": "10.0.216.0/22",
                            "id": "subnet-0ecc7d95e98b04619",
                            "ipv6_cidr_block": "",
                            "ipv6_cidr_block_association_id": "",
                            "map_public_ip_on_launch": "false",
                            "owner_id": "536612919621",
                            "tags.%": "3",
                            "tags.Name": "staging_private_subnet_ap-south-1a",
                            "tags.kubernetes.io/cluster/voice-services-staging-cluster": "owned",
                            "tags.kubernetes.io/role/internal-elb": "1",
                            "vpc_id": "vpc-01acaea0727420328"
                        },
                        "meta": {
                            "e2bfb730-ecaa-11e6-8f88-34363bc7c4c0": {
                                "create": 600000000000,
                                "delete": 1200000000000
                            },
                            "schema_version": "1"
                        },
                        "tainted": false
                    },
                    "deposed": [],
                    "provider": "provider.aws"
                },
                "aws_subnet.staging_private_subnet.1": {
                    "type": "aws_subnet",
                    "depends_on": [
                        "data.aws_availability_zones.available"
                    ],
                    "primary": {
                        "id": "subnet-07dae2ab2b1a3c32b",
                        "attributes": {
                            "arn": "arn:aws:ec2:ap-south-1:536612919621:subnet/subnet-07dae2ab2b1a3c32b",
                            "assign_ipv6_address_on_creation": "false",
                            "availability_zone": "ap-south-1b",
                            "availability_zone_id": "aps1-az3",
                            "cidr_block": "10.0.220.0/22",
                            "id": "subnet-07dae2ab2b1a3c32b",
                            "ipv6_cidr_block": "",
                            "ipv6_cidr_block_association_id": "",
                            "map_public_ip_on_launch": "false",
                            "owner_id": "536612919621",
                            "tags.%": "3",
                            "tags.Name": "staging_private_subnet_ap-south-1b",
                            "tags.kubernetes.io/cluster/voice-services-staging-cluster": "owned",
                            "tags.kubernetes.io/role/internal-elb": "1",
                            "vpc_id": "vpc-01acaea0727420328"
                        },
                        "meta": {
                            "e2bfb730-ecaa-11e6-8f88-34363bc7c4c0": {
                                "create": 600000000000,
                                "delete": 1200000000000
                            },
                            "schema_version": "1"
                        },
                        "tainted": false
                    },
                    "deposed": [],
                    "provider": "provider.aws"
                },
                "aws_subnet.staging_private_subnet.2": {
                    "type": "aws_subnet",
                    "depends_on": [
                        "data.aws_availability_zones.available"
                    ],
                    "primary": {
                        "id": "subnet-00083f4b5ee625fed",
                        "attributes": {
                            "arn": "arn:aws:ec2:ap-south-1:536612919621:subnet/subnet-00083f4b5ee625fed",
                            "assign_ipv6_address_on_creation": "false",
                            "availability_zone": "ap-south-1c",
                            "availability_zone_id": "aps1-az2",
                            "cidr_block": "10.0.224.0/22",
                            "id": "subnet-00083f4b5ee625fed",
                            "ipv6_cidr_block": "",
                            "ipv6_cidr_block_association_id": "",
                            "map_public_ip_on_launch": "false",
                            "owner_id": "536612919621",
                            "tags.%": "3",
                            "tags.Name": "staging_private_subnet_ap-south-1c",
                            "tags.kubernetes.io/cluster/voice-services-staging-cluster": "owned",
                            "tags.kubernetes.io/role/internal-elb": "1",
                            "vpc_id": "vpc-01acaea0727420328"
                        },
                        "meta": {
                            "e2bfb730-ecaa-11e6-8f88-34363bc7c4c0": {
                                "create": 600000000000,
                                "delete": 1200000000000
                            },
                            "schema_version": "1"
                        },
                        "tainted": false
                    },
                    "deposed": [],
                    "provider": "provider.aws"
                },
                "aws_subnet.staging_public_subnet.0": {
                    "type": "aws_subnet",
                    "depends_on": [
                        "data.aws_availability_zones.available"
                    ],
                    "primary": {
                        "id": "subnet-0c01b35b182a234a1",
                        "attributes": {
                            "arn": "arn:aws:ec2:ap-south-1:536612919621:subnet/subnet-0c01b35b182a234a1",
                            "assign_ipv6_address_on_creation": "false",
                            "availability_zone": "ap-south-1a",
                            "availability_zone_id": "aps1-az1",
                            "cidr_block": "10.0.192.0/22",
                            "id": "subnet-0c01b35b182a234a1",
                            "ipv6_cidr_block": "",
                            "ipv6_cidr_block_association_id": "",
                            "map_public_ip_on_launch": "false",
                            "owner_id": "536612919621",
                            "tags.%": "3",
                            "tags.Name": "staging_public_subnet_ap-south-1a",
                            "tags.kubernetes.io/cluster/voice-services-staging-cluster": "owned",
                            "tags.kubernetes.io/role/elb": "1",
                            "vpc_id": "vpc-01acaea0727420328"
                        },
                        "meta": {
                            "e2bfb730-ecaa-11e6-8f88-34363bc7c4c0": {
                                "create": 600000000000,
                                "delete": 1200000000000
                            },
                            "schema_version": "1"
                        },
                        "tainted": false
                    },
                    "deposed": [],
                    "provider": "provider.aws"
                },
                "aws_subnet.staging_public_subnet.1": {
                    "type": "aws_subnet",
                    "depends_on": [
                        "data.aws_availability_zones.available"
                    ],
                    "primary": {
                        "id": "subnet-063adc0fd404b5cc8",
                        "attributes": {
                            "arn": "arn:aws:ec2:ap-south-1:536612919621:subnet/subnet-063adc0fd404b5cc8",
                            "assign_ipv6_address_on_creation": "false",
                            "availability_zone": "ap-south-1b",
                            "availability_zone_id": "aps1-az3",
                            "cidr_block": "10.0.196.0/22",
                            "id": "subnet-063adc0fd404b5cc8",
                            "ipv6_cidr_block": "",
                            "ipv6_cidr_block_association_id": "",
                            "map_public_ip_on_launch": "false",
                            "owner_id": "536612919621",
                            "tags.%": "3",
                            "tags.Name": "staging_public_subnet_ap-south-1b",
                            "tags.kubernetes.io/cluster/voice-services-staging-cluster": "owned",
                            "tags.kubernetes.io/role/elb": "1",
                            "vpc_id": "vpc-01acaea0727420328"
                        },
                        "meta": {
                            "e2bfb730-ecaa-11e6-8f88-34363bc7c4c0": {
                                "create": 600000000000,
                                "delete": 1200000000000
                            },
                            "schema_version": "1"
                        },
                        "tainted": false
                    },
                    "deposed": [],
                    "provider": "provider.aws"
                },
                "aws_subnet.staging_public_subnet.2": {
                    "type": "aws_subnet",
                    "depends_on": [
                        "data.aws_availability_zones.available"
                    ],
                    "primary": {
                        "id": "subnet-002acaf951952249a",
                        "attributes": {
                            "arn": "arn:aws:ec2:ap-south-1:536612919621:subnet/subnet-002acaf951952249a",
                            "assign_ipv6_address_on_creation": "false",
                            "availability_zone": "ap-south-1c",
                            "availability_zone_id": "aps1-az2",
                            "cidr_block": "10.0.200.0/22",
                            "id": "subnet-002acaf951952249a",
                            "ipv6_cidr_block": "",
                            "ipv6_cidr_block_association_id": "",
                            "map_public_ip_on_launch": "false",
                            "owner_id": "536612919621",
                            "tags.%": "3",
                            "tags.Name": "staging_public_subnet_ap-south-1c",
                            "tags.kubernetes.io/cluster/voice-services-staging-cluster": "owned",
                            "tags.kubernetes.io/role/elb": "1",
                            "vpc_id": "vpc-01acaea0727420328"
                        },
                        "meta": {
                            "e2bfb730-ecaa-11e6-8f88-34363bc7c4c0": {
                                "create": 600000000000,
                                "delete": 1200000000000
                            },
                            "schema_version": "1"
                        },
                        "tainted": false
                    },
                    "deposed": [],
                    "provider": "provider.aws"
                },
                "aws_subnet.staging_rds_subnet.0": {
                    "type": "aws_subnet",
                    "depends_on": [
                        "data.aws_availability_zones.available"
                    ],
                    "primary": {
                        "id": "subnet-0ec50a1b9a58a120c",
                        "attributes": {
                            "arn": "arn:aws:ec2:ap-south-1:536612919621:subnet/subnet-0ec50a1b9a58a120c",
                            "assign_ipv6_address_on_creation": "false",
                            "availability_zone": "ap-south-1a",
                            "availability_zone_id": "aps1-az1",
                            "cidr_block": "10.0.240.0/23",
                            "id": "subnet-0ec50a1b9a58a120c",
                            "ipv6_cidr_block": "",
                            "ipv6_cidr_block_association_id": "",
                            "map_public_ip_on_launch": "false",
                            "owner_id": "536612919621",
                            "tags.%": "1",
                            "tags.Name": "Staging-rds_ap-south-1a",
                            "vpc_id": "vpc-01acaea0727420328"
                        },
                        "meta": {
                            "e2bfb730-ecaa-11e6-8f88-34363bc7c4c0": {
                                "create": 600000000000,
                                "delete": 1200000000000
                            },
                            "schema_version": "1"
                        },
                        "tainted": false
                    },
                    "deposed": [],
                    "provider": "provider.aws"
                },
                "aws_subnet.staging_rds_subnet.1": {
                    "type": "aws_subnet",
                    "depends_on": [
                        "data.aws_availability_zones.available"
                    ],
                    "primary": {
                        "id": "subnet-037572b2e05aa0afa",
                        "attributes": {
                            "arn": "arn:aws:ec2:ap-south-1:536612919621:subnet/subnet-037572b2e05aa0afa",
                            "assign_ipv6_address_on_creation": "false",
                            "availability_zone": "ap-south-1b",
                            "availability_zone_id": "aps1-az3",
                            "cidr_block": "10.0.242.0/23",
                            "id": "subnet-037572b2e05aa0afa",
                            "ipv6_cidr_block": "",
                            "ipv6_cidr_block_association_id": "",
                            "map_public_ip_on_launch": "false",
                            "owner_id": "536612919621",
                            "tags.%": "1",
                            "tags.Name": "Staging-rds_ap-south-1b",
                            "vpc_id": "vpc-01acaea0727420328"
                        },
                        "meta": {
                            "e2bfb730-ecaa-11e6-8f88-34363bc7c4c0": {
                                "create": 600000000000,
                                "delete": 1200000000000
                            },
                            "schema_version": "1"
                        },
                        "tainted": false
                    },
                    "deposed": [],
                    "provider": "provider.aws"
                },
                "aws_subnet.staging_rds_subnet.2": {
                    "type": "aws_subnet",
                    "depends_on": [
                        "data.aws_availability_zones.available"
                    ],
                    "primary": {
                        "id": "subnet-0d4327826f1415674",
                        "attributes": {
                            "arn": "arn:aws:ec2:ap-south-1:536612919621:subnet/subnet-0d4327826f1415674",
                            "assign_ipv6_address_on_creation": "false",
                            "availability_zone": "ap-south-1c",
                            "availability_zone_id": "aps1-az2",
                            "cidr_block": "10.0.244.0/23",
                            "id": "subnet-0d4327826f1415674",
                            "ipv6_cidr_block": "",
                            "ipv6_cidr_block_association_id": "",
                            "map_public_ip_on_launch": "false",
                            "owner_id": "536612919621",
                            "tags.%": "1",
                            "tags.Name": "Staging-rds_ap-south-1c",
                            "vpc_id": "vpc-01acaea0727420328"
                        },
                        "meta": {
                            "e2bfb730-ecaa-11e6-8f88-34363bc7c4c0": {
                                "create": 600000000000,
                                "delete": 1200000000000
                            },
                            "schema_version": "1"
                        },
                        "tainted": false
                    },
                    "deposed": [],
                    "provider": "provider.aws"
                },
                "aws_subnet.staging_worker_subnet.0": {
                    "type": "aws_subnet",
                    "depends_on": [
                        "data.aws_availability_zones.available"
                    ],
                    "primary": {
                        "id": "subnet-0b963de6dbb0bf8be",
                        "attributes": {
                            "arn": "arn:aws:ec2:ap-south-1:536612919621:subnet/subnet-0b963de6dbb0bf8be",
                            "assign_ipv6_address_on_creation": "false",
                            "availability_zone": "ap-south-1a",
                            "availability_zone_id": "aps1-az1",
                            "cidr_block": "10.0.96.0/20",
                            "id": "subnet-0b963de6dbb0bf8be",
                            "ipv6_cidr_block": "",
                            "ipv6_cidr_block_association_id": "",
                            "map_public_ip_on_launch": "false",
                            "owner_id": "536612919621",
                            "tags.%": "1",
                            "tags.Name": "Staging_Worker_ap-south-1a",
                            "vpc_id": "vpc-01acaea0727420328"
                        },
                        "meta": {
                            "e2bfb730-ecaa-11e6-8f88-34363bc7c4c0": {
                                "create": 600000000000,
                                "delete": 1200000000000
                            },
                            "schema_version": "1"
                        },
                        "tainted": false
                    },
                    "deposed": [],
                    "provider": "provider.aws"
                },
                "aws_subnet.staging_worker_subnet.1": {
                    "type": "aws_subnet",
                    "depends_on": [
                        "data.aws_availability_zones.available"
                    ],
                    "primary": {
                        "id": "subnet-01c7eef96dd977406",
                        "attributes": {
                            "arn": "arn:aws:ec2:ap-south-1:536612919621:subnet/subnet-01c7eef96dd977406",
                            "assign_ipv6_address_on_creation": "false",
                            "availability_zone": "ap-south-1b",
                            "availability_zone_id": "aps1-az3",
                            "cidr_block": "10.0.112.0/20",
                            "id": "subnet-01c7eef96dd977406",
                            "ipv6_cidr_block": "",
                            "ipv6_cidr_block_association_id": "",
                            "map_public_ip_on_launch": "false",
                            "owner_id": "536612919621",
                            "tags.%": "1",
                            "tags.Name": "Staging_Worker_ap-south-1b",
                            "vpc_id": "vpc-01acaea0727420328"
                        },
                        "meta": {
                            "e2bfb730-ecaa-11e6-8f88-34363bc7c4c0": {
                                "create": 600000000000,
                                "delete": 1200000000000
                            },
                            "schema_version": "1"
                        },
                        "tainted": false
                    },
                    "deposed": [],
                    "provider": "provider.aws"
                },
                "aws_subnet.staging_worker_subnet.2": {
                    "type": "aws_subnet",
                    "depends_on": [
                        "data.aws_availability_zones.available"
                    ],
                    "primary": {
                        "id": "subnet-08734867c9a78bd2a",
                        "attributes": {
                            "arn": "arn:aws:ec2:ap-south-1:536612919621:subnet/subnet-08734867c9a78bd2a",
                            "assign_ipv6_address_on_creation": "false",
                            "availability_zone": "ap-south-1c",
                            "availability_zone_id": "aps1-az2",
                            "cidr_block": "10.0.128.0/20",
                            "id": "subnet-08734867c9a78bd2a",
                            "ipv6_cidr_block": "",
                            "ipv6_cidr_block_association_id": "",
                            "map_public_ip_on_launch": "false",
                            "owner_id": "536612919621",
                            "tags.%": "1",
                            "tags.Name": "Staging_Worker_ap-south-1c",
                            "vpc_id": "vpc-01acaea0727420328"
                        },
                        "meta": {
                            "e2bfb730-ecaa-11e6-8f88-34363bc7c4c0": {
                                "create": 600000000000,
                                "delete": 1200000000000
                            },
                            "schema_version": "1"
                        },
                        "tainted": false
                    },
                    "deposed": [],
                    "provider": "provider.aws"
                },
                "data.aws_availability_zones.available": {
                    "type": "aws_availability_zones",
                    "depends_on": [],
                    "primary": {
                        "id": "2019-09-02 09:10:15.5778409 +0000 UTC",
                        "attributes": {
                            "id": "2019-09-02 09:10:15.5778409 +0000 UTC",
                            "names.#": "3",
                            "names.0": "ap-south-1a",
                            "names.1": "ap-south-1b",
                            "names.2": "ap-south-1c",
                            "zone_ids.#": "3",
                            "zone_ids.0": "aps1-az1",
                            "zone_ids.1": "aps1-az3",
                            "zone_ids.2": "aps1-az2"
                        },
                        "meta": {},
                        "tainted": false
                    },
                    "deposed": [],
                    "provider": "provider.aws"
                }
            },
            "depends_on": []
        }
    ]
}
