{
  "version": 4,
  "terraform_version": "0.12.7",
  "serial": 14,
  "lineage": "7ecc8898-eb35-9421-3552-93d540360040",
  "outputs": {
    "endpoint": {
      "value": "search-voice-services-es-dzhy7y3nzcw27d3tt4k74xlusm.ap-south-1.es.amazonaws.com",
      "type": "string"
    },
    "kibana_endpoint": {
      "value": "search-voice-services-es-dzhy7y3nzcw27d3tt4k74xlusm.ap-south-1.es.amazonaws.com/_plugin/kibana/",
      "type": "string"
    }
  },
  "resources": [
    {
      "mode": "data",
      "type": "aws_caller_identity",
      "name": "current",
      "provider": "provider.aws",
      "instances": [
        {
          "schema_version": 0,
          "attributes": {
            "account_id": "536612919621",
            "arn": "arn:aws:iam::536612919621:user/mithun",
            "id": "2019-08-26 13:08:29.696361 +0000 UTC",
            "user_id": "AIDAIR5THSQHL3KM47GEI"
          }
        }
      ]
    },
    {
      "mode": "data",
      "type": "aws_region",
      "name": "current",
      "provider": "provider.aws",
      "instances": [
        {
          "schema_version": 0,
          "attributes": {
            "current": null,
            "description": "Asia Pacific (Mumbai)",
            "endpoint": "ec2.ap-south-1.amazonaws.com",
            "id": "ap-south-1",
            "name": "ap-south-1"
          }
        }
      ]
    },
    {
      "mode": "managed",
      "type": "aws_elasticsearch_domain",
      "name": "voice-services-es",
      "provider": "provider.aws",
      "instances": [
        {
          "schema_version": 0,
          "attributes": {
            "access_policies": "{\"Statement\":[{\"Action\":\"es:*\",\"Condition\":{\"IpAddress\":{\"aws:SourceIp\":[\"122.166.167.233\",\"13.234.157.127\",\"49.204.64.11\",\"49.204.64.12\",\"106.51.24.212\",\"106.51.22.184\",\"35.200.169.172\",\"13.127.6.174\"]}},\"Effect\":\"Allow\",\"Principal\":\"*\",\"Resource\":\"arn:aws:es:ap-south-1:536612919621:domain/voice-services-es/*\"}],\"Version\":\"2012-10-17\"}",
            "advanced_options": {
              "rest.action.multi.allow_explicit_index": "true"
            },
            "arn": "arn:aws:es:ap-south-1:536612919621:domain/voice-services-es",
            "cluster_config": [
              {
                "dedicated_master_count": 0,
                "dedicated_master_enabled": false,
                "dedicated_master_type": "",
                "instance_count": 1,
                "instance_type": "m5.large.elasticsearch",
                "zone_awareness_config": [],
                "zone_awareness_enabled": false
              }
            ],
            "cognito_options": [
              {
                "enabled": false,
                "identity_pool_id": "",
                "role_arn": "",
                "user_pool_id": ""
              }
            ],
            "domain_id": "536612919621/voice-services-es",
            "domain_name": "voice-services-es",
            "ebs_options": [
              {
                "ebs_enabled": true,
                "iops": 0,
                "volume_size": 50,
                "volume_type": "gp2"
              }
            ],
            "elasticsearch_version": "6.7",
            "encrypt_at_rest": [
              {
                "enabled": false,
                "kms_key_id": ""
              }
            ],
            "endpoint": "search-voice-services-es-dzhy7y3nzcw27d3tt4k74xlusm.ap-south-1.es.amazonaws.com",
            "id": "arn:aws:es:ap-south-1:536612919621:domain/voice-services-es",
            "kibana_endpoint": "search-voice-services-es-dzhy7y3nzcw27d3tt4k74xlusm.ap-south-1.es.amazonaws.com/_plugin/kibana/",
            "log_publishing_options": [],
            "node_to_node_encryption": [
              {
                "enabled": false
              }
            ],
            "snapshot_options": [
              {
                "automated_snapshot_start_hour": 0
              }
            ],
            "tags": {
              "Domain": "voice-services-es"
            },
            "vpc_options": []
          },
          "private": "bnVsbA==",
          "depends_on": [
            "data.aws_caller_identity.current",
            "data.aws_region.current"
          ]
        }
      ]
    }
  ]
}
