{
    "version": 3,
    "terraform_version": "0.11.14",
    "serial": 20,
    "lineage": "488dd70f-03aa-3312-e389-6841c260162b",
    "modules": [
        {
            "path": [
                "root"
            ],
            "outputs": {
                "spot_id": {
                    "sensitive": false,
                    "type": "string",
                    "value": "sfr-e27ee75e-51a9-4045-8068-20a93d6c20fb"
                }
            },
            "resources": {
                "aws_cloudwatch_event_rule.Spot_Instance_Stop_Event": {
                    "type": "aws_cloudwatch_event_rule",
                    "depends_on": [],
                    "primary": {
                        "id": "Spot_Instance_Stop_Event",
                        "attributes": {
                            "arn": "arn:aws:events:us-east-1:536612919621:rule/Spot_Instance_Stop_Event",
                            "description": "Triggers Spot-Instance-Snapshot lambda if spot instance gets stopped",
                            "event_pattern": "{\"detail\":{\"state\":[\"stopped\"]},\"detail-type\":[\"EC2 Instance State-change Notification\"],\"source\":[\"aws.ec2\"]}",
                            "id": "Spot_Instance_Stop_Event",
                            "is_enabled": "true",
                            "name": "Spot_Instance_Stop_Event",
                            "role_arn": "",
                            "schedule_expression": "",
                            "tags.%": "0"
                        },
                        "meta": {},
                        "tainted": false
                    },
                    "deposed": [],
                    "provider": "provider.aws"
                },
                "aws_cloudwatch_event_target.lambda_trigger": {
                    "type": "aws_cloudwatch_event_target",
                    "depends_on": [
                        "aws_cloudwatch_event_rule.Spot_Instance_Stop_Event",
                        "aws_lambda_function.lambda_function"
                    ],
                    "primary": {
                        "id": "Spot_Instance_Stop_Event-Spot-Instance-Snapshot",
                        "attributes": {
                            "arn": "arn:aws:lambda:us-east-1:536612919621:function:Spot-Instance-Snapshot",
                            "id": "Spot_Instance_Stop_Event-Spot-Instance-Snapshot",
                            "input": "",
                            "input_path": "",
                            "role_arn": "",
                            "rule": "Spot_Instance_Stop_Event",
                            "target_id": "Spot-Instance-Snapshot"
                        },
                        "meta": {},
                        "tainted": false
                    },
                    "deposed": [],
                    "provider": "provider.aws"
                },
                "aws_iam_policy.lambda_policy": {
                    "type": "aws_iam_policy",
                    "depends_on": [],
                    "primary": {
                        "id": "arn:aws:iam::536612919621:policy/Spot-Instance-Snapshot-Policy",
                        "attributes": {
                            "arn": "arn:aws:iam::536612919621:policy/Spot-Instance-Snapshot-Policy",
                            "description": "",
                            "id": "arn:aws:iam::536612919621:policy/Spot-Instance-Snapshot-Policy",
                            "name": "Spot-Instance-Snapshot-Policy",
                            "path": "/",
                            "policy": "{\n   \"Version\": \"2012-10-17\",\n   \"Statement\": [\n       {\n           \"Effect\": \"Allow\",\n           \"Action\": [\n               \"logs:CreateLogStream\",\n                \"ec2:DescribeInstances\",\n                \"ec2:CreateTags\",\n                \"ec2:CreateSnapshot\",\n                \"ec2:DescribeSnapshots\",\n                \"logs:CreateLogGroup\",\n                \"logs:PutLogEvents\"\n           ],\n           \"Resource\": \"*\"\n       }\n   ]\n}\n"
                        },
                        "meta": {},
                        "tainted": false
                    },
                    "deposed": [],
                    "provider": "provider.aws"
                },
                "aws_iam_policy.spot-fleet-policy": {
                    "type": "aws_iam_policy",
                    "depends_on": [],
                    "primary": {
                        "id": "arn:aws:iam::536612919621:policy/Spot-fleet-policy",
                        "attributes": {
                            "arn": "arn:aws:iam::536612919621:policy/Spot-fleet-policy",
                            "description": "",
                            "id": "arn:aws:iam::536612919621:policy/Spot-fleet-policy",
                            "name": "Spot-fleet-policy",
                            "path": "/",
                            "policy": "{\n    \"Version\": \"2012-10-17\",\n    \"Statement\": [\n        {\n            \"Effect\": \"Allow\",\n            \"Action\": [\n                \"ec2:DescribeImages\",\n                \"ec2:DescribeSubnets\",\n                \"ec2:RequestSpotInstances\",\n                \"ec2:TerminateInstances\",\n                \"ec2:DescribeInstanceStatus\",\n                \"ec2:CreateTags\"\n            ],\n            \"Resource\": [\n                \"*\"\n            ]\n        },\n        {\n            \"Effect\": \"Allow\",\n            \"Action\": \"iam:PassRole\",\n            \"Condition\": {\n                \"StringEquals\": {\n                    \"iam:PassedToService\": [\n                        \"ec2.amazonaws.com\",\n                        \"ec2.amazonaws.com.cn\"\n                    ]\n                }\n            },\n            \"Resource\": [\n                \"*\"\n            ]\n        },\n        {\n            \"Effect\": \"Allow\",\n            \"Action\": [\n                \"elasticloadbalancing:RegisterInstancesWithLoadBalancer\"\n            ],\n            \"Resource\": [\n                \"arn:aws:elasticloadbalancing:*:*:loadbalancer/*\"\n            ]\n        },\n        {\n            \"Effect\": \"Allow\",\n            \"Action\": [\n                \"elasticloadbalancing:RegisterTargets\"\n            ],\n            \"Resource\": [\n                \"*\"\n            ]\n        }\n    ]\n} \n"
                        },
                        "meta": {},
                        "tainted": false
                    },
                    "deposed": [],
                    "provider": "provider.aws"
                },
                "aws_iam_role.ec2-spot-role": {
                    "type": "aws_iam_role",
                    "depends_on": [],
                    "primary": {
                        "id": "Spot-fleet-role",
                        "attributes": {
                            "arn": "arn:aws:iam::536612919621:role/Spot-fleet-role",
                            "assume_role_policy": "{\"Version\":\"2012-10-17\",\"Statement\":[{\"Sid\":\"\",\"Effect\":\"Allow\",\"Principal\":{\"Service\":\"spotfleet.amazonaws.com\"},\"Action\":\"sts:AssumeRole\"}]}",
                            "create_date": "2019-07-24T10:56:51Z",
                            "description": "",
                            "force_detach_policies": "false",
                            "id": "Spot-fleet-role",
                            "max_session_duration": "3600",
                            "name": "Spot-fleet-role",
                            "path": "/",
                            "tags.%": "0",
                            "unique_id": "AROAXZ4E7LFC3SB4GMRA5"
                        },
                        "meta": {},
                        "tainted": false
                    },
                    "deposed": [],
                    "provider": "provider.aws"
                },
                "aws_iam_role.lambda_role": {
                    "type": "aws_iam_role",
                    "depends_on": [],
                    "primary": {
                        "id": "Spot-Instance-Snapshot-Role",
                        "attributes": {
                            "arn": "arn:aws:iam::536612919621:role/Spot-Instance-Snapshot-Role",
                            "assume_role_policy": "{\"Version\":\"2012-10-17\",\"Statement\":[{\"Sid\":\"\",\"Effect\":\"Allow\",\"Principal\":{\"Service\":\"lambda.amazonaws.com\"},\"Action\":\"sts:AssumeRole\"}]}",
                            "create_date": "2019-07-24T10:56:51Z",
                            "description": "",
                            "force_detach_policies": "false",
                            "id": "Spot-Instance-Snapshot-Role",
                            "max_session_duration": "3600",
                            "name": "Spot-Instance-Snapshot-Role",
                            "path": "/",
                            "tags.%": "0",
                            "unique_id": "AROAXZ4E7LFC2L6ELBUND"
                        },
                        "meta": {},
                        "tainted": false
                    },
                    "deposed": [],
                    "provider": "provider.aws"
                },
                "aws_iam_role_policy_attachment.lambda_main_policy_attachment": {
                    "type": "aws_iam_role_policy_attachment",
                    "depends_on": [
                        "aws_iam_policy.lambda_policy",
                        "aws_iam_role.lambda_role"
                    ],
                    "primary": {
                        "id": "Spot-Instance-Snapshot-Role-20190724105654011900000003",
                        "attributes": {
                            "id": "Spot-Instance-Snapshot-Role-20190724105654011900000003",
                            "policy_arn": "arn:aws:iam::536612919621:policy/Spot-Instance-Snapshot-Policy",
                            "role": "Spot-Instance-Snapshot-Role"
                        },
                        "meta": {},
                        "tainted": false
                    },
                    "deposed": [],
                    "provider": "provider.aws"
                },
                "aws_iam_role_policy_attachment.spot-fleet-policy-attachment": {
                    "type": "aws_iam_role_policy_attachment",
                    "depends_on": [
                        "aws_iam_policy.spot-fleet-policy",
                        "aws_iam_role.ec2-spot-role"
                    ],
                    "primary": {
                        "id": "Spot-fleet-role-20190724105653902000000002",
                        "attributes": {
                            "id": "Spot-fleet-role-20190724105653902000000002",
                            "policy_arn": "arn:aws:iam::536612919621:policy/Spot-fleet-policy",
                            "role": "Spot-fleet-role"
                        },
                        "meta": {},
                        "tainted": false
                    },
                    "deposed": [],
                    "provider": "provider.aws"
                },
                "aws_lambda_function.lambda_function": {
                    "type": "aws_lambda_function",
                    "depends_on": [
                        "aws_iam_role.lambda_role",
                        "data.archive_file.lambda_code"
                    ],
                    "primary": {
                        "id": "Spot-Instance-Snapshot",
                        "attributes": {
                            "arn": "arn:aws:lambda:us-east-1:536612919621:function:Spot-Instance-Snapshot",
                            "dead_letter_config.#": "0",
                            "description": "",
                            "environment.#": "0",
                            "filename": "lambda.zip",
                            "function_name": "Spot-Instance-Snapshot",
                            "handler": "index.handler",
                            "id": "Spot-Instance-Snapshot",
                            "invoke_arn": "arn:aws:apigateway:us-east-1:lambda:path/2015-03-31/functions/arn:aws:lambda:us-east-1:536612919621:function:Spot-Instance-Snapshot/invocations",
                            "kms_key_arn": "",
                            "last_modified": "2019-07-24T10:57:04.666+0000",
                            "layers.#": "0",
                            "memory_size": "128",
                            "publish": "false",
                            "qualified_arn": "arn:aws:lambda:us-east-1:536612919621:function:Spot-Instance-Snapshot:$LATEST",
                            "reserved_concurrent_executions": "-1",
                            "role": "arn:aws:iam::536612919621:role/Spot-Instance-Snapshot-Role",
                            "runtime": "nodejs8.10",
                            "source_code_hash": "QzEpETMcLwUSLJ9g9JOV/FhauTBk91KiDhu8DO9dUS8=",
                            "source_code_size": "1114",
                            "tags.%": "0",
                            "timeout": "120",
                            "tracing_config.#": "1",
                            "tracing_config.0.mode": "PassThrough",
                            "version": "$LATEST",
                            "vpc_config.#": "0"
                        },
                        "meta": {
                            "e2bfb730-ecaa-11e6-8f88-34363bc7c4c0": {
                                "create": 600000000000
                            }
                        },
                        "tainted": false
                    },
                    "deposed": [],
                    "provider": "provider.aws"
                },
                "aws_lambda_permission.allow_cloudwatch": {
                    "type": "aws_lambda_permission",
                    "depends_on": [
                        "aws_cloudwatch_event_rule.Spot_Instance_Stop_Event",
                        "aws_lambda_function.lambda_function"
                    ],
                    "primary": {
                        "id": "AllowExecutionFromCloudWatch",
                        "attributes": {
                            "action": "lambda:InvokeFunction",
                            "function_name": "Spot-Instance-Snapshot",
                            "id": "AllowExecutionFromCloudWatch",
                            "principal": "events.amazonaws.com",
                            "qualifier": "",
                            "source_arn": "arn:aws:events:us-east-1:536612919621:rule/Spot_Instance_Stop_Event",
                            "statement_id": "AllowExecutionFromCloudWatch"
                        },
                        "meta": {},
                        "tainted": false
                    },
                    "deposed": [],
                    "provider": "provider.aws"
                },
                "aws_spot_fleet_request.spot-fleet-request": {
                    "type": "aws_spot_fleet_request",
                    "depends_on": [
                        "aws_iam_role.ec2-spot-role"
                    ],
                    "primary": {
                        "id": "sfr-e27ee75e-51a9-4045-8068-20a93d6c20fb",
                        "attributes": {
                            "allocation_strategy": "diversified",
                            "client_token": "terraform-20190724105652037000000001",
                            "excess_capacity_termination_policy": "Default",
                            "fleet_type": "maintain",
                            "iam_fleet_role": "arn:aws:iam::536612919621:role/Spot-fleet-role",
                            "id": "sfr-e27ee75e-51a9-4045-8068-20a93d6c20fb",
                            "instance_interruption_behaviour": "stop",
                            "instance_pools_to_use_count": "1",
                            "launch_specification.#": "1",
                            "launch_specification.1931299348.ami": "ami-051c7e3dc35d09886",
                            "launch_specification.1931299348.associate_public_ip_address": "false",
                            "launch_specification.1931299348.availability_zone": "",
                            "launch_specification.1931299348.ebs_block_device.#": "0",
                            "launch_specification.1931299348.ebs_optimized": "false",
                            "launch_specification.1931299348.ephemeral_block_device.#": "0",
                            "launch_specification.1931299348.iam_instance_profile": "",
                            "launch_specification.1931299348.iam_instance_profile_arn": "",
                            "launch_specification.1931299348.instance_type": "t2.micro",
                            "launch_specification.1931299348.key_name": "aws-asr-gpu-train",
                            "launch_specification.1931299348.monitoring": "false",
                            "launch_specification.1931299348.placement_group": "",
                            "launch_specification.1931299348.placement_tenancy": "",
                            "launch_specification.1931299348.root_block_device.#": "0",
                            "launch_specification.1931299348.spot_price": "",
                            "launch_specification.1931299348.subnet_id": "",
                            "launch_specification.1931299348.tags.%": "1",
                            "launch_specification.1931299348.tags.spot-instance": "true",
                            "launch_specification.1931299348.user_data": "da39a3ee5e6b4b0d3255bfef95601890afd80709",
                            "launch_specification.1931299348.vpc_security_group_ids.#": "0",
                            "launch_specification.1931299348.weighted_capacity": "",
                            "load_balancers.#": "0",
                            "replace_unhealthy_instances": "false",
                            "spot_price": "2.0",
                            "spot_request_state": "active",
                            "target_capacity": "1",
                            "target_group_arns.#": "0",
                            "terminate_instances_with_expiration": "false",
                            "valid_until": "2019-07-25T10:56:52Z",
                            "wait_for_fulfillment": "false"
                        },
                        "meta": {
                            "e2bfb730-ecaa-11e6-8f88-34363bc7c4c0": {
                                "create": 600000000000,
                                "delete": 300000000000
                            },
                            "schema_version": "1"
                        },
                        "tainted": false
                    },
                    "deposed": [],
                    "provider": "provider.aws"
                },
                "data.archive_file.lambda_code": {
                    "type": "archive_file",
                    "depends_on": [],
                    "primary": {
                        "id": "f85fe7f978135dadb7d6e1c007893aaf23b48410",
                        "attributes": {
                            "id": "f85fe7f978135dadb7d6e1c007893aaf23b48410",
                            "output_base64sha256": "QzEpETMcLwUSLJ9g9JOV/FhauTBk91KiDhu8DO9dUS8=",
                            "output_md5": "0104680cd65a5afd8d75ae09e14d139b",
                            "output_path": "lambda.zip",
                            "output_sha": "f85fe7f978135dadb7d6e1c007893aaf23b48410",
                            "output_size": "1114",
                            "source.#": "0",
                            "source_dir": "lambda",
                            "type": "zip"
                        },
                        "meta": {},
                        "tainted": false
                    },
                    "deposed": [],
                    "provider": "provider.archive"
                }
            },
            "depends_on": []
        }
    ]
}
