{
    "version": 3,
    "terraform_version": "0.11.14",
    "serial": 4,
    "lineage": "63cd4836-d9ec-967c-9859-633b0550f702",
    "modules": [
        {
            "path": [
                "root"
            ],
            "outputs": {
                "production-config_map_aws_auth": {
                    "sensitive": false,
                    "type": "string",
                    "value": "\n\napiVersion: v1\nkind: ConfigMap\nmetadata:\n  name: aws-auth\n  namespace: kube-system\ndata:\n  mapRoles: |\n    - rolearn: arn:aws:iam::416504011880:role/voice-services-production-worker-nodes\n      username: system:node:{{EC2PrivateDNSName}}\n      groups:\n        - system:bootstrappers\n        - system:nodes\n"
                },
                "production-kubeconfig": {
                    "sensitive": false,
                    "type": "string",
                    "value": "\n\napiVersion: v1\nclusters:\n- cluster:\n    server: https://D9B60FA33A397B03D2554127E21BA43D.gr7.us-east-1.eks.amazonaws.com\n    certificate-authority-data: LS0tLS1CRUdJTiBDRVJUSUZJQ0FURS0tLS0tCk1JSUN5RENDQWJDZ0F3SUJBZ0lCQURBTkJna3Foa2lHOXcwQkFRc0ZBREFWTVJNd0VRWURWUVFERXdwcmRXSmwKY201bGRHVnpNQjRYRFRFNU1EZ3lPVEV6TlRBeU1Wb1hEVEk1TURneU5qRXpOVEF5TVZvd0ZURVRNQkVHQTFVRQpBeE1LYTNWaVpYSnVaWFJsY3pDQ0FTSXdEUVlKS29aSWh2Y05BUUVCQlFBRGdnRVBBRENDQVFvQ2dnRUJBTnNHCjl5Qi84K29FYXFEWW1aZUY3UjMzNUtTUXJYVGwxakdkblgwTU5oNEwxdVIrdDZ2bU1BV25KR3Q4aXVkZU9KckkKUi80TjlZWW5SVXZoNmtxUG0rZFcrYVFkNDdDTkZDaGZvY3N4QklEUWdOamNOU1I3MmdCS2YwdGREQ2xZMlVQcgpTL1V1TWVibzBhNWxEa2FtWlhnZ1NvVlVwY0dYZ0hFYndhdjJyM2ZZZ1hiNTE2K0xiSHJLL3NEb1VCVHJWS3ovCmczaXBxZHF5OW41OHViNGlQdXBIaXczUXprMDlIdXZMUXc2U0NDTnJsd0M5VEdtT1BvN2lEZU9ORFFkNDRwL2sKVFNacUJ1U0dQcHNUYnBSSHM4WkYxSTVRejdMeGsrTFRJWEhpZ1E1MW1FbTlKSGpXWEhUR21BcW1KK1hiNTlYRApSc1V4UFhYSU5mSDFZemRuaTVFQ0F3RUFBYU1qTUNFd0RnWURWUjBQQVFIL0JBUURBZ0trTUE4R0ExVWRFd0VCCi93UUZNQU1CQWY4d0RRWUpLb1pJaHZjTkFRRUxCUUFEZ2dFQkFGNXl3VnBVUUVwUEdaMlhJb3dKR3M1VHZEenkKTmo4bTM2czY4Sk9FM2JmTXNDYk4rL0RSYTNVTFJWeUg5dzlqYXBHcmg3M3NwZXRGTWFBdGZpcHRZSVYybjkycwpyNVJTSDVlZGRCVWZublJxYTEvWXBXMzk3YzZGVmlFeGZ2Z0RRMUtyYlVsRUR4YnQ1cEhzUFhRVFV5Ykx0UXdNCm5QM3pHMHdrY0FjcXMrZVMzazIwQWhWL3B2N2xyWmY2ZWY3b0E5VlhTMkpsSndPa1BuTDE1M2FuSXUxelNtaGIKTitWY2RXQkliR2dOVWZvc3c1VUVEeHBJcnZKSjFWaWxmTis3Rm0vNkpRVTVxdW5nRUt3cWs2c1llVWtOVG5mYgovWkYvVDZFRmdCMHRwNW1XWkNiZDdicFdKZEF6VTJtU2dOVGRBZlo1ak1NSWd1ZzBuVUc5Y2RkRFNrbz0KLS0tLS1FTkQgQ0VSVElGSUNBVEUtLS0tLQo=\n  name: kubernetes\ncontexts:\n- context:\n    cluster: kubernetes\n    user: aws\n  name: aws\ncurrent-context: aws\nkind: Config\npreferences: {}\nusers:\n- name: aws\n  user:\n    exec:\n      apiVersion: client.authentication.k8s.io/v1alpha1\n      command: aws-iam-authenticator\n      args:\n        - \"token\"\n        - \"-i\"\n        - \"voice-services-production-cluster\"\n"
                }
            },
            "resources": {},
            "depends_on": []
        },
        {
            "path": [
                "root",
                "prod-automation-server"
            ],
            "outputs": {
                "elastic_ip": {
                    "sensitive": false,
                    "type": "string",
                    "value": "54.156.235.36"
                },
                "prod-automation-server-instance-sg": {
                    "sensitive": false,
                    "type": "string",
                    "value": "sg-0809f2ae2b1b11fd7"
                }
            },
            "resources": {
                "aws_eip.ip": {
                    "type": "aws_eip",
                    "depends_on": [
                        "aws_instance.prod-automation-server"
                    ],
                    "primary": {
                        "id": "eipalloc-0d1d7a9cc440f3af0",
                        "attributes": {
                            "association_id": "eipassoc-094ebb168c1003353",
                            "domain": "vpc",
                            "id": "eipalloc-0d1d7a9cc440f3af0",
                            "instance": "i-08df8177b2a4323e5",
                            "network_interface": "eni-05a4d35ac5adf9987",
                            "private_dns": "ip-10-0-206-176.ec2.internal",
                            "private_ip": "10.0.206.176",
                            "public_dns": "ec2-54-156-235-36.compute-1.amazonaws.com",
                            "public_ip": "54.156.235.36",
                            "public_ipv4_pool": "amazon",
                            "tags.%": "1",
                            "tags.Name": "prod_server_eip",
                            "vpc": "true"
                        },
                        "meta": {
                            "e2bfb730-ecaa-11e6-8f88-34363bc7c4c0": {
                                "delete": 180000000000,
                                "read": 900000000000,
                                "update": 300000000000
                            }
                        },
                        "tainted": false
                    },
                    "deposed": [],
                    "provider": "provider.aws"
                },
                "aws_instance.prod-automation-server": {
                    "type": "aws_instance",
                    "depends_on": [
                        "aws_security_group.prod-automation-server-instance-sg"
                    ],
                    "primary": {
                        "id": "i-08df8177b2a4323e5",
                        "attributes": {
                            "ami": "ami-035b3c7efe6d061d5",
                            "arn": "arn:aws:ec2:us-east-1:416504011880:instance/i-08df8177b2a4323e5",
                            "associate_public_ip_address": "true",
                            "availability_zone": "us-east-1a",
                            "cpu_core_count": "1",
                            "cpu_threads_per_core": "2",
                            "credit_specification.#": "1",
                            "credit_specification.0.cpu_credits": "unlimited",
                            "disable_api_termination": "false",
                            "ebs_block_device.#": "0",
                            "ebs_optimized": "false",
                            "ephemeral_block_device.#": "0",
                            "get_password_data": "false",
                            "iam_instance_profile": "",
                            "id": "i-08df8177b2a4323e5",
                            "instance_state": "running",
                            "instance_type": "t3.medium",
                            "ipv6_address_count": "0",
                            "ipv6_addresses.#": "0",
                            "key_name": "lastkey",
                            "monitoring": "false",
                            "network_interface.#": "0",
                            "password_data": "",
                            "placement_group": "",
                            "primary_network_interface_id": "eni-05a4d35ac5adf9987",
                            "private_dns": "ip-10-0-206-176.ec2.internal",
                            "private_ip": "10.0.206.176",
                            "public_dns": "ec2-54-156-235-36.compute-1.amazonaws.com",
                            "public_ip": "54.156.235.36",
                            "root_block_device.#": "1",
                            "root_block_device.0.delete_on_termination": "true",
                            "root_block_device.0.encrypted": "false",
                            "root_block_device.0.iops": "150",
                            "root_block_device.0.kms_key_id": "",
                            "root_block_device.0.volume_id": "vol-0da140f3d15b4e6d7",
                            "root_block_device.0.volume_size": "50",
                            "root_block_device.0.volume_type": "gp2",
                            "security_groups.#": "0",
                            "source_dest_check": "true",
                            "subnet_id": "subnet-07c19f277eb1ac9c3",
                            "tags.%": "1",
                            "tags.Name": "Automation Server - Production",
                            "tenancy": "default",
                            "user_data": "180a5d4103dc74c64908cb14de9640ee7af31a0f",
                            "volume_tags.%": "0",
                            "vpc_security_group_ids.#": "1",
                            "vpc_security_group_ids.2586728160": "sg-0809f2ae2b1b11fd7"
                        },
                        "meta": {
                            "e2bfb730-ecaa-11e6-8f88-34363bc7c4c0": {
                                "create": 600000000000,
                                "delete": 1200000000000,
                                "update": 600000000000
                            },
                            "schema_version": "1"
                        },
                        "tainted": false
                    },
                    "deposed": [],
                    "provider": "provider.aws"
                },
                "aws_security_group.prod-automation-server-instance-sg": {
                    "type": "aws_security_group",
                    "depends_on": [],
                    "primary": {
                        "id": "sg-0809f2ae2b1b11fd7",
                        "attributes": {
                            "arn": "arn:aws:ec2:us-east-1:416504011880:security-group/sg-0809f2ae2b1b11fd7",
                            "description": "Production_kubectl_instance_sg",
                            "egress.#": "1",
                            "egress.482069346.cidr_blocks.#": "1",
                            "egress.482069346.cidr_blocks.0": "0.0.0.0/0",
                            "egress.482069346.description": "",
                            "egress.482069346.from_port": "0",
                            "egress.482069346.ipv6_cidr_blocks.#": "0",
                            "egress.482069346.prefix_list_ids.#": "0",
                            "egress.482069346.protocol": "-1",
                            "egress.482069346.security_groups.#": "0",
                            "egress.482069346.self": "false",
                            "egress.482069346.to_port": "0",
                            "id": "sg-0809f2ae2b1b11fd7",
                            "ingress.#": "1",
                            "ingress.2541437006.cidr_blocks.#": "1",
                            "ingress.2541437006.cidr_blocks.0": "0.0.0.0/0",
                            "ingress.2541437006.description": "",
                            "ingress.2541437006.from_port": "22",
                            "ingress.2541437006.ipv6_cidr_blocks.#": "0",
                            "ingress.2541437006.prefix_list_ids.#": "0",
                            "ingress.2541437006.protocol": "tcp",
                            "ingress.2541437006.security_groups.#": "0",
                            "ingress.2541437006.self": "false",
                            "ingress.2541437006.to_port": "22",
                            "name": "prod-automation-server-instance-sg",
                            "owner_id": "416504011880",
                            "revoke_rules_on_delete": "false",
                            "tags.%": "1",
                            "tags.Name": "prod_kubectl_server-SG",
                            "vpc_id": "vpc-05d52238803fd8069"
                        },
                        "meta": {
                            "e2bfb730-ecaa-11e6-8f88-34363bc7c4c0": {
                                "create": 600000000000,
                                "delete": 600000000000
                            },
                            "schema_version": "1"
                        },
                        "tainted": false
                    },
                    "deposed": [],
                    "provider": "provider.aws"
                }
            },
            "depends_on": []
        },
        {
            "path": [
                "root",
                "prod-eks"
            ],
            "outputs": {
                "cluster-name": {
                    "sensitive": false,
                    "type": "string",
                    "value": "voice-services-production-cluster"
                },
                "config_map_aws_auth": {
                    "sensitive": false,
                    "type": "string",
                    "value": "\n\napiVersion: v1\nkind: ConfigMap\nmetadata:\n  name: aws-auth\n  namespace: kube-system\ndata:\n  mapRoles: |\n    - rolearn: arn:aws:iam::416504011880:role/voice-services-production-worker-nodes\n      username: system:node:{{EC2PrivateDNSName}}\n      groups:\n        - system:bootstrappers\n        - system:nodes\n"
                },
                "kubeconfig": {
                    "sensitive": false,
                    "type": "string",
                    "value": "\n\napiVersion: v1\nclusters:\n- cluster:\n    server: https://D9B60FA33A397B03D2554127E21BA43D.gr7.us-east-1.eks.amazonaws.com\n    certificate-authority-data: LS0tLS1CRUdJTiBDRVJUSUZJQ0FURS0tLS0tCk1JSUN5RENDQWJDZ0F3SUJBZ0lCQURBTkJna3Foa2lHOXcwQkFRc0ZBREFWTVJNd0VRWURWUVFERXdwcmRXSmwKY201bGRHVnpNQjRYRFRFNU1EZ3lPVEV6TlRBeU1Wb1hEVEk1TURneU5qRXpOVEF5TVZvd0ZURVRNQkVHQTFVRQpBeE1LYTNWaVpYSnVaWFJsY3pDQ0FTSXdEUVlKS29aSWh2Y05BUUVCQlFBRGdnRVBBRENDQVFvQ2dnRUJBTnNHCjl5Qi84K29FYXFEWW1aZUY3UjMzNUtTUXJYVGwxakdkblgwTU5oNEwxdVIrdDZ2bU1BV25KR3Q4aXVkZU9KckkKUi80TjlZWW5SVXZoNmtxUG0rZFcrYVFkNDdDTkZDaGZvY3N4QklEUWdOamNOU1I3MmdCS2YwdGREQ2xZMlVQcgpTL1V1TWVibzBhNWxEa2FtWlhnZ1NvVlVwY0dYZ0hFYndhdjJyM2ZZZ1hiNTE2K0xiSHJLL3NEb1VCVHJWS3ovCmczaXBxZHF5OW41OHViNGlQdXBIaXczUXprMDlIdXZMUXc2U0NDTnJsd0M5VEdtT1BvN2lEZU9ORFFkNDRwL2sKVFNacUJ1U0dQcHNUYnBSSHM4WkYxSTVRejdMeGsrTFRJWEhpZ1E1MW1FbTlKSGpXWEhUR21BcW1KK1hiNTlYRApSc1V4UFhYSU5mSDFZemRuaTVFQ0F3RUFBYU1qTUNFd0RnWURWUjBQQVFIL0JBUURBZ0trTUE4R0ExVWRFd0VCCi93UUZNQU1CQWY4d0RRWUpLb1pJaHZjTkFRRUxCUUFEZ2dFQkFGNXl3VnBVUUVwUEdaMlhJb3dKR3M1VHZEenkKTmo4bTM2czY4Sk9FM2JmTXNDYk4rL0RSYTNVTFJWeUg5dzlqYXBHcmg3M3NwZXRGTWFBdGZpcHRZSVYybjkycwpyNVJTSDVlZGRCVWZublJxYTEvWXBXMzk3YzZGVmlFeGZ2Z0RRMUtyYlVsRUR4YnQ1cEhzUFhRVFV5Ykx0UXdNCm5QM3pHMHdrY0FjcXMrZVMzazIwQWhWL3B2N2xyWmY2ZWY3b0E5VlhTMkpsSndPa1BuTDE1M2FuSXUxelNtaGIKTitWY2RXQkliR2dOVWZvc3c1VUVEeHBJcnZKSjFWaWxmTis3Rm0vNkpRVTVxdW5nRUt3cWs2c1llVWtOVG5mYgovWkYvVDZFRmdCMHRwNW1XWkNiZDdicFdKZEF6VTJtU2dOVGRBZlo1ak1NSWd1ZzBuVUc5Y2RkRFNrbz0KLS0tLS1FTkQgQ0VSVElGSUNBVEUtLS0tLQo=\n  name: kubernetes\ncontexts:\n- context:\n    cluster: kubernetes\n    user: aws\n  name: aws\ncurrent-context: aws\nkind: Config\npreferences: {}\nusers:\n- name: aws\n  user:\n    exec:\n      apiVersion: client.authentication.k8s.io/v1alpha1\n      command: aws-iam-authenticator\n      args:\n        - \"token\"\n        - \"-i\"\n        - \"voice-services-production-cluster\"\n"
                }
            },
            "resources": {
                "aws_eks_cluster.eks-prod-cluster": {
                    "type": "aws_eks_cluster",
                    "depends_on": [
                        "aws_iam_role.prod-cluster-role",
                        "aws_iam_role_policy_attachment.prod-eks-cluster-AmazonEKSClusterPolicy",
                        "aws_iam_role_policy_attachment.prod-eks-cluster-AmazonEKSServicePolicy",
                        "aws_security_group.prod-cluster-sg"
                    ],
                    "primary": {
                        "id": "voice-services-production-cluster",
                        "attributes": {
                            "arn": "arn:aws:eks:us-east-1:416504011880:cluster/voice-services-production-cluster",
                            "certificate_authority.#": "1",
                            "certificate_authority.0.data": "LS0tLS1CRUdJTiBDRVJUSUZJQ0FURS0tLS0tCk1JSUN5RENDQWJDZ0F3SUJBZ0lCQURBTkJna3Foa2lHOXcwQkFRc0ZBREFWTVJNd0VRWURWUVFERXdwcmRXSmwKY201bGRHVnpNQjRYRFRFNU1EZ3lPVEV6TlRBeU1Wb1hEVEk1TURneU5qRXpOVEF5TVZvd0ZURVRNQkVHQTFVRQpBeE1LYTNWaVpYSnVaWFJsY3pDQ0FTSXdEUVlKS29aSWh2Y05BUUVCQlFBRGdnRVBBRENDQVFvQ2dnRUJBTnNHCjl5Qi84K29FYXFEWW1aZUY3UjMzNUtTUXJYVGwxakdkblgwTU5oNEwxdVIrdDZ2bU1BV25KR3Q4aXVkZU9KckkKUi80TjlZWW5SVXZoNmtxUG0rZFcrYVFkNDdDTkZDaGZvY3N4QklEUWdOamNOU1I3MmdCS2YwdGREQ2xZMlVQcgpTL1V1TWVibzBhNWxEa2FtWlhnZ1NvVlVwY0dYZ0hFYndhdjJyM2ZZZ1hiNTE2K0xiSHJLL3NEb1VCVHJWS3ovCmczaXBxZHF5OW41OHViNGlQdXBIaXczUXprMDlIdXZMUXc2U0NDTnJsd0M5VEdtT1BvN2lEZU9ORFFkNDRwL2sKVFNacUJ1U0dQcHNUYnBSSHM4WkYxSTVRejdMeGsrTFRJWEhpZ1E1MW1FbTlKSGpXWEhUR21BcW1KK1hiNTlYRApSc1V4UFhYSU5mSDFZemRuaTVFQ0F3RUFBYU1qTUNFd0RnWURWUjBQQVFIL0JBUURBZ0trTUE4R0ExVWRFd0VCCi93UUZNQU1CQWY4d0RRWUpLb1pJaHZjTkFRRUxCUUFEZ2dFQkFGNXl3VnBVUUVwUEdaMlhJb3dKR3M1VHZEenkKTmo4bTM2czY4Sk9FM2JmTXNDYk4rL0RSYTNVTFJWeUg5dzlqYXBHcmg3M3NwZXRGTWFBdGZpcHRZSVYybjkycwpyNVJTSDVlZGRCVWZublJxYTEvWXBXMzk3YzZGVmlFeGZ2Z0RRMUtyYlVsRUR4YnQ1cEhzUFhRVFV5Ykx0UXdNCm5QM3pHMHdrY0FjcXMrZVMzazIwQWhWL3B2N2xyWmY2ZWY3b0E5VlhTMkpsSndPa1BuTDE1M2FuSXUxelNtaGIKTitWY2RXQkliR2dOVWZvc3c1VUVEeHBJcnZKSjFWaWxmTis3Rm0vNkpRVTVxdW5nRUt3cWs2c1llVWtOVG5mYgovWkYvVDZFRmdCMHRwNW1XWkNiZDdicFdKZEF6VTJtU2dOVGRBZlo1ak1NSWd1ZzBuVUc5Y2RkRFNrbz0KLS0tLS1FTkQgQ0VSVElGSUNBVEUtLS0tLQo=",
                            "created_at": "2019-08-29 13:43:20 +0000 UTC",
                            "enabled_cluster_log_types.#": "0",
                            "endpoint": "https://D9B60FA33A397B03D2554127E21BA43D.gr7.us-east-1.eks.amazonaws.com",
                            "id": "voice-services-production-cluster",
                            "name": "voice-services-production-cluster",
                            "platform_version": "eks.3",
                            "role_arn": "arn:aws:iam::416504011880:role/voice-services-production-cluster",
                            "status": "ACTIVE",
                            "version": "1.13",
                            "vpc_config.#": "1",
                            "vpc_config.0.endpoint_private_access": "false",
                            "vpc_config.0.endpoint_public_access": "true",
                            "vpc_config.0.security_group_ids.#": "1",
                            "vpc_config.0.security_group_ids.357944742": "sg-0fa011365e85134f3",
                            "vpc_config.0.subnet_ids.#": "6",
                            "vpc_config.0.subnet_ids.1047709362": "subnet-085bfc67dc21ff1ee",
                            "vpc_config.0.subnet_ids.2431438056": "subnet-010ada27f7c962cae",
                            "vpc_config.0.subnet_ids.254300847": "subnet-0d755aaf3def21e2e",
                            "vpc_config.0.subnet_ids.3431770555": "subnet-0fa19141ef4b6e488",
                            "vpc_config.0.subnet_ids.394199199": "subnet-0c17c342af22c725d",
                            "vpc_config.0.subnet_ids.74316607": "subnet-0e803d8d43ac520a0",
                            "vpc_config.0.vpc_id": "vpc-05d52238803fd8069"
                        },
                        "meta": {
                            "e2bfb730-ecaa-11e6-8f88-34363bc7c4c0": {
                                "create": 1800000000000,
                                "delete": 900000000000,
                                "update": 3600000000000
                            }
                        },
                        "tainted": false
                    },
                    "deposed": [],
                    "provider": "provider.aws"
                },
                "aws_iam_policy.ClusterAutoScaler": {
                    "type": "aws_iam_policy",
                    "depends_on": [],
                    "primary": {
                        "id": "arn:aws:iam::416504011880:policy/ClusterAutoScaler-Prod",
                        "attributes": {
                            "arn": "arn:aws:iam::416504011880:policy/ClusterAutoScaler-Prod",
                            "description": "",
                            "id": "arn:aws:iam::416504011880:policy/ClusterAutoScaler-Prod",
                            "name": "ClusterAutoScaler-Prod",
                            "path": "/",
                            "policy": "{\n    \"Version\": \"2012-10-17\",\n    \"Statement\": [\n        {\n            \"Effect\": \"Allow\",\n            \"Action\": [\n                \"autoscaling:DescribeAutoScalingGroups\",\n                \"autoscaling:DescribeAutoScalingInstances\",\n                \"autoscaling:DescribeLaunchConfigurations\",\n                \"autoscaling:DescribeTags\",\n                \"autoscaling:SetDesiredCapacity\",\n                \"autoscaling:TerminateInstanceInAutoScalingGroup\"\n            ],\n            \"Resource\": \"*\"\n        }\n    ]\n}\n  "
                        },
                        "meta": {},
                        "tainted": false
                    },
                    "deposed": [],
                    "provider": "provider.aws"
                },
                "aws_iam_policy.production-eks-tagging": {
                    "type": "aws_iam_policy",
                    "depends_on": [],
                    "primary": {
                        "id": "arn:aws:iam::416504011880:policy/production_resource_tagging_for_eks",
                        "attributes": {
                            "arn": "arn:aws:iam::416504011880:policy/production_resource_tagging_for_eks",
                            "description": "resource_tagging_for_eks",
                            "id": "arn:aws:iam::416504011880:policy/production_resource_tagging_for_eks",
                            "name": "production_resource_tagging_for_eks",
                            "path": "/",
                            "policy": "{\n    \"Version\": \"2012-10-17\",\n    \"Statement\": [\n        {\n            \"Sid\": \"VisualEditor0\",\n            \"Effect\": \"Allow\",\n            \"Action\": [\n                \"tag:GetResources\",\n                \"tag:UntagResources\",\n                \"tag:GetTagValues\",\n                \"tag:GetTagKeys\",\n                \"tag:TagResources\"\n            ],\n            \"Resource\": \"*\"\n        }\n    ]\n}\n"
                        },
                        "meta": {},
                        "tainted": false
                    },
                    "deposed": [],
                    "provider": "provider.aws"
                },
                "aws_iam_role.prod-cluster-role": {
                    "type": "aws_iam_role",
                    "depends_on": [],
                    "primary": {
                        "id": "voice-services-production-cluster",
                        "attributes": {
                            "arn": "arn:aws:iam::416504011880:role/voice-services-production-cluster",
                            "assume_role_policy": "{\"Version\":\"2012-10-17\",\"Statement\":[{\"Effect\":\"Allow\",\"Principal\":{\"Service\":\"eks.amazonaws.com\"},\"Action\":\"sts:AssumeRole\"}]}",
                            "create_date": "2019-08-29T13:33:11Z",
                            "description": "",
                            "force_detach_policies": "false",
                            "id": "voice-services-production-cluster",
                            "max_session_duration": "3600",
                            "name": "voice-services-production-cluster",
                            "path": "/",
                            "tags.%": "0",
                            "unique_id": "AROAWB6MS3RULEZBZIWAY"
                        },
                        "meta": {},
                        "tainted": false
                    },
                    "deposed": [],
                    "provider": "provider.aws"
                },
                "aws_iam_role.prod-worker-node-role": {
                    "type": "aws_iam_role",
                    "depends_on": [],
                    "primary": {
                        "id": "voice-services-production-worker-nodes",
                        "attributes": {
                            "arn": "arn:aws:iam::416504011880:role/voice-services-production-worker-nodes",
                            "assume_role_policy": "{\"Version\":\"2012-10-17\",\"Statement\":[{\"Effect\":\"Allow\",\"Principal\":{\"Service\":\"ec2.amazonaws.com\"},\"Action\":\"sts:AssumeRole\"}]}",
                            "create_date": "2019-08-29T13:33:11Z",
                            "description": "",
                            "force_detach_policies": "false",
                            "id": "voice-services-production-worker-nodes",
                            "max_session_duration": "3600",
                            "name": "voice-services-production-worker-nodes",
                            "path": "/",
                            "tags.%": "0",
                            "unique_id": "AROAWB6MS3RUBTCSTUA2Y"
                        },
                        "meta": {},
                        "tainted": false
                    },
                    "deposed": [],
                    "provider": "provider.aws"
                },
                "aws_iam_role_policy_attachment.prod-eks-cluster-AmazonEKSClusterPolicy": {
                    "type": "aws_iam_role_policy_attachment",
                    "depends_on": [
                        "aws_iam_role.prod-cluster-role"
                    ],
                    "primary": {
                        "id": "voice-services-production-cluster-20190829133312814100000004",
                        "attributes": {
                            "id": "voice-services-production-cluster-20190829133312814100000004",
                            "policy_arn": "arn:aws:iam::aws:policy/AmazonEKSClusterPolicy",
                            "role": "voice-services-production-cluster"
                        },
                        "meta": {},
                        "tainted": false
                    },
                    "deposed": [],
                    "provider": "provider.aws"
                },
                "aws_iam_role_policy_attachment.prod-eks-cluster-AmazonEKSServicePolicy": {
                    "type": "aws_iam_role_policy_attachment",
                    "depends_on": [
                        "aws_iam_role.prod-cluster-role"
                    ],
                    "primary": {
                        "id": "voice-services-production-cluster-20190829133313867100000009",
                        "attributes": {
                            "id": "voice-services-production-cluster-20190829133313867100000009",
                            "policy_arn": "arn:aws:iam::aws:policy/AmazonEKSServicePolicy",
                            "role": "voice-services-production-cluster"
                        },
                        "meta": {},
                        "tainted": false
                    },
                    "deposed": [],
                    "provider": "provider.aws"
                },
                "aws_iam_role_policy_attachment.prod-worker-node-AmazonEC2ContainerRegistryReadOnly": {
                    "type": "aws_iam_role_policy_attachment",
                    "depends_on": [
                        "aws_iam_role.prod-worker-node-role"
                    ],
                    "primary": {
                        "id": "voice-services-production-worker-nodes-20190829133312771100000002",
                        "attributes": {
                            "id": "voice-services-production-worker-nodes-20190829133312771100000002",
                            "policy_arn": "arn:aws:iam::aws:policy/AmazonEC2ContainerRegistryReadOnly",
                            "role": "voice-services-production-worker-nodes"
                        },
                        "meta": {},
                        "tainted": false
                    },
                    "deposed": [],
                    "provider": "provider.aws"
                },
                "aws_iam_role_policy_attachment.prod-worker-node-AmazonEC2FullAccess": {
                    "type": "aws_iam_role_policy_attachment",
                    "depends_on": [
                        "aws_iam_role.prod-worker-node-role"
                    ],
                    "primary": {
                        "id": "voice-services-production-worker-nodes-20190829133312828100000006",
                        "attributes": {
                            "id": "voice-services-production-worker-nodes-20190829133312828100000006",
                            "policy_arn": "arn:aws:iam::aws:policy/AmazonEC2FullAccess",
                            "role": "voice-services-production-worker-nodes"
                        },
                        "meta": {},
                        "tainted": false
                    },
                    "deposed": [],
                    "provider": "provider.aws"
                },
                "aws_iam_role_policy_attachment.prod-worker-node-AmazonEKSWorkerNodePolicy": {
                    "type": "aws_iam_role_policy_attachment",
                    "depends_on": [
                        "aws_iam_role.prod-worker-node-role"
                    ],
                    "primary": {
                        "id": "voice-services-production-worker-nodes-20190829133312829100000007",
                        "attributes": {
                            "id": "voice-services-production-worker-nodes-20190829133312829100000007",
                            "policy_arn": "arn:aws:iam::aws:policy/AmazonEKSWorkerNodePolicy",
                            "role": "voice-services-production-worker-nodes"
                        },
                        "meta": {},
                        "tainted": false
                    },
                    "deposed": [],
                    "provider": "provider.aws"
                },
                "aws_iam_role_policy_attachment.prod-worker-node-AmazonEKS_CNI_Policy": {
                    "type": "aws_iam_role_policy_attachment",
                    "depends_on": [
                        "aws_iam_role.prod-worker-node-role"
                    ],
                    "primary": {
                        "id": "voice-services-production-worker-nodes-20190829133312830100000008",
                        "attributes": {
                            "id": "voice-services-production-worker-nodes-20190829133312830100000008",
                            "policy_arn": "arn:aws:iam::aws:policy/AmazonEKS_CNI_Policy",
                            "role": "voice-services-production-worker-nodes"
                        },
                        "meta": {},
                        "tainted": false
                    },
                    "deposed": [],
                    "provider": "provider.aws"
                },
                "aws_iam_role_policy_attachment.prod-worker-node-AmazonS3FullAccess": {
                    "type": "aws_iam_role_policy_attachment",
                    "depends_on": [
                        "aws_iam_role.prod-worker-node-role"
                    ],
                    "primary": {
                        "id": "voice-services-production-worker-nodes-20190829133312823100000005",
                        "attributes": {
                            "id": "voice-services-production-worker-nodes-20190829133312823100000005",
                            "policy_arn": "arn:aws:iam::aws:policy/AmazonS3FullAccess",
                            "role": "voice-services-production-worker-nodes"
                        },
                        "meta": {},
                        "tainted": false
                    },
                    "deposed": [],
                    "provider": "provider.aws"
                },
                "aws_iam_role_policy_attachment.prod-worker-node-resource_tagging_for_eks": {
                    "type": "aws_iam_role_policy_attachment",
                    "depends_on": [
                        "aws_iam_policy.production-eks-tagging",
                        "aws_iam_role.prod-worker-node-role"
                    ],
                    "primary": {
                        "id": "voice-services-production-worker-nodes-20190829133312761100000001",
                        "attributes": {
                            "id": "voice-services-production-worker-nodes-20190829133312761100000001",
                            "policy_arn": "arn:aws:iam::416504011880:policy/production_resource_tagging_for_eks",
                            "role": "voice-services-production-worker-nodes"
                        },
                        "meta": {},
                        "tainted": false
                    },
                    "deposed": [],
                    "provider": "provider.aws"
                },
                "aws_iam_role_policy_attachment.production-worker-node-clusterautoscaler": {
                    "type": "aws_iam_role_policy_attachment",
                    "depends_on": [
                        "aws_iam_policy.ClusterAutoScaler",
                        "aws_iam_role.prod-worker-node-role"
                    ],
                    "primary": {
                        "id": "voice-services-production-worker-nodes-20190829133312797100000003",
                        "attributes": {
                            "id": "voice-services-production-worker-nodes-20190829133312797100000003",
                            "policy_arn": "arn:aws:iam::416504011880:policy/ClusterAutoScaler-Prod",
                            "role": "voice-services-production-worker-nodes"
                        },
                        "meta": {},
                        "tainted": false
                    },
                    "deposed": [],
                    "provider": "provider.aws"
                },
                "aws_security_group.prod-cluster-sg": {
                    "type": "aws_security_group",
                    "depends_on": [],
                    "primary": {
                        "id": "sg-0fa011365e85134f3",
                        "attributes": {
                            "arn": "arn:aws:ec2:us-east-1:416504011880:security-group/sg-0fa011365e85134f3",
                            "description": "Cluster communication with production worker nodes",
                            "egress.#": "1",
                            "egress.482069346.cidr_blocks.#": "1",
                            "egress.482069346.cidr_blocks.0": "0.0.0.0/0",
                            "egress.482069346.description": "",
                            "egress.482069346.from_port": "0",
                            "egress.482069346.ipv6_cidr_blocks.#": "0",
                            "egress.482069346.prefix_list_ids.#": "0",
                            "egress.482069346.protocol": "-1",
                            "egress.482069346.security_groups.#": "0",
                            "egress.482069346.self": "false",
                            "egress.482069346.to_port": "0",
                            "id": "sg-0fa011365e85134f3",
                            "ingress.#": "2",
                            "ingress.1103325536.cidr_blocks.#": "1",
                            "ingress.1103325536.cidr_blocks.0": "0.0.0.0/0",
                            "ingress.1103325536.description": "Allow workstation to communicate with the production cluster API Server",
                            "ingress.1103325536.from_port": "443",
                            "ingress.1103325536.ipv6_cidr_blocks.#": "0",
                            "ingress.1103325536.prefix_list_ids.#": "0",
                            "ingress.1103325536.protocol": "tcp",
                            "ingress.1103325536.security_groups.#": "0",
                            "ingress.1103325536.self": "false",
                            "ingress.1103325536.to_port": "443",
                            "ingress.2798005304.cidr_blocks.#": "0",
                            "ingress.2798005304.description": "Allow pods to communicate with the production cluster API Server",
                            "ingress.2798005304.from_port": "443",
                            "ingress.2798005304.ipv6_cidr_blocks.#": "0",
                            "ingress.2798005304.prefix_list_ids.#": "0",
                            "ingress.2798005304.protocol": "tcp",
                            "ingress.2798005304.security_groups.#": "1",
                            "ingress.2798005304.security_groups.3154292458": "sg-09d76b4476b90ab58",
                            "ingress.2798005304.self": "false",
                            "ingress.2798005304.to_port": "443",
                            "name": "voice-services-production-clusterSG",
                            "owner_id": "416504011880",
                            "revoke_rules_on_delete": "false",
                            "tags.%": "2",
                            "tags.Enviorment": "Production",
                            "tags.Name": "Voice-services-production-cluster",
                            "vpc_id": "vpc-05d52238803fd8069"
                        },
                        "meta": {
                            "e2bfb730-ecaa-11e6-8f88-34363bc7c4c0": {
                                "create": 600000000000,
                                "delete": 600000000000
                            },
                            "schema_version": "1"
                        },
                        "tainted": false
                    },
                    "deposed": [],
                    "provider": "provider.aws"
                },
                "aws_security_group.prod-worker-node-sg": {
                    "type": "aws_security_group",
                    "depends_on": [],
                    "primary": {
                        "id": "sg-09d76b4476b90ab58",
                        "attributes": {
                            "arn": "arn:aws:ec2:us-east-1:416504011880:security-group/sg-09d76b4476b90ab58",
                            "description": "Security group for all nodes in the production cluster",
                            "egress.#": "1",
                            "egress.482069346.cidr_blocks.#": "1",
                            "egress.482069346.cidr_blocks.0": "0.0.0.0/0",
                            "egress.482069346.description": "",
                            "egress.482069346.from_port": "0",
                            "egress.482069346.ipv6_cidr_blocks.#": "0",
                            "egress.482069346.prefix_list_ids.#": "0",
                            "egress.482069346.protocol": "-1",
                            "egress.482069346.security_groups.#": "0",
                            "egress.482069346.self": "false",
                            "egress.482069346.to_port": "0",
                            "id": "sg-09d76b4476b90ab58",
                            "ingress.#": "5",
                            "ingress.1781873425.cidr_blocks.#": "0",
                            "ingress.1781873425.description": "Allow worker Kubelets and pods to receive communication from the cluster control plane",
                            "ingress.1781873425.from_port": "1025",
                            "ingress.1781873425.ipv6_cidr_blocks.#": "0",
                            "ingress.1781873425.prefix_list_ids.#": "0",
                            "ingress.1781873425.protocol": "tcp",
                            "ingress.1781873425.security_groups.#": "1",
                            "ingress.1781873425.security_groups.2156568384": "sg-0fa011365e85134f3",
                            "ingress.1781873425.self": "false",
                            "ingress.1781873425.to_port": "65535",
                            "ingress.213128056.cidr_blocks.#": "0",
                            "ingress.213128056.description": "Allow worker Kubelets and pods to receive communication from the control server",
                            "ingress.213128056.from_port": "0",
                            "ingress.213128056.ipv6_cidr_blocks.#": "0",
                            "ingress.213128056.prefix_list_ids.#": "0",
                            "ingress.213128056.protocol": "tcp",
                            "ingress.213128056.security_groups.#": "1",
                            "ingress.213128056.security_groups.2586728160": "sg-0809f2ae2b1b11fd7",
                            "ingress.213128056.self": "false",
                            "ingress.213128056.to_port": "65535",
                            "ingress.2278689831.cidr_blocks.#": "0",
                            "ingress.2278689831.description": "Allow node to communicate with each other",
                            "ingress.2278689831.from_port": "0",
                            "ingress.2278689831.ipv6_cidr_blocks.#": "0",
                            "ingress.2278689831.prefix_list_ids.#": "0",
                            "ingress.2278689831.protocol": "-1",
                            "ingress.2278689831.security_groups.#": "0",
                            "ingress.2278689831.self": "true",
                            "ingress.2278689831.to_port": "0",
                            "ingress.3401403932.cidr_blocks.#": "0",
                            "ingress.3401403932.description": "Allow worker Kubelets and pods to receive communication from alb",
                            "ingress.3401403932.from_port": "0",
                            "ingress.3401403932.ipv6_cidr_blocks.#": "0",
                            "ingress.3401403932.prefix_list_ids.#": "0",
                            "ingress.3401403932.protocol": "tcp",
                            "ingress.3401403932.security_groups.#": "1",
                            "ingress.3401403932.security_groups.3101949285": "sg-008816baa1e0f940f",
                            "ingress.3401403932.self": "false",
                            "ingress.3401403932.to_port": "65535",
                            "ingress.520343011.cidr_blocks.#": "1",
                            "ingress.520343011.cidr_blocks.0": "0.0.0.0/0",
                            "ingress.520343011.description": "Allow worker node ports to public",
                            "ingress.520343011.from_port": "30000",
                            "ingress.520343011.ipv6_cidr_blocks.#": "0",
                            "ingress.520343011.prefix_list_ids.#": "0",
                            "ingress.520343011.protocol": "tcp",
                            "ingress.520343011.security_groups.#": "0",
                            "ingress.520343011.self": "false",
                            "ingress.520343011.to_port": "32767",
                            "name": "prod-worker-nodeSG",
                            "owner_id": "416504011880",
                            "revoke_rules_on_delete": "false",
                            "tags.%": "2",
                            "tags.Name": "prod-worker-node-sg",
                            "tags.kubernetes.io/cluster/": "voice-services-production-cluster",
                            "vpc_id": "vpc-05d52238803fd8069"
                        },
                        "meta": {
                            "e2bfb730-ecaa-11e6-8f88-34363bc7c4c0": {
                                "create": 600000000000,
                                "delete": 600000000000
                            },
                            "schema_version": "1"
                        },
                        "tainted": false
                    },
                    "deposed": [],
                    "provider": "provider.aws"
                },
                "aws_security_group.prod_eks_alb_sg": {
                    "type": "aws_security_group",
                    "depends_on": [],
                    "primary": {
                        "id": "sg-008816baa1e0f940f",
                        "attributes": {
                            "arn": "arn:aws:ec2:us-east-1:416504011880:security-group/sg-008816baa1e0f940f",
                            "description": "Allow worker nodes pods to communicate with outsiders",
                            "egress.#": "1",
                            "egress.482069346.cidr_blocks.#": "1",
                            "egress.482069346.cidr_blocks.0": "0.0.0.0/0",
                            "egress.482069346.description": "",
                            "egress.482069346.from_port": "0",
                            "egress.482069346.ipv6_cidr_blocks.#": "0",
                            "egress.482069346.prefix_list_ids.#": "0",
                            "egress.482069346.protocol": "-1",
                            "egress.482069346.security_groups.#": "0",
                            "egress.482069346.self": "false",
                            "egress.482069346.to_port": "0",
                            "id": "sg-008816baa1e0f940f",
                            "ingress.#": "3",
                            "ingress.1672770421.cidr_blocks.#": "0",
                            "ingress.1672770421.description": "",
                            "ingress.1672770421.from_port": "443",
                            "ingress.1672770421.ipv6_cidr_blocks.#": "0",
                            "ingress.1672770421.prefix_list_ids.#": "0",
                            "ingress.1672770421.protocol": "tcp",
                            "ingress.1672770421.security_groups.#": "1",
                            "ingress.1672770421.security_groups.3154292458": "sg-09d76b4476b90ab58",
                            "ingress.1672770421.self": "false",
                            "ingress.1672770421.to_port": "443",
                            "ingress.3931474567.cidr_blocks.#": "0",
                            "ingress.3931474567.description": "",
                            "ingress.3931474567.from_port": "80",
                            "ingress.3931474567.ipv6_cidr_blocks.#": "0",
                            "ingress.3931474567.prefix_list_ids.#": "0",
                            "ingress.3931474567.protocol": "tcp",
                            "ingress.3931474567.security_groups.#": "1",
                            "ingress.3931474567.security_groups.3154292458": "sg-09d76b4476b90ab58",
                            "ingress.3931474567.self": "false",
                            "ingress.3931474567.to_port": "80",
                            "ingress.4106682171.cidr_blocks.#": "0",
                            "ingress.4106682171.description": "",
                            "ingress.4106682171.from_port": "0",
                            "ingress.4106682171.ipv6_cidr_blocks.#": "0",
                            "ingress.4106682171.prefix_list_ids.#": "0",
                            "ingress.4106682171.protocol": "tcp",
                            "ingress.4106682171.security_groups.#": "1",
                            "ingress.4106682171.security_groups.3154292458": "sg-09d76b4476b90ab58",
                            "ingress.4106682171.self": "false",
                            "ingress.4106682171.to_port": "65535",
                            "name": "prod-eks-alb-loadbalancer-sg",
                            "owner_id": "416504011880",
                            "revoke_rules_on_delete": "false",
                            "tags.%": "1",
                            "tags.Name": "Production-eks-alb-sg",
                            "vpc_id": "vpc-05d52238803fd8069"
                        },
                        "meta": {
                            "e2bfb730-ecaa-11e6-8f88-34363bc7c4c0": {
                                "create": 600000000000,
                                "delete": 600000000000
                            },
                            "schema_version": "1"
                        },
                        "tainted": false
                    },
                    "deposed": [],
                    "provider": "provider.aws"
                },
                "aws_security_group_rule.allow_http": {
                    "type": "aws_security_group_rule",
                    "depends_on": [
                        "aws_security_group.prod-worker-node-sg",
                        "aws_security_group.prod_eks_alb_sg"
                    ],
                    "primary": {
                        "id": "sgrule-3043936421",
                        "attributes": {
                            "cidr_blocks.#": "0",
                            "description": "",
                            "from_port": "80",
                            "id": "sgrule-3043936421",
                            "ipv6_cidr_blocks.#": "0",
                            "prefix_list_ids.#": "0",
                            "protocol": "tcp",
                            "security_group_id": "sg-008816baa1e0f940f",
                            "self": "false",
                            "source_security_group_id": "sg-09d76b4476b90ab58",
                            "to_port": "80",
                            "type": "ingress"
                        },
                        "meta": {
                            "schema_version": "2"
                        },
                        "tainted": false
                    },
                    "deposed": [],
                    "provider": "provider.aws"
                },
                "aws_security_group_rule.allow_https": {
                    "type": "aws_security_group_rule",
                    "depends_on": [
                        "aws_security_group.prod-worker-node-sg",
                        "aws_security_group.prod_eks_alb_sg"
                    ],
                    "primary": {
                        "id": "sgrule-1130027215",
                        "attributes": {
                            "cidr_blocks.#": "0",
                            "description": "",
                            "from_port": "443",
                            "id": "sgrule-1130027215",
                            "ipv6_cidr_blocks.#": "0",
                            "prefix_list_ids.#": "0",
                            "protocol": "tcp",
                            "security_group_id": "sg-008816baa1e0f940f",
                            "self": "false",
                            "source_security_group_id": "sg-09d76b4476b90ab58",
                            "to_port": "443",
                            "type": "ingress"
                        },
                        "meta": {
                            "schema_version": "2"
                        },
                        "tainted": false
                    },
                    "deposed": [],
                    "provider": "provider.aws"
                },
                "aws_security_group_rule.allow_worker_node": {
                    "type": "aws_security_group_rule",
                    "depends_on": [
                        "aws_security_group.prod-worker-node-sg",
                        "aws_security_group.prod_eks_alb_sg"
                    ],
                    "primary": {
                        "id": "sgrule-478944481",
                        "attributes": {
                            "cidr_blocks.#": "0",
                            "description": "",
                            "from_port": "0",
                            "id": "sgrule-478944481",
                            "ipv6_cidr_blocks.#": "0",
                            "prefix_list_ids.#": "0",
                            "protocol": "tcp",
                            "security_group_id": "sg-008816baa1e0f940f",
                            "self": "false",
                            "source_security_group_id": "sg-09d76b4476b90ab58",
                            "to_port": "65535",
                            "type": "ingress"
                        },
                        "meta": {
                            "schema_version": "2"
                        },
                        "tainted": false
                    },
                    "deposed": [],
                    "provider": "provider.aws"
                },
                "aws_security_group_rule.prod-cluster-ingress-node-https": {
                    "type": "aws_security_group_rule",
                    "depends_on": [
                        "aws_security_group.prod-cluster-sg",
                        "aws_security_group.prod-worker-node-sg"
                    ],
                    "primary": {
                        "id": "sgrule-3281018957",
                        "attributes": {
                            "cidr_blocks.#": "0",
                            "description": "Allow pods to communicate with the production cluster API Server",
                            "from_port": "443",
                            "id": "sgrule-3281018957",
                            "ipv6_cidr_blocks.#": "0",
                            "prefix_list_ids.#": "0",
                            "protocol": "tcp",
                            "security_group_id": "sg-0fa011365e85134f3",
                            "self": "false",
                            "source_security_group_id": "sg-09d76b4476b90ab58",
                            "to_port": "443",
                            "type": "ingress"
                        },
                        "meta": {
                            "schema_version": "2"
                        },
                        "tainted": false
                    },
                    "deposed": [],
                    "provider": "provider.aws"
                },
                "aws_security_group_rule.prod-cluster-ingress-workstation-https": {
                    "type": "aws_security_group_rule",
                    "depends_on": [
                        "aws_security_group.prod-cluster-sg"
                    ],
                    "primary": {
                        "id": "sgrule-3909966666",
                        "attributes": {
                            "cidr_blocks.#": "1",
                            "cidr_blocks.0": "0.0.0.0/0",
                            "description": "Allow workstation to communicate with the production cluster API Server",
                            "from_port": "443",
                            "id": "sgrule-3909966666",
                            "ipv6_cidr_blocks.#": "0",
                            "prefix_list_ids.#": "0",
                            "protocol": "tcp",
                            "security_group_id": "sg-0fa011365e85134f3",
                            "self": "false",
                            "to_port": "443",
                            "type": "ingress"
                        },
                        "meta": {
                            "schema_version": "2"
                        },
                        "tainted": false
                    },
                    "deposed": [],
                    "provider": "provider.aws"
                },
                "aws_security_group_rule.prod-worker-node-for-alb": {
                    "type": "aws_security_group_rule",
                    "depends_on": [
                        "aws_security_group.prod-worker-node-sg",
                        "aws_security_group.prod_eks_alb_sg"
                    ],
                    "primary": {
                        "id": "sgrule-1896737034",
                        "attributes": {
                            "cidr_blocks.#": "0",
                            "description": "Allow worker Kubelets and pods to receive communication from alb",
                            "from_port": "0",
                            "id": "sgrule-1896737034",
                            "ipv6_cidr_blocks.#": "0",
                            "prefix_list_ids.#": "0",
                            "protocol": "tcp",
                            "security_group_id": "sg-09d76b4476b90ab58",
                            "self": "false",
                            "source_security_group_id": "sg-008816baa1e0f940f",
                            "to_port": "65535",
                            "type": "ingress"
                        },
                        "meta": {
                            "schema_version": "2"
                        },
                        "tainted": false
                    },
                    "deposed": [],
                    "provider": "provider.aws"
                },
                "aws_security_group_rule.prod-worker-node-for-control-server": {
                    "type": "aws_security_group_rule",
                    "depends_on": [
                        "aws_security_group.prod-worker-node-sg"
                    ],
                    "primary": {
                        "id": "sgrule-1996348841",
                        "attributes": {
                            "cidr_blocks.#": "0",
                            "description": "Allow worker Kubelets and pods to receive communication from the control server",
                            "from_port": "0",
                            "id": "sgrule-1996348841",
                            "ipv6_cidr_blocks.#": "0",
                            "prefix_list_ids.#": "0",
                            "protocol": "tcp",
                            "security_group_id": "sg-09d76b4476b90ab58",
                            "self": "false",
                            "source_security_group_id": "sg-0809f2ae2b1b11fd7",
                            "to_port": "65535",
                            "type": "ingress"
                        },
                        "meta": {
                            "schema_version": "2"
                        },
                        "tainted": false
                    },
                    "deposed": [],
                    "provider": "provider.aws"
                },
                "aws_security_group_rule.prod-worker-node-for-node-ports": {
                    "type": "aws_security_group_rule",
                    "depends_on": [
                        "aws_security_group.prod-worker-node-sg"
                    ],
                    "primary": {
                        "id": "sgrule-2378098816",
                        "attributes": {
                            "cidr_blocks.#": "1",
                            "cidr_blocks.0": "0.0.0.0/0",
                            "description": "Allow worker node ports to public",
                            "from_port": "30000",
                            "id": "sgrule-2378098816",
                            "ipv6_cidr_blocks.#": "0",
                            "prefix_list_ids.#": "0",
                            "protocol": "tcp",
                            "security_group_id": "sg-09d76b4476b90ab58",
                            "self": "false",
                            "to_port": "32767",
                            "type": "ingress"
                        },
                        "meta": {
                            "schema_version": "2"
                        },
                        "tainted": false
                    },
                    "deposed": [],
                    "provider": "provider.aws"
                },
                "aws_security_group_rule.prod-worker-node-ingress-cluster": {
                    "type": "aws_security_group_rule",
                    "depends_on": [
                        "aws_security_group.prod-cluster-sg",
                        "aws_security_group.prod-worker-node-sg"
                    ],
                    "primary": {
                        "id": "sgrule-514189663",
                        "attributes": {
                            "cidr_blocks.#": "0",
                            "description": "Allow worker Kubelets and pods to receive communication from the cluster control plane",
                            "from_port": "1025",
                            "id": "sgrule-514189663",
                            "ipv6_cidr_blocks.#": "0",
                            "prefix_list_ids.#": "0",
                            "protocol": "tcp",
                            "security_group_id": "sg-09d76b4476b90ab58",
                            "self": "false",
                            "source_security_group_id": "sg-0fa011365e85134f3",
                            "to_port": "65535",
                            "type": "ingress"
                        },
                        "meta": {
                            "schema_version": "2"
                        },
                        "tainted": false
                    },
                    "deposed": [],
                    "provider": "provider.aws"
                },
                "aws_security_group_rule.prod-worker-node-ingress-self": {
                    "type": "aws_security_group_rule",
                    "depends_on": [
                        "aws_security_group.prod-worker-node-sg"
                    ],
                    "primary": {
                        "id": "sgrule-3536167082",
                        "attributes": {
                            "cidr_blocks.#": "0",
                            "description": "Allow node to communicate with each other",
                            "from_port": "0",
                            "id": "sgrule-3536167082",
                            "ipv6_cidr_blocks.#": "0",
                            "prefix_list_ids.#": "0",
                            "protocol": "-1",
                            "security_group_id": "sg-09d76b4476b90ab58",
                            "self": "false",
                            "source_security_group_id": "sg-09d76b4476b90ab58",
                            "to_port": "0",
                            "type": "ingress"
                        },
                        "meta": {
                            "schema_version": "2"
                        },
                        "tainted": false
                    },
                    "deposed": [],
                    "provider": "provider.aws"
                },
                "data.aws_ami.prod-eks-worker": {
                    "type": "aws_ami",
                    "depends_on": [
                        "aws_eks_cluster.eks-prod-cluster"
                    ],
                    "primary": {
                        "id": "ami-0d3998d69ebe9b214",
                        "attributes": {
                            "architecture": "x86_64",
                            "block_device_mappings.#": "1",
                            "block_device_mappings.3798922657.device_name": "/dev/xvda",
                            "block_device_mappings.3798922657.ebs.%": "6",
                            "block_device_mappings.3798922657.ebs.delete_on_termination": "true",
                            "block_device_mappings.3798922657.ebs.encrypted": "false",
                            "block_device_mappings.3798922657.ebs.iops": "0",
                            "block_device_mappings.3798922657.ebs.snapshot_id": "snap-08221ad96aa06dbb4",
                            "block_device_mappings.3798922657.ebs.volume_size": "20",
                            "block_device_mappings.3798922657.ebs.volume_type": "gp2",
                            "block_device_mappings.3798922657.no_device": "",
                            "block_device_mappings.3798922657.virtual_name": "",
                            "creation_date": "2019-08-14T11:37:39.000Z",
                            "description": "EKS Kubernetes Worker AMI with AmazonLinux2 image, (k8s: 1.13.8, docker:18.06)",
                            "filter.#": "1",
                            "filter.1751059364.name": "name",
                            "filter.1751059364.values.#": "1",
                            "filter.1751059364.values.0": "amazon-eks-node-1.13-v*",
                            "hypervisor": "xen",
                            "id": "ami-0d3998d69ebe9b214",
                            "image_id": "ami-0d3998d69ebe9b214",
                            "image_location": "amazon/amazon-eks-node-1.13-v20190814",
                            "image_owner_alias": "amazon",
                            "image_type": "machine",
                            "most_recent": "true",
                            "name": "amazon-eks-node-1.13-v20190814",
                            "owner_id": "602401143452",
                            "owners.#": "1",
                            "owners.0": "602401143452",
                            "product_codes.#": "0",
                            "public": "true",
                            "root_device_name": "/dev/xvda",
                            "root_device_type": "ebs",
                            "root_snapshot_id": "snap-08221ad96aa06dbb4",
                            "sriov_net_support": "simple",
                            "state": "available",
                            "state_reason.%": "2",
                            "state_reason.code": "UNSET",
                            "state_reason.message": "UNSET",
                            "tags.%": "0",
                            "virtualization_type": "hvm"
                        },
                        "meta": {},
                        "tainted": false
                    },
                    "deposed": [],
                    "provider": "provider.aws"
                },
                "data.http.workstation-external-ip": {
                    "type": "http",
                    "depends_on": [],
                    "primary": {
                        "id": "2019-08-29 13:32:24.1815668 +0000 UTC",
                        "attributes": {
                            "body": "106.51.143.181\n",
                            "id": "2019-08-29 13:32:24.1815668 +0000 UTC",
                            "url": "http://ipv4.icanhazip.com"
                        },
                        "meta": {},
                        "tainted": false
                    },
                    "deposed": [],
                    "provider": "provider.http"
                }
            },
            "depends_on": []
        },
        {
            "path": [
                "root",
                "vpc"
            ],
            "outputs": {
                "master_subnet": {
                    "sensitive": false,
                    "type": "list",
                    "value": [
                        "subnet-085bfc67dc21ff1ee",
                        "subnet-0c17c342af22c725d",
                        "subnet-0fa19141ef4b6e488"
                    ]
                },
                "prod_public_subnet": {
                    "sensitive": false,
                    "type": "list",
                    "value": [
                        "subnet-07c19f277eb1ac9c3",
                        "subnet-0f004326fbd5658c7",
                        "subnet-0c360c5d027c59a59"
                    ]
                },
                "prod_rds_db_subnet": {
                    "sensitive": false,
                    "type": "list",
                    "value": [
                        "subnet-0e243083001dcdc33",
                        "subnet-0fe8e7f8c40f22f66",
                        "subnet-05395d8dffc91d7d3"
                    ]
                },
                "prod_worker_subnet": {
                    "sensitive": false,
                    "type": "list",
                    "value": [
                        "subnet-0d755aaf3def21e2e",
                        "subnet-0e803d8d43ac520a0",
                        "subnet-010ada27f7c962cae"
                    ]
                }
            },
            "resources": {
                "aws_nat_gateway.nat-gw": {
                    "type": "aws_nat_gateway",
                    "depends_on": [
                        "aws_subnet.prod_master_subnet.*"
                    ],
                    "primary": {
                        "id": "nat-010568dafe8d56827",
                        "attributes": {
                            "allocation_id": "eipalloc-009c289efa6340f88",
                            "id": "nat-010568dafe8d56827",
                            "network_interface_id": "eni-0134d38794717be3c",
                            "private_ip": "10.0.53.204",
                            "public_ip": "34.236.22.96",
                            "subnet_id": "subnet-085bfc67dc21ff1ee",
                            "tags.%": "1",
                            "tags.Name": "vernacular_nat"
                        },
                        "meta": {},
                        "tainted": false
                    },
                    "deposed": [],
                    "provider": "provider.aws"
                },
                "aws_route_table.rt_private": {
                    "type": "aws_route_table",
                    "depends_on": [
                        "aws_nat_gateway.nat-gw"
                    ],
                    "primary": {
                        "id": "rtb-0744a0c6db06fb815",
                        "attributes": {
                            "id": "rtb-0744a0c6db06fb815",
                            "owner_id": "416504011880",
                            "propagating_vgws.#": "0",
                            "route.#": "1",
                            "route.2789316081.cidr_block": "0.0.0.0/0",
                            "route.2789316081.egress_only_gateway_id": "",
                            "route.2789316081.gateway_id": "",
                            "route.2789316081.instance_id": "",
                            "route.2789316081.ipv6_cidr_block": "",
                            "route.2789316081.nat_gateway_id": "nat-010568dafe8d56827",
                            "route.2789316081.network_interface_id": "",
                            "route.2789316081.transit_gateway_id": "",
                            "route.2789316081.vpc_peering_connection_id": "",
                            "tags.%": "1",
                            "tags.Name": "rt_private",
                            "vpc_id": "vpc-05d52238803fd8069"
                        },
                        "meta": {},
                        "tainted": false
                    },
                    "deposed": [],
                    "provider": "provider.aws"
                },
                "aws_route_table.rt_public": {
                    "type": "aws_route_table",
                    "depends_on": [],
                    "primary": {
                        "id": "rtb-01e9ce158a8051927",
                        "attributes": {
                            "id": "rtb-01e9ce158a8051927",
                            "owner_id": "416504011880",
                            "propagating_vgws.#": "0",
                            "route.#": "1",
                            "route.2928626931.cidr_block": "0.0.0.0/0",
                            "route.2928626931.egress_only_gateway_id": "",
                            "route.2928626931.gateway_id": "igw-0366a7bf2842e0870",
                            "route.2928626931.instance_id": "",
                            "route.2928626931.ipv6_cidr_block": "",
                            "route.2928626931.nat_gateway_id": "",
                            "route.2928626931.network_interface_id": "",
                            "route.2928626931.transit_gateway_id": "",
                            "route.2928626931.vpc_peering_connection_id": "",
                            "tags.%": "1",
                            "tags.Name": "rt_public",
                            "vpc_id": "vpc-05d52238803fd8069"
                        },
                        "meta": {},
                        "tainted": false
                    },
                    "deposed": [],
                    "provider": "provider.aws"
                },
                "aws_route_table_association.private_subnet.0": {
                    "type": "aws_route_table_association",
                    "depends_on": [
                        "aws_route_table.rt_private",
                        "aws_subnet.prod_private_subnet.*"
                    ],
                    "primary": {
                        "id": "rtbassoc-01d0a8f1dc3ec0e01",
                        "attributes": {
                            "id": "rtbassoc-01d0a8f1dc3ec0e01",
                            "route_table_id": "rtb-0744a0c6db06fb815",
                            "subnet_id": "subnet-076a653356a910b5e"
                        },
                        "meta": {},
                        "tainted": false
                    },
                    "deposed": [],
                    "provider": "provider.aws"
                },
                "aws_route_table_association.private_subnet.1": {
                    "type": "aws_route_table_association",
                    "depends_on": [
                        "aws_route_table.rt_private",
                        "aws_subnet.prod_private_subnet.*"
                    ],
                    "primary": {
                        "id": "rtbassoc-083af05062e580aba",
                        "attributes": {
                            "id": "rtbassoc-083af05062e580aba",
                            "route_table_id": "rtb-0744a0c6db06fb815",
                            "subnet_id": "subnet-011ecdba6d51fed91"
                        },
                        "meta": {},
                        "tainted": false
                    },
                    "deposed": [],
                    "provider": "provider.aws"
                },
                "aws_route_table_association.private_subnet.2": {
                    "type": "aws_route_table_association",
                    "depends_on": [
                        "aws_route_table.rt_private",
                        "aws_subnet.prod_private_subnet.*"
                    ],
                    "primary": {
                        "id": "rtbassoc-0e75175048fdea1f7",
                        "attributes": {
                            "id": "rtbassoc-0e75175048fdea1f7",
                            "route_table_id": "rtb-0744a0c6db06fb815",
                            "subnet_id": "subnet-0f1ec50139eddb867"
                        },
                        "meta": {},
                        "tainted": false
                    },
                    "deposed": [],
                    "provider": "provider.aws"
                },
                "aws_route_table_association.prod_master.0": {
                    "type": "aws_route_table_association",
                    "depends_on": [
                        "aws_route_table.rt_public",
                        "aws_subnet.prod_master_subnet.*"
                    ],
                    "primary": {
                        "id": "rtbassoc-0415e6f4a79acb9ce",
                        "attributes": {
                            "id": "rtbassoc-0415e6f4a79acb9ce",
                            "route_table_id": "rtb-01e9ce158a8051927",
                            "subnet_id": "subnet-085bfc67dc21ff1ee"
                        },
                        "meta": {},
                        "tainted": false
                    },
                    "deposed": [],
                    "provider": "provider.aws"
                },
                "aws_route_table_association.prod_master.1": {
                    "type": "aws_route_table_association",
                    "depends_on": [
                        "aws_route_table.rt_public",
                        "aws_subnet.prod_master_subnet.*"
                    ],
                    "primary": {
                        "id": "rtbassoc-0106c529186149d63",
                        "attributes": {
                            "id": "rtbassoc-0106c529186149d63",
                            "route_table_id": "rtb-01e9ce158a8051927",
                            "subnet_id": "subnet-0c17c342af22c725d"
                        },
                        "meta": {},
                        "tainted": false
                    },
                    "deposed": [],
                    "provider": "provider.aws"
                },
                "aws_route_table_association.prod_master.2": {
                    "type": "aws_route_table_association",
                    "depends_on": [
                        "aws_route_table.rt_public",
                        "aws_subnet.prod_master_subnet.*"
                    ],
                    "primary": {
                        "id": "rtbassoc-0e88b2abede021765",
                        "attributes": {
                            "id": "rtbassoc-0e88b2abede021765",
                            "route_table_id": "rtb-01e9ce158a8051927",
                            "subnet_id": "subnet-0fa19141ef4b6e488"
                        },
                        "meta": {},
                        "tainted": false
                    },
                    "deposed": [],
                    "provider": "provider.aws"
                },
                "aws_route_table_association.prod_worker.0": {
                    "type": "aws_route_table_association",
                    "depends_on": [
                        "aws_route_table.rt_public",
                        "aws_subnet.prod_worker_subnet.*"
                    ],
                    "primary": {
                        "id": "rtbassoc-0eef88504bacd5c09",
                        "attributes": {
                            "id": "rtbassoc-0eef88504bacd5c09",
                            "route_table_id": "rtb-01e9ce158a8051927",
                            "subnet_id": "subnet-0d755aaf3def21e2e"
                        },
                        "meta": {},
                        "tainted": false
                    },
                    "deposed": [],
                    "provider": "provider.aws"
                },
                "aws_route_table_association.prod_worker.1": {
                    "type": "aws_route_table_association",
                    "depends_on": [
                        "aws_route_table.rt_public",
                        "aws_subnet.prod_worker_subnet.*"
                    ],
                    "primary": {
                        "id": "rtbassoc-0be1e10bbd083d75a",
                        "attributes": {
                            "id": "rtbassoc-0be1e10bbd083d75a",
                            "route_table_id": "rtb-01e9ce158a8051927",
                            "subnet_id": "subnet-0e803d8d43ac520a0"
                        },
                        "meta": {},
                        "tainted": false
                    },
                    "deposed": [],
                    "provider": "provider.aws"
                },
                "aws_route_table_association.prod_worker.2": {
                    "type": "aws_route_table_association",
                    "depends_on": [
                        "aws_route_table.rt_public",
                        "aws_subnet.prod_worker_subnet.*"
                    ],
                    "primary": {
                        "id": "rtbassoc-0d9fa7d97c923703c",
                        "attributes": {
                            "id": "rtbassoc-0d9fa7d97c923703c",
                            "route_table_id": "rtb-01e9ce158a8051927",
                            "subnet_id": "subnet-010ada27f7c962cae"
                        },
                        "meta": {},
                        "tainted": false
                    },
                    "deposed": [],
                    "provider": "provider.aws"
                },
                "aws_route_table_association.proddb.0": {
                    "type": "aws_route_table_association",
                    "depends_on": [
                        "aws_route_table.rt_private",
                        "aws_subnet.prod_rds_subnet.*"
                    ],
                    "primary": {
                        "id": "rtbassoc-034aae478835ccf84",
                        "attributes": {
                            "id": "rtbassoc-034aae478835ccf84",
                            "route_table_id": "rtb-0744a0c6db06fb815",
                            "subnet_id": "subnet-0e243083001dcdc33"
                        },
                        "meta": {},
                        "tainted": false
                    },
                    "deposed": [],
                    "provider": "provider.aws"
                },
                "aws_route_table_association.proddb.1": {
                    "type": "aws_route_table_association",
                    "depends_on": [
                        "aws_route_table.rt_private",
                        "aws_subnet.prod_rds_subnet.*"
                    ],
                    "primary": {
                        "id": "rtbassoc-0676de52eb7aa3a0a",
                        "attributes": {
                            "id": "rtbassoc-0676de52eb7aa3a0a",
                            "route_table_id": "rtb-0744a0c6db06fb815",
                            "subnet_id": "subnet-0fe8e7f8c40f22f66"
                        },
                        "meta": {},
                        "tainted": false
                    },
                    "deposed": [],
                    "provider": "provider.aws"
                },
                "aws_route_table_association.proddb.2": {
                    "type": "aws_route_table_association",
                    "depends_on": [
                        "aws_route_table.rt_private",
                        "aws_subnet.prod_rds_subnet.*"
                    ],
                    "primary": {
                        "id": "rtbassoc-05e5f666f1bb82582",
                        "attributes": {
                            "id": "rtbassoc-05e5f666f1bb82582",
                            "route_table_id": "rtb-0744a0c6db06fb815",
                            "subnet_id": "subnet-05395d8dffc91d7d3"
                        },
                        "meta": {},
                        "tainted": false
                    },
                    "deposed": [],
                    "provider": "provider.aws"
                },
                "aws_route_table_association.production_public.0": {
                    "type": "aws_route_table_association",
                    "depends_on": [
                        "aws_route_table.rt_public",
                        "aws_subnet.prod_public_subnet.*"
                    ],
                    "primary": {
                        "id": "rtbassoc-067446da5b20194f8",
                        "attributes": {
                            "id": "rtbassoc-067446da5b20194f8",
                            "route_table_id": "rtb-01e9ce158a8051927",
                            "subnet_id": "subnet-07c19f277eb1ac9c3"
                        },
                        "meta": {},
                        "tainted": false
                    },
                    "deposed": [],
                    "provider": "provider.aws"
                },
                "aws_route_table_association.production_public.1": {
                    "type": "aws_route_table_association",
                    "depends_on": [
                        "aws_route_table.rt_public",
                        "aws_subnet.prod_public_subnet.*"
                    ],
                    "primary": {
                        "id": "rtbassoc-0a5d9ae1230da1c53",
                        "attributes": {
                            "id": "rtbassoc-0a5d9ae1230da1c53",
                            "route_table_id": "rtb-01e9ce158a8051927",
                            "subnet_id": "subnet-0f004326fbd5658c7"
                        },
                        "meta": {},
                        "tainted": false
                    },
                    "deposed": [],
                    "provider": "provider.aws"
                },
                "aws_route_table_association.production_public.2": {
                    "type": "aws_route_table_association",
                    "depends_on": [
                        "aws_route_table.rt_public",
                        "aws_subnet.prod_public_subnet.*"
                    ],
                    "primary": {
                        "id": "rtbassoc-06615b5339a55f158",
                        "attributes": {
                            "id": "rtbassoc-06615b5339a55f158",
                            "route_table_id": "rtb-01e9ce158a8051927",
                            "subnet_id": "subnet-0c360c5d027c59a59"
                        },
                        "meta": {},
                        "tainted": false
                    },
                    "deposed": [],
                    "provider": "provider.aws"
                },
                "aws_subnet.prod_master_subnet.0": {
                    "type": "aws_subnet",
                    "depends_on": [
                        "data.aws_availability_zones.available"
                    ],
                    "primary": {
                        "id": "subnet-085bfc67dc21ff1ee",
                        "attributes": {
                            "arn": "arn:aws:ec2:us-east-1:416504011880:subnet/subnet-085bfc67dc21ff1ee",
                            "assign_ipv6_address_on_creation": "false",
                            "availability_zone": "us-east-1a",
                            "availability_zone_id": "use1-az4",
                            "cidr_block": "10.0.48.0/20",
                            "id": "subnet-085bfc67dc21ff1ee",
                            "ipv6_cidr_block": "",
                            "ipv6_cidr_block_association_id": "",
                            "map_public_ip_on_launch": "false",
                            "owner_id": "416504011880",
                            "tags.%": "1",
                            "tags.Name": "Production_Master_us-east-1a",
                            "vpc_id": "vpc-05d52238803fd8069"
                        },
                        "meta": {
                            "e2bfb730-ecaa-11e6-8f88-34363bc7c4c0": {
                                "create": 600000000000,
                                "delete": 1200000000000
                            },
                            "schema_version": "1"
                        },
                        "tainted": false
                    },
                    "deposed": [],
                    "provider": "provider.aws"
                },
                "aws_subnet.prod_master_subnet.1": {
                    "type": "aws_subnet",
                    "depends_on": [
                        "data.aws_availability_zones.available"
                    ],
                    "primary": {
                        "id": "subnet-0c17c342af22c725d",
                        "attributes": {
                            "arn": "arn:aws:ec2:us-east-1:416504011880:subnet/subnet-0c17c342af22c725d",
                            "assign_ipv6_address_on_creation": "false",
                            "availability_zone": "us-east-1b",
                            "availability_zone_id": "use1-az6",
                            "cidr_block": "10.0.64.0/20",
                            "id": "subnet-0c17c342af22c725d",
                            "ipv6_cidr_block": "",
                            "ipv6_cidr_block_association_id": "",
                            "map_public_ip_on_launch": "false",
                            "owner_id": "416504011880",
                            "tags.%": "1",
                            "tags.Name": "Production_Master_us-east-1b",
                            "vpc_id": "vpc-05d52238803fd8069"
                        },
                        "meta": {
                            "e2bfb730-ecaa-11e6-8f88-34363bc7c4c0": {
                                "create": 600000000000,
                                "delete": 1200000000000
                            },
                            "schema_version": "1"
                        },
                        "tainted": false
                    },
                    "deposed": [],
                    "provider": "provider.aws"
                },
                "aws_subnet.prod_master_subnet.2": {
                    "type": "aws_subnet",
                    "depends_on": [
                        "data.aws_availability_zones.available"
                    ],
                    "primary": {
                        "id": "subnet-0fa19141ef4b6e488",
                        "attributes": {
                            "arn": "arn:aws:ec2:us-east-1:416504011880:subnet/subnet-0fa19141ef4b6e488",
                            "assign_ipv6_address_on_creation": "false",
                            "availability_zone": "us-east-1c",
                            "availability_zone_id": "use1-az1",
                            "cidr_block": "10.0.80.0/20",
                            "id": "subnet-0fa19141ef4b6e488",
                            "ipv6_cidr_block": "",
                            "ipv6_cidr_block_association_id": "",
                            "map_public_ip_on_launch": "false",
                            "owner_id": "416504011880",
                            "tags.%": "1",
                            "tags.Name": "Production_Master_us-east-1c",
                            "vpc_id": "vpc-05d52238803fd8069"
                        },
                        "meta": {
                            "e2bfb730-ecaa-11e6-8f88-34363bc7c4c0": {
                                "create": 600000000000,
                                "delete": 1200000000000
                            },
                            "schema_version": "1"
                        },
                        "tainted": false
                    },
                    "deposed": [],
                    "provider": "provider.aws"
                },
                "aws_subnet.prod_private_subnet.0": {
                    "type": "aws_subnet",
                    "depends_on": [
                        "data.aws_availability_zones.available"
                    ],
                    "primary": {
                        "id": "subnet-076a653356a910b5e",
                        "attributes": {
                            "arn": "arn:aws:ec2:us-east-1:416504011880:subnet/subnet-076a653356a910b5e",
                            "assign_ipv6_address_on_creation": "false",
                            "availability_zone": "us-east-1a",
                            "availability_zone_id": "use1-az4",
                            "cidr_block": "10.0.228.0/22",
                            "id": "subnet-076a653356a910b5e",
                            "ipv6_cidr_block": "",
                            "ipv6_cidr_block_association_id": "",
                            "map_public_ip_on_launch": "false",
                            "owner_id": "416504011880",
                            "tags.%": "3",
                            "tags.Name": "production_private_subnet_us-east-1a",
                            "tags.kubernetes.io/cluster/voice-services-production-cluster": "owned",
                            "tags.kubernetes.io/role/internal-elb": "1",
                            "vpc_id": "vpc-05d52238803fd8069"
                        },
                        "meta": {
                            "e2bfb730-ecaa-11e6-8f88-34363bc7c4c0": {
                                "create": 600000000000,
                                "delete": 1200000000000
                            },
                            "schema_version": "1"
                        },
                        "tainted": false
                    },
                    "deposed": [],
                    "provider": "provider.aws"
                },
                "aws_subnet.prod_private_subnet.1": {
                    "type": "aws_subnet",
                    "depends_on": [
                        "data.aws_availability_zones.available"
                    ],
                    "primary": {
                        "id": "subnet-011ecdba6d51fed91",
                        "attributes": {
                            "arn": "arn:aws:ec2:us-east-1:416504011880:subnet/subnet-011ecdba6d51fed91",
                            "assign_ipv6_address_on_creation": "false",
                            "availability_zone": "us-east-1b",
                            "availability_zone_id": "use1-az6",
                            "cidr_block": "10.0.232.0/22",
                            "id": "subnet-011ecdba6d51fed91",
                            "ipv6_cidr_block": "",
                            "ipv6_cidr_block_association_id": "",
                            "map_public_ip_on_launch": "false",
                            "owner_id": "416504011880",
                            "tags.%": "3",
                            "tags.Name": "production_private_subnet_us-east-1b",
                            "tags.kubernetes.io/cluster/voice-services-production-cluster": "owned",
                            "tags.kubernetes.io/role/internal-elb": "1",
                            "vpc_id": "vpc-05d52238803fd8069"
                        },
                        "meta": {
                            "e2bfb730-ecaa-11e6-8f88-34363bc7c4c0": {
                                "create": 600000000000,
                                "delete": 1200000000000
                            },
                            "schema_version": "1"
                        },
                        "tainted": false
                    },
                    "deposed": [],
                    "provider": "provider.aws"
                },
                "aws_subnet.prod_private_subnet.2": {
                    "type": "aws_subnet",
                    "depends_on": [
                        "data.aws_availability_zones.available"
                    ],
                    "primary": {
                        "id": "subnet-0f1ec50139eddb867",
                        "attributes": {
                            "arn": "arn:aws:ec2:us-east-1:416504011880:subnet/subnet-0f1ec50139eddb867",
                            "assign_ipv6_address_on_creation": "false",
                            "availability_zone": "us-east-1c",
                            "availability_zone_id": "use1-az1",
                            "cidr_block": "10.0.236.0/22",
                            "id": "subnet-0f1ec50139eddb867",
                            "ipv6_cidr_block": "",
                            "ipv6_cidr_block_association_id": "",
                            "map_public_ip_on_launch": "false",
                            "owner_id": "416504011880",
                            "tags.%": "3",
                            "tags.Name": "production_private_subnet_us-east-1c",
                            "tags.kubernetes.io/cluster/voice-services-production-cluster": "owned",
                            "tags.kubernetes.io/role/internal-elb": "1",
                            "vpc_id": "vpc-05d52238803fd8069"
                        },
                        "meta": {
                            "e2bfb730-ecaa-11e6-8f88-34363bc7c4c0": {
                                "create": 600000000000,
                                "delete": 1200000000000
                            },
                            "schema_version": "1"
                        },
                        "tainted": false
                    },
                    "deposed": [],
                    "provider": "provider.aws"
                },
                "aws_subnet.prod_public_subnet.0": {
                    "type": "aws_subnet",
                    "depends_on": [
                        "data.aws_availability_zones.available"
                    ],
                    "primary": {
                        "id": "subnet-07c19f277eb1ac9c3",
                        "attributes": {
                            "arn": "arn:aws:ec2:us-east-1:416504011880:subnet/subnet-07c19f277eb1ac9c3",
                            "assign_ipv6_address_on_creation": "false",
                            "availability_zone": "us-east-1a",
                            "availability_zone_id": "use1-az4",
                            "cidr_block": "10.0.204.0/22",
                            "id": "subnet-07c19f277eb1ac9c3",
                            "ipv6_cidr_block": "",
                            "ipv6_cidr_block_association_id": "",
                            "map_public_ip_on_launch": "false",
                            "owner_id": "416504011880",
                            "tags.%": "3",
                            "tags.Name": "production_public_subnet_us-east-1a",
                            "tags.kubernetes.io/cluster/voice-services-production-cluster": "owned",
                            "tags.kubernetes.io/role/elb": "1",
                            "vpc_id": "vpc-05d52238803fd8069"
                        },
                        "meta": {
                            "e2bfb730-ecaa-11e6-8f88-34363bc7c4c0": {
                                "create": 600000000000,
                                "delete": 1200000000000
                            },
                            "schema_version": "1"
                        },
                        "tainted": false
                    },
                    "deposed": [],
                    "provider": "provider.aws"
                },
                "aws_subnet.prod_public_subnet.1": {
                    "type": "aws_subnet",
                    "depends_on": [
                        "data.aws_availability_zones.available"
                    ],
                    "primary": {
                        "id": "subnet-0f004326fbd5658c7",
                        "attributes": {
                            "arn": "arn:aws:ec2:us-east-1:416504011880:subnet/subnet-0f004326fbd5658c7",
                            "assign_ipv6_address_on_creation": "false",
                            "availability_zone": "us-east-1b",
                            "availability_zone_id": "use1-az6",
                            "cidr_block": "10.0.208.0/22",
                            "id": "subnet-0f004326fbd5658c7",
                            "ipv6_cidr_block": "",
                            "ipv6_cidr_block_association_id": "",
                            "map_public_ip_on_launch": "false",
                            "owner_id": "416504011880",
                            "tags.%": "3",
                            "tags.Name": "production_public_subnet_us-east-1b",
                            "tags.kubernetes.io/cluster/voice-services-production-cluster": "owned",
                            "tags.kubernetes.io/role/elb": "1",
                            "vpc_id": "vpc-05d52238803fd8069"
                        },
                        "meta": {
                            "e2bfb730-ecaa-11e6-8f88-34363bc7c4c0": {
                                "create": 600000000000,
                                "delete": 1200000000000
                            },
                            "schema_version": "1"
                        },
                        "tainted": false
                    },
                    "deposed": [],
                    "provider": "provider.aws"
                },
                "aws_subnet.prod_public_subnet.2": {
                    "type": "aws_subnet",
                    "depends_on": [
                        "data.aws_availability_zones.available"
                    ],
                    "primary": {
                        "id": "subnet-0c360c5d027c59a59",
                        "attributes": {
                            "arn": "arn:aws:ec2:us-east-1:416504011880:subnet/subnet-0c360c5d027c59a59",
                            "assign_ipv6_address_on_creation": "false",
                            "availability_zone": "us-east-1c",
                            "availability_zone_id": "use1-az1",
                            "cidr_block": "10.0.212.0/22",
                            "id": "subnet-0c360c5d027c59a59",
                            "ipv6_cidr_block": "",
                            "ipv6_cidr_block_association_id": "",
                            "map_public_ip_on_launch": "false",
                            "owner_id": "416504011880",
                            "tags.%": "3",
                            "tags.Name": "production_public_subnet_us-east-1c",
                            "tags.kubernetes.io/cluster/voice-services-production-cluster": "owned",
                            "tags.kubernetes.io/role/elb": "1",
                            "vpc_id": "vpc-05d52238803fd8069"
                        },
                        "meta": {
                            "e2bfb730-ecaa-11e6-8f88-34363bc7c4c0": {
                                "create": 600000000000,
                                "delete": 1200000000000
                            },
                            "schema_version": "1"
                        },
                        "tainted": false
                    },
                    "deposed": [],
                    "provider": "provider.aws"
                },
                "aws_subnet.prod_rds_subnet.0": {
                    "type": "aws_subnet",
                    "depends_on": [
                        "data.aws_availability_zones.available"
                    ],
                    "primary": {
                        "id": "subnet-0e243083001dcdc33",
                        "attributes": {
                            "arn": "arn:aws:ec2:us-east-1:416504011880:subnet/subnet-0e243083001dcdc33",
                            "assign_ipv6_address_on_creation": "false",
                            "availability_zone": "us-east-1a",
                            "availability_zone_id": "use1-az4",
                            "cidr_block": "10.0.246.0/23",
                            "id": "subnet-0e243083001dcdc33",
                            "ipv6_cidr_block": "",
                            "ipv6_cidr_block_association_id": "",
                            "map_public_ip_on_launch": "false",
                            "owner_id": "416504011880",
                            "tags.%": "1",
                            "tags.Name": "Production-rds_us-east-1a",
                            "vpc_id": "vpc-05d52238803fd8069"
                        },
                        "meta": {
                            "e2bfb730-ecaa-11e6-8f88-34363bc7c4c0": {
                                "create": 600000000000,
                                "delete": 1200000000000
                            },
                            "schema_version": "1"
                        },
                        "tainted": false
                    },
                    "deposed": [],
                    "provider": "provider.aws"
                },
                "aws_subnet.prod_rds_subnet.1": {
                    "type": "aws_subnet",
                    "depends_on": [
                        "data.aws_availability_zones.available"
                    ],
                    "primary": {
                        "id": "subnet-0fe8e7f8c40f22f66",
                        "attributes": {
                            "arn": "arn:aws:ec2:us-east-1:416504011880:subnet/subnet-0fe8e7f8c40f22f66",
                            "assign_ipv6_address_on_creation": "false",
                            "availability_zone": "us-east-1b",
                            "availability_zone_id": "use1-az6",
                            "cidr_block": "10.0.248.0/23",
                            "id": "subnet-0fe8e7f8c40f22f66",
                            "ipv6_cidr_block": "",
                            "ipv6_cidr_block_association_id": "",
                            "map_public_ip_on_launch": "false",
                            "owner_id": "416504011880",
                            "tags.%": "1",
                            "tags.Name": "Production-rds_us-east-1b",
                            "vpc_id": "vpc-05d52238803fd8069"
                        },
                        "meta": {
                            "e2bfb730-ecaa-11e6-8f88-34363bc7c4c0": {
                                "create": 600000000000,
                                "delete": 1200000000000
                            },
                            "schema_version": "1"
                        },
                        "tainted": false
                    },
                    "deposed": [],
                    "provider": "provider.aws"
                },
                "aws_subnet.prod_rds_subnet.2": {
                    "type": "aws_subnet",
                    "depends_on": [
                        "data.aws_availability_zones.available"
                    ],
                    "primary": {
                        "id": "subnet-05395d8dffc91d7d3",
                        "attributes": {
                            "arn": "arn:aws:ec2:us-east-1:416504011880:subnet/subnet-05395d8dffc91d7d3",
                            "assign_ipv6_address_on_creation": "false",
                            "availability_zone": "us-east-1c",
                            "availability_zone_id": "use1-az1",
                            "cidr_block": "10.0.250.0/23",
                            "id": "subnet-05395d8dffc91d7d3",
                            "ipv6_cidr_block": "",
                            "ipv6_cidr_block_association_id": "",
                            "map_public_ip_on_launch": "false",
                            "owner_id": "416504011880",
                            "tags.%": "1",
                            "tags.Name": "Production-rds_us-east-1c",
                            "vpc_id": "vpc-05d52238803fd8069"
                        },
                        "meta": {
                            "e2bfb730-ecaa-11e6-8f88-34363bc7c4c0": {
                                "create": 600000000000,
                                "delete": 1200000000000
                            },
                            "schema_version": "1"
                        },
                        "tainted": false
                    },
                    "deposed": [],
                    "provider": "provider.aws"
                },
                "aws_subnet.prod_worker_subnet.0": {
                    "type": "aws_subnet",
                    "depends_on": [
                        "data.aws_availability_zones.available"
                    ],
                    "primary": {
                        "id": "subnet-0d755aaf3def21e2e",
                        "attributes": {
                            "arn": "arn:aws:ec2:us-east-1:416504011880:subnet/subnet-0d755aaf3def21e2e",
                            "assign_ipv6_address_on_creation": "false",
                            "availability_zone": "us-east-1a",
                            "availability_zone_id": "use1-az4",
                            "cidr_block": "10.0.144.0/20",
                            "id": "subnet-0d755aaf3def21e2e",
                            "ipv6_cidr_block": "",
                            "ipv6_cidr_block_association_id": "",
                            "map_public_ip_on_launch": "false",
                            "owner_id": "416504011880",
                            "tags.%": "1",
                            "tags.Name": "Production_Worker_us-east-1a",
                            "vpc_id": "vpc-05d52238803fd8069"
                        },
                        "meta": {
                            "e2bfb730-ecaa-11e6-8f88-34363bc7c4c0": {
                                "create": 600000000000,
                                "delete": 1200000000000
                            },
                            "schema_version": "1"
                        },
                        "tainted": false
                    },
                    "deposed": [],
                    "provider": "provider.aws"
                },
                "aws_subnet.prod_worker_subnet.1": {
                    "type": "aws_subnet",
                    "depends_on": [
                        "data.aws_availability_zones.available"
                    ],
                    "primary": {
                        "id": "subnet-0e803d8d43ac520a0",
                        "attributes": {
                            "arn": "arn:aws:ec2:us-east-1:416504011880:subnet/subnet-0e803d8d43ac520a0",
                            "assign_ipv6_address_on_creation": "false",
                            "availability_zone": "us-east-1b",
                            "availability_zone_id": "use1-az6",
                            "cidr_block": "10.0.160.0/20",
                            "id": "subnet-0e803d8d43ac520a0",
                            "ipv6_cidr_block": "",
                            "ipv6_cidr_block_association_id": "",
                            "map_public_ip_on_launch": "false",
                            "owner_id": "416504011880",
                            "tags.%": "1",
                            "tags.Name": "Production_Worker_us-east-1b",
                            "vpc_id": "vpc-05d52238803fd8069"
                        },
                        "meta": {
                            "e2bfb730-ecaa-11e6-8f88-34363bc7c4c0": {
                                "create": 600000000000,
                                "delete": 1200000000000
                            },
                            "schema_version": "1"
                        },
                        "tainted": false
                    },
                    "deposed": [],
                    "provider": "provider.aws"
                },
                "aws_subnet.prod_worker_subnet.2": {
                    "type": "aws_subnet",
                    "depends_on": [
                        "data.aws_availability_zones.available"
                    ],
                    "primary": {
                        "id": "subnet-010ada27f7c962cae",
                        "attributes": {
                            "arn": "arn:aws:ec2:us-east-1:416504011880:subnet/subnet-010ada27f7c962cae",
                            "assign_ipv6_address_on_creation": "false",
                            "availability_zone": "us-east-1c",
                            "availability_zone_id": "use1-az1",
                            "cidr_block": "10.0.176.0/20",
                            "id": "subnet-010ada27f7c962cae",
                            "ipv6_cidr_block": "",
                            "ipv6_cidr_block_association_id": "",
                            "map_public_ip_on_launch": "false",
                            "owner_id": "416504011880",
                            "tags.%": "1",
                            "tags.Name": "Production_Worker_us-east-1c",
                            "vpc_id": "vpc-05d52238803fd8069"
                        },
                        "meta": {
                            "e2bfb730-ecaa-11e6-8f88-34363bc7c4c0": {
                                "create": 600000000000,
                                "delete": 1200000000000
                            },
                            "schema_version": "1"
                        },
                        "tainted": false
                    },
                    "deposed": [],
                    "provider": "provider.aws"
                },
                "data.aws_availability_zones.available": {
                    "type": "aws_availability_zones",
                    "depends_on": [],
                    "primary": {
                        "id": "2019-08-29 13:32:28.4933839 +0000 UTC",
                        "attributes": {
                            "id": "2019-08-29 13:32:28.4933839 +0000 UTC",
                            "names.#": "6",
                            "names.0": "us-east-1a",
                            "names.1": "us-east-1b",
                            "names.2": "us-east-1c",
                            "names.3": "us-east-1d",
                            "names.4": "us-east-1e",
                            "names.5": "us-east-1f",
                            "zone_ids.#": "6",
                            "zone_ids.0": "use1-az4",
                            "zone_ids.1": "use1-az6",
                            "zone_ids.2": "use1-az1",
                            "zone_ids.3": "use1-az2",
                            "zone_ids.4": "use1-az3",
                            "zone_ids.5": "use1-az5"
                        },
                        "meta": {},
                        "tainted": false
                    },
                    "deposed": [],
                    "provider": "provider.aws"
                }
            },
            "depends_on": []
        }
    ]
}
